{
  "version": 4,
  "terraform_version": "1.9.8",
  "serial": 1220,
  "lineage": "83e024c5-fabd-cc02-719e-ffbe9a31fed5",
  "outputs": {
    "instance_id": {
      "value": "i-03de530efc1c40c5c",
      "type": "string"
    },
    "instance_public_ip": {
      "value": "35.172.165.107",
      "type": "string"
    },
    "instance_public_key": {
      "value": "ssh-rsa AAAAB3NzaC1yc2EAAAADAQABAAACAQDNS2oJyAJuN+9CS7ECvEtR+iq1QWZdsiKmmlyDQsi8P0eryy8cck2torYZSFqA9T+1PLU5BQ0dQ1ez+cfLX6HnlDc7sj8mOPQy6/ikO8iK9QKpcug7TMNECbrElpEDWt3x95n44UX3Lr1QuIW+5M0EYFV4B4YDizJ0J2oZzITxTPqcoBVqCmXFfIy+2MRYgSAWG2p4ATU/KE0GhZaP4hQewD4J/8o5Ag2SV49ayoIPH+0n8ILPbp2MNWCkYg/sRMmmOax66HrbQr/Gg7yfdgJSkPifI/20aTwNBs0d28MP0+2+avIiDexhba0PZ2Gw/McNJ2Sg4c48yFYL4tm2RB3PntFFEd6M9kE8MtwuhrBkQfDOA6IO2mgE4krhWhwCjbDL6iZxR1SFYn1DX01yeWtjCXZjez49T4iUa+l+TVD3uPFpk8qYgYV02nqQz8drhFiFtzZli1+zXaUnGbuobgTErwXh4j9F7TT917I9dH92g8OfqH+0ZwUwK8ZQCfYG5L08ua07wUWNAN6r+Gokoclm8mBYnA1BBFMKsx6V4R7ejkJhF/M3Omqzw+/55Znqa787dDC7fb3IX3+a3W8FG2QRQ97RHW/dodWxhiZgfuw6hSDMiQzvOyWmzg5jrP93cns0aG8PkhmRrTZsITROElR7IY89NoXIagED8WpT21fbKw==\n",
      "type": "string"
    },
    "public_ip": {
      "value": "54.174.43.163",
      "type": "string"
    }
  },
  "resources": [
    {
      "mode": "managed",
      "type": "aws_eip_association",
      "name": "web",
      "provider": "provider[\"registry.terraform.io/hashicorp/aws\"]",
      "instances": [
        {
          "schema_version": 0,
          "attributes": {
            "allocation_id": "eipalloc-024cabca3ca7a4ed6",
            "allow_reassociation": null,
            "id": "eipassoc-0e2bdda8ef5d5c8e4",
            "instance_id": "i-03de530efc1c40c5c",
            "network_interface_id": "eni-0a3ab23a3fa8f21ef",
            "private_ip_address": "10.0.1.11",
            "public_ip": "54.174.43.163"
          },
          "sensitive_attributes": [],
          "private": "bnVsbA==",
          "dependencies": [
            "aws_instance.web",
            "aws_key_pair.deployer",
            "aws_security_group.allow_ssh_http",
            "aws_subnet.public",
            "aws_vpc.main",
            "tls_private_key.example"
          ]
        }
      ]
    },
    {
      "mode": "managed",
      "type": "aws_instance",
      "name": "web",
      "provider": "provider[\"registry.terraform.io/hashicorp/aws\"]",
      "instances": [
        {
          "schema_version": 1,
          "attributes": {
            "ami": "ami-064519b8c76274859",
            "arn": "arn:aws:ec2:us-east-1:366940344801:instance/i-03de530efc1c40c5c",
            "associate_public_ip_address": true,
            "availability_zone": "us-east-1f",
            "capacity_reservation_specification": [
              {
                "capacity_reservation_preference": "open",
                "capacity_reservation_target": []
              }
            ],
            "cpu_core_count": 1,
            "cpu_options": [
              {
                "amd_sev_snp": "",
                "core_count": 1,
                "threads_per_core": 1
              }
            ],
            "cpu_threads_per_core": 1,
            "credit_specification": [
              {
                "cpu_credits": "standard"
              }
            ],
            "disable_api_stop": false,
            "disable_api_termination": false,
            "ebs_block_device": [],
            "ebs_optimized": false,
            "enable_primary_ipv6": null,
            "enclave_options": [
              {
                "enabled": false
              }
            ],
            "ephemeral_block_device": [],
            "get_password_data": false,
            "hibernation": false,
            "host_id": "",
            "host_resource_group_arn": null,
            "iam_instance_profile": "",
            "id": "i-03de530efc1c40c5c",
            "instance_initiated_shutdown_behavior": "stop",
            "instance_lifecycle": "",
            "instance_market_options": [],
            "instance_state": "running",
            "instance_type": "t2.micro",
            "ipv6_address_count": 0,
            "ipv6_addresses": [],
            "key_name": "deployer-key",
            "launch_template": [],
            "maintenance_options": [
              {
                "auto_recovery": "default"
              }
            ],
            "metadata_options": [
              {
                "http_endpoint": "enabled",
                "http_protocol_ipv6": "disabled",
                "http_put_response_hop_limit": 1,
                "http_tokens": "optional",
                "instance_metadata_tags": "disabled"
              }
            ],
            "monitoring": false,
            "network_interface": [],
            "outpost_arn": "",
            "password_data": "",
            "placement_group": "",
            "placement_partition_number": 0,
            "primary_network_interface_id": "eni-0a3ab23a3fa8f21ef",
            "private_dns": "ip-10-0-1-11.ec2.internal",
            "private_dns_name_options": [
              {
                "enable_resource_name_dns_a_record": false,
                "enable_resource_name_dns_aaaa_record": false,
                "hostname_type": "ip-name"
              }
            ],
            "private_ip": "10.0.1.11",
            "public_dns": "",
            "public_ip": "35.172.165.107",
            "root_block_device": [
              {
                "delete_on_termination": true,
                "device_name": "/dev/xvda",
                "encrypted": false,
                "iops": 3000,
                "kms_key_id": "",
                "tags": {},
                "tags_all": {},
                "throughput": 125,
                "volume_id": "vol-0e75cbbec4567eff9",
                "volume_size": 8,
                "volume_type": "gp3"
              }
            ],
            "secondary_private_ips": [],
            "security_groups": [],
            "source_dest_check": true,
            "spot_instance_request_id": "",
            "subnet_id": "subnet-04212ca1637b099b4",
            "tags": null,
            "tags_all": {},
            "tenancy": "default",
            "timeouts": null,
            "user_data": "49c3d19fef9e32658d6929e926ea6202ceb4ded1",
            "user_data_base64": null,
            "user_data_replace_on_change": false,
            "volume_tags": null,
            "vpc_security_group_ids": [
              "sg-075ac9499143a69b5"
            ]
          },
          "sensitive_attributes": [],
          "private": "eyJlMmJmYjczMC1lY2FhLTExZTYtOGY4OC0zNDM2M2JjN2M0YzAiOnsiY3JlYXRlIjo2MDAwMDAwMDAwMDAsImRlbGV0ZSI6MTIwMDAwMDAwMDAwMCwicmVhZCI6OTAwMDAwMDAwMDAwLCJ1cGRhdGUiOjYwMDAwMDAwMDAwMH0sInNjaGVtYV92ZXJzaW9uIjoiMSJ9",
          "dependencies": [
            "aws_key_pair.deployer",
            "aws_security_group.allow_ssh_http",
            "aws_subnet.public",
            "aws_vpc.main",
            "tls_private_key.example"
          ]
        }
      ]
    },
    {
      "mode": "managed",
      "type": "aws_internet_gateway",
      "name": "gw",
      "provider": "provider[\"registry.terraform.io/hashicorp/aws\"]",
      "instances": [
        {
          "schema_version": 0,
          "attributes": {
            "arn": "arn:aws:ec2:us-east-1:366940344801:internet-gateway/igw-06ddef915825ace6b",
            "id": "igw-06ddef915825ace6b",
            "owner_id": "366940344801",
            "tags": null,
            "tags_all": {},
            "timeouts": null,
            "vpc_id": "vpc-03e99820a6788d48d"
          },
          "sensitive_attributes": [],
          "private": "eyJlMmJmYjczMC1lY2FhLTExZTYtOGY4OC0zNDM2M2JjN2M0YzAiOnsiY3JlYXRlIjoxMjAwMDAwMDAwMDAwLCJkZWxldGUiOjEyMDAwMDAwMDAwMDAsInVwZGF0ZSI6MTIwMDAwMDAwMDAwMH19",
          "dependencies": [
            "aws_vpc.main"
          ]
        }
      ]
    },
    {
      "mode": "managed",
      "type": "aws_key_pair",
      "name": "deployer",
      "provider": "provider[\"registry.terraform.io/hashicorp/aws\"]",
      "instances": [
        {
          "schema_version": 1,
          "attributes": {
            "arn": "arn:aws:ec2:us-east-1:366940344801:key-pair/deployer-key",
            "fingerprint": "61:f8:61:f8:1e:06:c5:f6:ed:9d:d1:ba:0a:28:25:0d",
            "id": "deployer-key",
            "key_name": "deployer-key",
            "key_name_prefix": "",
            "key_pair_id": "key-0d47dc3052f92a771",
            "key_type": "rsa",
            "public_key": "ssh-rsa AAAAB3NzaC1yc2EAAAADAQABAAACAQDNS2oJyAJuN+9CS7ECvEtR+iq1QWZdsiKmmlyDQsi8P0eryy8cck2torYZSFqA9T+1PLU5BQ0dQ1ez+cfLX6HnlDc7sj8mOPQy6/ikO8iK9QKpcug7TMNECbrElpEDWt3x95n44UX3Lr1QuIW+5M0EYFV4B4YDizJ0J2oZzITxTPqcoBVqCmXFfIy+2MRYgSAWG2p4ATU/KE0GhZaP4hQewD4J/8o5Ag2SV49ayoIPH+0n8ILPbp2MNWCkYg/sRMmmOax66HrbQr/Gg7yfdgJSkPifI/20aTwNBs0d28MP0+2+avIiDexhba0PZ2Gw/McNJ2Sg4c48yFYL4tm2RB3PntFFEd6M9kE8MtwuhrBkQfDOA6IO2mgE4krhWhwCjbDL6iZxR1SFYn1DX01yeWtjCXZjez49T4iUa+l+TVD3uPFpk8qYgYV02nqQz8drhFiFtzZli1+zXaUnGbuobgTErwXh4j9F7TT917I9dH92g8OfqH+0ZwUwK8ZQCfYG5L08ua07wUWNAN6r+Gokoclm8mBYnA1BBFMKsx6V4R7ejkJhF/M3Omqzw+/55Znqa787dDC7fb3IX3+a3W8FG2QRQ97RHW/dodWxhiZgfuw6hSDMiQzvOyWmzg5jrP93cns0aG8PkhmRrTZsITROElR7IY89NoXIagED8WpT21fbKw==",
            "tags": null,
            "tags_all": {}
          },
          "sensitive_attributes": [],
          "private": "eyJzY2hlbWFfdmVyc2lvbiI6IjEifQ==",
          "dependencies": [
            "tls_private_key.example"
          ]
        }
      ]
    },
    {
      "mode": "managed",
      "type": "aws_route_table",
      "name": "public",
      "provider": "provider[\"registry.terraform.io/hashicorp/aws\"]",
      "instances": [
        {
          "schema_version": 0,
          "attributes": {
            "arn": "arn:aws:ec2:us-east-1:366940344801:route-table/rtb-096e29494475b84a7",
            "id": "rtb-096e29494475b84a7",
            "owner_id": "366940344801",
            "propagating_vgws": [],
            "route": [
              {
                "carrier_gateway_id": "",
                "cidr_block": "0.0.0.0/0",
                "core_network_arn": "",
                "destination_prefix_list_id": "",
                "egress_only_gateway_id": "",
                "gateway_id": "igw-06ddef915825ace6b",
                "ipv6_cidr_block": "",
                "local_gateway_id": "",
                "nat_gateway_id": "",
                "network_interface_id": "",
                "transit_gateway_id": "",
                "vpc_endpoint_id": "",
                "vpc_peering_connection_id": ""
              }
            ],
            "tags": null,
            "tags_all": {},
            "timeouts": null,
            "vpc_id": "vpc-03e99820a6788d48d"
          },
          "sensitive_attributes": [],
          "private": "eyJlMmJmYjczMC1lY2FhLTExZTYtOGY4OC0zNDM2M2JjN2M0YzAiOnsiY3JlYXRlIjozMDAwMDAwMDAwMDAsImRlbGV0ZSI6MzAwMDAwMDAwMDAwLCJ1cGRhdGUiOjEyMDAwMDAwMDAwMH19",
          "dependencies": [
            "aws_internet_gateway.gw",
            "aws_vpc.main"
          ]
        }
      ]
    },
    {
      "mode": "managed",
      "type": "aws_route_table_association",
      "name": "public",
      "provider": "provider[\"registry.terraform.io/hashicorp/aws\"]",
      "instances": [
        {
          "schema_version": 0,
          "attributes": {
            "gateway_id": "",
            "id": "rtbassoc-0b7eb6075fb774658",
            "route_table_id": "rtb-096e29494475b84a7",
            "subnet_id": "subnet-04212ca1637b099b4",
            "timeouts": null
          },
          "sensitive_attributes": [],
          "private": "eyJlMmJmYjczMC1lY2FhLTExZTYtOGY4OC0zNDM2M2JjN2M0YzAiOnsiY3JlYXRlIjozMDAwMDAwMDAwMDAsImRlbGV0ZSI6MzAwMDAwMDAwMDAwLCJ1cGRhdGUiOjEyMDAwMDAwMDAwMH19",
          "dependencies": [
            "aws_internet_gateway.gw",
            "aws_route_table.public",
            "aws_subnet.public",
            "aws_vpc.main"
          ]
        }
      ]
    },
    {
      "mode": "managed",
      "type": "aws_s3_bucket",
      "name": "mi_bucket",
      "provider": "provider[\"registry.terraform.io/hashicorp/aws\"]",
      "instances": [
        {
          "schema_version": 0,
          "attributes": {
            "acceleration_status": "",
            "acl": null,
            "arn": "arn:aws:s3:::mi-carpeta-terraform",
            "bucket": "mi-carpeta-terraform",
            "bucket_domain_name": "mi-carpeta-terraform.s3.amazonaws.com",
            "bucket_prefix": "",
            "bucket_regional_domain_name": "mi-carpeta-terraform.s3.us-east-1.amazonaws.com",
            "cors_rule": [],
            "force_destroy": false,
            "grant": [
              {
                "id": "dc53863ce0647b7ec1cb378d3f2092ac2842097f83d11d1b5f641a6af7dc4756",
                "permissions": [
                  "FULL_CONTROL"
                ],
                "type": "CanonicalUser",
                "uri": ""
              }
            ],
            "hosted_zone_id": "Z3AQBSTGFYJSTF",
            "id": "mi-carpeta-terraform",
            "lifecycle_rule": [],
            "logging": [],
            "object_lock_configuration": [],
            "object_lock_enabled": false,
            "policy": "",
            "region": "us-east-1",
            "replication_configuration": [],
            "request_payer": "BucketOwner",
            "server_side_encryption_configuration": [
              {
                "rule": [
                  {
                    "apply_server_side_encryption_by_default": [
                      {
                        "kms_master_key_id": "",
                        "sse_algorithm": "AES256"
                      }
                    ],
                    "bucket_key_enabled": false
                  }
                ]
              }
            ],
            "tags": null,
            "tags_all": {},
            "timeouts": null,
            "versioning": [
              {
                "enabled": false,
                "mfa_delete": false
              }
            ],
            "website": [],
            "website_domain": null,
            "website_endpoint": null
          },
          "sensitive_attributes": [],
          "private": "eyJlMmJmYjczMC1lY2FhLTExZTYtOGY4OC0zNDM2M2JjN2M0YzAiOnsiY3JlYXRlIjoxMjAwMDAwMDAwMDAwLCJkZWxldGUiOjM2MDAwMDAwMDAwMDAsInJlYWQiOjEyMDAwMDAwMDAwMDAsInVwZGF0ZSI6MTIwMDAwMDAwMDAwMH19"
        }
      ]
    },
    {
      "mode": "managed",
      "type": "aws_s3_object",
      "name": "subir_archivos",
      "provider": "provider[\"registry.terraform.io/hashicorp/aws\"]",
      "instances": [
        {
          "index_key": ".git/COMMIT_EDITMSG",
          "schema_version": 0,
          "attributes": {
            "acl": null,
            "arn": "arn:aws:s3:::mi-carpeta-terraform/.git/COMMIT_EDITMSG",
            "bucket": "mi-carpeta-terraform",
            "bucket_key_enabled": false,
            "cache_control": "",
            "checksum_algorithm": null,
            "checksum_crc32": "",
            "checksum_crc32c": "",
            "checksum_sha1": "",
            "checksum_sha256": "",
            "content": null,
            "content_base64": null,
            "content_disposition": "",
            "content_encoding": "",
            "content_language": "",
            "content_type": "application/octet-stream",
            "etag": "013ebab7a87012053e14d7d3f691f5f9",
            "force_destroy": false,
            "id": ".git/COMMIT_EDITMSG",
            "key": ".git/COMMIT_EDITMSG",
            "kms_key_id": null,
            "metadata": null,
            "object_lock_legal_hold_status": "",
            "object_lock_mode": "",
            "object_lock_retain_until_date": "",
            "override_provider": [],
            "server_side_encryption": "AES256",
            "source": "C:/Users/Usuario/Desktop/Varios/Estudios/Grado de informatica/2º Grado DAW/Proyecto Navidad/.git/COMMIT_EDITMSG",
            "source_hash": null,
            "storage_class": "STANDARD",
            "tags": null,
            "tags_all": {},
            "version_id": "",
            "website_redirect": ""
          },
          "sensitive_attributes": [],
          "private": "bnVsbA==",
          "dependencies": [
            "aws_s3_bucket.mi_bucket"
          ]
        },
        {
          "index_key": ".git/FETCH_HEAD",
          "schema_version": 0,
          "attributes": {
            "acl": null,
            "arn": "arn:aws:s3:::mi-carpeta-terraform/.git/FETCH_HEAD",
            "bucket": "mi-carpeta-terraform",
            "bucket_key_enabled": false,
            "cache_control": "",
            "checksum_algorithm": null,
            "checksum_crc32": "",
            "checksum_crc32c": "",
            "checksum_sha1": "",
            "checksum_sha256": "",
            "content": null,
            "content_base64": null,
            "content_disposition": "",
            "content_encoding": "",
            "content_language": "",
            "content_type": "application/octet-stream",
            "etag": "c4626da2927087ce69f4779359aa7a1f",
            "force_destroy": false,
            "id": ".git/FETCH_HEAD",
            "key": ".git/FETCH_HEAD",
            "kms_key_id": null,
            "metadata": null,
            "object_lock_legal_hold_status": "",
            "object_lock_mode": "",
            "object_lock_retain_until_date": "",
            "override_provider": [],
            "server_side_encryption": "AES256",
            "source": "C:/Users/Usuario/Desktop/Varios/Estudios/Grado de informatica/2º Grado DAW/Proyecto Navidad/.git/FETCH_HEAD",
            "source_hash": null,
            "storage_class": "STANDARD",
            "tags": null,
            "tags_all": {},
            "version_id": "",
            "website_redirect": ""
          },
          "sensitive_attributes": [],
          "private": "bnVsbA==",
          "dependencies": [
            "aws_s3_bucket.mi_bucket"
          ]
        },
        {
          "index_key": ".git/HEAD",
          "schema_version": 0,
          "attributes": {
            "acl": null,
            "arn": "arn:aws:s3:::mi-carpeta-terraform/.git/HEAD",
            "bucket": "mi-carpeta-terraform",
            "bucket_key_enabled": false,
            "cache_control": "",
            "checksum_algorithm": null,
            "checksum_crc32": "",
            "checksum_crc32c": "",
            "checksum_sha1": "",
            "checksum_sha256": "",
            "content": null,
            "content_base64": null,
            "content_disposition": "",
            "content_encoding": "",
            "content_language": "",
            "content_type": "application/octet-stream",
            "etag": "cf7dd3ce51958c5f13fece957cc417fb",
            "force_destroy": false,
            "id": ".git/HEAD",
            "key": ".git/HEAD",
            "kms_key_id": null,
            "metadata": null,
            "object_lock_legal_hold_status": "",
            "object_lock_mode": "",
            "object_lock_retain_until_date": "",
            "override_provider": [],
            "server_side_encryption": "AES256",
            "source": "C:/Users/Usuario/Desktop/Varios/Estudios/Grado de informatica/2º Grado DAW/Proyecto Navidad/.git/HEAD",
            "source_hash": null,
            "storage_class": "STANDARD",
            "tags": null,
            "tags_all": {},
            "version_id": "",
            "website_redirect": ""
          },
          "sensitive_attributes": [],
          "private": "bnVsbA==",
          "dependencies": [
            "aws_s3_bucket.mi_bucket"
          ]
        },
        {
          "index_key": ".git/ORIG_HEAD",
          "schema_version": 0,
          "attributes": {
            "acl": null,
            "arn": "arn:aws:s3:::mi-carpeta-terraform/.git/ORIG_HEAD",
            "bucket": "mi-carpeta-terraform",
            "bucket_key_enabled": false,
            "cache_control": "",
            "checksum_algorithm": null,
            "checksum_crc32": "",
            "checksum_crc32c": "",
            "checksum_sha1": "",
            "checksum_sha256": "",
            "content": null,
            "content_base64": null,
            "content_disposition": "",
            "content_encoding": "",
            "content_language": "",
            "content_type": "application/octet-stream",
            "etag": "fd674cbda72b49b2b9096c07f468cff6",
            "force_destroy": false,
            "id": ".git/ORIG_HEAD",
            "key": ".git/ORIG_HEAD",
            "kms_key_id": null,
            "metadata": null,
            "object_lock_legal_hold_status": "",
            "object_lock_mode": "",
            "object_lock_retain_until_date": "",
            "override_provider": [],
            "server_side_encryption": "AES256",
            "source": "C:/Users/Usuario/Desktop/Varios/Estudios/Grado de informatica/2º Grado DAW/Proyecto Navidad/.git/ORIG_HEAD",
            "source_hash": null,
            "storage_class": "STANDARD",
            "tags": null,
            "tags_all": {},
            "version_id": "",
            "website_redirect": ""
          },
          "sensitive_attributes": [],
          "private": "bnVsbA==",
          "dependencies": [
            "aws_s3_bucket.mi_bucket"
          ]
        },
        {
          "index_key": ".git/config",
          "schema_version": 0,
          "attributes": {
            "acl": null,
            "arn": "arn:aws:s3:::mi-carpeta-terraform/.git/config",
            "bucket": "mi-carpeta-terraform",
            "bucket_key_enabled": false,
            "cache_control": "",
            "checksum_algorithm": null,
            "checksum_crc32": "",
            "checksum_crc32c": "",
            "checksum_sha1": "",
            "checksum_sha256": "",
            "content": null,
            "content_base64": null,
            "content_disposition": "",
            "content_encoding": "",
            "content_language": "",
            "content_type": "application/octet-stream",
            "etag": "45b7b803e1dca299c3456944867e6012",
            "force_destroy": false,
            "id": ".git/config",
            "key": ".git/config",
            "kms_key_id": null,
            "metadata": null,
            "object_lock_legal_hold_status": "",
            "object_lock_mode": "",
            "object_lock_retain_until_date": "",
            "override_provider": [],
            "server_side_encryption": "AES256",
            "source": "C:/Users/Usuario/Desktop/Varios/Estudios/Grado de informatica/2º Grado DAW/Proyecto Navidad/.git/config",
            "source_hash": null,
            "storage_class": "STANDARD",
            "tags": null,
            "tags_all": {},
            "version_id": "",
            "website_redirect": ""
          },
          "sensitive_attributes": [],
          "private": "bnVsbA==",
          "dependencies": [
            "aws_s3_bucket.mi_bucket"
          ]
        },
        {
          "index_key": ".git/description",
          "schema_version": 0,
          "attributes": {
            "acl": null,
            "arn": "arn:aws:s3:::mi-carpeta-terraform/.git/description",
            "bucket": "mi-carpeta-terraform",
            "bucket_key_enabled": false,
            "cache_control": "",
            "checksum_algorithm": null,
            "checksum_crc32": "",
            "checksum_crc32c": "",
            "checksum_sha1": "",
            "checksum_sha256": "",
            "content": null,
            "content_base64": null,
            "content_disposition": "",
            "content_encoding": "",
            "content_language": "",
            "content_type": "application/octet-stream",
            "etag": "a0a7c3fff21f2aea3cfa1d0316dd816c",
            "force_destroy": false,
            "id": ".git/description",
            "key": ".git/description",
            "kms_key_id": null,
            "metadata": null,
            "object_lock_legal_hold_status": "",
            "object_lock_mode": "",
            "object_lock_retain_until_date": "",
            "override_provider": [],
            "server_side_encryption": "AES256",
            "source": "C:/Users/Usuario/Desktop/Varios/Estudios/Grado de informatica/2º Grado DAW/Proyecto Navidad/.git/description",
            "source_hash": null,
            "storage_class": "STANDARD",
            "tags": null,
            "tags_all": {},
            "version_id": "",
            "website_redirect": ""
          },
          "sensitive_attributes": [],
          "private": "bnVsbA==",
          "dependencies": [
            "aws_s3_bucket.mi_bucket"
          ]
        },
        {
          "index_key": ".git/hooks/applypatch-msg.sample",
          "schema_version": 0,
          "attributes": {
            "acl": null,
            "arn": "arn:aws:s3:::mi-carpeta-terraform/.git/hooks/applypatch-msg.sample",
            "bucket": "mi-carpeta-terraform",
            "bucket_key_enabled": false,
            "cache_control": "",
            "checksum_algorithm": null,
            "checksum_crc32": "",
            "checksum_crc32c": "",
            "checksum_sha1": "",
            "checksum_sha256": "",
            "content": null,
            "content_base64": null,
            "content_disposition": "",
            "content_encoding": "",
            "content_language": "",
            "content_type": "application/octet-stream",
            "etag": "ce562e08d8098926a3862fc6e7905199",
            "force_destroy": false,
            "id": ".git/hooks/applypatch-msg.sample",
            "key": ".git/hooks/applypatch-msg.sample",
            "kms_key_id": null,
            "metadata": null,
            "object_lock_legal_hold_status": "",
            "object_lock_mode": "",
            "object_lock_retain_until_date": "",
            "override_provider": [],
            "server_side_encryption": "AES256",
            "source": "C:/Users/Usuario/Desktop/Varios/Estudios/Grado de informatica/2º Grado DAW/Proyecto Navidad/.git/hooks/applypatch-msg.sample",
            "source_hash": null,
            "storage_class": "STANDARD",
            "tags": null,
            "tags_all": {},
            "version_id": "",
            "website_redirect": ""
          },
          "sensitive_attributes": [],
          "private": "bnVsbA==",
          "dependencies": [
            "aws_s3_bucket.mi_bucket"
          ]
        },
        {
          "index_key": ".git/hooks/commit-msg.sample",
          "schema_version": 0,
          "attributes": {
            "acl": null,
            "arn": "arn:aws:s3:::mi-carpeta-terraform/.git/hooks/commit-msg.sample",
            "bucket": "mi-carpeta-terraform",
            "bucket_key_enabled": false,
            "cache_control": "",
            "checksum_algorithm": null,
            "checksum_crc32": "",
            "checksum_crc32c": "",
            "checksum_sha1": "",
            "checksum_sha256": "",
            "content": null,
            "content_base64": null,
            "content_disposition": "",
            "content_encoding": "",
            "content_language": "",
            "content_type": "application/octet-stream",
            "etag": "579a3c1e12a1e74a98169175fb913012",
            "force_destroy": false,
            "id": ".git/hooks/commit-msg.sample",
            "key": ".git/hooks/commit-msg.sample",
            "kms_key_id": null,
            "metadata": null,
            "object_lock_legal_hold_status": "",
            "object_lock_mode": "",
            "object_lock_retain_until_date": "",
            "override_provider": [],
            "server_side_encryption": "AES256",
            "source": "C:/Users/Usuario/Desktop/Varios/Estudios/Grado de informatica/2º Grado DAW/Proyecto Navidad/.git/hooks/commit-msg.sample",
            "source_hash": null,
            "storage_class": "STANDARD",
            "tags": null,
            "tags_all": {},
            "version_id": "",
            "website_redirect": ""
          },
          "sensitive_attributes": [],
          "private": "bnVsbA==",
          "dependencies": [
            "aws_s3_bucket.mi_bucket"
          ]
        },
        {
          "index_key": ".git/hooks/fsmonitor-watchman.sample",
          "schema_version": 0,
          "attributes": {
            "acl": null,
            "arn": "arn:aws:s3:::mi-carpeta-terraform/.git/hooks/fsmonitor-watchman.sample",
            "bucket": "mi-carpeta-terraform",
            "bucket_key_enabled": false,
            "cache_control": "",
            "checksum_algorithm": null,
            "checksum_crc32": "",
            "checksum_crc32c": "",
            "checksum_sha1": "",
            "checksum_sha256": "",
            "content": null,
            "content_base64": null,
            "content_disposition": "",
            "content_encoding": "",
            "content_language": "",
            "content_type": "application/octet-stream",
            "etag": "a0b2633a2c8e97501610bd3f73da66fc",
            "force_destroy": false,
            "id": ".git/hooks/fsmonitor-watchman.sample",
            "key": ".git/hooks/fsmonitor-watchman.sample",
            "kms_key_id": null,
            "metadata": null,
            "object_lock_legal_hold_status": "",
            "object_lock_mode": "",
            "object_lock_retain_until_date": "",
            "override_provider": [],
            "server_side_encryption": "AES256",
            "source": "C:/Users/Usuario/Desktop/Varios/Estudios/Grado de informatica/2º Grado DAW/Proyecto Navidad/.git/hooks/fsmonitor-watchman.sample",
            "source_hash": null,
            "storage_class": "STANDARD",
            "tags": null,
            "tags_all": {},
            "version_id": "",
            "website_redirect": ""
          },
          "sensitive_attributes": [],
          "private": "bnVsbA==",
          "dependencies": [
            "aws_s3_bucket.mi_bucket"
          ]
        },
        {
          "index_key": ".git/hooks/post-update.sample",
          "schema_version": 0,
          "attributes": {
            "acl": null,
            "arn": "arn:aws:s3:::mi-carpeta-terraform/.git/hooks/post-update.sample",
            "bucket": "mi-carpeta-terraform",
            "bucket_key_enabled": false,
            "cache_control": "",
            "checksum_algorithm": null,
            "checksum_crc32": "",
            "checksum_crc32c": "",
            "checksum_sha1": "",
            "checksum_sha256": "",
            "content": null,
            "content_base64": null,
            "content_disposition": "",
            "content_encoding": "",
            "content_language": "",
            "content_type": "application/octet-stream",
            "etag": "2b7ea5cee3c49ff53d41e00785eb974c",
            "force_destroy": false,
            "id": ".git/hooks/post-update.sample",
            "key": ".git/hooks/post-update.sample",
            "kms_key_id": null,
            "metadata": null,
            "object_lock_legal_hold_status": "",
            "object_lock_mode": "",
            "object_lock_retain_until_date": "",
            "override_provider": [],
            "server_side_encryption": "AES256",
            "source": "C:/Users/Usuario/Desktop/Varios/Estudios/Grado de informatica/2º Grado DAW/Proyecto Navidad/.git/hooks/post-update.sample",
            "source_hash": null,
            "storage_class": "STANDARD",
            "tags": null,
            "tags_all": {},
            "version_id": "",
            "website_redirect": ""
          },
          "sensitive_attributes": [],
          "private": "bnVsbA==",
          "dependencies": [
            "aws_s3_bucket.mi_bucket"
          ]
        },
        {
          "index_key": ".git/hooks/pre-applypatch.sample",
          "schema_version": 0,
          "attributes": {
            "acl": null,
            "arn": "arn:aws:s3:::mi-carpeta-terraform/.git/hooks/pre-applypatch.sample",
            "bucket": "mi-carpeta-terraform",
            "bucket_key_enabled": false,
            "cache_control": "",
            "checksum_algorithm": null,
            "checksum_crc32": "",
            "checksum_crc32c": "",
            "checksum_sha1": "",
            "checksum_sha256": "",
            "content": null,
            "content_base64": null,
            "content_disposition": "",
            "content_encoding": "",
            "content_language": "",
            "content_type": "application/octet-stream",
            "etag": "054f9ffb8bfe04a599751cc757226dda",
            "force_destroy": false,
            "id": ".git/hooks/pre-applypatch.sample",
            "key": ".git/hooks/pre-applypatch.sample",
            "kms_key_id": null,
            "metadata": null,
            "object_lock_legal_hold_status": "",
            "object_lock_mode": "",
            "object_lock_retain_until_date": "",
            "override_provider": [],
            "server_side_encryption": "AES256",
            "source": "C:/Users/Usuario/Desktop/Varios/Estudios/Grado de informatica/2º Grado DAW/Proyecto Navidad/.git/hooks/pre-applypatch.sample",
            "source_hash": null,
            "storage_class": "STANDARD",
            "tags": null,
            "tags_all": {},
            "version_id": "",
            "website_redirect": ""
          },
          "sensitive_attributes": [],
          "private": "bnVsbA==",
          "dependencies": [
            "aws_s3_bucket.mi_bucket"
          ]
        },
        {
          "index_key": ".git/hooks/pre-commit.sample",
          "schema_version": 0,
          "attributes": {
            "acl": null,
            "arn": "arn:aws:s3:::mi-carpeta-terraform/.git/hooks/pre-commit.sample",
            "bucket": "mi-carpeta-terraform",
            "bucket_key_enabled": false,
            "cache_control": "",
            "checksum_algorithm": null,
            "checksum_crc32": "",
            "checksum_crc32c": "",
            "checksum_sha1": "",
            "checksum_sha256": "",
            "content": null,
            "content_base64": null,
            "content_disposition": "",
            "content_encoding": "",
            "content_language": "",
            "content_type": "application/octet-stream",
            "etag": "5029bfab85b1c39281aa9697379ea444",
            "force_destroy": false,
            "id": ".git/hooks/pre-commit.sample",
            "key": ".git/hooks/pre-commit.sample",
            "kms_key_id": null,
            "metadata": null,
            "object_lock_legal_hold_status": "",
            "object_lock_mode": "",
            "object_lock_retain_until_date": "",
            "override_provider": [],
            "server_side_encryption": "AES256",
            "source": "C:/Users/Usuario/Desktop/Varios/Estudios/Grado de informatica/2º Grado DAW/Proyecto Navidad/.git/hooks/pre-commit.sample",
            "source_hash": null,
            "storage_class": "STANDARD",
            "tags": null,
            "tags_all": {},
            "version_id": "",
            "website_redirect": ""
          },
          "sensitive_attributes": [],
          "private": "bnVsbA==",
          "dependencies": [
            "aws_s3_bucket.mi_bucket"
          ]
        },
        {
          "index_key": ".git/hooks/pre-merge-commit.sample",
          "schema_version": 0,
          "attributes": {
            "acl": null,
            "arn": "arn:aws:s3:::mi-carpeta-terraform/.git/hooks/pre-merge-commit.sample",
            "bucket": "mi-carpeta-terraform",
            "bucket_key_enabled": false,
            "cache_control": "",
            "checksum_algorithm": null,
            "checksum_crc32": "",
            "checksum_crc32c": "",
            "checksum_sha1": "",
            "checksum_sha256": "",
            "content": null,
            "content_base64": null,
            "content_disposition": "",
            "content_encoding": "",
            "content_language": "",
            "content_type": "application/octet-stream",
            "etag": "39cb268e2a85d436b9eb6f47614c3cbc",
            "force_destroy": false,
            "id": ".git/hooks/pre-merge-commit.sample",
            "key": ".git/hooks/pre-merge-commit.sample",
            "kms_key_id": null,
            "metadata": null,
            "object_lock_legal_hold_status": "",
            "object_lock_mode": "",
            "object_lock_retain_until_date": "",
            "override_provider": [],
            "server_side_encryption": "AES256",
            "source": "C:/Users/Usuario/Desktop/Varios/Estudios/Grado de informatica/2º Grado DAW/Proyecto Navidad/.git/hooks/pre-merge-commit.sample",
            "source_hash": null,
            "storage_class": "STANDARD",
            "tags": null,
            "tags_all": {},
            "version_id": "",
            "website_redirect": ""
          },
          "sensitive_attributes": [],
          "private": "bnVsbA==",
          "dependencies": [
            "aws_s3_bucket.mi_bucket"
          ]
        },
        {
          "index_key": ".git/hooks/pre-push.sample",
          "schema_version": 0,
          "attributes": {
            "acl": null,
            "arn": "arn:aws:s3:::mi-carpeta-terraform/.git/hooks/pre-push.sample",
            "bucket": "mi-carpeta-terraform",
            "bucket_key_enabled": false,
            "cache_control": "",
            "checksum_algorithm": null,
            "checksum_crc32": "",
            "checksum_crc32c": "",
            "checksum_sha1": "",
            "checksum_sha256": "",
            "content": null,
            "content_base64": null,
            "content_disposition": "",
            "content_encoding": "",
            "content_language": "",
            "content_type": "application/octet-stream",
            "etag": "2c642152299a94e05ea26eae11993b13",
            "force_destroy": false,
            "id": ".git/hooks/pre-push.sample",
            "key": ".git/hooks/pre-push.sample",
            "kms_key_id": null,
            "metadata": null,
            "object_lock_legal_hold_status": "",
            "object_lock_mode": "",
            "object_lock_retain_until_date": "",
            "override_provider": [],
            "server_side_encryption": "AES256",
            "source": "C:/Users/Usuario/Desktop/Varios/Estudios/Grado de informatica/2º Grado DAW/Proyecto Navidad/.git/hooks/pre-push.sample",
            "source_hash": null,
            "storage_class": "STANDARD",
            "tags": null,
            "tags_all": {},
            "version_id": "",
            "website_redirect": ""
          },
          "sensitive_attributes": [],
          "private": "bnVsbA==",
          "dependencies": [
            "aws_s3_bucket.mi_bucket"
          ]
        },
        {
          "index_key": ".git/hooks/pre-rebase.sample",
          "schema_version": 0,
          "attributes": {
            "acl": null,
            "arn": "arn:aws:s3:::mi-carpeta-terraform/.git/hooks/pre-rebase.sample",
            "bucket": "mi-carpeta-terraform",
            "bucket_key_enabled": false,
            "cache_control": "",
            "checksum_algorithm": null,
            "checksum_crc32": "",
            "checksum_crc32c": "",
            "checksum_sha1": "",
            "checksum_sha256": "",
            "content": null,
            "content_base64": null,
            "content_disposition": "",
            "content_encoding": "",
            "content_language": "",
            "content_type": "application/octet-stream",
            "etag": "56e45f2bcbc8226d2b4200f7c46371bf",
            "force_destroy": false,
            "id": ".git/hooks/pre-rebase.sample",
            "key": ".git/hooks/pre-rebase.sample",
            "kms_key_id": null,
            "metadata": null,
            "object_lock_legal_hold_status": "",
            "object_lock_mode": "",
            "object_lock_retain_until_date": "",
            "override_provider": [],
            "server_side_encryption": "AES256",
            "source": "C:/Users/Usuario/Desktop/Varios/Estudios/Grado de informatica/2º Grado DAW/Proyecto Navidad/.git/hooks/pre-rebase.sample",
            "source_hash": null,
            "storage_class": "STANDARD",
            "tags": null,
            "tags_all": {},
            "version_id": "",
            "website_redirect": ""
          },
          "sensitive_attributes": [],
          "private": "bnVsbA==",
          "dependencies": [
            "aws_s3_bucket.mi_bucket"
          ]
        },
        {
          "index_key": ".git/hooks/pre-receive.sample",
          "schema_version": 0,
          "attributes": {
            "acl": null,
            "arn": "arn:aws:s3:::mi-carpeta-terraform/.git/hooks/pre-receive.sample",
            "bucket": "mi-carpeta-terraform",
            "bucket_key_enabled": false,
            "cache_control": "",
            "checksum_algorithm": null,
            "checksum_crc32": "",
            "checksum_crc32c": "",
            "checksum_sha1": "",
            "checksum_sha256": "",
            "content": null,
            "content_base64": null,
            "content_disposition": "",
            "content_encoding": "",
            "content_language": "",
            "content_type": "application/octet-stream",
            "etag": "2ad18ec82c20af7b5926ed9cea6aeedd",
            "force_destroy": false,
            "id": ".git/hooks/pre-receive.sample",
            "key": ".git/hooks/pre-receive.sample",
            "kms_key_id": null,
            "metadata": null,
            "object_lock_legal_hold_status": "",
            "object_lock_mode": "",
            "object_lock_retain_until_date": "",
            "override_provider": [],
            "server_side_encryption": "AES256",
            "source": "C:/Users/Usuario/Desktop/Varios/Estudios/Grado de informatica/2º Grado DAW/Proyecto Navidad/.git/hooks/pre-receive.sample",
            "source_hash": null,
            "storage_class": "STANDARD",
            "tags": null,
            "tags_all": {},
            "version_id": "",
            "website_redirect": ""
          },
          "sensitive_attributes": [],
          "private": "bnVsbA==",
          "dependencies": [
            "aws_s3_bucket.mi_bucket"
          ]
        },
        {
          "index_key": ".git/hooks/prepare-commit-msg.sample",
          "schema_version": 0,
          "attributes": {
            "acl": null,
            "arn": "arn:aws:s3:::mi-carpeta-terraform/.git/hooks/prepare-commit-msg.sample",
            "bucket": "mi-carpeta-terraform",
            "bucket_key_enabled": false,
            "cache_control": "",
            "checksum_algorithm": null,
            "checksum_crc32": "",
            "checksum_crc32c": "",
            "checksum_sha1": "",
            "checksum_sha256": "",
            "content": null,
            "content_base64": null,
            "content_disposition": "",
            "content_encoding": "",
            "content_language": "",
            "content_type": "application/octet-stream",
            "etag": "2b5c047bdb474555e1787db32b2d2fc5",
            "force_destroy": false,
            "id": ".git/hooks/prepare-commit-msg.sample",
            "key": ".git/hooks/prepare-commit-msg.sample",
            "kms_key_id": null,
            "metadata": null,
            "object_lock_legal_hold_status": "",
            "object_lock_mode": "",
            "object_lock_retain_until_date": "",
            "override_provider": [],
            "server_side_encryption": "AES256",
            "source": "C:/Users/Usuario/Desktop/Varios/Estudios/Grado de informatica/2º Grado DAW/Proyecto Navidad/.git/hooks/prepare-commit-msg.sample",
            "source_hash": null,
            "storage_class": "STANDARD",
            "tags": null,
            "tags_all": {},
            "version_id": "",
            "website_redirect": ""
          },
          "sensitive_attributes": [],
          "private": "bnVsbA==",
          "dependencies": [
            "aws_s3_bucket.mi_bucket"
          ]
        },
        {
          "index_key": ".git/hooks/push-to-checkout.sample",
          "schema_version": 0,
          "attributes": {
            "acl": null,
            "arn": "arn:aws:s3:::mi-carpeta-terraform/.git/hooks/push-to-checkout.sample",
            "bucket": "mi-carpeta-terraform",
            "bucket_key_enabled": false,
            "cache_control": "",
            "checksum_algorithm": null,
            "checksum_crc32": "",
            "checksum_crc32c": "",
            "checksum_sha1": "",
            "checksum_sha256": "",
            "content": null,
            "content_base64": null,
            "content_disposition": "",
            "content_encoding": "",
            "content_language": "",
            "content_type": "application/octet-stream",
            "etag": "c7ab00c7784efeadad3ae9b228d4b4db",
            "force_destroy": false,
            "id": ".git/hooks/push-to-checkout.sample",
            "key": ".git/hooks/push-to-checkout.sample",
            "kms_key_id": null,
            "metadata": null,
            "object_lock_legal_hold_status": "",
            "object_lock_mode": "",
            "object_lock_retain_until_date": "",
            "override_provider": [],
            "server_side_encryption": "AES256",
            "source": "C:/Users/Usuario/Desktop/Varios/Estudios/Grado de informatica/2º Grado DAW/Proyecto Navidad/.git/hooks/push-to-checkout.sample",
            "source_hash": null,
            "storage_class": "STANDARD",
            "tags": null,
            "tags_all": {},
            "version_id": "",
            "website_redirect": ""
          },
          "sensitive_attributes": [],
          "private": "bnVsbA==",
          "dependencies": [
            "aws_s3_bucket.mi_bucket"
          ]
        },
        {
          "index_key": ".git/hooks/sendemail-validate.sample",
          "schema_version": 0,
          "attributes": {
            "acl": null,
            "arn": "arn:aws:s3:::mi-carpeta-terraform/.git/hooks/sendemail-validate.sample",
            "bucket": "mi-carpeta-terraform",
            "bucket_key_enabled": false,
            "cache_control": "",
            "checksum_algorithm": null,
            "checksum_crc32": "",
            "checksum_crc32c": "",
            "checksum_sha1": "",
            "checksum_sha256": "",
            "content": null,
            "content_base64": null,
            "content_disposition": "",
            "content_encoding": "",
            "content_language": "",
            "content_type": "application/octet-stream",
            "etag": "4d67df3a8d5c98cb8565c07e42be0b04",
            "force_destroy": false,
            "id": ".git/hooks/sendemail-validate.sample",
            "key": ".git/hooks/sendemail-validate.sample",
            "kms_key_id": null,
            "metadata": null,
            "object_lock_legal_hold_status": "",
            "object_lock_mode": "",
            "object_lock_retain_until_date": "",
            "override_provider": [],
            "server_side_encryption": "AES256",
            "source": "C:/Users/Usuario/Desktop/Varios/Estudios/Grado de informatica/2º Grado DAW/Proyecto Navidad/.git/hooks/sendemail-validate.sample",
            "source_hash": null,
            "storage_class": "STANDARD",
            "tags": null,
            "tags_all": {},
            "version_id": "",
            "website_redirect": ""
          },
          "sensitive_attributes": [],
          "private": "bnVsbA==",
          "dependencies": [
            "aws_s3_bucket.mi_bucket"
          ]
        },
        {
          "index_key": ".git/hooks/update.sample",
          "schema_version": 0,
          "attributes": {
            "acl": null,
            "arn": "arn:aws:s3:::mi-carpeta-terraform/.git/hooks/update.sample",
            "bucket": "mi-carpeta-terraform",
            "bucket_key_enabled": false,
            "cache_control": "",
            "checksum_algorithm": null,
            "checksum_crc32": "",
            "checksum_crc32c": "",
            "checksum_sha1": "",
            "checksum_sha256": "",
            "content": null,
            "content_base64": null,
            "content_disposition": "",
            "content_encoding": "",
            "content_language": "",
            "content_type": "application/octet-stream",
            "etag": "647ae13c682f7827c22f5fc08a03674e",
            "force_destroy": false,
            "id": ".git/hooks/update.sample",
            "key": ".git/hooks/update.sample",
            "kms_key_id": null,
            "metadata": null,
            "object_lock_legal_hold_status": "",
            "object_lock_mode": "",
            "object_lock_retain_until_date": "",
            "override_provider": [],
            "server_side_encryption": "AES256",
            "source": "C:/Users/Usuario/Desktop/Varios/Estudios/Grado de informatica/2º Grado DAW/Proyecto Navidad/.git/hooks/update.sample",
            "source_hash": null,
            "storage_class": "STANDARD",
            "tags": null,
            "tags_all": {},
            "version_id": "",
            "website_redirect": ""
          },
          "sensitive_attributes": [],
          "private": "bnVsbA==",
          "dependencies": [
            "aws_s3_bucket.mi_bucket"
          ]
        },
        {
          "index_key": ".git/index",
          "schema_version": 0,
          "attributes": {
            "acl": null,
            "arn": "arn:aws:s3:::mi-carpeta-terraform/.git/index",
            "bucket": "mi-carpeta-terraform",
            "bucket_key_enabled": false,
            "cache_control": "",
            "checksum_algorithm": null,
            "checksum_crc32": "",
            "checksum_crc32c": "",
            "checksum_sha1": "",
            "checksum_sha256": "",
            "content": null,
            "content_base64": null,
            "content_disposition": "",
            "content_encoding": "",
            "content_language": "",
            "content_type": "application/octet-stream",
            "etag": "d30ccc5d46d576bec73d16c017dc3ca2",
            "force_destroy": false,
            "id": ".git/index",
            "key": ".git/index",
            "kms_key_id": null,
            "metadata": null,
            "object_lock_legal_hold_status": "",
            "object_lock_mode": "",
            "object_lock_retain_until_date": "",
            "override_provider": [],
            "server_side_encryption": "AES256",
            "source": "C:/Users/Usuario/Desktop/Varios/Estudios/Grado de informatica/2º Grado DAW/Proyecto Navidad/.git/index",
            "source_hash": null,
            "storage_class": "STANDARD",
            "tags": null,
            "tags_all": {},
            "version_id": "",
            "website_redirect": ""
          },
          "sensitive_attributes": [],
          "private": "bnVsbA==",
          "dependencies": [
            "aws_s3_bucket.mi_bucket"
          ]
        },
        {
          "index_key": ".git/info/exclude",
          "schema_version": 0,
          "attributes": {
            "acl": null,
            "arn": "arn:aws:s3:::mi-carpeta-terraform/.git/info/exclude",
            "bucket": "mi-carpeta-terraform",
            "bucket_key_enabled": false,
            "cache_control": "",
            "checksum_algorithm": null,
            "checksum_crc32": "",
            "checksum_crc32c": "",
            "checksum_sha1": "",
            "checksum_sha256": "",
            "content": null,
            "content_base64": null,
            "content_disposition": "",
            "content_encoding": "",
            "content_language": "",
            "content_type": "application/octet-stream",
            "etag": "036208b4a1ab4a235d75c181e685e5a3",
            "force_destroy": false,
            "id": ".git/info/exclude",
            "key": ".git/info/exclude",
            "kms_key_id": null,
            "metadata": null,
            "object_lock_legal_hold_status": "",
            "object_lock_mode": "",
            "object_lock_retain_until_date": "",
            "override_provider": [],
            "server_side_encryption": "AES256",
            "source": "C:/Users/Usuario/Desktop/Varios/Estudios/Grado de informatica/2º Grado DAW/Proyecto Navidad/.git/info/exclude",
            "source_hash": null,
            "storage_class": "STANDARD",
            "tags": null,
            "tags_all": {},
            "version_id": "",
            "website_redirect": ""
          },
          "sensitive_attributes": [],
          "private": "bnVsbA==",
          "dependencies": [
            "aws_s3_bucket.mi_bucket"
          ]
        },
        {
          "index_key": ".git/logs/HEAD",
          "schema_version": 0,
          "attributes": {
            "acl": null,
            "arn": "arn:aws:s3:::mi-carpeta-terraform/.git/logs/HEAD",
            "bucket": "mi-carpeta-terraform",
            "bucket_key_enabled": false,
            "cache_control": "",
            "checksum_algorithm": null,
            "checksum_crc32": "",
            "checksum_crc32c": "",
            "checksum_sha1": "",
            "checksum_sha256": "",
            "content": null,
            "content_base64": null,
            "content_disposition": "",
            "content_encoding": "",
            "content_language": "",
            "content_type": "application/octet-stream",
            "etag": "241ab0aafc6fb891e7c2507b29bc19c1",
            "force_destroy": false,
            "id": ".git/logs/HEAD",
            "key": ".git/logs/HEAD",
            "kms_key_id": null,
            "metadata": null,
            "object_lock_legal_hold_status": "",
            "object_lock_mode": "",
            "object_lock_retain_until_date": "",
            "override_provider": [],
            "server_side_encryption": "AES256",
            "source": "C:/Users/Usuario/Desktop/Varios/Estudios/Grado de informatica/2º Grado DAW/Proyecto Navidad/.git/logs/HEAD",
            "source_hash": null,
            "storage_class": "STANDARD",
            "tags": null,
            "tags_all": {},
            "version_id": "",
            "website_redirect": ""
          },
          "sensitive_attributes": [],
          "private": "bnVsbA==",
          "dependencies": [
            "aws_s3_bucket.mi_bucket"
          ]
        },
        {
          "index_key": ".git/logs/refs/heads/main",
          "schema_version": 0,
          "attributes": {
            "acl": null,
            "arn": "arn:aws:s3:::mi-carpeta-terraform/.git/logs/refs/heads/main",
            "bucket": "mi-carpeta-terraform",
            "bucket_key_enabled": false,
            "cache_control": "",
            "checksum_algorithm": null,
            "checksum_crc32": "",
            "checksum_crc32c": "",
            "checksum_sha1": "",
            "checksum_sha256": "",
            "content": null,
            "content_base64": null,
            "content_disposition": "",
            "content_encoding": "",
            "content_language": "",
            "content_type": "application/octet-stream",
            "etag": "4e9e7f4aa6436e8aa085baa9af9ae0d6",
            "force_destroy": false,
            "id": ".git/logs/refs/heads/main",
            "key": ".git/logs/refs/heads/main",
            "kms_key_id": null,
            "metadata": null,
            "object_lock_legal_hold_status": "",
            "object_lock_mode": "",
            "object_lock_retain_until_date": "",
            "override_provider": [],
            "server_side_encryption": "AES256",
            "source": "C:/Users/Usuario/Desktop/Varios/Estudios/Grado de informatica/2º Grado DAW/Proyecto Navidad/.git/logs/refs/heads/main",
            "source_hash": null,
            "storage_class": "STANDARD",
            "tags": null,
            "tags_all": {},
            "version_id": "",
            "website_redirect": ""
          },
          "sensitive_attributes": [],
          "private": "bnVsbA==",
          "dependencies": [
            "aws_s3_bucket.mi_bucket"
          ]
        },
        {
          "index_key": ".git/logs/refs/remotes/origin/main",
          "schema_version": 0,
          "attributes": {
            "acl": null,
            "arn": "arn:aws:s3:::mi-carpeta-terraform/.git/logs/refs/remotes/origin/main",
            "bucket": "mi-carpeta-terraform",
            "bucket_key_enabled": false,
            "cache_control": "",
            "checksum_algorithm": null,
            "checksum_crc32": "",
            "checksum_crc32c": "",
            "checksum_sha1": "",
            "checksum_sha256": "",
            "content": null,
            "content_base64": null,
            "content_disposition": "",
            "content_encoding": "",
            "content_language": "",
            "content_type": "application/octet-stream",
            "etag": "ea83c28c8cdfedf8eb7113bdd3dfcc36",
            "force_destroy": false,
            "id": ".git/logs/refs/remotes/origin/main",
            "key": ".git/logs/refs/remotes/origin/main",
            "kms_key_id": null,
            "metadata": null,
            "object_lock_legal_hold_status": "",
            "object_lock_mode": "",
            "object_lock_retain_until_date": "",
            "override_provider": [],
            "server_side_encryption": "AES256",
            "source": "C:/Users/Usuario/Desktop/Varios/Estudios/Grado de informatica/2º Grado DAW/Proyecto Navidad/.git/logs/refs/remotes/origin/main",
            "source_hash": null,
            "storage_class": "STANDARD",
            "tags": null,
            "tags_all": {},
            "version_id": "",
            "website_redirect": ""
          },
          "sensitive_attributes": [],
          "private": "bnVsbA==",
          "dependencies": [
            "aws_s3_bucket.mi_bucket"
          ]
        },
        {
          "index_key": ".git/objects/02/5acaba49c6e167d23eeb0b82de82465a378dad",
          "schema_version": 0,
          "attributes": {
            "acl": null,
            "arn": "arn:aws:s3:::mi-carpeta-terraform/.git/objects/02/5acaba49c6e167d23eeb0b82de82465a378dad",
            "bucket": "mi-carpeta-terraform",
            "bucket_key_enabled": false,
            "cache_control": "",
            "checksum_algorithm": null,
            "checksum_crc32": "",
            "checksum_crc32c": "",
            "checksum_sha1": "",
            "checksum_sha256": "",
            "content": null,
            "content_base64": null,
            "content_disposition": "",
            "content_encoding": "",
            "content_language": "",
            "content_type": "application/octet-stream",
            "etag": "cadbef39498fec5a49ba92a254906166",
            "force_destroy": false,
            "id": ".git/objects/02/5acaba49c6e167d23eeb0b82de82465a378dad",
            "key": ".git/objects/02/5acaba49c6e167d23eeb0b82de82465a378dad",
            "kms_key_id": null,
            "metadata": null,
            "object_lock_legal_hold_status": "",
            "object_lock_mode": "",
            "object_lock_retain_until_date": "",
            "override_provider": [],
            "server_side_encryption": "AES256",
            "source": "C:/Users/Usuario/Desktop/Varios/Estudios/Grado de informatica/2º Grado DAW/Proyecto Navidad/.git/objects/02/5acaba49c6e167d23eeb0b82de82465a378dad",
            "source_hash": null,
            "storage_class": "STANDARD",
            "tags": null,
            "tags_all": {},
            "version_id": "",
            "website_redirect": ""
          },
          "sensitive_attributes": [],
          "private": "bnVsbA==",
          "dependencies": [
            "aws_s3_bucket.mi_bucket"
          ]
        },
        {
          "index_key": ".git/objects/02/8407c0164c69d6e9c76f70c156d7cdb211b43c",
          "schema_version": 0,
          "attributes": {
            "acl": null,
            "arn": "arn:aws:s3:::mi-carpeta-terraform/.git/objects/02/8407c0164c69d6e9c76f70c156d7cdb211b43c",
            "bucket": "mi-carpeta-terraform",
            "bucket_key_enabled": false,
            "cache_control": "",
            "checksum_algorithm": null,
            "checksum_crc32": "",
            "checksum_crc32c": "",
            "checksum_sha1": "",
            "checksum_sha256": "",
            "content": null,
            "content_base64": null,
            "content_disposition": "",
            "content_encoding": "",
            "content_language": "",
            "content_type": "application/octet-stream",
            "etag": "6c3e7885448363ee402dbaa8408507fc",
            "force_destroy": false,
            "id": ".git/objects/02/8407c0164c69d6e9c76f70c156d7cdb211b43c",
            "key": ".git/objects/02/8407c0164c69d6e9c76f70c156d7cdb211b43c",
            "kms_key_id": null,
            "metadata": null,
            "object_lock_legal_hold_status": "",
            "object_lock_mode": "",
            "object_lock_retain_until_date": "",
            "override_provider": [],
            "server_side_encryption": "AES256",
            "source": "C:/Users/Usuario/Desktop/Varios/Estudios/Grado de informatica/2º Grado DAW/Proyecto Navidad/.git/objects/02/8407c0164c69d6e9c76f70c156d7cdb211b43c",
            "source_hash": null,
            "storage_class": "STANDARD",
            "tags": null,
            "tags_all": {},
            "version_id": "",
            "website_redirect": ""
          },
          "sensitive_attributes": [],
          "private": "bnVsbA==",
          "dependencies": [
            "aws_s3_bucket.mi_bucket"
          ]
        },
        {
          "index_key": ".git/objects/02/b18dbe361c1ddeb93f9ec493018df6f8d3dfc1",
          "schema_version": 0,
          "attributes": {
            "acl": null,
            "arn": "arn:aws:s3:::mi-carpeta-terraform/.git/objects/02/b18dbe361c1ddeb93f9ec493018df6f8d3dfc1",
            "bucket": "mi-carpeta-terraform",
            "bucket_key_enabled": false,
            "cache_control": "",
            "checksum_algorithm": null,
            "checksum_crc32": "",
            "checksum_crc32c": "",
            "checksum_sha1": "",
            "checksum_sha256": "",
            "content": null,
            "content_base64": null,
            "content_disposition": "",
            "content_encoding": "",
            "content_language": "",
            "content_type": "application/octet-stream",
            "etag": "48392ea25efdb4383191cb652803dbe5",
            "force_destroy": false,
            "id": ".git/objects/02/b18dbe361c1ddeb93f9ec493018df6f8d3dfc1",
            "key": ".git/objects/02/b18dbe361c1ddeb93f9ec493018df6f8d3dfc1",
            "kms_key_id": null,
            "metadata": null,
            "object_lock_legal_hold_status": "",
            "object_lock_mode": "",
            "object_lock_retain_until_date": "",
            "override_provider": [],
            "server_side_encryption": "AES256",
            "source": "C:/Users/Usuario/Desktop/Varios/Estudios/Grado de informatica/2º Grado DAW/Proyecto Navidad/.git/objects/02/b18dbe361c1ddeb93f9ec493018df6f8d3dfc1",
            "source_hash": null,
            "storage_class": "STANDARD",
            "tags": null,
            "tags_all": {},
            "version_id": "",
            "website_redirect": ""
          },
          "sensitive_attributes": [],
          "private": "bnVsbA==",
          "dependencies": [
            "aws_s3_bucket.mi_bucket"
          ]
        },
        {
          "index_key": ".git/objects/03/1b2c7e48869c600c611a7be9266421d437aeaa",
          "schema_version": 0,
          "attributes": {
            "acl": null,
            "arn": "arn:aws:s3:::mi-carpeta-terraform/.git/objects/03/1b2c7e48869c600c611a7be9266421d437aeaa",
            "bucket": "mi-carpeta-terraform",
            "bucket_key_enabled": false,
            "cache_control": "",
            "checksum_algorithm": null,
            "checksum_crc32": "",
            "checksum_crc32c": "",
            "checksum_sha1": "",
            "checksum_sha256": "",
            "content": null,
            "content_base64": null,
            "content_disposition": "",
            "content_encoding": "",
            "content_language": "",
            "content_type": "application/octet-stream",
            "etag": "ef649c8b00a1906c8ce23963f87a0b18",
            "force_destroy": false,
            "id": ".git/objects/03/1b2c7e48869c600c611a7be9266421d437aeaa",
            "key": ".git/objects/03/1b2c7e48869c600c611a7be9266421d437aeaa",
            "kms_key_id": null,
            "metadata": null,
            "object_lock_legal_hold_status": "",
            "object_lock_mode": "",
            "object_lock_retain_until_date": "",
            "override_provider": [],
            "server_side_encryption": "AES256",
            "source": "C:/Users/Usuario/Desktop/Varios/Estudios/Grado de informatica/2º Grado DAW/Proyecto Navidad/.git/objects/03/1b2c7e48869c600c611a7be9266421d437aeaa",
            "source_hash": null,
            "storage_class": "STANDARD",
            "tags": null,
            "tags_all": {},
            "version_id": "",
            "website_redirect": ""
          },
          "sensitive_attributes": [],
          "private": "bnVsbA==",
          "dependencies": [
            "aws_s3_bucket.mi_bucket"
          ]
        },
        {
          "index_key": ".git/objects/03/9ba8a7a2f8456dec0f427677222503e3f3b99e",
          "schema_version": 0,
          "attributes": {
            "acl": null,
            "arn": "arn:aws:s3:::mi-carpeta-terraform/.git/objects/03/9ba8a7a2f8456dec0f427677222503e3f3b99e",
            "bucket": "mi-carpeta-terraform",
            "bucket_key_enabled": false,
            "cache_control": "",
            "checksum_algorithm": null,
            "checksum_crc32": "",
            "checksum_crc32c": "",
            "checksum_sha1": "",
            "checksum_sha256": "",
            "content": null,
            "content_base64": null,
            "content_disposition": "",
            "content_encoding": "",
            "content_language": "",
            "content_type": "application/octet-stream",
            "etag": "880e0a507c1e8ae2c65bf7289ee25432",
            "force_destroy": false,
            "id": ".git/objects/03/9ba8a7a2f8456dec0f427677222503e3f3b99e",
            "key": ".git/objects/03/9ba8a7a2f8456dec0f427677222503e3f3b99e",
            "kms_key_id": null,
            "metadata": null,
            "object_lock_legal_hold_status": "",
            "object_lock_mode": "",
            "object_lock_retain_until_date": "",
            "override_provider": [],
            "server_side_encryption": "AES256",
            "source": "C:/Users/Usuario/Desktop/Varios/Estudios/Grado de informatica/2º Grado DAW/Proyecto Navidad/.git/objects/03/9ba8a7a2f8456dec0f427677222503e3f3b99e",
            "source_hash": null,
            "storage_class": "STANDARD",
            "tags": null,
            "tags_all": {},
            "version_id": "",
            "website_redirect": ""
          },
          "sensitive_attributes": [],
          "private": "bnVsbA==",
          "dependencies": [
            "aws_s3_bucket.mi_bucket"
          ]
        },
        {
          "index_key": ".git/objects/04/68b9cb57326984f342cc857f15940948045a82",
          "schema_version": 0,
          "attributes": {
            "acl": null,
            "arn": "arn:aws:s3:::mi-carpeta-terraform/.git/objects/04/68b9cb57326984f342cc857f15940948045a82",
            "bucket": "mi-carpeta-terraform",
            "bucket_key_enabled": false,
            "cache_control": "",
            "checksum_algorithm": null,
            "checksum_crc32": "",
            "checksum_crc32c": "",
            "checksum_sha1": "",
            "checksum_sha256": "",
            "content": null,
            "content_base64": null,
            "content_disposition": "",
            "content_encoding": "",
            "content_language": "",
            "content_type": "application/octet-stream",
            "etag": "bd8d68da1636a46fa0e58f74d8e6b4b8",
            "force_destroy": false,
            "id": ".git/objects/04/68b9cb57326984f342cc857f15940948045a82",
            "key": ".git/objects/04/68b9cb57326984f342cc857f15940948045a82",
            "kms_key_id": null,
            "metadata": null,
            "object_lock_legal_hold_status": "",
            "object_lock_mode": "",
            "object_lock_retain_until_date": "",
            "override_provider": [],
            "server_side_encryption": "AES256",
            "source": "C:/Users/Usuario/Desktop/Varios/Estudios/Grado de informatica/2º Grado DAW/Proyecto Navidad/.git/objects/04/68b9cb57326984f342cc857f15940948045a82",
            "source_hash": null,
            "storage_class": "STANDARD",
            "tags": null,
            "tags_all": {},
            "version_id": "",
            "website_redirect": ""
          },
          "sensitive_attributes": [],
          "private": "bnVsbA==",
          "dependencies": [
            "aws_s3_bucket.mi_bucket"
          ]
        },
        {
          "index_key": ".git/objects/05/727c8530e3741a9d3095f29aa2ec3a6873492a",
          "schema_version": 0,
          "attributes": {
            "acl": null,
            "arn": "arn:aws:s3:::mi-carpeta-terraform/.git/objects/05/727c8530e3741a9d3095f29aa2ec3a6873492a",
            "bucket": "mi-carpeta-terraform",
            "bucket_key_enabled": false,
            "cache_control": "",
            "checksum_algorithm": null,
            "checksum_crc32": "",
            "checksum_crc32c": "",
            "checksum_sha1": "",
            "checksum_sha256": "",
            "content": null,
            "content_base64": null,
            "content_disposition": "",
            "content_encoding": "",
            "content_language": "",
            "content_type": "application/octet-stream",
            "etag": "ed23dde61b143ed9e2f1594cc64e7dda",
            "force_destroy": false,
            "id": ".git/objects/05/727c8530e3741a9d3095f29aa2ec3a6873492a",
            "key": ".git/objects/05/727c8530e3741a9d3095f29aa2ec3a6873492a",
            "kms_key_id": null,
            "metadata": null,
            "object_lock_legal_hold_status": "",
            "object_lock_mode": "",
            "object_lock_retain_until_date": "",
            "override_provider": [],
            "server_side_encryption": "AES256",
            "source": "C:/Users/Usuario/Desktop/Varios/Estudios/Grado de informatica/2º Grado DAW/Proyecto Navidad/.git/objects/05/727c8530e3741a9d3095f29aa2ec3a6873492a",
            "source_hash": null,
            "storage_class": "STANDARD",
            "tags": null,
            "tags_all": {},
            "version_id": "",
            "website_redirect": ""
          },
          "sensitive_attributes": [],
          "private": "bnVsbA==",
          "dependencies": [
            "aws_s3_bucket.mi_bucket"
          ]
        },
        {
          "index_key": ".git/objects/06/108ee665ab025711daf61026496a370dd942b3",
          "schema_version": 0,
          "attributes": {
            "acl": null,
            "arn": "arn:aws:s3:::mi-carpeta-terraform/.git/objects/06/108ee665ab025711daf61026496a370dd942b3",
            "bucket": "mi-carpeta-terraform",
            "bucket_key_enabled": false,
            "cache_control": "",
            "checksum_algorithm": null,
            "checksum_crc32": "",
            "checksum_crc32c": "",
            "checksum_sha1": "",
            "checksum_sha256": "",
            "content": null,
            "content_base64": null,
            "content_disposition": "",
            "content_encoding": "",
            "content_language": "",
            "content_type": "application/octet-stream",
            "etag": "23d829b0e98e792c0ebe66918c9d72c6",
            "force_destroy": false,
            "id": ".git/objects/06/108ee665ab025711daf61026496a370dd942b3",
            "key": ".git/objects/06/108ee665ab025711daf61026496a370dd942b3",
            "kms_key_id": null,
            "metadata": null,
            "object_lock_legal_hold_status": "",
            "object_lock_mode": "",
            "object_lock_retain_until_date": "",
            "override_provider": [],
            "server_side_encryption": "AES256",
            "source": "C:/Users/Usuario/Desktop/Varios/Estudios/Grado de informatica/2º Grado DAW/Proyecto Navidad/.git/objects/06/108ee665ab025711daf61026496a370dd942b3",
            "source_hash": null,
            "storage_class": "STANDARD",
            "tags": null,
            "tags_all": {},
            "version_id": "",
            "website_redirect": ""
          },
          "sensitive_attributes": [],
          "private": "bnVsbA==",
          "dependencies": [
            "aws_s3_bucket.mi_bucket"
          ]
        },
        {
          "index_key": ".git/objects/06/fc72f25cd9e830fa495a410bd89f5724f265a5",
          "schema_version": 0,
          "attributes": {
            "acl": null,
            "arn": "arn:aws:s3:::mi-carpeta-terraform/.git/objects/06/fc72f25cd9e830fa495a410bd89f5724f265a5",
            "bucket": "mi-carpeta-terraform",
            "bucket_key_enabled": false,
            "cache_control": "",
            "checksum_algorithm": null,
            "checksum_crc32": "",
            "checksum_crc32c": "",
            "checksum_sha1": "",
            "checksum_sha256": "",
            "content": null,
            "content_base64": null,
            "content_disposition": "",
            "content_encoding": "",
            "content_language": "",
            "content_type": "application/octet-stream",
            "etag": "efd1ecfa0bb2649f9f92b4ffed1baae8",
            "force_destroy": false,
            "id": ".git/objects/06/fc72f25cd9e830fa495a410bd89f5724f265a5",
            "key": ".git/objects/06/fc72f25cd9e830fa495a410bd89f5724f265a5",
            "kms_key_id": null,
            "metadata": null,
            "object_lock_legal_hold_status": "",
            "object_lock_mode": "",
            "object_lock_retain_until_date": "",
            "override_provider": [],
            "server_side_encryption": "AES256",
            "source": "C:/Users/Usuario/Desktop/Varios/Estudios/Grado de informatica/2º Grado DAW/Proyecto Navidad/.git/objects/06/fc72f25cd9e830fa495a410bd89f5724f265a5",
            "source_hash": null,
            "storage_class": "STANDARD",
            "tags": null,
            "tags_all": {},
            "version_id": "",
            "website_redirect": ""
          },
          "sensitive_attributes": [],
          "private": "bnVsbA==",
          "dependencies": [
            "aws_s3_bucket.mi_bucket"
          ]
        },
        {
          "index_key": ".git/objects/0b/da665782735ff9cb3bbe268daa00a15b28e7fb",
          "schema_version": 0,
          "attributes": {
            "acl": null,
            "arn": "arn:aws:s3:::mi-carpeta-terraform/.git/objects/0b/da665782735ff9cb3bbe268daa00a15b28e7fb",
            "bucket": "mi-carpeta-terraform",
            "bucket_key_enabled": false,
            "cache_control": "",
            "checksum_algorithm": null,
            "checksum_crc32": "",
            "checksum_crc32c": "",
            "checksum_sha1": "",
            "checksum_sha256": "",
            "content": null,
            "content_base64": null,
            "content_disposition": "",
            "content_encoding": "",
            "content_language": "",
            "content_type": "application/octet-stream",
            "etag": "e12a56c8ca1ee416857b75d83c6f50a2",
            "force_destroy": false,
            "id": ".git/objects/0b/da665782735ff9cb3bbe268daa00a15b28e7fb",
            "key": ".git/objects/0b/da665782735ff9cb3bbe268daa00a15b28e7fb",
            "kms_key_id": null,
            "metadata": null,
            "object_lock_legal_hold_status": "",
            "object_lock_mode": "",
            "object_lock_retain_until_date": "",
            "override_provider": [],
            "server_side_encryption": "AES256",
            "source": "C:/Users/Usuario/Desktop/Varios/Estudios/Grado de informatica/2º Grado DAW/Proyecto Navidad/.git/objects/0b/da665782735ff9cb3bbe268daa00a15b28e7fb",
            "source_hash": null,
            "storage_class": "STANDARD",
            "tags": null,
            "tags_all": {},
            "version_id": "",
            "website_redirect": ""
          },
          "sensitive_attributes": [],
          "private": "bnVsbA==",
          "dependencies": [
            "aws_s3_bucket.mi_bucket"
          ]
        },
        {
          "index_key": ".git/objects/0c/26f896bf872e374c5339e4b552b3003a233c9a",
          "schema_version": 0,
          "attributes": {
            "acl": null,
            "arn": "arn:aws:s3:::mi-carpeta-terraform/.git/objects/0c/26f896bf872e374c5339e4b552b3003a233c9a",
            "bucket": "mi-carpeta-terraform",
            "bucket_key_enabled": false,
            "cache_control": "",
            "checksum_algorithm": null,
            "checksum_crc32": "",
            "checksum_crc32c": "",
            "checksum_sha1": "",
            "checksum_sha256": "",
            "content": null,
            "content_base64": null,
            "content_disposition": "",
            "content_encoding": "",
            "content_language": "",
            "content_type": "application/octet-stream",
            "etag": "aaed26397eac036b50ad7a6b93639c77",
            "force_destroy": false,
            "id": ".git/objects/0c/26f896bf872e374c5339e4b552b3003a233c9a",
            "key": ".git/objects/0c/26f896bf872e374c5339e4b552b3003a233c9a",
            "kms_key_id": null,
            "metadata": null,
            "object_lock_legal_hold_status": "",
            "object_lock_mode": "",
            "object_lock_retain_until_date": "",
            "override_provider": [],
            "server_side_encryption": "AES256",
            "source": "C:/Users/Usuario/Desktop/Varios/Estudios/Grado de informatica/2º Grado DAW/Proyecto Navidad/.git/objects/0c/26f896bf872e374c5339e4b552b3003a233c9a",
            "source_hash": null,
            "storage_class": "STANDARD",
            "tags": null,
            "tags_all": {},
            "version_id": "",
            "website_redirect": ""
          },
          "sensitive_attributes": [],
          "private": "bnVsbA==",
          "dependencies": [
            "aws_s3_bucket.mi_bucket"
          ]
        },
        {
          "index_key": ".git/objects/0c/c3e73efd696c718347bd15ca7730eac0b0b03e",
          "schema_version": 0,
          "attributes": {
            "acl": null,
            "arn": "arn:aws:s3:::mi-carpeta-terraform/.git/objects/0c/c3e73efd696c718347bd15ca7730eac0b0b03e",
            "bucket": "mi-carpeta-terraform",
            "bucket_key_enabled": false,
            "cache_control": "",
            "checksum_algorithm": null,
            "checksum_crc32": "",
            "checksum_crc32c": "",
            "checksum_sha1": "",
            "checksum_sha256": "",
            "content": null,
            "content_base64": null,
            "content_disposition": "",
            "content_encoding": "",
            "content_language": "",
            "content_type": "application/octet-stream",
            "etag": "5b541000a94a4e56007a3ad450dfd014",
            "force_destroy": false,
            "id": ".git/objects/0c/c3e73efd696c718347bd15ca7730eac0b0b03e",
            "key": ".git/objects/0c/c3e73efd696c718347bd15ca7730eac0b0b03e",
            "kms_key_id": null,
            "metadata": null,
            "object_lock_legal_hold_status": "",
            "object_lock_mode": "",
            "object_lock_retain_until_date": "",
            "override_provider": [],
            "server_side_encryption": "AES256",
            "source": "C:/Users/Usuario/Desktop/Varios/Estudios/Grado de informatica/2º Grado DAW/Proyecto Navidad/.git/objects/0c/c3e73efd696c718347bd15ca7730eac0b0b03e",
            "source_hash": null,
            "storage_class": "STANDARD",
            "tags": null,
            "tags_all": {},
            "version_id": "",
            "website_redirect": ""
          },
          "sensitive_attributes": [],
          "private": "bnVsbA==",
          "dependencies": [
            "aws_s3_bucket.mi_bucket"
          ]
        },
        {
          "index_key": ".git/objects/0e/8795adb4aa87fed2233287141bf96ea6fc4c0a",
          "schema_version": 0,
          "attributes": {
            "acl": null,
            "arn": "arn:aws:s3:::mi-carpeta-terraform/.git/objects/0e/8795adb4aa87fed2233287141bf96ea6fc4c0a",
            "bucket": "mi-carpeta-terraform",
            "bucket_key_enabled": false,
            "cache_control": "",
            "checksum_algorithm": null,
            "checksum_crc32": "",
            "checksum_crc32c": "",
            "checksum_sha1": "",
            "checksum_sha256": "",
            "content": null,
            "content_base64": null,
            "content_disposition": "",
            "content_encoding": "",
            "content_language": "",
            "content_type": "application/octet-stream",
            "etag": "50a4be1f0a70796d450ac91638bd2034",
            "force_destroy": false,
            "id": ".git/objects/0e/8795adb4aa87fed2233287141bf96ea6fc4c0a",
            "key": ".git/objects/0e/8795adb4aa87fed2233287141bf96ea6fc4c0a",
            "kms_key_id": null,
            "metadata": null,
            "object_lock_legal_hold_status": "",
            "object_lock_mode": "",
            "object_lock_retain_until_date": "",
            "override_provider": [],
            "server_side_encryption": "AES256",
            "source": "C:/Users/Usuario/Desktop/Varios/Estudios/Grado de informatica/2º Grado DAW/Proyecto Navidad/.git/objects/0e/8795adb4aa87fed2233287141bf96ea6fc4c0a",
            "source_hash": null,
            "storage_class": "STANDARD",
            "tags": null,
            "tags_all": {},
            "version_id": "",
            "website_redirect": ""
          },
          "sensitive_attributes": [],
          "private": "bnVsbA==",
          "dependencies": [
            "aws_s3_bucket.mi_bucket"
          ]
        },
        {
          "index_key": ".git/objects/0e/b26b2aa1507208afe1043c6e4a8bcfb451f4ce",
          "schema_version": 0,
          "attributes": {
            "acl": null,
            "arn": "arn:aws:s3:::mi-carpeta-terraform/.git/objects/0e/b26b2aa1507208afe1043c6e4a8bcfb451f4ce",
            "bucket": "mi-carpeta-terraform",
            "bucket_key_enabled": false,
            "cache_control": "",
            "checksum_algorithm": null,
            "checksum_crc32": "",
            "checksum_crc32c": "",
            "checksum_sha1": "",
            "checksum_sha256": "",
            "content": null,
            "content_base64": null,
            "content_disposition": "",
            "content_encoding": "",
            "content_language": "",
            "content_type": "application/octet-stream",
            "etag": "e788e50627c460f4f3043de6f8e7decf",
            "force_destroy": false,
            "id": ".git/objects/0e/b26b2aa1507208afe1043c6e4a8bcfb451f4ce",
            "key": ".git/objects/0e/b26b2aa1507208afe1043c6e4a8bcfb451f4ce",
            "kms_key_id": null,
            "metadata": null,
            "object_lock_legal_hold_status": "",
            "object_lock_mode": "",
            "object_lock_retain_until_date": "",
            "override_provider": [],
            "server_side_encryption": "AES256",
            "source": "C:/Users/Usuario/Desktop/Varios/Estudios/Grado de informatica/2º Grado DAW/Proyecto Navidad/.git/objects/0e/b26b2aa1507208afe1043c6e4a8bcfb451f4ce",
            "source_hash": null,
            "storage_class": "STANDARD",
            "tags": null,
            "tags_all": {},
            "version_id": "",
            "website_redirect": ""
          },
          "sensitive_attributes": [],
          "private": "bnVsbA==",
          "dependencies": [
            "aws_s3_bucket.mi_bucket"
          ]
        },
        {
          "index_key": ".git/objects/10/375eb895b8c4d2d3ab9f6eafe1e6a03fce8930",
          "schema_version": 0,
          "attributes": {
            "acl": null,
            "arn": "arn:aws:s3:::mi-carpeta-terraform/.git/objects/10/375eb895b8c4d2d3ab9f6eafe1e6a03fce8930",
            "bucket": "mi-carpeta-terraform",
            "bucket_key_enabled": false,
            "cache_control": "",
            "checksum_algorithm": null,
            "checksum_crc32": "",
            "checksum_crc32c": "",
            "checksum_sha1": "",
            "checksum_sha256": "",
            "content": null,
            "content_base64": null,
            "content_disposition": "",
            "content_encoding": "",
            "content_language": "",
            "content_type": "application/octet-stream",
            "etag": "f0848657103a8ada3213c946c494794f",
            "force_destroy": false,
            "id": ".git/objects/10/375eb895b8c4d2d3ab9f6eafe1e6a03fce8930",
            "key": ".git/objects/10/375eb895b8c4d2d3ab9f6eafe1e6a03fce8930",
            "kms_key_id": null,
            "metadata": null,
            "object_lock_legal_hold_status": "",
            "object_lock_mode": "",
            "object_lock_retain_until_date": "",
            "override_provider": [],
            "server_side_encryption": "AES256",
            "source": "C:/Users/Usuario/Desktop/Varios/Estudios/Grado de informatica/2º Grado DAW/Proyecto Navidad/.git/objects/10/375eb895b8c4d2d3ab9f6eafe1e6a03fce8930",
            "source_hash": null,
            "storage_class": "STANDARD",
            "tags": null,
            "tags_all": {},
            "version_id": "",
            "website_redirect": ""
          },
          "sensitive_attributes": [],
          "private": "bnVsbA==",
          "dependencies": [
            "aws_s3_bucket.mi_bucket"
          ]
        },
        {
          "index_key": ".git/objects/10/a5c8b686274824ff091a71ef9d0d433e7c8a0c",
          "schema_version": 0,
          "attributes": {
            "acl": null,
            "arn": "arn:aws:s3:::mi-carpeta-terraform/.git/objects/10/a5c8b686274824ff091a71ef9d0d433e7c8a0c",
            "bucket": "mi-carpeta-terraform",
            "bucket_key_enabled": false,
            "cache_control": "",
            "checksum_algorithm": null,
            "checksum_crc32": "",
            "checksum_crc32c": "",
            "checksum_sha1": "",
            "checksum_sha256": "",
            "content": null,
            "content_base64": null,
            "content_disposition": "",
            "content_encoding": "",
            "content_language": "",
            "content_type": "application/octet-stream",
            "etag": "95492e16156c2f2d5828feebe11dbc75",
            "force_destroy": false,
            "id": ".git/objects/10/a5c8b686274824ff091a71ef9d0d433e7c8a0c",
            "key": ".git/objects/10/a5c8b686274824ff091a71ef9d0d433e7c8a0c",
            "kms_key_id": null,
            "metadata": null,
            "object_lock_legal_hold_status": "",
            "object_lock_mode": "",
            "object_lock_retain_until_date": "",
            "override_provider": [],
            "server_side_encryption": "AES256",
            "source": "C:/Users/Usuario/Desktop/Varios/Estudios/Grado de informatica/2º Grado DAW/Proyecto Navidad/.git/objects/10/a5c8b686274824ff091a71ef9d0d433e7c8a0c",
            "source_hash": null,
            "storage_class": "STANDARD",
            "tags": null,
            "tags_all": {},
            "version_id": "",
            "website_redirect": ""
          },
          "sensitive_attributes": [],
          "private": "bnVsbA==",
          "dependencies": [
            "aws_s3_bucket.mi_bucket"
          ]
        },
        {
          "index_key": ".git/objects/11/3b8ad610fea4e7d986d0d75e175c8367c53803",
          "schema_version": 0,
          "attributes": {
            "acl": null,
            "arn": "arn:aws:s3:::mi-carpeta-terraform/.git/objects/11/3b8ad610fea4e7d986d0d75e175c8367c53803",
            "bucket": "mi-carpeta-terraform",
            "bucket_key_enabled": false,
            "cache_control": "",
            "checksum_algorithm": null,
            "checksum_crc32": "",
            "checksum_crc32c": "",
            "checksum_sha1": "",
            "checksum_sha256": "",
            "content": null,
            "content_base64": null,
            "content_disposition": "",
            "content_encoding": "",
            "content_language": "",
            "content_type": "application/octet-stream",
            "etag": "71eb6a20ee89467f8f4ea3ab5e5071d6",
            "force_destroy": false,
            "id": ".git/objects/11/3b8ad610fea4e7d986d0d75e175c8367c53803",
            "key": ".git/objects/11/3b8ad610fea4e7d986d0d75e175c8367c53803",
            "kms_key_id": null,
            "metadata": null,
            "object_lock_legal_hold_status": "",
            "object_lock_mode": "",
            "object_lock_retain_until_date": "",
            "override_provider": [],
            "server_side_encryption": "AES256",
            "source": "C:/Users/Usuario/Desktop/Varios/Estudios/Grado de informatica/2º Grado DAW/Proyecto Navidad/.git/objects/11/3b8ad610fea4e7d986d0d75e175c8367c53803",
            "source_hash": null,
            "storage_class": "STANDARD",
            "tags": null,
            "tags_all": {},
            "version_id": "",
            "website_redirect": ""
          },
          "sensitive_attributes": [],
          "private": "bnVsbA==",
          "dependencies": [
            "aws_s3_bucket.mi_bucket"
          ]
        },
        {
          "index_key": ".git/objects/17/1f6c751117a882b1cb2d95eb69963a14bbc602",
          "schema_version": 0,
          "attributes": {
            "acl": null,
            "arn": "arn:aws:s3:::mi-carpeta-terraform/.git/objects/17/1f6c751117a882b1cb2d95eb69963a14bbc602",
            "bucket": "mi-carpeta-terraform",
            "bucket_key_enabled": false,
            "cache_control": "",
            "checksum_algorithm": null,
            "checksum_crc32": "",
            "checksum_crc32c": "",
            "checksum_sha1": "",
            "checksum_sha256": "",
            "content": null,
            "content_base64": null,
            "content_disposition": "",
            "content_encoding": "",
            "content_language": "",
            "content_type": "application/octet-stream",
            "etag": "84f19d262139798ee8f66a2dbe728e3e",
            "force_destroy": false,
            "id": ".git/objects/17/1f6c751117a882b1cb2d95eb69963a14bbc602",
            "key": ".git/objects/17/1f6c751117a882b1cb2d95eb69963a14bbc602",
            "kms_key_id": null,
            "metadata": null,
            "object_lock_legal_hold_status": "",
            "object_lock_mode": "",
            "object_lock_retain_until_date": "",
            "override_provider": [],
            "server_side_encryption": "AES256",
            "source": "C:/Users/Usuario/Desktop/Varios/Estudios/Grado de informatica/2º Grado DAW/Proyecto Navidad/.git/objects/17/1f6c751117a882b1cb2d95eb69963a14bbc602",
            "source_hash": null,
            "storage_class": "STANDARD",
            "tags": null,
            "tags_all": {},
            "version_id": "",
            "website_redirect": ""
          },
          "sensitive_attributes": [],
          "private": "bnVsbA==",
          "dependencies": [
            "aws_s3_bucket.mi_bucket"
          ]
        },
        {
          "index_key": ".git/objects/17/618884c91576bbeb5490cb0ab12ed249a153b9",
          "schema_version": 0,
          "attributes": {
            "acl": null,
            "arn": "arn:aws:s3:::mi-carpeta-terraform/.git/objects/17/618884c91576bbeb5490cb0ab12ed249a153b9",
            "bucket": "mi-carpeta-terraform",
            "bucket_key_enabled": false,
            "cache_control": "",
            "checksum_algorithm": null,
            "checksum_crc32": "",
            "checksum_crc32c": "",
            "checksum_sha1": "",
            "checksum_sha256": "",
            "content": null,
            "content_base64": null,
            "content_disposition": "",
            "content_encoding": "",
            "content_language": "",
            "content_type": "application/octet-stream",
            "etag": "03bab9484aa53a1d6214355e467ff3ad",
            "force_destroy": false,
            "id": ".git/objects/17/618884c91576bbeb5490cb0ab12ed249a153b9",
            "key": ".git/objects/17/618884c91576bbeb5490cb0ab12ed249a153b9",
            "kms_key_id": null,
            "metadata": null,
            "object_lock_legal_hold_status": "",
            "object_lock_mode": "",
            "object_lock_retain_until_date": "",
            "override_provider": [],
            "server_side_encryption": "AES256",
            "source": "C:/Users/Usuario/Desktop/Varios/Estudios/Grado de informatica/2º Grado DAW/Proyecto Navidad/.git/objects/17/618884c91576bbeb5490cb0ab12ed249a153b9",
            "source_hash": null,
            "storage_class": "STANDARD",
            "tags": null,
            "tags_all": {},
            "version_id": "",
            "website_redirect": ""
          },
          "sensitive_attributes": [],
          "private": "bnVsbA==",
          "dependencies": [
            "aws_s3_bucket.mi_bucket"
          ]
        },
        {
          "index_key": ".git/objects/18/9cf190832d2586f0105c19cee14fb7becd48be",
          "schema_version": 0,
          "attributes": {
            "acl": null,
            "arn": "arn:aws:s3:::mi-carpeta-terraform/.git/objects/18/9cf190832d2586f0105c19cee14fb7becd48be",
            "bucket": "mi-carpeta-terraform",
            "bucket_key_enabled": false,
            "cache_control": "",
            "checksum_algorithm": null,
            "checksum_crc32": "",
            "checksum_crc32c": "",
            "checksum_sha1": "",
            "checksum_sha256": "",
            "content": null,
            "content_base64": null,
            "content_disposition": "",
            "content_encoding": "",
            "content_language": "",
            "content_type": "application/octet-stream",
            "etag": "36be71c8ce198616b74cea1082778e02",
            "force_destroy": false,
            "id": ".git/objects/18/9cf190832d2586f0105c19cee14fb7becd48be",
            "key": ".git/objects/18/9cf190832d2586f0105c19cee14fb7becd48be",
            "kms_key_id": null,
            "metadata": null,
            "object_lock_legal_hold_status": "",
            "object_lock_mode": "",
            "object_lock_retain_until_date": "",
            "override_provider": [],
            "server_side_encryption": "AES256",
            "source": "C:/Users/Usuario/Desktop/Varios/Estudios/Grado de informatica/2º Grado DAW/Proyecto Navidad/.git/objects/18/9cf190832d2586f0105c19cee14fb7becd48be",
            "source_hash": null,
            "storage_class": "STANDARD",
            "tags": null,
            "tags_all": {},
            "version_id": "",
            "website_redirect": ""
          },
          "sensitive_attributes": [],
          "private": "bnVsbA==",
          "dependencies": [
            "aws_s3_bucket.mi_bucket"
          ]
        },
        {
          "index_key": ".git/objects/19/242e8b44d88c6356c360e89f388e674a88a0f0",
          "schema_version": 0,
          "attributes": {
            "acl": null,
            "arn": "arn:aws:s3:::mi-carpeta-terraform/.git/objects/19/242e8b44d88c6356c360e89f388e674a88a0f0",
            "bucket": "mi-carpeta-terraform",
            "bucket_key_enabled": false,
            "cache_control": "",
            "checksum_algorithm": null,
            "checksum_crc32": "",
            "checksum_crc32c": "",
            "checksum_sha1": "",
            "checksum_sha256": "",
            "content": null,
            "content_base64": null,
            "content_disposition": "",
            "content_encoding": "",
            "content_language": "",
            "content_type": "application/octet-stream",
            "etag": "b1c67f183edb3056aad53e41abeb9cdb",
            "force_destroy": false,
            "id": ".git/objects/19/242e8b44d88c6356c360e89f388e674a88a0f0",
            "key": ".git/objects/19/242e8b44d88c6356c360e89f388e674a88a0f0",
            "kms_key_id": null,
            "metadata": null,
            "object_lock_legal_hold_status": "",
            "object_lock_mode": "",
            "object_lock_retain_until_date": "",
            "override_provider": [],
            "server_side_encryption": "AES256",
            "source": "C:/Users/Usuario/Desktop/Varios/Estudios/Grado de informatica/2º Grado DAW/Proyecto Navidad/.git/objects/19/242e8b44d88c6356c360e89f388e674a88a0f0",
            "source_hash": null,
            "storage_class": "STANDARD",
            "tags": null,
            "tags_all": {},
            "version_id": "",
            "website_redirect": ""
          },
          "sensitive_attributes": [],
          "private": "bnVsbA==",
          "dependencies": [
            "aws_s3_bucket.mi_bucket"
          ]
        },
        {
          "index_key": ".git/objects/19/d5f42e2d85954546114ba458a6d5648f82970d",
          "schema_version": 0,
          "attributes": {
            "acl": null,
            "arn": "arn:aws:s3:::mi-carpeta-terraform/.git/objects/19/d5f42e2d85954546114ba458a6d5648f82970d",
            "bucket": "mi-carpeta-terraform",
            "bucket_key_enabled": false,
            "cache_control": "",
            "checksum_algorithm": null,
            "checksum_crc32": "",
            "checksum_crc32c": "",
            "checksum_sha1": "",
            "checksum_sha256": "",
            "content": null,
            "content_base64": null,
            "content_disposition": "",
            "content_encoding": "",
            "content_language": "",
            "content_type": "application/octet-stream",
            "etag": "acdc8df41d9d95b231a815ec88bebc5a",
            "force_destroy": false,
            "id": ".git/objects/19/d5f42e2d85954546114ba458a6d5648f82970d",
            "key": ".git/objects/19/d5f42e2d85954546114ba458a6d5648f82970d",
            "kms_key_id": null,
            "metadata": null,
            "object_lock_legal_hold_status": "",
            "object_lock_mode": "",
            "object_lock_retain_until_date": "",
            "override_provider": [],
            "server_side_encryption": "AES256",
            "source": "C:/Users/Usuario/Desktop/Varios/Estudios/Grado de informatica/2º Grado DAW/Proyecto Navidad/.git/objects/19/d5f42e2d85954546114ba458a6d5648f82970d",
            "source_hash": null,
            "storage_class": "STANDARD",
            "tags": null,
            "tags_all": {},
            "version_id": "",
            "website_redirect": ""
          },
          "sensitive_attributes": [],
          "private": "bnVsbA==",
          "dependencies": [
            "aws_s3_bucket.mi_bucket"
          ]
        },
        {
          "index_key": ".git/objects/1a/1e2312a5baa14a291648167a81dcc6f7c012f2",
          "schema_version": 0,
          "attributes": {
            "acl": null,
            "arn": "arn:aws:s3:::mi-carpeta-terraform/.git/objects/1a/1e2312a5baa14a291648167a81dcc6f7c012f2",
            "bucket": "mi-carpeta-terraform",
            "bucket_key_enabled": false,
            "cache_control": "",
            "checksum_algorithm": null,
            "checksum_crc32": "",
            "checksum_crc32c": "",
            "checksum_sha1": "",
            "checksum_sha256": "",
            "content": null,
            "content_base64": null,
            "content_disposition": "",
            "content_encoding": "",
            "content_language": "",
            "content_type": "application/octet-stream",
            "etag": "9346eda489a1c8388c43aab671f08519",
            "force_destroy": false,
            "id": ".git/objects/1a/1e2312a5baa14a291648167a81dcc6f7c012f2",
            "key": ".git/objects/1a/1e2312a5baa14a291648167a81dcc6f7c012f2",
            "kms_key_id": null,
            "metadata": null,
            "object_lock_legal_hold_status": "",
            "object_lock_mode": "",
            "object_lock_retain_until_date": "",
            "override_provider": [],
            "server_side_encryption": "AES256",
            "source": "C:/Users/Usuario/Desktop/Varios/Estudios/Grado de informatica/2º Grado DAW/Proyecto Navidad/.git/objects/1a/1e2312a5baa14a291648167a81dcc6f7c012f2",
            "source_hash": null,
            "storage_class": "STANDARD",
            "tags": null,
            "tags_all": {},
            "version_id": "",
            "website_redirect": ""
          },
          "sensitive_attributes": [],
          "private": "bnVsbA==",
          "dependencies": [
            "aws_s3_bucket.mi_bucket"
          ]
        },
        {
          "index_key": ".git/objects/1a/a0db19219c5449c10191c038f7828090c4b82a",
          "schema_version": 0,
          "attributes": {
            "acl": null,
            "arn": "arn:aws:s3:::mi-carpeta-terraform/.git/objects/1a/a0db19219c5449c10191c038f7828090c4b82a",
            "bucket": "mi-carpeta-terraform",
            "bucket_key_enabled": false,
            "cache_control": "",
            "checksum_algorithm": null,
            "checksum_crc32": "",
            "checksum_crc32c": "",
            "checksum_sha1": "",
            "checksum_sha256": "",
            "content": null,
            "content_base64": null,
            "content_disposition": "",
            "content_encoding": "",
            "content_language": "",
            "content_type": "application/octet-stream",
            "etag": "e5c3b0c280ff7ef5b937f12d665005fa",
            "force_destroy": false,
            "id": ".git/objects/1a/a0db19219c5449c10191c038f7828090c4b82a",
            "key": ".git/objects/1a/a0db19219c5449c10191c038f7828090c4b82a",
            "kms_key_id": null,
            "metadata": null,
            "object_lock_legal_hold_status": "",
            "object_lock_mode": "",
            "object_lock_retain_until_date": "",
            "override_provider": [],
            "server_side_encryption": "AES256",
            "source": "C:/Users/Usuario/Desktop/Varios/Estudios/Grado de informatica/2º Grado DAW/Proyecto Navidad/.git/objects/1a/a0db19219c5449c10191c038f7828090c4b82a",
            "source_hash": null,
            "storage_class": "STANDARD",
            "tags": null,
            "tags_all": {},
            "version_id": "",
            "website_redirect": ""
          },
          "sensitive_attributes": [],
          "private": "bnVsbA==",
          "dependencies": [
            "aws_s3_bucket.mi_bucket"
          ]
        },
        {
          "index_key": ".git/objects/1a/d8161c388c88056f7e2ef1cd4226018a77747e",
          "schema_version": 0,
          "attributes": {
            "acl": null,
            "arn": "arn:aws:s3:::mi-carpeta-terraform/.git/objects/1a/d8161c388c88056f7e2ef1cd4226018a77747e",
            "bucket": "mi-carpeta-terraform",
            "bucket_key_enabled": false,
            "cache_control": "",
            "checksum_algorithm": null,
            "checksum_crc32": "",
            "checksum_crc32c": "",
            "checksum_sha1": "",
            "checksum_sha256": "",
            "content": null,
            "content_base64": null,
            "content_disposition": "",
            "content_encoding": "",
            "content_language": "",
            "content_type": "application/octet-stream",
            "etag": "1812f77753217a6db9ebc0571bbbe170",
            "force_destroy": false,
            "id": ".git/objects/1a/d8161c388c88056f7e2ef1cd4226018a77747e",
            "key": ".git/objects/1a/d8161c388c88056f7e2ef1cd4226018a77747e",
            "kms_key_id": null,
            "metadata": null,
            "object_lock_legal_hold_status": "",
            "object_lock_mode": "",
            "object_lock_retain_until_date": "",
            "override_provider": [],
            "server_side_encryption": "AES256",
            "source": "C:/Users/Usuario/Desktop/Varios/Estudios/Grado de informatica/2º Grado DAW/Proyecto Navidad/.git/objects/1a/d8161c388c88056f7e2ef1cd4226018a77747e",
            "source_hash": null,
            "storage_class": "STANDARD",
            "tags": null,
            "tags_all": {},
            "version_id": "",
            "website_redirect": ""
          },
          "sensitive_attributes": [],
          "private": "bnVsbA==",
          "dependencies": [
            "aws_s3_bucket.mi_bucket"
          ]
        },
        {
          "index_key": ".git/objects/1b/5d7a0d24d2c3a804d898eacad5d95e98c4d28b",
          "schema_version": 0,
          "attributes": {
            "acl": null,
            "arn": "arn:aws:s3:::mi-carpeta-terraform/.git/objects/1b/5d7a0d24d2c3a804d898eacad5d95e98c4d28b",
            "bucket": "mi-carpeta-terraform",
            "bucket_key_enabled": false,
            "cache_control": "",
            "checksum_algorithm": null,
            "checksum_crc32": "",
            "checksum_crc32c": "",
            "checksum_sha1": "",
            "checksum_sha256": "",
            "content": null,
            "content_base64": null,
            "content_disposition": "",
            "content_encoding": "",
            "content_language": "",
            "content_type": "application/octet-stream",
            "etag": "36b9dd5838598598a84d5d1214f554e7",
            "force_destroy": false,
            "id": ".git/objects/1b/5d7a0d24d2c3a804d898eacad5d95e98c4d28b",
            "key": ".git/objects/1b/5d7a0d24d2c3a804d898eacad5d95e98c4d28b",
            "kms_key_id": null,
            "metadata": null,
            "object_lock_legal_hold_status": "",
            "object_lock_mode": "",
            "object_lock_retain_until_date": "",
            "override_provider": [],
            "server_side_encryption": "AES256",
            "source": "C:/Users/Usuario/Desktop/Varios/Estudios/Grado de informatica/2º Grado DAW/Proyecto Navidad/.git/objects/1b/5d7a0d24d2c3a804d898eacad5d95e98c4d28b",
            "source_hash": null,
            "storage_class": "STANDARD",
            "tags": null,
            "tags_all": {},
            "version_id": "",
            "website_redirect": ""
          },
          "sensitive_attributes": [],
          "private": "bnVsbA==",
          "dependencies": [
            "aws_s3_bucket.mi_bucket"
          ]
        },
        {
          "index_key": ".git/objects/1c/30c6294975da027e18d5ed21c93e3a90ef4d18",
          "schema_version": 0,
          "attributes": {
            "acl": null,
            "arn": "arn:aws:s3:::mi-carpeta-terraform/.git/objects/1c/30c6294975da027e18d5ed21c93e3a90ef4d18",
            "bucket": "mi-carpeta-terraform",
            "bucket_key_enabled": false,
            "cache_control": "",
            "checksum_algorithm": null,
            "checksum_crc32": "",
            "checksum_crc32c": "",
            "checksum_sha1": "",
            "checksum_sha256": "",
            "content": null,
            "content_base64": null,
            "content_disposition": "",
            "content_encoding": "",
            "content_language": "",
            "content_type": "application/octet-stream",
            "etag": "88775a192812239eb01f9e1680ca5116",
            "force_destroy": false,
            "id": ".git/objects/1c/30c6294975da027e18d5ed21c93e3a90ef4d18",
            "key": ".git/objects/1c/30c6294975da027e18d5ed21c93e3a90ef4d18",
            "kms_key_id": null,
            "metadata": null,
            "object_lock_legal_hold_status": "",
            "object_lock_mode": "",
            "object_lock_retain_until_date": "",
            "override_provider": [],
            "server_side_encryption": "AES256",
            "source": "C:/Users/Usuario/Desktop/Varios/Estudios/Grado de informatica/2º Grado DAW/Proyecto Navidad/.git/objects/1c/30c6294975da027e18d5ed21c93e3a90ef4d18",
            "source_hash": null,
            "storage_class": "STANDARD",
            "tags": null,
            "tags_all": {},
            "version_id": "",
            "website_redirect": ""
          },
          "sensitive_attributes": [],
          "private": "bnVsbA==",
          "dependencies": [
            "aws_s3_bucket.mi_bucket"
          ]
        },
        {
          "index_key": ".git/objects/1d/f4520e1395841a0c33e5158f05a72a259d64f0",
          "schema_version": 0,
          "attributes": {
            "acl": null,
            "arn": "arn:aws:s3:::mi-carpeta-terraform/.git/objects/1d/f4520e1395841a0c33e5158f05a72a259d64f0",
            "bucket": "mi-carpeta-terraform",
            "bucket_key_enabled": false,
            "cache_control": "",
            "checksum_algorithm": null,
            "checksum_crc32": "",
            "checksum_crc32c": "",
            "checksum_sha1": "",
            "checksum_sha256": "",
            "content": null,
            "content_base64": null,
            "content_disposition": "",
            "content_encoding": "",
            "content_language": "",
            "content_type": "application/octet-stream",
            "etag": "b5e3b3974ed7503811326cabf86423eb",
            "force_destroy": false,
            "id": ".git/objects/1d/f4520e1395841a0c33e5158f05a72a259d64f0",
            "key": ".git/objects/1d/f4520e1395841a0c33e5158f05a72a259d64f0",
            "kms_key_id": null,
            "metadata": null,
            "object_lock_legal_hold_status": "",
            "object_lock_mode": "",
            "object_lock_retain_until_date": "",
            "override_provider": [],
            "server_side_encryption": "AES256",
            "source": "C:/Users/Usuario/Desktop/Varios/Estudios/Grado de informatica/2º Grado DAW/Proyecto Navidad/.git/objects/1d/f4520e1395841a0c33e5158f05a72a259d64f0",
            "source_hash": null,
            "storage_class": "STANDARD",
            "tags": null,
            "tags_all": {},
            "version_id": "",
            "website_redirect": ""
          },
          "sensitive_attributes": [],
          "private": "bnVsbA==",
          "dependencies": [
            "aws_s3_bucket.mi_bucket"
          ]
        },
        {
          "index_key": ".git/objects/1e/4e56e268c9c00a74fbca3ee0fdee57f67bdbc9",
          "schema_version": 0,
          "attributes": {
            "acl": null,
            "arn": "arn:aws:s3:::mi-carpeta-terraform/.git/objects/1e/4e56e268c9c00a74fbca3ee0fdee57f67bdbc9",
            "bucket": "mi-carpeta-terraform",
            "bucket_key_enabled": false,
            "cache_control": "",
            "checksum_algorithm": null,
            "checksum_crc32": "",
            "checksum_crc32c": "",
            "checksum_sha1": "",
            "checksum_sha256": "",
            "content": null,
            "content_base64": null,
            "content_disposition": "",
            "content_encoding": "",
            "content_language": "",
            "content_type": "application/octet-stream",
            "etag": "00f31c62db126aa87d3422fb03ad4a59",
            "force_destroy": false,
            "id": ".git/objects/1e/4e56e268c9c00a74fbca3ee0fdee57f67bdbc9",
            "key": ".git/objects/1e/4e56e268c9c00a74fbca3ee0fdee57f67bdbc9",
            "kms_key_id": null,
            "metadata": null,
            "object_lock_legal_hold_status": "",
            "object_lock_mode": "",
            "object_lock_retain_until_date": "",
            "override_provider": [],
            "server_side_encryption": "AES256",
            "source": "C:/Users/Usuario/Desktop/Varios/Estudios/Grado de informatica/2º Grado DAW/Proyecto Navidad/.git/objects/1e/4e56e268c9c00a74fbca3ee0fdee57f67bdbc9",
            "source_hash": null,
            "storage_class": "STANDARD",
            "tags": null,
            "tags_all": {},
            "version_id": "",
            "website_redirect": ""
          },
          "sensitive_attributes": [],
          "private": "bnVsbA==",
          "dependencies": [
            "aws_s3_bucket.mi_bucket"
          ]
        },
        {
          "index_key": ".git/objects/1e/a35237998a44033b9ab0f8c1301e4e88d164d0",
          "schema_version": 0,
          "attributes": {
            "acl": null,
            "arn": "arn:aws:s3:::mi-carpeta-terraform/.git/objects/1e/a35237998a44033b9ab0f8c1301e4e88d164d0",
            "bucket": "mi-carpeta-terraform",
            "bucket_key_enabled": false,
            "cache_control": "",
            "checksum_algorithm": null,
            "checksum_crc32": "",
            "checksum_crc32c": "",
            "checksum_sha1": "",
            "checksum_sha256": "",
            "content": null,
            "content_base64": null,
            "content_disposition": "",
            "content_encoding": "",
            "content_language": "",
            "content_type": "application/octet-stream",
            "etag": "952f72b0b53e1d62236b7893bfcc6840",
            "force_destroy": false,
            "id": ".git/objects/1e/a35237998a44033b9ab0f8c1301e4e88d164d0",
            "key": ".git/objects/1e/a35237998a44033b9ab0f8c1301e4e88d164d0",
            "kms_key_id": null,
            "metadata": null,
            "object_lock_legal_hold_status": "",
            "object_lock_mode": "",
            "object_lock_retain_until_date": "",
            "override_provider": [],
            "server_side_encryption": "AES256",
            "source": "C:/Users/Usuario/Desktop/Varios/Estudios/Grado de informatica/2º Grado DAW/Proyecto Navidad/.git/objects/1e/a35237998a44033b9ab0f8c1301e4e88d164d0",
            "source_hash": null,
            "storage_class": "STANDARD",
            "tags": null,
            "tags_all": {},
            "version_id": "",
            "website_redirect": ""
          },
          "sensitive_attributes": [],
          "private": "bnVsbA==",
          "dependencies": [
            "aws_s3_bucket.mi_bucket"
          ]
        },
        {
          "index_key": ".git/objects/20/6c55fb6eb59d70a7e9667851c8d1e320928dbd",
          "schema_version": 0,
          "attributes": {
            "acl": null,
            "arn": "arn:aws:s3:::mi-carpeta-terraform/.git/objects/20/6c55fb6eb59d70a7e9667851c8d1e320928dbd",
            "bucket": "mi-carpeta-terraform",
            "bucket_key_enabled": false,
            "cache_control": "",
            "checksum_algorithm": null,
            "checksum_crc32": "",
            "checksum_crc32c": "",
            "checksum_sha1": "",
            "checksum_sha256": "",
            "content": null,
            "content_base64": null,
            "content_disposition": "",
            "content_encoding": "",
            "content_language": "",
            "content_type": "application/octet-stream",
            "etag": "9761a16f0cba2bba7f5822259f3ae39c",
            "force_destroy": false,
            "id": ".git/objects/20/6c55fb6eb59d70a7e9667851c8d1e320928dbd",
            "key": ".git/objects/20/6c55fb6eb59d70a7e9667851c8d1e320928dbd",
            "kms_key_id": null,
            "metadata": null,
            "object_lock_legal_hold_status": "",
            "object_lock_mode": "",
            "object_lock_retain_until_date": "",
            "override_provider": [],
            "server_side_encryption": "AES256",
            "source": "C:/Users/Usuario/Desktop/Varios/Estudios/Grado de informatica/2º Grado DAW/Proyecto Navidad/.git/objects/20/6c55fb6eb59d70a7e9667851c8d1e320928dbd",
            "source_hash": null,
            "storage_class": "STANDARD",
            "tags": null,
            "tags_all": {},
            "version_id": "",
            "website_redirect": ""
          },
          "sensitive_attributes": [],
          "private": "bnVsbA==",
          "dependencies": [
            "aws_s3_bucket.mi_bucket"
          ]
        },
        {
          "index_key": ".git/objects/21/5869db6be23f072d9b9e8a6460d616f3c0e18c",
          "schema_version": 0,
          "attributes": {
            "acl": null,
            "arn": "arn:aws:s3:::mi-carpeta-terraform/.git/objects/21/5869db6be23f072d9b9e8a6460d616f3c0e18c",
            "bucket": "mi-carpeta-terraform",
            "bucket_key_enabled": false,
            "cache_control": "",
            "checksum_algorithm": null,
            "checksum_crc32": "",
            "checksum_crc32c": "",
            "checksum_sha1": "",
            "checksum_sha256": "",
            "content": null,
            "content_base64": null,
            "content_disposition": "",
            "content_encoding": "",
            "content_language": "",
            "content_type": "application/octet-stream",
            "etag": "40e095da9081ae60c8c6fb8bc4128178",
            "force_destroy": false,
            "id": ".git/objects/21/5869db6be23f072d9b9e8a6460d616f3c0e18c",
            "key": ".git/objects/21/5869db6be23f072d9b9e8a6460d616f3c0e18c",
            "kms_key_id": null,
            "metadata": null,
            "object_lock_legal_hold_status": "",
            "object_lock_mode": "",
            "object_lock_retain_until_date": "",
            "override_provider": [],
            "server_side_encryption": "AES256",
            "source": "C:/Users/Usuario/Desktop/Varios/Estudios/Grado de informatica/2º Grado DAW/Proyecto Navidad/.git/objects/21/5869db6be23f072d9b9e8a6460d616f3c0e18c",
            "source_hash": null,
            "storage_class": "STANDARD",
            "tags": null,
            "tags_all": {},
            "version_id": "",
            "website_redirect": ""
          },
          "sensitive_attributes": [],
          "private": "bnVsbA==",
          "dependencies": [
            "aws_s3_bucket.mi_bucket"
          ]
        },
        {
          "index_key": ".git/objects/22/91683512616f09de643a4007c354f8da0b1253",
          "schema_version": 0,
          "attributes": {
            "acl": null,
            "arn": "arn:aws:s3:::mi-carpeta-terraform/.git/objects/22/91683512616f09de643a4007c354f8da0b1253",
            "bucket": "mi-carpeta-terraform",
            "bucket_key_enabled": false,
            "cache_control": "",
            "checksum_algorithm": null,
            "checksum_crc32": "",
            "checksum_crc32c": "",
            "checksum_sha1": "",
            "checksum_sha256": "",
            "content": null,
            "content_base64": null,
            "content_disposition": "",
            "content_encoding": "",
            "content_language": "",
            "content_type": "application/octet-stream",
            "etag": "3265736084e8ab708191ed67ed754c93",
            "force_destroy": false,
            "id": ".git/objects/22/91683512616f09de643a4007c354f8da0b1253",
            "key": ".git/objects/22/91683512616f09de643a4007c354f8da0b1253",
            "kms_key_id": null,
            "metadata": null,
            "object_lock_legal_hold_status": "",
            "object_lock_mode": "",
            "object_lock_retain_until_date": "",
            "override_provider": [],
            "server_side_encryption": "AES256",
            "source": "C:/Users/Usuario/Desktop/Varios/Estudios/Grado de informatica/2º Grado DAW/Proyecto Navidad/.git/objects/22/91683512616f09de643a4007c354f8da0b1253",
            "source_hash": null,
            "storage_class": "STANDARD",
            "tags": null,
            "tags_all": {},
            "version_id": "",
            "website_redirect": ""
          },
          "sensitive_attributes": [],
          "private": "bnVsbA==",
          "dependencies": [
            "aws_s3_bucket.mi_bucket"
          ]
        },
        {
          "index_key": ".git/objects/24/8cf9cf876fc4a1a7096d985646a82abe3a0a11",
          "schema_version": 0,
          "attributes": {
            "acl": null,
            "arn": "arn:aws:s3:::mi-carpeta-terraform/.git/objects/24/8cf9cf876fc4a1a7096d985646a82abe3a0a11",
            "bucket": "mi-carpeta-terraform",
            "bucket_key_enabled": false,
            "cache_control": "",
            "checksum_algorithm": null,
            "checksum_crc32": "",
            "checksum_crc32c": "",
            "checksum_sha1": "",
            "checksum_sha256": "",
            "content": null,
            "content_base64": null,
            "content_disposition": "",
            "content_encoding": "",
            "content_language": "",
            "content_type": "application/octet-stream",
            "etag": "847ab0a2ccf8151697f77324b6a03d44",
            "force_destroy": false,
            "id": ".git/objects/24/8cf9cf876fc4a1a7096d985646a82abe3a0a11",
            "key": ".git/objects/24/8cf9cf876fc4a1a7096d985646a82abe3a0a11",
            "kms_key_id": null,
            "metadata": null,
            "object_lock_legal_hold_status": "",
            "object_lock_mode": "",
            "object_lock_retain_until_date": "",
            "override_provider": [],
            "server_side_encryption": "AES256",
            "source": "C:/Users/Usuario/Desktop/Varios/Estudios/Grado de informatica/2º Grado DAW/Proyecto Navidad/.git/objects/24/8cf9cf876fc4a1a7096d985646a82abe3a0a11",
            "source_hash": null,
            "storage_class": "STANDARD",
            "tags": null,
            "tags_all": {},
            "version_id": "",
            "website_redirect": ""
          },
          "sensitive_attributes": [],
          "private": "bnVsbA==",
          "dependencies": [
            "aws_s3_bucket.mi_bucket"
          ]
        },
        {
          "index_key": ".git/objects/24/f65d7f84f18a77aa58e561654648bede57ce0f",
          "schema_version": 0,
          "attributes": {
            "acl": null,
            "arn": "arn:aws:s3:::mi-carpeta-terraform/.git/objects/24/f65d7f84f18a77aa58e561654648bede57ce0f",
            "bucket": "mi-carpeta-terraform",
            "bucket_key_enabled": false,
            "cache_control": "",
            "checksum_algorithm": null,
            "checksum_crc32": "",
            "checksum_crc32c": "",
            "checksum_sha1": "",
            "checksum_sha256": "",
            "content": null,
            "content_base64": null,
            "content_disposition": "",
            "content_encoding": "",
            "content_language": "",
            "content_type": "application/octet-stream",
            "etag": "5dc3d562f988acde8b8a431675ed4c16",
            "force_destroy": false,
            "id": ".git/objects/24/f65d7f84f18a77aa58e561654648bede57ce0f",
            "key": ".git/objects/24/f65d7f84f18a77aa58e561654648bede57ce0f",
            "kms_key_id": null,
            "metadata": null,
            "object_lock_legal_hold_status": "",
            "object_lock_mode": "",
            "object_lock_retain_until_date": "",
            "override_provider": [],
            "server_side_encryption": "AES256",
            "source": "C:/Users/Usuario/Desktop/Varios/Estudios/Grado de informatica/2º Grado DAW/Proyecto Navidad/.git/objects/24/f65d7f84f18a77aa58e561654648bede57ce0f",
            "source_hash": null,
            "storage_class": "STANDARD",
            "tags": null,
            "tags_all": {},
            "version_id": "",
            "website_redirect": ""
          },
          "sensitive_attributes": [],
          "private": "bnVsbA==",
          "dependencies": [
            "aws_s3_bucket.mi_bucket"
          ]
        },
        {
          "index_key": ".git/objects/28/ff381c967e1d6350aaa9276ae67656c52a9ca2",
          "schema_version": 0,
          "attributes": {
            "acl": null,
            "arn": "arn:aws:s3:::mi-carpeta-terraform/.git/objects/28/ff381c967e1d6350aaa9276ae67656c52a9ca2",
            "bucket": "mi-carpeta-terraform",
            "bucket_key_enabled": false,
            "cache_control": "",
            "checksum_algorithm": null,
            "checksum_crc32": "",
            "checksum_crc32c": "",
            "checksum_sha1": "",
            "checksum_sha256": "",
            "content": null,
            "content_base64": null,
            "content_disposition": "",
            "content_encoding": "",
            "content_language": "",
            "content_type": "application/octet-stream",
            "etag": "a80bd86d5c7b7b9ceda8167bfc46b608",
            "force_destroy": false,
            "id": ".git/objects/28/ff381c967e1d6350aaa9276ae67656c52a9ca2",
            "key": ".git/objects/28/ff381c967e1d6350aaa9276ae67656c52a9ca2",
            "kms_key_id": null,
            "metadata": null,
            "object_lock_legal_hold_status": "",
            "object_lock_mode": "",
            "object_lock_retain_until_date": "",
            "override_provider": [],
            "server_side_encryption": "AES256",
            "source": "C:/Users/Usuario/Desktop/Varios/Estudios/Grado de informatica/2º Grado DAW/Proyecto Navidad/.git/objects/28/ff381c967e1d6350aaa9276ae67656c52a9ca2",
            "source_hash": null,
            "storage_class": "STANDARD",
            "tags": null,
            "tags_all": {},
            "version_id": "",
            "website_redirect": ""
          },
          "sensitive_attributes": [],
          "private": "bnVsbA==",
          "dependencies": [
            "aws_s3_bucket.mi_bucket"
          ]
        },
        {
          "index_key": ".git/objects/29/3d916bb042c11bf627639970bf01bc44b60de3",
          "schema_version": 0,
          "attributes": {
            "acl": null,
            "arn": "arn:aws:s3:::mi-carpeta-terraform/.git/objects/29/3d916bb042c11bf627639970bf01bc44b60de3",
            "bucket": "mi-carpeta-terraform",
            "bucket_key_enabled": false,
            "cache_control": "",
            "checksum_algorithm": null,
            "checksum_crc32": "",
            "checksum_crc32c": "",
            "checksum_sha1": "",
            "checksum_sha256": "",
            "content": null,
            "content_base64": null,
            "content_disposition": "",
            "content_encoding": "",
            "content_language": "",
            "content_type": "application/octet-stream",
            "etag": "beee15a6c15e68de6042befe775db840",
            "force_destroy": false,
            "id": ".git/objects/29/3d916bb042c11bf627639970bf01bc44b60de3",
            "key": ".git/objects/29/3d916bb042c11bf627639970bf01bc44b60de3",
            "kms_key_id": null,
            "metadata": null,
            "object_lock_legal_hold_status": "",
            "object_lock_mode": "",
            "object_lock_retain_until_date": "",
            "override_provider": [],
            "server_side_encryption": "AES256",
            "source": "C:/Users/Usuario/Desktop/Varios/Estudios/Grado de informatica/2º Grado DAW/Proyecto Navidad/.git/objects/29/3d916bb042c11bf627639970bf01bc44b60de3",
            "source_hash": null,
            "storage_class": "STANDARD",
            "tags": null,
            "tags_all": {},
            "version_id": "",
            "website_redirect": ""
          },
          "sensitive_attributes": [],
          "private": "bnVsbA==",
          "dependencies": [
            "aws_s3_bucket.mi_bucket"
          ]
        },
        {
          "index_key": ".git/objects/2c/f92501f3f9deefdd4617c2b6cb9ded895758c2",
          "schema_version": 0,
          "attributes": {
            "acl": null,
            "arn": "arn:aws:s3:::mi-carpeta-terraform/.git/objects/2c/f92501f3f9deefdd4617c2b6cb9ded895758c2",
            "bucket": "mi-carpeta-terraform",
            "bucket_key_enabled": false,
            "cache_control": "",
            "checksum_algorithm": null,
            "checksum_crc32": "",
            "checksum_crc32c": "",
            "checksum_sha1": "",
            "checksum_sha256": "",
            "content": null,
            "content_base64": null,
            "content_disposition": "",
            "content_encoding": "",
            "content_language": "",
            "content_type": "application/octet-stream",
            "etag": "8caa306d5c602098eccadb945a409c25",
            "force_destroy": false,
            "id": ".git/objects/2c/f92501f3f9deefdd4617c2b6cb9ded895758c2",
            "key": ".git/objects/2c/f92501f3f9deefdd4617c2b6cb9ded895758c2",
            "kms_key_id": null,
            "metadata": null,
            "object_lock_legal_hold_status": "",
            "object_lock_mode": "",
            "object_lock_retain_until_date": "",
            "override_provider": [],
            "server_side_encryption": "AES256",
            "source": "C:/Users/Usuario/Desktop/Varios/Estudios/Grado de informatica/2º Grado DAW/Proyecto Navidad/.git/objects/2c/f92501f3f9deefdd4617c2b6cb9ded895758c2",
            "source_hash": null,
            "storage_class": "STANDARD",
            "tags": null,
            "tags_all": {},
            "version_id": "",
            "website_redirect": ""
          },
          "sensitive_attributes": [],
          "private": "bnVsbA==",
          "dependencies": [
            "aws_s3_bucket.mi_bucket"
          ]
        },
        {
          "index_key": ".git/objects/2e/068253f6bbd2764e948e63029620ac35efe3b4",
          "schema_version": 0,
          "attributes": {
            "acl": null,
            "arn": "arn:aws:s3:::mi-carpeta-terraform/.git/objects/2e/068253f6bbd2764e948e63029620ac35efe3b4",
            "bucket": "mi-carpeta-terraform",
            "bucket_key_enabled": false,
            "cache_control": "",
            "checksum_algorithm": null,
            "checksum_crc32": "",
            "checksum_crc32c": "",
            "checksum_sha1": "",
            "checksum_sha256": "",
            "content": null,
            "content_base64": null,
            "content_disposition": "",
            "content_encoding": "",
            "content_language": "",
            "content_type": "application/octet-stream",
            "etag": "0a541138261f3b63677d5cd1f3c963a1",
            "force_destroy": false,
            "id": ".git/objects/2e/068253f6bbd2764e948e63029620ac35efe3b4",
            "key": ".git/objects/2e/068253f6bbd2764e948e63029620ac35efe3b4",
            "kms_key_id": null,
            "metadata": null,
            "object_lock_legal_hold_status": "",
            "object_lock_mode": "",
            "object_lock_retain_until_date": "",
            "override_provider": [],
            "server_side_encryption": "AES256",
            "source": "C:/Users/Usuario/Desktop/Varios/Estudios/Grado de informatica/2º Grado DAW/Proyecto Navidad/.git/objects/2e/068253f6bbd2764e948e63029620ac35efe3b4",
            "source_hash": null,
            "storage_class": "STANDARD",
            "tags": null,
            "tags_all": {},
            "version_id": "",
            "website_redirect": ""
          },
          "sensitive_attributes": [],
          "private": "bnVsbA==",
          "dependencies": [
            "aws_s3_bucket.mi_bucket"
          ]
        },
        {
          "index_key": ".git/objects/2e/6c0606189ef4f28d1cafc0c20ce84d728ebeb1",
          "schema_version": 0,
          "attributes": {
            "acl": null,
            "arn": "arn:aws:s3:::mi-carpeta-terraform/.git/objects/2e/6c0606189ef4f28d1cafc0c20ce84d728ebeb1",
            "bucket": "mi-carpeta-terraform",
            "bucket_key_enabled": false,
            "cache_control": "",
            "checksum_algorithm": null,
            "checksum_crc32": "",
            "checksum_crc32c": "",
            "checksum_sha1": "",
            "checksum_sha256": "",
            "content": null,
            "content_base64": null,
            "content_disposition": "",
            "content_encoding": "",
            "content_language": "",
            "content_type": "application/octet-stream",
            "etag": "33351241b2e5c58aee07ab590ec78888",
            "force_destroy": false,
            "id": ".git/objects/2e/6c0606189ef4f28d1cafc0c20ce84d728ebeb1",
            "key": ".git/objects/2e/6c0606189ef4f28d1cafc0c20ce84d728ebeb1",
            "kms_key_id": null,
            "metadata": null,
            "object_lock_legal_hold_status": "",
            "object_lock_mode": "",
            "object_lock_retain_until_date": "",
            "override_provider": [],
            "server_side_encryption": "AES256",
            "source": "C:/Users/Usuario/Desktop/Varios/Estudios/Grado de informatica/2º Grado DAW/Proyecto Navidad/.git/objects/2e/6c0606189ef4f28d1cafc0c20ce84d728ebeb1",
            "source_hash": null,
            "storage_class": "STANDARD",
            "tags": null,
            "tags_all": {},
            "version_id": "",
            "website_redirect": ""
          },
          "sensitive_attributes": [],
          "private": "bnVsbA==",
          "dependencies": [
            "aws_s3_bucket.mi_bucket"
          ]
        },
        {
          "index_key": ".git/objects/2f/bbe038e783fced3749f733b11b7a6f47b624bd",
          "schema_version": 0,
          "attributes": {
            "acl": null,
            "arn": "arn:aws:s3:::mi-carpeta-terraform/.git/objects/2f/bbe038e783fced3749f733b11b7a6f47b624bd",
            "bucket": "mi-carpeta-terraform",
            "bucket_key_enabled": false,
            "cache_control": "",
            "checksum_algorithm": null,
            "checksum_crc32": "",
            "checksum_crc32c": "",
            "checksum_sha1": "",
            "checksum_sha256": "",
            "content": null,
            "content_base64": null,
            "content_disposition": "",
            "content_encoding": "",
            "content_language": "",
            "content_type": "application/octet-stream",
            "etag": "08c543b4bd8dc79d984f13b95ecf0975",
            "force_destroy": false,
            "id": ".git/objects/2f/bbe038e783fced3749f733b11b7a6f47b624bd",
            "key": ".git/objects/2f/bbe038e783fced3749f733b11b7a6f47b624bd",
            "kms_key_id": null,
            "metadata": null,
            "object_lock_legal_hold_status": "",
            "object_lock_mode": "",
            "object_lock_retain_until_date": "",
            "override_provider": [],
            "server_side_encryption": "AES256",
            "source": "C:/Users/Usuario/Desktop/Varios/Estudios/Grado de informatica/2º Grado DAW/Proyecto Navidad/.git/objects/2f/bbe038e783fced3749f733b11b7a6f47b624bd",
            "source_hash": null,
            "storage_class": "STANDARD",
            "tags": null,
            "tags_all": {},
            "version_id": "",
            "website_redirect": ""
          },
          "sensitive_attributes": [],
          "private": "bnVsbA==",
          "dependencies": [
            "aws_s3_bucket.mi_bucket"
          ]
        },
        {
          "index_key": ".git/objects/2f/ded5afe4c75cbbb9a9519a8e35190377427bdd",
          "schema_version": 0,
          "attributes": {
            "acl": null,
            "arn": "arn:aws:s3:::mi-carpeta-terraform/.git/objects/2f/ded5afe4c75cbbb9a9519a8e35190377427bdd",
            "bucket": "mi-carpeta-terraform",
            "bucket_key_enabled": false,
            "cache_control": "",
            "checksum_algorithm": null,
            "checksum_crc32": "",
            "checksum_crc32c": "",
            "checksum_sha1": "",
            "checksum_sha256": "",
            "content": null,
            "content_base64": null,
            "content_disposition": "",
            "content_encoding": "",
            "content_language": "",
            "content_type": "application/octet-stream",
            "etag": "62ff7ad8d53149970c6c9cee593bbbec",
            "force_destroy": false,
            "id": ".git/objects/2f/ded5afe4c75cbbb9a9519a8e35190377427bdd",
            "key": ".git/objects/2f/ded5afe4c75cbbb9a9519a8e35190377427bdd",
            "kms_key_id": null,
            "metadata": null,
            "object_lock_legal_hold_status": "",
            "object_lock_mode": "",
            "object_lock_retain_until_date": "",
            "override_provider": [],
            "server_side_encryption": "AES256",
            "source": "C:/Users/Usuario/Desktop/Varios/Estudios/Grado de informatica/2º Grado DAW/Proyecto Navidad/.git/objects/2f/ded5afe4c75cbbb9a9519a8e35190377427bdd",
            "source_hash": null,
            "storage_class": "STANDARD",
            "tags": null,
            "tags_all": {},
            "version_id": "",
            "website_redirect": ""
          },
          "sensitive_attributes": [],
          "private": "bnVsbA==",
          "dependencies": [
            "aws_s3_bucket.mi_bucket"
          ]
        },
        {
          "index_key": ".git/objects/30/549e49789ad10d7b4ca4a81e8f59eb7586c8fc",
          "schema_version": 0,
          "attributes": {
            "acl": null,
            "arn": "arn:aws:s3:::mi-carpeta-terraform/.git/objects/30/549e49789ad10d7b4ca4a81e8f59eb7586c8fc",
            "bucket": "mi-carpeta-terraform",
            "bucket_key_enabled": false,
            "cache_control": "",
            "checksum_algorithm": null,
            "checksum_crc32": "",
            "checksum_crc32c": "",
            "checksum_sha1": "",
            "checksum_sha256": "",
            "content": null,
            "content_base64": null,
            "content_disposition": "",
            "content_encoding": "",
            "content_language": "",
            "content_type": "application/octet-stream",
            "etag": "a7ddd97a06b55ef202608e4111564615",
            "force_destroy": false,
            "id": ".git/objects/30/549e49789ad10d7b4ca4a81e8f59eb7586c8fc",
            "key": ".git/objects/30/549e49789ad10d7b4ca4a81e8f59eb7586c8fc",
            "kms_key_id": null,
            "metadata": null,
            "object_lock_legal_hold_status": "",
            "object_lock_mode": "",
            "object_lock_retain_until_date": "",
            "override_provider": [],
            "server_side_encryption": "AES256",
            "source": "C:/Users/Usuario/Desktop/Varios/Estudios/Grado de informatica/2º Grado DAW/Proyecto Navidad/.git/objects/30/549e49789ad10d7b4ca4a81e8f59eb7586c8fc",
            "source_hash": null,
            "storage_class": "STANDARD",
            "tags": null,
            "tags_all": {},
            "version_id": "",
            "website_redirect": ""
          },
          "sensitive_attributes": [],
          "private": "bnVsbA==",
          "dependencies": [
            "aws_s3_bucket.mi_bucket"
          ]
        },
        {
          "index_key": ".git/objects/30/c16639a3b54ed4af069cb9ffb11bf19e91baaf",
          "schema_version": 0,
          "attributes": {
            "acl": null,
            "arn": "arn:aws:s3:::mi-carpeta-terraform/.git/objects/30/c16639a3b54ed4af069cb9ffb11bf19e91baaf",
            "bucket": "mi-carpeta-terraform",
            "bucket_key_enabled": false,
            "cache_control": "",
            "checksum_algorithm": null,
            "checksum_crc32": "",
            "checksum_crc32c": "",
            "checksum_sha1": "",
            "checksum_sha256": "",
            "content": null,
            "content_base64": null,
            "content_disposition": "",
            "content_encoding": "",
            "content_language": "",
            "content_type": "application/octet-stream",
            "etag": "e5679a5a406ff79bd9c05c17ae2bdb23",
            "force_destroy": false,
            "id": ".git/objects/30/c16639a3b54ed4af069cb9ffb11bf19e91baaf",
            "key": ".git/objects/30/c16639a3b54ed4af069cb9ffb11bf19e91baaf",
            "kms_key_id": null,
            "metadata": null,
            "object_lock_legal_hold_status": "",
            "object_lock_mode": "",
            "object_lock_retain_until_date": "",
            "override_provider": [],
            "server_side_encryption": "AES256",
            "source": "C:/Users/Usuario/Desktop/Varios/Estudios/Grado de informatica/2º Grado DAW/Proyecto Navidad/.git/objects/30/c16639a3b54ed4af069cb9ffb11bf19e91baaf",
            "source_hash": null,
            "storage_class": "STANDARD",
            "tags": null,
            "tags_all": {},
            "version_id": "",
            "website_redirect": ""
          },
          "sensitive_attributes": [],
          "private": "bnVsbA==",
          "dependencies": [
            "aws_s3_bucket.mi_bucket"
          ]
        },
        {
          "index_key": ".git/objects/34/53fbafa01e5f47f3c31359f856feeb34ba88e0",
          "schema_version": 0,
          "attributes": {
            "acl": null,
            "arn": "arn:aws:s3:::mi-carpeta-terraform/.git/objects/34/53fbafa01e5f47f3c31359f856feeb34ba88e0",
            "bucket": "mi-carpeta-terraform",
            "bucket_key_enabled": false,
            "cache_control": "",
            "checksum_algorithm": null,
            "checksum_crc32": "",
            "checksum_crc32c": "",
            "checksum_sha1": "",
            "checksum_sha256": "",
            "content": null,
            "content_base64": null,
            "content_disposition": "",
            "content_encoding": "",
            "content_language": "",
            "content_type": "application/octet-stream",
            "etag": "2be4f7936f56d40f2c8a80f0d6866fc4",
            "force_destroy": false,
            "id": ".git/objects/34/53fbafa01e5f47f3c31359f856feeb34ba88e0",
            "key": ".git/objects/34/53fbafa01e5f47f3c31359f856feeb34ba88e0",
            "kms_key_id": null,
            "metadata": null,
            "object_lock_legal_hold_status": "",
            "object_lock_mode": "",
            "object_lock_retain_until_date": "",
            "override_provider": [],
            "server_side_encryption": "AES256",
            "source": "C:/Users/Usuario/Desktop/Varios/Estudios/Grado de informatica/2º Grado DAW/Proyecto Navidad/.git/objects/34/53fbafa01e5f47f3c31359f856feeb34ba88e0",
            "source_hash": null,
            "storage_class": "STANDARD",
            "tags": null,
            "tags_all": {},
            "version_id": "",
            "website_redirect": ""
          },
          "sensitive_attributes": [],
          "private": "bnVsbA==",
          "dependencies": [
            "aws_s3_bucket.mi_bucket"
          ]
        },
        {
          "index_key": ".git/objects/34/f18a8d51e142997814516da3903596e835d51a",
          "schema_version": 0,
          "attributes": {
            "acl": null,
            "arn": "arn:aws:s3:::mi-carpeta-terraform/.git/objects/34/f18a8d51e142997814516da3903596e835d51a",
            "bucket": "mi-carpeta-terraform",
            "bucket_key_enabled": false,
            "cache_control": "",
            "checksum_algorithm": null,
            "checksum_crc32": "",
            "checksum_crc32c": "",
            "checksum_sha1": "",
            "checksum_sha256": "",
            "content": null,
            "content_base64": null,
            "content_disposition": "",
            "content_encoding": "",
            "content_language": "",
            "content_type": "application/octet-stream",
            "etag": "c47cdc163b8d64dbea1c87fe286d71af",
            "force_destroy": false,
            "id": ".git/objects/34/f18a8d51e142997814516da3903596e835d51a",
            "key": ".git/objects/34/f18a8d51e142997814516da3903596e835d51a",
            "kms_key_id": null,
            "metadata": null,
            "object_lock_legal_hold_status": "",
            "object_lock_mode": "",
            "object_lock_retain_until_date": "",
            "override_provider": [],
            "server_side_encryption": "AES256",
            "source": "C:/Users/Usuario/Desktop/Varios/Estudios/Grado de informatica/2º Grado DAW/Proyecto Navidad/.git/objects/34/f18a8d51e142997814516da3903596e835d51a",
            "source_hash": null,
            "storage_class": "STANDARD",
            "tags": null,
            "tags_all": {},
            "version_id": "",
            "website_redirect": ""
          },
          "sensitive_attributes": [],
          "private": "bnVsbA==",
          "dependencies": [
            "aws_s3_bucket.mi_bucket"
          ]
        },
        {
          "index_key": ".git/objects/37/3260aa1ecc10beb2810416f7c5d760f74c52ef",
          "schema_version": 0,
          "attributes": {
            "acl": null,
            "arn": "arn:aws:s3:::mi-carpeta-terraform/.git/objects/37/3260aa1ecc10beb2810416f7c5d760f74c52ef",
            "bucket": "mi-carpeta-terraform",
            "bucket_key_enabled": false,
            "cache_control": "",
            "checksum_algorithm": null,
            "checksum_crc32": "",
            "checksum_crc32c": "",
            "checksum_sha1": "",
            "checksum_sha256": "",
            "content": null,
            "content_base64": null,
            "content_disposition": "",
            "content_encoding": "",
            "content_language": "",
            "content_type": "application/octet-stream",
            "etag": "3c040042e65514620e2d908b74f020e1",
            "force_destroy": false,
            "id": ".git/objects/37/3260aa1ecc10beb2810416f7c5d760f74c52ef",
            "key": ".git/objects/37/3260aa1ecc10beb2810416f7c5d760f74c52ef",
            "kms_key_id": null,
            "metadata": null,
            "object_lock_legal_hold_status": "",
            "object_lock_mode": "",
            "object_lock_retain_until_date": "",
            "override_provider": [],
            "server_side_encryption": "AES256",
            "source": "C:/Users/Usuario/Desktop/Varios/Estudios/Grado de informatica/2º Grado DAW/Proyecto Navidad/.git/objects/37/3260aa1ecc10beb2810416f7c5d760f74c52ef",
            "source_hash": null,
            "storage_class": "STANDARD",
            "tags": null,
            "tags_all": {},
            "version_id": "",
            "website_redirect": ""
          },
          "sensitive_attributes": [],
          "private": "bnVsbA==",
          "dependencies": [
            "aws_s3_bucket.mi_bucket"
          ]
        },
        {
          "index_key": ".git/objects/37/77f67c02592d0124dc9d219560fbf3c38694ba",
          "schema_version": 0,
          "attributes": {
            "acl": null,
            "arn": "arn:aws:s3:::mi-carpeta-terraform/.git/objects/37/77f67c02592d0124dc9d219560fbf3c38694ba",
            "bucket": "mi-carpeta-terraform",
            "bucket_key_enabled": false,
            "cache_control": "",
            "checksum_algorithm": null,
            "checksum_crc32": "",
            "checksum_crc32c": "",
            "checksum_sha1": "",
            "checksum_sha256": "",
            "content": null,
            "content_base64": null,
            "content_disposition": "",
            "content_encoding": "",
            "content_language": "",
            "content_type": "application/octet-stream",
            "etag": "55e3ec64528ea50831c850cdb312c2e6",
            "force_destroy": false,
            "id": ".git/objects/37/77f67c02592d0124dc9d219560fbf3c38694ba",
            "key": ".git/objects/37/77f67c02592d0124dc9d219560fbf3c38694ba",
            "kms_key_id": null,
            "metadata": null,
            "object_lock_legal_hold_status": "",
            "object_lock_mode": "",
            "object_lock_retain_until_date": "",
            "override_provider": [],
            "server_side_encryption": "AES256",
            "source": "C:/Users/Usuario/Desktop/Varios/Estudios/Grado de informatica/2º Grado DAW/Proyecto Navidad/.git/objects/37/77f67c02592d0124dc9d219560fbf3c38694ba",
            "source_hash": null,
            "storage_class": "STANDARD",
            "tags": null,
            "tags_all": {},
            "version_id": "",
            "website_redirect": ""
          },
          "sensitive_attributes": [],
          "private": "bnVsbA==",
          "dependencies": [
            "aws_s3_bucket.mi_bucket"
          ]
        },
        {
          "index_key": ".git/objects/38/200e8e21b4ce39b1f88ef7d1fd21a5fc2ed670",
          "schema_version": 0,
          "attributes": {
            "acl": null,
            "arn": "arn:aws:s3:::mi-carpeta-terraform/.git/objects/38/200e8e21b4ce39b1f88ef7d1fd21a5fc2ed670",
            "bucket": "mi-carpeta-terraform",
            "bucket_key_enabled": false,
            "cache_control": "",
            "checksum_algorithm": null,
            "checksum_crc32": "",
            "checksum_crc32c": "",
            "checksum_sha1": "",
            "checksum_sha256": "",
            "content": null,
            "content_base64": null,
            "content_disposition": "",
            "content_encoding": "",
            "content_language": "",
            "content_type": "application/octet-stream",
            "etag": "645ae68bf729eba0afc7011f6db59f05",
            "force_destroy": false,
            "id": ".git/objects/38/200e8e21b4ce39b1f88ef7d1fd21a5fc2ed670",
            "key": ".git/objects/38/200e8e21b4ce39b1f88ef7d1fd21a5fc2ed670",
            "kms_key_id": null,
            "metadata": null,
            "object_lock_legal_hold_status": "",
            "object_lock_mode": "",
            "object_lock_retain_until_date": "",
            "override_provider": [],
            "server_side_encryption": "AES256",
            "source": "C:/Users/Usuario/Desktop/Varios/Estudios/Grado de informatica/2º Grado DAW/Proyecto Navidad/.git/objects/38/200e8e21b4ce39b1f88ef7d1fd21a5fc2ed670",
            "source_hash": null,
            "storage_class": "STANDARD",
            "tags": null,
            "tags_all": {},
            "version_id": "",
            "website_redirect": ""
          },
          "sensitive_attributes": [],
          "private": "bnVsbA==",
          "dependencies": [
            "aws_s3_bucket.mi_bucket"
          ]
        },
        {
          "index_key": ".git/objects/38/2a6da41738f28de35c0b6083abeb0f389c7668",
          "schema_version": 0,
          "attributes": {
            "acl": null,
            "arn": "arn:aws:s3:::mi-carpeta-terraform/.git/objects/38/2a6da41738f28de35c0b6083abeb0f389c7668",
            "bucket": "mi-carpeta-terraform",
            "bucket_key_enabled": false,
            "cache_control": "",
            "checksum_algorithm": null,
            "checksum_crc32": "",
            "checksum_crc32c": "",
            "checksum_sha1": "",
            "checksum_sha256": "",
            "content": null,
            "content_base64": null,
            "content_disposition": "",
            "content_encoding": "",
            "content_language": "",
            "content_type": "application/octet-stream",
            "etag": "21b977d8eea8889b385fbd7eaa71e7c2",
            "force_destroy": false,
            "id": ".git/objects/38/2a6da41738f28de35c0b6083abeb0f389c7668",
            "key": ".git/objects/38/2a6da41738f28de35c0b6083abeb0f389c7668",
            "kms_key_id": null,
            "metadata": null,
            "object_lock_legal_hold_status": "",
            "object_lock_mode": "",
            "object_lock_retain_until_date": "",
            "override_provider": [],
            "server_side_encryption": "AES256",
            "source": "C:/Users/Usuario/Desktop/Varios/Estudios/Grado de informatica/2º Grado DAW/Proyecto Navidad/.git/objects/38/2a6da41738f28de35c0b6083abeb0f389c7668",
            "source_hash": null,
            "storage_class": "STANDARD",
            "tags": null,
            "tags_all": {},
            "version_id": "",
            "website_redirect": ""
          },
          "sensitive_attributes": [],
          "private": "bnVsbA==",
          "dependencies": [
            "aws_s3_bucket.mi_bucket"
          ]
        },
        {
          "index_key": ".git/objects/39/dce29ca7defe57eb791e06bf229da5e724d517",
          "schema_version": 0,
          "attributes": {
            "acl": null,
            "arn": "arn:aws:s3:::mi-carpeta-terraform/.git/objects/39/dce29ca7defe57eb791e06bf229da5e724d517",
            "bucket": "mi-carpeta-terraform",
            "bucket_key_enabled": false,
            "cache_control": "",
            "checksum_algorithm": null,
            "checksum_crc32": "",
            "checksum_crc32c": "",
            "checksum_sha1": "",
            "checksum_sha256": "",
            "content": null,
            "content_base64": null,
            "content_disposition": "",
            "content_encoding": "",
            "content_language": "",
            "content_type": "application/octet-stream",
            "etag": "283e19620ff004ce76eea61fa7f43b01",
            "force_destroy": false,
            "id": ".git/objects/39/dce29ca7defe57eb791e06bf229da5e724d517",
            "key": ".git/objects/39/dce29ca7defe57eb791e06bf229da5e724d517",
            "kms_key_id": null,
            "metadata": null,
            "object_lock_legal_hold_status": "",
            "object_lock_mode": "",
            "object_lock_retain_until_date": "",
            "override_provider": [],
            "server_side_encryption": "AES256",
            "source": "C:/Users/Usuario/Desktop/Varios/Estudios/Grado de informatica/2º Grado DAW/Proyecto Navidad/.git/objects/39/dce29ca7defe57eb791e06bf229da5e724d517",
            "source_hash": null,
            "storage_class": "STANDARD",
            "tags": null,
            "tags_all": {},
            "version_id": "",
            "website_redirect": ""
          },
          "sensitive_attributes": [],
          "private": "bnVsbA==",
          "dependencies": [
            "aws_s3_bucket.mi_bucket"
          ]
        },
        {
          "index_key": ".git/objects/39/ead17ed01ebd348f192558a3463a24334adc4f",
          "schema_version": 0,
          "attributes": {
            "acl": null,
            "arn": "arn:aws:s3:::mi-carpeta-terraform/.git/objects/39/ead17ed01ebd348f192558a3463a24334adc4f",
            "bucket": "mi-carpeta-terraform",
            "bucket_key_enabled": false,
            "cache_control": "",
            "checksum_algorithm": null,
            "checksum_crc32": "",
            "checksum_crc32c": "",
            "checksum_sha1": "",
            "checksum_sha256": "",
            "content": null,
            "content_base64": null,
            "content_disposition": "",
            "content_encoding": "",
            "content_language": "",
            "content_type": "application/octet-stream",
            "etag": "cab0a8778f79294f4b4bbc3ff414fe71",
            "force_destroy": false,
            "id": ".git/objects/39/ead17ed01ebd348f192558a3463a24334adc4f",
            "key": ".git/objects/39/ead17ed01ebd348f192558a3463a24334adc4f",
            "kms_key_id": null,
            "metadata": null,
            "object_lock_legal_hold_status": "",
            "object_lock_mode": "",
            "object_lock_retain_until_date": "",
            "override_provider": [],
            "server_side_encryption": "AES256",
            "source": "C:/Users/Usuario/Desktop/Varios/Estudios/Grado de informatica/2º Grado DAW/Proyecto Navidad/.git/objects/39/ead17ed01ebd348f192558a3463a24334adc4f",
            "source_hash": null,
            "storage_class": "STANDARD",
            "tags": null,
            "tags_all": {},
            "version_id": "",
            "website_redirect": ""
          },
          "sensitive_attributes": [],
          "private": "bnVsbA==",
          "dependencies": [
            "aws_s3_bucket.mi_bucket"
          ]
        },
        {
          "index_key": ".git/objects/3a/d6743949efab08419071076126d6e0327baf44",
          "schema_version": 0,
          "attributes": {
            "acl": null,
            "arn": "arn:aws:s3:::mi-carpeta-terraform/.git/objects/3a/d6743949efab08419071076126d6e0327baf44",
            "bucket": "mi-carpeta-terraform",
            "bucket_key_enabled": false,
            "cache_control": "",
            "checksum_algorithm": null,
            "checksum_crc32": "",
            "checksum_crc32c": "",
            "checksum_sha1": "",
            "checksum_sha256": "",
            "content": null,
            "content_base64": null,
            "content_disposition": "",
            "content_encoding": "",
            "content_language": "",
            "content_type": "application/octet-stream",
            "etag": "8c34b5c0e4bee8ae8e553c26a2799ead",
            "force_destroy": false,
            "id": ".git/objects/3a/d6743949efab08419071076126d6e0327baf44",
            "key": ".git/objects/3a/d6743949efab08419071076126d6e0327baf44",
            "kms_key_id": null,
            "metadata": null,
            "object_lock_legal_hold_status": "",
            "object_lock_mode": "",
            "object_lock_retain_until_date": "",
            "override_provider": [],
            "server_side_encryption": "AES256",
            "source": "C:/Users/Usuario/Desktop/Varios/Estudios/Grado de informatica/2º Grado DAW/Proyecto Navidad/.git/objects/3a/d6743949efab08419071076126d6e0327baf44",
            "source_hash": null,
            "storage_class": "STANDARD",
            "tags": null,
            "tags_all": {},
            "version_id": "",
            "website_redirect": ""
          },
          "sensitive_attributes": [],
          "private": "bnVsbA==",
          "dependencies": [
            "aws_s3_bucket.mi_bucket"
          ]
        },
        {
          "index_key": ".git/objects/3a/e2b9891f608a22ef778e4eebde6c65250e9153",
          "schema_version": 0,
          "attributes": {
            "acl": null,
            "arn": "arn:aws:s3:::mi-carpeta-terraform/.git/objects/3a/e2b9891f608a22ef778e4eebde6c65250e9153",
            "bucket": "mi-carpeta-terraform",
            "bucket_key_enabled": false,
            "cache_control": "",
            "checksum_algorithm": null,
            "checksum_crc32": "",
            "checksum_crc32c": "",
            "checksum_sha1": "",
            "checksum_sha256": "",
            "content": null,
            "content_base64": null,
            "content_disposition": "",
            "content_encoding": "",
            "content_language": "",
            "content_type": "application/octet-stream",
            "etag": "0b6964f64eef205a1844440662a60e32",
            "force_destroy": false,
            "id": ".git/objects/3a/e2b9891f608a22ef778e4eebde6c65250e9153",
            "key": ".git/objects/3a/e2b9891f608a22ef778e4eebde6c65250e9153",
            "kms_key_id": null,
            "metadata": null,
            "object_lock_legal_hold_status": "",
            "object_lock_mode": "",
            "object_lock_retain_until_date": "",
            "override_provider": [],
            "server_side_encryption": "AES256",
            "source": "C:/Users/Usuario/Desktop/Varios/Estudios/Grado de informatica/2º Grado DAW/Proyecto Navidad/.git/objects/3a/e2b9891f608a22ef778e4eebde6c65250e9153",
            "source_hash": null,
            "storage_class": "STANDARD",
            "tags": null,
            "tags_all": {},
            "version_id": "",
            "website_redirect": ""
          },
          "sensitive_attributes": [],
          "private": "bnVsbA==",
          "dependencies": [
            "aws_s3_bucket.mi_bucket"
          ]
        },
        {
          "index_key": ".git/objects/3d/3dd0b5b1f851761c787d52b95beb65b1de48c3",
          "schema_version": 0,
          "attributes": {
            "acl": null,
            "arn": "arn:aws:s3:::mi-carpeta-terraform/.git/objects/3d/3dd0b5b1f851761c787d52b95beb65b1de48c3",
            "bucket": "mi-carpeta-terraform",
            "bucket_key_enabled": false,
            "cache_control": "",
            "checksum_algorithm": null,
            "checksum_crc32": "",
            "checksum_crc32c": "",
            "checksum_sha1": "",
            "checksum_sha256": "",
            "content": null,
            "content_base64": null,
            "content_disposition": "",
            "content_encoding": "",
            "content_language": "",
            "content_type": "application/octet-stream",
            "etag": "ce6e8ed8cfe1b4ace4ee283c1543030a",
            "force_destroy": false,
            "id": ".git/objects/3d/3dd0b5b1f851761c787d52b95beb65b1de48c3",
            "key": ".git/objects/3d/3dd0b5b1f851761c787d52b95beb65b1de48c3",
            "kms_key_id": null,
            "metadata": null,
            "object_lock_legal_hold_status": "",
            "object_lock_mode": "",
            "object_lock_retain_until_date": "",
            "override_provider": [],
            "server_side_encryption": "AES256",
            "source": "C:/Users/Usuario/Desktop/Varios/Estudios/Grado de informatica/2º Grado DAW/Proyecto Navidad/.git/objects/3d/3dd0b5b1f851761c787d52b95beb65b1de48c3",
            "source_hash": null,
            "storage_class": "STANDARD",
            "tags": null,
            "tags_all": {},
            "version_id": "",
            "website_redirect": ""
          },
          "sensitive_attributes": [],
          "private": "bnVsbA==",
          "dependencies": [
            "aws_s3_bucket.mi_bucket"
          ]
        },
        {
          "index_key": ".git/objects/3d/ce6190eef7d0a01ca888e8024444609f367ebd",
          "schema_version": 0,
          "attributes": {
            "acl": null,
            "arn": "arn:aws:s3:::mi-carpeta-terraform/.git/objects/3d/ce6190eef7d0a01ca888e8024444609f367ebd",
            "bucket": "mi-carpeta-terraform",
            "bucket_key_enabled": false,
            "cache_control": "",
            "checksum_algorithm": null,
            "checksum_crc32": "",
            "checksum_crc32c": "",
            "checksum_sha1": "",
            "checksum_sha256": "",
            "content": null,
            "content_base64": null,
            "content_disposition": "",
            "content_encoding": "",
            "content_language": "",
            "content_type": "application/octet-stream",
            "etag": "59f361c21cc1ba5f2a3f6716ea2f9e0b",
            "force_destroy": false,
            "id": ".git/objects/3d/ce6190eef7d0a01ca888e8024444609f367ebd",
            "key": ".git/objects/3d/ce6190eef7d0a01ca888e8024444609f367ebd",
            "kms_key_id": null,
            "metadata": null,
            "object_lock_legal_hold_status": "",
            "object_lock_mode": "",
            "object_lock_retain_until_date": "",
            "override_provider": [],
            "server_side_encryption": "AES256",
            "source": "C:/Users/Usuario/Desktop/Varios/Estudios/Grado de informatica/2º Grado DAW/Proyecto Navidad/.git/objects/3d/ce6190eef7d0a01ca888e8024444609f367ebd",
            "source_hash": null,
            "storage_class": "STANDARD",
            "tags": null,
            "tags_all": {},
            "version_id": "",
            "website_redirect": ""
          },
          "sensitive_attributes": [],
          "private": "bnVsbA==",
          "dependencies": [
            "aws_s3_bucket.mi_bucket"
          ]
        },
        {
          "index_key": ".git/objects/3f/9a6e3b4b7424715f2216346ce38f11c83694b0",
          "schema_version": 0,
          "attributes": {
            "acl": null,
            "arn": "arn:aws:s3:::mi-carpeta-terraform/.git/objects/3f/9a6e3b4b7424715f2216346ce38f11c83694b0",
            "bucket": "mi-carpeta-terraform",
            "bucket_key_enabled": false,
            "cache_control": "",
            "checksum_algorithm": null,
            "checksum_crc32": "",
            "checksum_crc32c": "",
            "checksum_sha1": "",
            "checksum_sha256": "",
            "content": null,
            "content_base64": null,
            "content_disposition": "",
            "content_encoding": "",
            "content_language": "",
            "content_type": "application/octet-stream",
            "etag": "73a0ac46df7179574a2960d2f0888e65",
            "force_destroy": false,
            "id": ".git/objects/3f/9a6e3b4b7424715f2216346ce38f11c83694b0",
            "key": ".git/objects/3f/9a6e3b4b7424715f2216346ce38f11c83694b0",
            "kms_key_id": null,
            "metadata": null,
            "object_lock_legal_hold_status": "",
            "object_lock_mode": "",
            "object_lock_retain_until_date": "",
            "override_provider": [],
            "server_side_encryption": "AES256",
            "source": "C:/Users/Usuario/Desktop/Varios/Estudios/Grado de informatica/2º Grado DAW/Proyecto Navidad/.git/objects/3f/9a6e3b4b7424715f2216346ce38f11c83694b0",
            "source_hash": null,
            "storage_class": "STANDARD",
            "tags": null,
            "tags_all": {},
            "version_id": "",
            "website_redirect": ""
          },
          "sensitive_attributes": [],
          "private": "bnVsbA==",
          "dependencies": [
            "aws_s3_bucket.mi_bucket"
          ]
        },
        {
          "index_key": ".git/objects/41/a176cf794d64cf4011081ef3abe11f11ccf1e1",
          "schema_version": 0,
          "attributes": {
            "acl": null,
            "arn": "arn:aws:s3:::mi-carpeta-terraform/.git/objects/41/a176cf794d64cf4011081ef3abe11f11ccf1e1",
            "bucket": "mi-carpeta-terraform",
            "bucket_key_enabled": false,
            "cache_control": "",
            "checksum_algorithm": null,
            "checksum_crc32": "",
            "checksum_crc32c": "",
            "checksum_sha1": "",
            "checksum_sha256": "",
            "content": null,
            "content_base64": null,
            "content_disposition": "",
            "content_encoding": "",
            "content_language": "",
            "content_type": "application/octet-stream",
            "etag": "aae41606de5ec5c677c1a04236e0f506",
            "force_destroy": false,
            "id": ".git/objects/41/a176cf794d64cf4011081ef3abe11f11ccf1e1",
            "key": ".git/objects/41/a176cf794d64cf4011081ef3abe11f11ccf1e1",
            "kms_key_id": null,
            "metadata": null,
            "object_lock_legal_hold_status": "",
            "object_lock_mode": "",
            "object_lock_retain_until_date": "",
            "override_provider": [],
            "server_side_encryption": "AES256",
            "source": "C:/Users/Usuario/Desktop/Varios/Estudios/Grado de informatica/2º Grado DAW/Proyecto Navidad/.git/objects/41/a176cf794d64cf4011081ef3abe11f11ccf1e1",
            "source_hash": null,
            "storage_class": "STANDARD",
            "tags": null,
            "tags_all": {},
            "version_id": "",
            "website_redirect": ""
          },
          "sensitive_attributes": [],
          "private": "bnVsbA==",
          "dependencies": [
            "aws_s3_bucket.mi_bucket"
          ]
        },
        {
          "index_key": ".git/objects/42/4caa0926560cc8e8f0c54cc2c19ec3a40b34d3",
          "schema_version": 0,
          "attributes": {
            "acl": null,
            "arn": "arn:aws:s3:::mi-carpeta-terraform/.git/objects/42/4caa0926560cc8e8f0c54cc2c19ec3a40b34d3",
            "bucket": "mi-carpeta-terraform",
            "bucket_key_enabled": false,
            "cache_control": "",
            "checksum_algorithm": null,
            "checksum_crc32": "",
            "checksum_crc32c": "",
            "checksum_sha1": "",
            "checksum_sha256": "",
            "content": null,
            "content_base64": null,
            "content_disposition": "",
            "content_encoding": "",
            "content_language": "",
            "content_type": "application/octet-stream",
            "etag": "c2a3944dfbc3890da3aac9bceb74588b",
            "force_destroy": false,
            "id": ".git/objects/42/4caa0926560cc8e8f0c54cc2c19ec3a40b34d3",
            "key": ".git/objects/42/4caa0926560cc8e8f0c54cc2c19ec3a40b34d3",
            "kms_key_id": null,
            "metadata": null,
            "object_lock_legal_hold_status": "",
            "object_lock_mode": "",
            "object_lock_retain_until_date": "",
            "override_provider": [],
            "server_side_encryption": "AES256",
            "source": "C:/Users/Usuario/Desktop/Varios/Estudios/Grado de informatica/2º Grado DAW/Proyecto Navidad/.git/objects/42/4caa0926560cc8e8f0c54cc2c19ec3a40b34d3",
            "source_hash": null,
            "storage_class": "STANDARD",
            "tags": null,
            "tags_all": {},
            "version_id": "",
            "website_redirect": ""
          },
          "sensitive_attributes": [],
          "private": "bnVsbA==",
          "dependencies": [
            "aws_s3_bucket.mi_bucket"
          ]
        },
        {
          "index_key": ".git/objects/44/18a6e4fc5d74bbc84c6a1879c7c5cb84cfc37a",
          "schema_version": 0,
          "attributes": {
            "acl": null,
            "arn": "arn:aws:s3:::mi-carpeta-terraform/.git/objects/44/18a6e4fc5d74bbc84c6a1879c7c5cb84cfc37a",
            "bucket": "mi-carpeta-terraform",
            "bucket_key_enabled": false,
            "cache_control": "",
            "checksum_algorithm": null,
            "checksum_crc32": "",
            "checksum_crc32c": "",
            "checksum_sha1": "",
            "checksum_sha256": "",
            "content": null,
            "content_base64": null,
            "content_disposition": "",
            "content_encoding": "",
            "content_language": "",
            "content_type": "application/octet-stream",
            "etag": "efb9673b04b6e763962c7e40a7ec14e4",
            "force_destroy": false,
            "id": ".git/objects/44/18a6e4fc5d74bbc84c6a1879c7c5cb84cfc37a",
            "key": ".git/objects/44/18a6e4fc5d74bbc84c6a1879c7c5cb84cfc37a",
            "kms_key_id": null,
            "metadata": null,
            "object_lock_legal_hold_status": "",
            "object_lock_mode": "",
            "object_lock_retain_until_date": "",
            "override_provider": [],
            "server_side_encryption": "AES256",
            "source": "C:/Users/Usuario/Desktop/Varios/Estudios/Grado de informatica/2º Grado DAW/Proyecto Navidad/.git/objects/44/18a6e4fc5d74bbc84c6a1879c7c5cb84cfc37a",
            "source_hash": null,
            "storage_class": "STANDARD",
            "tags": null,
            "tags_all": {},
            "version_id": "",
            "website_redirect": ""
          },
          "sensitive_attributes": [],
          "private": "bnVsbA==",
          "dependencies": [
            "aws_s3_bucket.mi_bucket"
          ]
        },
        {
          "index_key": ".git/objects/44/35bffaf02bf5770851e9ef26bbb3d5337d9cd5",
          "schema_version": 0,
          "attributes": {
            "acl": null,
            "arn": "arn:aws:s3:::mi-carpeta-terraform/.git/objects/44/35bffaf02bf5770851e9ef26bbb3d5337d9cd5",
            "bucket": "mi-carpeta-terraform",
            "bucket_key_enabled": false,
            "cache_control": "",
            "checksum_algorithm": null,
            "checksum_crc32": "",
            "checksum_crc32c": "",
            "checksum_sha1": "",
            "checksum_sha256": "",
            "content": null,
            "content_base64": null,
            "content_disposition": "",
            "content_encoding": "",
            "content_language": "",
            "content_type": "application/octet-stream",
            "etag": "53e7fd329448487d1fad531e9f79f69a",
            "force_destroy": false,
            "id": ".git/objects/44/35bffaf02bf5770851e9ef26bbb3d5337d9cd5",
            "key": ".git/objects/44/35bffaf02bf5770851e9ef26bbb3d5337d9cd5",
            "kms_key_id": null,
            "metadata": null,
            "object_lock_legal_hold_status": "",
            "object_lock_mode": "",
            "object_lock_retain_until_date": "",
            "override_provider": [],
            "server_side_encryption": "AES256",
            "source": "C:/Users/Usuario/Desktop/Varios/Estudios/Grado de informatica/2º Grado DAW/Proyecto Navidad/.git/objects/44/35bffaf02bf5770851e9ef26bbb3d5337d9cd5",
            "source_hash": null,
            "storage_class": "STANDARD",
            "tags": null,
            "tags_all": {},
            "version_id": "",
            "website_redirect": ""
          },
          "sensitive_attributes": [],
          "private": "bnVsbA==",
          "dependencies": [
            "aws_s3_bucket.mi_bucket"
          ]
        },
        {
          "index_key": ".git/objects/44/46905dc073ec0879d86ba76356975d3e8e76ab",
          "schema_version": 0,
          "attributes": {
            "acl": null,
            "arn": "arn:aws:s3:::mi-carpeta-terraform/.git/objects/44/46905dc073ec0879d86ba76356975d3e8e76ab",
            "bucket": "mi-carpeta-terraform",
            "bucket_key_enabled": false,
            "cache_control": "",
            "checksum_algorithm": null,
            "checksum_crc32": "",
            "checksum_crc32c": "",
            "checksum_sha1": "",
            "checksum_sha256": "",
            "content": null,
            "content_base64": null,
            "content_disposition": "",
            "content_encoding": "",
            "content_language": "",
            "content_type": "application/octet-stream",
            "etag": "0e17a7a6c2f4d1c068291cdcb93a4702",
            "force_destroy": false,
            "id": ".git/objects/44/46905dc073ec0879d86ba76356975d3e8e76ab",
            "key": ".git/objects/44/46905dc073ec0879d86ba76356975d3e8e76ab",
            "kms_key_id": null,
            "metadata": null,
            "object_lock_legal_hold_status": "",
            "object_lock_mode": "",
            "object_lock_retain_until_date": "",
            "override_provider": [],
            "server_side_encryption": "AES256",
            "source": "C:/Users/Usuario/Desktop/Varios/Estudios/Grado de informatica/2º Grado DAW/Proyecto Navidad/.git/objects/44/46905dc073ec0879d86ba76356975d3e8e76ab",
            "source_hash": null,
            "storage_class": "STANDARD",
            "tags": null,
            "tags_all": {},
            "version_id": "",
            "website_redirect": ""
          },
          "sensitive_attributes": [],
          "private": "bnVsbA==",
          "dependencies": [
            "aws_s3_bucket.mi_bucket"
          ]
        },
        {
          "index_key": ".git/objects/44/a67aec02853420a035adcf6ac4fb673694d24b",
          "schema_version": 0,
          "attributes": {
            "acl": null,
            "arn": "arn:aws:s3:::mi-carpeta-terraform/.git/objects/44/a67aec02853420a035adcf6ac4fb673694d24b",
            "bucket": "mi-carpeta-terraform",
            "bucket_key_enabled": false,
            "cache_control": "",
            "checksum_algorithm": null,
            "checksum_crc32": "",
            "checksum_crc32c": "",
            "checksum_sha1": "",
            "checksum_sha256": "",
            "content": null,
            "content_base64": null,
            "content_disposition": "",
            "content_encoding": "",
            "content_language": "",
            "content_type": "application/octet-stream",
            "etag": "ac6f89aa2776fc1831dafa2fae015c28",
            "force_destroy": false,
            "id": ".git/objects/44/a67aec02853420a035adcf6ac4fb673694d24b",
            "key": ".git/objects/44/a67aec02853420a035adcf6ac4fb673694d24b",
            "kms_key_id": null,
            "metadata": null,
            "object_lock_legal_hold_status": "",
            "object_lock_mode": "",
            "object_lock_retain_until_date": "",
            "override_provider": [],
            "server_side_encryption": "AES256",
            "source": "C:/Users/Usuario/Desktop/Varios/Estudios/Grado de informatica/2º Grado DAW/Proyecto Navidad/.git/objects/44/a67aec02853420a035adcf6ac4fb673694d24b",
            "source_hash": null,
            "storage_class": "STANDARD",
            "tags": null,
            "tags_all": {},
            "version_id": "",
            "website_redirect": ""
          },
          "sensitive_attributes": [],
          "private": "bnVsbA==",
          "dependencies": [
            "aws_s3_bucket.mi_bucket"
          ]
        },
        {
          "index_key": ".git/objects/45/4718017b76c4da17c57b449a9471d232fafd4c",
          "schema_version": 0,
          "attributes": {
            "acl": null,
            "arn": "arn:aws:s3:::mi-carpeta-terraform/.git/objects/45/4718017b76c4da17c57b449a9471d232fafd4c",
            "bucket": "mi-carpeta-terraform",
            "bucket_key_enabled": false,
            "cache_control": "",
            "checksum_algorithm": null,
            "checksum_crc32": "",
            "checksum_crc32c": "",
            "checksum_sha1": "",
            "checksum_sha256": "",
            "content": null,
            "content_base64": null,
            "content_disposition": "",
            "content_encoding": "",
            "content_language": "",
            "content_type": "application/octet-stream",
            "etag": "ab3b444d9acb4115925fde6de17eb3cb",
            "force_destroy": false,
            "id": ".git/objects/45/4718017b76c4da17c57b449a9471d232fafd4c",
            "key": ".git/objects/45/4718017b76c4da17c57b449a9471d232fafd4c",
            "kms_key_id": null,
            "metadata": null,
            "object_lock_legal_hold_status": "",
            "object_lock_mode": "",
            "object_lock_retain_until_date": "",
            "override_provider": [],
            "server_side_encryption": "AES256",
            "source": "C:/Users/Usuario/Desktop/Varios/Estudios/Grado de informatica/2º Grado DAW/Proyecto Navidad/.git/objects/45/4718017b76c4da17c57b449a9471d232fafd4c",
            "source_hash": null,
            "storage_class": "STANDARD",
            "tags": null,
            "tags_all": {},
            "version_id": "",
            "website_redirect": ""
          },
          "sensitive_attributes": [],
          "private": "bnVsbA==",
          "dependencies": [
            "aws_s3_bucket.mi_bucket"
          ]
        },
        {
          "index_key": ".git/objects/45/ae6884b36cea852bdc77702bdc0d8a0b7c9e77",
          "schema_version": 0,
          "attributes": {
            "acl": null,
            "arn": "arn:aws:s3:::mi-carpeta-terraform/.git/objects/45/ae6884b36cea852bdc77702bdc0d8a0b7c9e77",
            "bucket": "mi-carpeta-terraform",
            "bucket_key_enabled": false,
            "cache_control": "",
            "checksum_algorithm": null,
            "checksum_crc32": "",
            "checksum_crc32c": "",
            "checksum_sha1": "",
            "checksum_sha256": "",
            "content": null,
            "content_base64": null,
            "content_disposition": "",
            "content_encoding": "",
            "content_language": "",
            "content_type": "application/octet-stream",
            "etag": "1c175d9350381be2d55d84e30a3ce1af",
            "force_destroy": false,
            "id": ".git/objects/45/ae6884b36cea852bdc77702bdc0d8a0b7c9e77",
            "key": ".git/objects/45/ae6884b36cea852bdc77702bdc0d8a0b7c9e77",
            "kms_key_id": null,
            "metadata": null,
            "object_lock_legal_hold_status": "",
            "object_lock_mode": "",
            "object_lock_retain_until_date": "",
            "override_provider": [],
            "server_side_encryption": "AES256",
            "source": "C:/Users/Usuario/Desktop/Varios/Estudios/Grado de informatica/2º Grado DAW/Proyecto Navidad/.git/objects/45/ae6884b36cea852bdc77702bdc0d8a0b7c9e77",
            "source_hash": null,
            "storage_class": "STANDARD",
            "tags": null,
            "tags_all": {},
            "version_id": "",
            "website_redirect": ""
          },
          "sensitive_attributes": [],
          "private": "bnVsbA==",
          "dependencies": [
            "aws_s3_bucket.mi_bucket"
          ]
        },
        {
          "index_key": ".git/objects/46/7271fa8768ae444a8b2935efca8c9f391f0410",
          "schema_version": 0,
          "attributes": {
            "acl": null,
            "arn": "arn:aws:s3:::mi-carpeta-terraform/.git/objects/46/7271fa8768ae444a8b2935efca8c9f391f0410",
            "bucket": "mi-carpeta-terraform",
            "bucket_key_enabled": false,
            "cache_control": "",
            "checksum_algorithm": null,
            "checksum_crc32": "",
            "checksum_crc32c": "",
            "checksum_sha1": "",
            "checksum_sha256": "",
            "content": null,
            "content_base64": null,
            "content_disposition": "",
            "content_encoding": "",
            "content_language": "",
            "content_type": "application/octet-stream",
            "etag": "dbb43c05aa935d6b65caca7c713388bb",
            "force_destroy": false,
            "id": ".git/objects/46/7271fa8768ae444a8b2935efca8c9f391f0410",
            "key": ".git/objects/46/7271fa8768ae444a8b2935efca8c9f391f0410",
            "kms_key_id": null,
            "metadata": null,
            "object_lock_legal_hold_status": "",
            "object_lock_mode": "",
            "object_lock_retain_until_date": "",
            "override_provider": [],
            "server_side_encryption": "AES256",
            "source": "C:/Users/Usuario/Desktop/Varios/Estudios/Grado de informatica/2º Grado DAW/Proyecto Navidad/.git/objects/46/7271fa8768ae444a8b2935efca8c9f391f0410",
            "source_hash": null,
            "storage_class": "STANDARD",
            "tags": null,
            "tags_all": {},
            "version_id": "",
            "website_redirect": ""
          },
          "sensitive_attributes": [],
          "private": "bnVsbA==",
          "dependencies": [
            "aws_s3_bucket.mi_bucket"
          ]
        },
        {
          "index_key": ".git/objects/47/5911eb9a0f452a97ca0db15791c447a2c82eba",
          "schema_version": 0,
          "attributes": {
            "acl": null,
            "arn": "arn:aws:s3:::mi-carpeta-terraform/.git/objects/47/5911eb9a0f452a97ca0db15791c447a2c82eba",
            "bucket": "mi-carpeta-terraform",
            "bucket_key_enabled": false,
            "cache_control": "",
            "checksum_algorithm": null,
            "checksum_crc32": "",
            "checksum_crc32c": "",
            "checksum_sha1": "",
            "checksum_sha256": "",
            "content": null,
            "content_base64": null,
            "content_disposition": "",
            "content_encoding": "",
            "content_language": "",
            "content_type": "application/octet-stream",
            "etag": "68522b02913f96081bca1c0d725dde69",
            "force_destroy": false,
            "id": ".git/objects/47/5911eb9a0f452a97ca0db15791c447a2c82eba",
            "key": ".git/objects/47/5911eb9a0f452a97ca0db15791c447a2c82eba",
            "kms_key_id": null,
            "metadata": null,
            "object_lock_legal_hold_status": "",
            "object_lock_mode": "",
            "object_lock_retain_until_date": "",
            "override_provider": [],
            "server_side_encryption": "AES256",
            "source": "C:/Users/Usuario/Desktop/Varios/Estudios/Grado de informatica/2º Grado DAW/Proyecto Navidad/.git/objects/47/5911eb9a0f452a97ca0db15791c447a2c82eba",
            "source_hash": null,
            "storage_class": "STANDARD",
            "tags": null,
            "tags_all": {},
            "version_id": "",
            "website_redirect": ""
          },
          "sensitive_attributes": [],
          "private": "bnVsbA==",
          "dependencies": [
            "aws_s3_bucket.mi_bucket"
          ]
        },
        {
          "index_key": ".git/objects/48/1d19eb2413d6e75cb6d1ca63b1ec0307aaa503",
          "schema_version": 0,
          "attributes": {
            "acl": null,
            "arn": "arn:aws:s3:::mi-carpeta-terraform/.git/objects/48/1d19eb2413d6e75cb6d1ca63b1ec0307aaa503",
            "bucket": "mi-carpeta-terraform",
            "bucket_key_enabled": false,
            "cache_control": "",
            "checksum_algorithm": null,
            "checksum_crc32": "",
            "checksum_crc32c": "",
            "checksum_sha1": "",
            "checksum_sha256": "",
            "content": null,
            "content_base64": null,
            "content_disposition": "",
            "content_encoding": "",
            "content_language": "",
            "content_type": "application/octet-stream",
            "etag": "2f75226572904e670c54227e86265e83",
            "force_destroy": false,
            "id": ".git/objects/48/1d19eb2413d6e75cb6d1ca63b1ec0307aaa503",
            "key": ".git/objects/48/1d19eb2413d6e75cb6d1ca63b1ec0307aaa503",
            "kms_key_id": null,
            "metadata": null,
            "object_lock_legal_hold_status": "",
            "object_lock_mode": "",
            "object_lock_retain_until_date": "",
            "override_provider": [],
            "server_side_encryption": "AES256",
            "source": "C:/Users/Usuario/Desktop/Varios/Estudios/Grado de informatica/2º Grado DAW/Proyecto Navidad/.git/objects/48/1d19eb2413d6e75cb6d1ca63b1ec0307aaa503",
            "source_hash": null,
            "storage_class": "STANDARD",
            "tags": null,
            "tags_all": {},
            "version_id": "",
            "website_redirect": ""
          },
          "sensitive_attributes": [],
          "private": "bnVsbA==",
          "dependencies": [
            "aws_s3_bucket.mi_bucket"
          ]
        },
        {
          "index_key": ".git/objects/49/a82e167e61e06f1079f770c7bf514eae65148f",
          "schema_version": 0,
          "attributes": {
            "acl": null,
            "arn": "arn:aws:s3:::mi-carpeta-terraform/.git/objects/49/a82e167e61e06f1079f770c7bf514eae65148f",
            "bucket": "mi-carpeta-terraform",
            "bucket_key_enabled": false,
            "cache_control": "",
            "checksum_algorithm": null,
            "checksum_crc32": "",
            "checksum_crc32c": "",
            "checksum_sha1": "",
            "checksum_sha256": "",
            "content": null,
            "content_base64": null,
            "content_disposition": "",
            "content_encoding": "",
            "content_language": "",
            "content_type": "application/octet-stream",
            "etag": "1fbf469d5218531e958c729ee097e4a6",
            "force_destroy": false,
            "id": ".git/objects/49/a82e167e61e06f1079f770c7bf514eae65148f",
            "key": ".git/objects/49/a82e167e61e06f1079f770c7bf514eae65148f",
            "kms_key_id": null,
            "metadata": null,
            "object_lock_legal_hold_status": "",
            "object_lock_mode": "",
            "object_lock_retain_until_date": "",
            "override_provider": [],
            "server_side_encryption": "AES256",
            "source": "C:/Users/Usuario/Desktop/Varios/Estudios/Grado de informatica/2º Grado DAW/Proyecto Navidad/.git/objects/49/a82e167e61e06f1079f770c7bf514eae65148f",
            "source_hash": null,
            "storage_class": "STANDARD",
            "tags": null,
            "tags_all": {},
            "version_id": "",
            "website_redirect": ""
          },
          "sensitive_attributes": [],
          "private": "bnVsbA==",
          "dependencies": [
            "aws_s3_bucket.mi_bucket"
          ]
        },
        {
          "index_key": ".git/objects/4a/182f2558921568aa183e0a6370540b47119851",
          "schema_version": 0,
          "attributes": {
            "acl": null,
            "arn": "arn:aws:s3:::mi-carpeta-terraform/.git/objects/4a/182f2558921568aa183e0a6370540b47119851",
            "bucket": "mi-carpeta-terraform",
            "bucket_key_enabled": false,
            "cache_control": "",
            "checksum_algorithm": null,
            "checksum_crc32": "",
            "checksum_crc32c": "",
            "checksum_sha1": "",
            "checksum_sha256": "",
            "content": null,
            "content_base64": null,
            "content_disposition": "",
            "content_encoding": "",
            "content_language": "",
            "content_type": "application/octet-stream",
            "etag": "5ff83d6f0ce443ccbf45fe957c709133",
            "force_destroy": false,
            "id": ".git/objects/4a/182f2558921568aa183e0a6370540b47119851",
            "key": ".git/objects/4a/182f2558921568aa183e0a6370540b47119851",
            "kms_key_id": null,
            "metadata": null,
            "object_lock_legal_hold_status": "",
            "object_lock_mode": "",
            "object_lock_retain_until_date": "",
            "override_provider": [],
            "server_side_encryption": "AES256",
            "source": "C:/Users/Usuario/Desktop/Varios/Estudios/Grado de informatica/2º Grado DAW/Proyecto Navidad/.git/objects/4a/182f2558921568aa183e0a6370540b47119851",
            "source_hash": null,
            "storage_class": "STANDARD",
            "tags": null,
            "tags_all": {},
            "version_id": "",
            "website_redirect": ""
          },
          "sensitive_attributes": [],
          "private": "bnVsbA==",
          "dependencies": [
            "aws_s3_bucket.mi_bucket"
          ]
        },
        {
          "index_key": ".git/objects/4a/a1c45b0e7d0500b2de69e09f78f81285732cd3",
          "schema_version": 0,
          "attributes": {
            "acl": null,
            "arn": "arn:aws:s3:::mi-carpeta-terraform/.git/objects/4a/a1c45b0e7d0500b2de69e09f78f81285732cd3",
            "bucket": "mi-carpeta-terraform",
            "bucket_key_enabled": false,
            "cache_control": "",
            "checksum_algorithm": null,
            "checksum_crc32": "",
            "checksum_crc32c": "",
            "checksum_sha1": "",
            "checksum_sha256": "",
            "content": null,
            "content_base64": null,
            "content_disposition": "",
            "content_encoding": "",
            "content_language": "",
            "content_type": "application/octet-stream",
            "etag": "60335665eef179907a21a0994d5ef383",
            "force_destroy": false,
            "id": ".git/objects/4a/a1c45b0e7d0500b2de69e09f78f81285732cd3",
            "key": ".git/objects/4a/a1c45b0e7d0500b2de69e09f78f81285732cd3",
            "kms_key_id": null,
            "metadata": null,
            "object_lock_legal_hold_status": "",
            "object_lock_mode": "",
            "object_lock_retain_until_date": "",
            "override_provider": [],
            "server_side_encryption": "AES256",
            "source": "C:/Users/Usuario/Desktop/Varios/Estudios/Grado de informatica/2º Grado DAW/Proyecto Navidad/.git/objects/4a/a1c45b0e7d0500b2de69e09f78f81285732cd3",
            "source_hash": null,
            "storage_class": "STANDARD",
            "tags": null,
            "tags_all": {},
            "version_id": "",
            "website_redirect": ""
          },
          "sensitive_attributes": [],
          "private": "bnVsbA==",
          "dependencies": [
            "aws_s3_bucket.mi_bucket"
          ]
        },
        {
          "index_key": ".git/objects/4b/825dc642cb6eb9a060e54bf8d69288fbee4904",
          "schema_version": 0,
          "attributes": {
            "acl": null,
            "arn": "arn:aws:s3:::mi-carpeta-terraform/.git/objects/4b/825dc642cb6eb9a060e54bf8d69288fbee4904",
            "bucket": "mi-carpeta-terraform",
            "bucket_key_enabled": false,
            "cache_control": "",
            "checksum_algorithm": null,
            "checksum_crc32": "",
            "checksum_crc32c": "",
            "checksum_sha1": "",
            "checksum_sha256": "",
            "content": null,
            "content_base64": null,
            "content_disposition": "",
            "content_encoding": "",
            "content_language": "",
            "content_type": "application/octet-stream",
            "etag": "75589287973d2772c2fc69d664e10822",
            "force_destroy": false,
            "id": ".git/objects/4b/825dc642cb6eb9a060e54bf8d69288fbee4904",
            "key": ".git/objects/4b/825dc642cb6eb9a060e54bf8d69288fbee4904",
            "kms_key_id": null,
            "metadata": null,
            "object_lock_legal_hold_status": "",
            "object_lock_mode": "",
            "object_lock_retain_until_date": "",
            "override_provider": [],
            "server_side_encryption": "AES256",
            "source": "C:/Users/Usuario/Desktop/Varios/Estudios/Grado de informatica/2º Grado DAW/Proyecto Navidad/.git/objects/4b/825dc642cb6eb9a060e54bf8d69288fbee4904",
            "source_hash": null,
            "storage_class": "STANDARD",
            "tags": null,
            "tags_all": {},
            "version_id": "",
            "website_redirect": ""
          },
          "sensitive_attributes": [],
          "private": "bnVsbA==",
          "dependencies": [
            "aws_s3_bucket.mi_bucket"
          ]
        },
        {
          "index_key": ".git/objects/4b/d33e5e44e0f503add9ef99d17813f70f696a0a",
          "schema_version": 0,
          "attributes": {
            "acl": null,
            "arn": "arn:aws:s3:::mi-carpeta-terraform/.git/objects/4b/d33e5e44e0f503add9ef99d17813f70f696a0a",
            "bucket": "mi-carpeta-terraform",
            "bucket_key_enabled": false,
            "cache_control": "",
            "checksum_algorithm": null,
            "checksum_crc32": "",
            "checksum_crc32c": "",
            "checksum_sha1": "",
            "checksum_sha256": "",
            "content": null,
            "content_base64": null,
            "content_disposition": "",
            "content_encoding": "",
            "content_language": "",
            "content_type": "application/octet-stream",
            "etag": "165dd5a86da4f21df873b80be6951e61",
            "force_destroy": false,
            "id": ".git/objects/4b/d33e5e44e0f503add9ef99d17813f70f696a0a",
            "key": ".git/objects/4b/d33e5e44e0f503add9ef99d17813f70f696a0a",
            "kms_key_id": null,
            "metadata": null,
            "object_lock_legal_hold_status": "",
            "object_lock_mode": "",
            "object_lock_retain_until_date": "",
            "override_provider": [],
            "server_side_encryption": "AES256",
            "source": "C:/Users/Usuario/Desktop/Varios/Estudios/Grado de informatica/2º Grado DAW/Proyecto Navidad/.git/objects/4b/d33e5e44e0f503add9ef99d17813f70f696a0a",
            "source_hash": null,
            "storage_class": "STANDARD",
            "tags": null,
            "tags_all": {},
            "version_id": "",
            "website_redirect": ""
          },
          "sensitive_attributes": [],
          "private": "bnVsbA==",
          "dependencies": [
            "aws_s3_bucket.mi_bucket"
          ]
        },
        {
          "index_key": ".git/objects/4c/bf1953c899fb2fbacad071c58b892a0352a15d",
          "schema_version": 0,
          "attributes": {
            "acl": null,
            "arn": "arn:aws:s3:::mi-carpeta-terraform/.git/objects/4c/bf1953c899fb2fbacad071c58b892a0352a15d",
            "bucket": "mi-carpeta-terraform",
            "bucket_key_enabled": false,
            "cache_control": "",
            "checksum_algorithm": null,
            "checksum_crc32": "",
            "checksum_crc32c": "",
            "checksum_sha1": "",
            "checksum_sha256": "",
            "content": null,
            "content_base64": null,
            "content_disposition": "",
            "content_encoding": "",
            "content_language": "",
            "content_type": "application/octet-stream",
            "etag": "b96987e56a5d9899926220664b7d0361",
            "force_destroy": false,
            "id": ".git/objects/4c/bf1953c899fb2fbacad071c58b892a0352a15d",
            "key": ".git/objects/4c/bf1953c899fb2fbacad071c58b892a0352a15d",
            "kms_key_id": null,
            "metadata": null,
            "object_lock_legal_hold_status": "",
            "object_lock_mode": "",
            "object_lock_retain_until_date": "",
            "override_provider": [],
            "server_side_encryption": "AES256",
            "source": "C:/Users/Usuario/Desktop/Varios/Estudios/Grado de informatica/2º Grado DAW/Proyecto Navidad/.git/objects/4c/bf1953c899fb2fbacad071c58b892a0352a15d",
            "source_hash": null,
            "storage_class": "STANDARD",
            "tags": null,
            "tags_all": {},
            "version_id": "",
            "website_redirect": ""
          },
          "sensitive_attributes": [],
          "private": "bnVsbA==",
          "dependencies": [
            "aws_s3_bucket.mi_bucket"
          ]
        },
        {
          "index_key": ".git/objects/4d/fa386e8a84fb9c11d384f9905c9a6e583e880f",
          "schema_version": 0,
          "attributes": {
            "acl": null,
            "arn": "arn:aws:s3:::mi-carpeta-terraform/.git/objects/4d/fa386e8a84fb9c11d384f9905c9a6e583e880f",
            "bucket": "mi-carpeta-terraform",
            "bucket_key_enabled": false,
            "cache_control": "",
            "checksum_algorithm": null,
            "checksum_crc32": "",
            "checksum_crc32c": "",
            "checksum_sha1": "",
            "checksum_sha256": "",
            "content": null,
            "content_base64": null,
            "content_disposition": "",
            "content_encoding": "",
            "content_language": "",
            "content_type": "application/octet-stream",
            "etag": "e8d0b92715a366755abdacfcaae724df",
            "force_destroy": false,
            "id": ".git/objects/4d/fa386e8a84fb9c11d384f9905c9a6e583e880f",
            "key": ".git/objects/4d/fa386e8a84fb9c11d384f9905c9a6e583e880f",
            "kms_key_id": null,
            "metadata": null,
            "object_lock_legal_hold_status": "",
            "object_lock_mode": "",
            "object_lock_retain_until_date": "",
            "override_provider": [],
            "server_side_encryption": "AES256",
            "source": "C:/Users/Usuario/Desktop/Varios/Estudios/Grado de informatica/2º Grado DAW/Proyecto Navidad/.git/objects/4d/fa386e8a84fb9c11d384f9905c9a6e583e880f",
            "source_hash": null,
            "storage_class": "STANDARD",
            "tags": null,
            "tags_all": {},
            "version_id": "",
            "website_redirect": ""
          },
          "sensitive_attributes": [],
          "private": "bnVsbA==",
          "dependencies": [
            "aws_s3_bucket.mi_bucket"
          ]
        },
        {
          "index_key": ".git/objects/4e/73c1741c045a474023b262fa410a4e00c67db3",
          "schema_version": 0,
          "attributes": {
            "acl": null,
            "arn": "arn:aws:s3:::mi-carpeta-terraform/.git/objects/4e/73c1741c045a474023b262fa410a4e00c67db3",
            "bucket": "mi-carpeta-terraform",
            "bucket_key_enabled": false,
            "cache_control": "",
            "checksum_algorithm": null,
            "checksum_crc32": "",
            "checksum_crc32c": "",
            "checksum_sha1": "",
            "checksum_sha256": "",
            "content": null,
            "content_base64": null,
            "content_disposition": "",
            "content_encoding": "",
            "content_language": "",
            "content_type": "application/octet-stream",
            "etag": "4ca7dcb6a0b6fa358cc88432b70ee343",
            "force_destroy": false,
            "id": ".git/objects/4e/73c1741c045a474023b262fa410a4e00c67db3",
            "key": ".git/objects/4e/73c1741c045a474023b262fa410a4e00c67db3",
            "kms_key_id": null,
            "metadata": null,
            "object_lock_legal_hold_status": "",
            "object_lock_mode": "",
            "object_lock_retain_until_date": "",
            "override_provider": [],
            "server_side_encryption": "AES256",
            "source": "C:/Users/Usuario/Desktop/Varios/Estudios/Grado de informatica/2º Grado DAW/Proyecto Navidad/.git/objects/4e/73c1741c045a474023b262fa410a4e00c67db3",
            "source_hash": null,
            "storage_class": "STANDARD",
            "tags": null,
            "tags_all": {},
            "version_id": "",
            "website_redirect": ""
          },
          "sensitive_attributes": [],
          "private": "bnVsbA==",
          "dependencies": [
            "aws_s3_bucket.mi_bucket"
          ]
        },
        {
          "index_key": ".git/objects/4f/566af0c802f44ad430b71eeb9df68858803185",
          "schema_version": 0,
          "attributes": {
            "acl": null,
            "arn": "arn:aws:s3:::mi-carpeta-terraform/.git/objects/4f/566af0c802f44ad430b71eeb9df68858803185",
            "bucket": "mi-carpeta-terraform",
            "bucket_key_enabled": false,
            "cache_control": "",
            "checksum_algorithm": null,
            "checksum_crc32": "",
            "checksum_crc32c": "",
            "checksum_sha1": "",
            "checksum_sha256": "",
            "content": null,
            "content_base64": null,
            "content_disposition": "",
            "content_encoding": "",
            "content_language": "",
            "content_type": "application/octet-stream",
            "etag": "1d26c1c385c01f610218369d42146d3d",
            "force_destroy": false,
            "id": ".git/objects/4f/566af0c802f44ad430b71eeb9df68858803185",
            "key": ".git/objects/4f/566af0c802f44ad430b71eeb9df68858803185",
            "kms_key_id": null,
            "metadata": null,
            "object_lock_legal_hold_status": "",
            "object_lock_mode": "",
            "object_lock_retain_until_date": "",
            "override_provider": [],
            "server_side_encryption": "AES256",
            "source": "C:/Users/Usuario/Desktop/Varios/Estudios/Grado de informatica/2º Grado DAW/Proyecto Navidad/.git/objects/4f/566af0c802f44ad430b71eeb9df68858803185",
            "source_hash": null,
            "storage_class": "STANDARD",
            "tags": null,
            "tags_all": {},
            "version_id": "",
            "website_redirect": ""
          },
          "sensitive_attributes": [],
          "private": "bnVsbA==",
          "dependencies": [
            "aws_s3_bucket.mi_bucket"
          ]
        },
        {
          "index_key": ".git/objects/4f/9d0a3c6bfdf4e5a32c70450825ba045a019a2f",
          "schema_version": 0,
          "attributes": {
            "acl": null,
            "arn": "arn:aws:s3:::mi-carpeta-terraform/.git/objects/4f/9d0a3c6bfdf4e5a32c70450825ba045a019a2f",
            "bucket": "mi-carpeta-terraform",
            "bucket_key_enabled": false,
            "cache_control": "",
            "checksum_algorithm": null,
            "checksum_crc32": "",
            "checksum_crc32c": "",
            "checksum_sha1": "",
            "checksum_sha256": "",
            "content": null,
            "content_base64": null,
            "content_disposition": "",
            "content_encoding": "",
            "content_language": "",
            "content_type": "application/octet-stream",
            "etag": "da6fc038939b7deaea95092d59799e0c",
            "force_destroy": false,
            "id": ".git/objects/4f/9d0a3c6bfdf4e5a32c70450825ba045a019a2f",
            "key": ".git/objects/4f/9d0a3c6bfdf4e5a32c70450825ba045a019a2f",
            "kms_key_id": null,
            "metadata": null,
            "object_lock_legal_hold_status": "",
            "object_lock_mode": "",
            "object_lock_retain_until_date": "",
            "override_provider": [],
            "server_side_encryption": "AES256",
            "source": "C:/Users/Usuario/Desktop/Varios/Estudios/Grado de informatica/2º Grado DAW/Proyecto Navidad/.git/objects/4f/9d0a3c6bfdf4e5a32c70450825ba045a019a2f",
            "source_hash": null,
            "storage_class": "STANDARD",
            "tags": null,
            "tags_all": {},
            "version_id": "",
            "website_redirect": ""
          },
          "sensitive_attributes": [],
          "private": "bnVsbA==",
          "dependencies": [
            "aws_s3_bucket.mi_bucket"
          ]
        },
        {
          "index_key": ".git/objects/50/a7ffe3ac566a3a3f83001a45e4c5b6c23ba9a6",
          "schema_version": 0,
          "attributes": {
            "acl": null,
            "arn": "arn:aws:s3:::mi-carpeta-terraform/.git/objects/50/a7ffe3ac566a3a3f83001a45e4c5b6c23ba9a6",
            "bucket": "mi-carpeta-terraform",
            "bucket_key_enabled": false,
            "cache_control": "",
            "checksum_algorithm": null,
            "checksum_crc32": "",
            "checksum_crc32c": "",
            "checksum_sha1": "",
            "checksum_sha256": "",
            "content": null,
            "content_base64": null,
            "content_disposition": "",
            "content_encoding": "",
            "content_language": "",
            "content_type": "application/octet-stream",
            "etag": "e9b3463852c598f618260c9efb1b117a",
            "force_destroy": false,
            "id": ".git/objects/50/a7ffe3ac566a3a3f83001a45e4c5b6c23ba9a6",
            "key": ".git/objects/50/a7ffe3ac566a3a3f83001a45e4c5b6c23ba9a6",
            "kms_key_id": null,
            "metadata": null,
            "object_lock_legal_hold_status": "",
            "object_lock_mode": "",
            "object_lock_retain_until_date": "",
            "override_provider": [],
            "server_side_encryption": "AES256",
            "source": "C:/Users/Usuario/Desktop/Varios/Estudios/Grado de informatica/2º Grado DAW/Proyecto Navidad/.git/objects/50/a7ffe3ac566a3a3f83001a45e4c5b6c23ba9a6",
            "source_hash": null,
            "storage_class": "STANDARD",
            "tags": null,
            "tags_all": {},
            "version_id": "",
            "website_redirect": ""
          },
          "sensitive_attributes": [],
          "private": "bnVsbA==",
          "dependencies": [
            "aws_s3_bucket.mi_bucket"
          ]
        },
        {
          "index_key": ".git/objects/51/15286cb4887e27b4c0d52955cf63b7cb948c53",
          "schema_version": 0,
          "attributes": {
            "acl": null,
            "arn": "arn:aws:s3:::mi-carpeta-terraform/.git/objects/51/15286cb4887e27b4c0d52955cf63b7cb948c53",
            "bucket": "mi-carpeta-terraform",
            "bucket_key_enabled": false,
            "cache_control": "",
            "checksum_algorithm": null,
            "checksum_crc32": "",
            "checksum_crc32c": "",
            "checksum_sha1": "",
            "checksum_sha256": "",
            "content": null,
            "content_base64": null,
            "content_disposition": "",
            "content_encoding": "",
            "content_language": "",
            "content_type": "application/octet-stream",
            "etag": "c9adeceb2b218fe7ce1ec30da8872ed5",
            "force_destroy": false,
            "id": ".git/objects/51/15286cb4887e27b4c0d52955cf63b7cb948c53",
            "key": ".git/objects/51/15286cb4887e27b4c0d52955cf63b7cb948c53",
            "kms_key_id": null,
            "metadata": null,
            "object_lock_legal_hold_status": "",
            "object_lock_mode": "",
            "object_lock_retain_until_date": "",
            "override_provider": [],
            "server_side_encryption": "AES256",
            "source": "C:/Users/Usuario/Desktop/Varios/Estudios/Grado de informatica/2º Grado DAW/Proyecto Navidad/.git/objects/51/15286cb4887e27b4c0d52955cf63b7cb948c53",
            "source_hash": null,
            "storage_class": "STANDARD",
            "tags": null,
            "tags_all": {},
            "version_id": "",
            "website_redirect": ""
          },
          "sensitive_attributes": [],
          "private": "bnVsbA==",
          "dependencies": [
            "aws_s3_bucket.mi_bucket"
          ]
        },
        {
          "index_key": ".git/objects/53/77d503151b94853ab47bb19b5c3b51379571c0",
          "schema_version": 0,
          "attributes": {
            "acl": null,
            "arn": "arn:aws:s3:::mi-carpeta-terraform/.git/objects/53/77d503151b94853ab47bb19b5c3b51379571c0",
            "bucket": "mi-carpeta-terraform",
            "bucket_key_enabled": false,
            "cache_control": "",
            "checksum_algorithm": null,
            "checksum_crc32": "",
            "checksum_crc32c": "",
            "checksum_sha1": "",
            "checksum_sha256": "",
            "content": null,
            "content_base64": null,
            "content_disposition": "",
            "content_encoding": "",
            "content_language": "",
            "content_type": "application/octet-stream",
            "etag": "4f6bb99bd1f76448876f840c42d21f96",
            "force_destroy": false,
            "id": ".git/objects/53/77d503151b94853ab47bb19b5c3b51379571c0",
            "key": ".git/objects/53/77d503151b94853ab47bb19b5c3b51379571c0",
            "kms_key_id": null,
            "metadata": null,
            "object_lock_legal_hold_status": "",
            "object_lock_mode": "",
            "object_lock_retain_until_date": "",
            "override_provider": [],
            "server_side_encryption": "AES256",
            "source": "C:/Users/Usuario/Desktop/Varios/Estudios/Grado de informatica/2º Grado DAW/Proyecto Navidad/.git/objects/53/77d503151b94853ab47bb19b5c3b51379571c0",
            "source_hash": null,
            "storage_class": "STANDARD",
            "tags": null,
            "tags_all": {},
            "version_id": "",
            "website_redirect": ""
          },
          "sensitive_attributes": [],
          "private": "bnVsbA==",
          "dependencies": [
            "aws_s3_bucket.mi_bucket"
          ]
        },
        {
          "index_key": ".git/objects/58/6e6d0b1c11ca40c008f42dbcd9dce172c7f27e",
          "schema_version": 0,
          "attributes": {
            "acl": null,
            "arn": "arn:aws:s3:::mi-carpeta-terraform/.git/objects/58/6e6d0b1c11ca40c008f42dbcd9dce172c7f27e",
            "bucket": "mi-carpeta-terraform",
            "bucket_key_enabled": false,
            "cache_control": "",
            "checksum_algorithm": null,
            "checksum_crc32": "",
            "checksum_crc32c": "",
            "checksum_sha1": "",
            "checksum_sha256": "",
            "content": null,
            "content_base64": null,
            "content_disposition": "",
            "content_encoding": "",
            "content_language": "",
            "content_type": "application/octet-stream",
            "etag": "0909ec96759ca27a92fc08f3c5993a32",
            "force_destroy": false,
            "id": ".git/objects/58/6e6d0b1c11ca40c008f42dbcd9dce172c7f27e",
            "key": ".git/objects/58/6e6d0b1c11ca40c008f42dbcd9dce172c7f27e",
            "kms_key_id": null,
            "metadata": null,
            "object_lock_legal_hold_status": "",
            "object_lock_mode": "",
            "object_lock_retain_until_date": "",
            "override_provider": [],
            "server_side_encryption": "AES256",
            "source": "C:/Users/Usuario/Desktop/Varios/Estudios/Grado de informatica/2º Grado DAW/Proyecto Navidad/.git/objects/58/6e6d0b1c11ca40c008f42dbcd9dce172c7f27e",
            "source_hash": null,
            "storage_class": "STANDARD",
            "tags": null,
            "tags_all": {},
            "version_id": "",
            "website_redirect": ""
          },
          "sensitive_attributes": [],
          "private": "bnVsbA==",
          "dependencies": [
            "aws_s3_bucket.mi_bucket"
          ]
        },
        {
          "index_key": ".git/objects/59/bfae7e9c2a9c1b58323e9e6c7093ed34b9ea0e",
          "schema_version": 0,
          "attributes": {
            "acl": null,
            "arn": "arn:aws:s3:::mi-carpeta-terraform/.git/objects/59/bfae7e9c2a9c1b58323e9e6c7093ed34b9ea0e",
            "bucket": "mi-carpeta-terraform",
            "bucket_key_enabled": false,
            "cache_control": "",
            "checksum_algorithm": null,
            "checksum_crc32": "",
            "checksum_crc32c": "",
            "checksum_sha1": "",
            "checksum_sha256": "",
            "content": null,
            "content_base64": null,
            "content_disposition": "",
            "content_encoding": "",
            "content_language": "",
            "content_type": "application/octet-stream",
            "etag": "229d8bffefe74b21699d844ca4172b6a",
            "force_destroy": false,
            "id": ".git/objects/59/bfae7e9c2a9c1b58323e9e6c7093ed34b9ea0e",
            "key": ".git/objects/59/bfae7e9c2a9c1b58323e9e6c7093ed34b9ea0e",
            "kms_key_id": null,
            "metadata": null,
            "object_lock_legal_hold_status": "",
            "object_lock_mode": "",
            "object_lock_retain_until_date": "",
            "override_provider": [],
            "server_side_encryption": "AES256",
            "source": "C:/Users/Usuario/Desktop/Varios/Estudios/Grado de informatica/2º Grado DAW/Proyecto Navidad/.git/objects/59/bfae7e9c2a9c1b58323e9e6c7093ed34b9ea0e",
            "source_hash": null,
            "storage_class": "STANDARD",
            "tags": null,
            "tags_all": {},
            "version_id": "",
            "website_redirect": ""
          },
          "sensitive_attributes": [],
          "private": "bnVsbA==",
          "dependencies": [
            "aws_s3_bucket.mi_bucket"
          ]
        },
        {
          "index_key": ".git/objects/5a/37a5aa69b2f4829d3ec7608e9ba63d4c6daa80",
          "schema_version": 0,
          "attributes": {
            "acl": null,
            "arn": "arn:aws:s3:::mi-carpeta-terraform/.git/objects/5a/37a5aa69b2f4829d3ec7608e9ba63d4c6daa80",
            "bucket": "mi-carpeta-terraform",
            "bucket_key_enabled": false,
            "cache_control": "",
            "checksum_algorithm": null,
            "checksum_crc32": "",
            "checksum_crc32c": "",
            "checksum_sha1": "",
            "checksum_sha256": "",
            "content": null,
            "content_base64": null,
            "content_disposition": "",
            "content_encoding": "",
            "content_language": "",
            "content_type": "application/octet-stream",
            "etag": "4f81cd288f2a909fe3ddff3b90e33a90",
            "force_destroy": false,
            "id": ".git/objects/5a/37a5aa69b2f4829d3ec7608e9ba63d4c6daa80",
            "key": ".git/objects/5a/37a5aa69b2f4829d3ec7608e9ba63d4c6daa80",
            "kms_key_id": null,
            "metadata": null,
            "object_lock_legal_hold_status": "",
            "object_lock_mode": "",
            "object_lock_retain_until_date": "",
            "override_provider": [],
            "server_side_encryption": "AES256",
            "source": "C:/Users/Usuario/Desktop/Varios/Estudios/Grado de informatica/2º Grado DAW/Proyecto Navidad/.git/objects/5a/37a5aa69b2f4829d3ec7608e9ba63d4c6daa80",
            "source_hash": null,
            "storage_class": "STANDARD",
            "tags": null,
            "tags_all": {},
            "version_id": "",
            "website_redirect": ""
          },
          "sensitive_attributes": [],
          "private": "bnVsbA==",
          "dependencies": [
            "aws_s3_bucket.mi_bucket"
          ]
        },
        {
          "index_key": ".git/objects/5d/7c9b45dd4a852cde51a5a8c4ef22048bf18d74",
          "schema_version": 0,
          "attributes": {
            "acl": null,
            "arn": "arn:aws:s3:::mi-carpeta-terraform/.git/objects/5d/7c9b45dd4a852cde51a5a8c4ef22048bf18d74",
            "bucket": "mi-carpeta-terraform",
            "bucket_key_enabled": false,
            "cache_control": "",
            "checksum_algorithm": null,
            "checksum_crc32": "",
            "checksum_crc32c": "",
            "checksum_sha1": "",
            "checksum_sha256": "",
            "content": null,
            "content_base64": null,
            "content_disposition": "",
            "content_encoding": "",
            "content_language": "",
            "content_type": "application/octet-stream",
            "etag": "77d1446699c250e896209fad735d0071",
            "force_destroy": false,
            "id": ".git/objects/5d/7c9b45dd4a852cde51a5a8c4ef22048bf18d74",
            "key": ".git/objects/5d/7c9b45dd4a852cde51a5a8c4ef22048bf18d74",
            "kms_key_id": null,
            "metadata": null,
            "object_lock_legal_hold_status": "",
            "object_lock_mode": "",
            "object_lock_retain_until_date": "",
            "override_provider": [],
            "server_side_encryption": "AES256",
            "source": "C:/Users/Usuario/Desktop/Varios/Estudios/Grado de informatica/2º Grado DAW/Proyecto Navidad/.git/objects/5d/7c9b45dd4a852cde51a5a8c4ef22048bf18d74",
            "source_hash": null,
            "storage_class": "STANDARD",
            "tags": null,
            "tags_all": {},
            "version_id": "",
            "website_redirect": ""
          },
          "sensitive_attributes": [],
          "private": "bnVsbA==",
          "dependencies": [
            "aws_s3_bucket.mi_bucket"
          ]
        },
        {
          "index_key": ".git/objects/5e/5346dad5287545d8914fedba9ca25387915a2a",
          "schema_version": 0,
          "attributes": {
            "acl": null,
            "arn": "arn:aws:s3:::mi-carpeta-terraform/.git/objects/5e/5346dad5287545d8914fedba9ca25387915a2a",
            "bucket": "mi-carpeta-terraform",
            "bucket_key_enabled": false,
            "cache_control": "",
            "checksum_algorithm": null,
            "checksum_crc32": "",
            "checksum_crc32c": "",
            "checksum_sha1": "",
            "checksum_sha256": "",
            "content": null,
            "content_base64": null,
            "content_disposition": "",
            "content_encoding": "",
            "content_language": "",
            "content_type": "application/octet-stream",
            "etag": "ca861c86830dbd76d60fe17673da6da4",
            "force_destroy": false,
            "id": ".git/objects/5e/5346dad5287545d8914fedba9ca25387915a2a",
            "key": ".git/objects/5e/5346dad5287545d8914fedba9ca25387915a2a",
            "kms_key_id": null,
            "metadata": null,
            "object_lock_legal_hold_status": "",
            "object_lock_mode": "",
            "object_lock_retain_until_date": "",
            "override_provider": [],
            "server_side_encryption": "AES256",
            "source": "C:/Users/Usuario/Desktop/Varios/Estudios/Grado de informatica/2º Grado DAW/Proyecto Navidad/.git/objects/5e/5346dad5287545d8914fedba9ca25387915a2a",
            "source_hash": null,
            "storage_class": "STANDARD",
            "tags": null,
            "tags_all": {},
            "version_id": "",
            "website_redirect": ""
          },
          "sensitive_attributes": [],
          "private": "bnVsbA==",
          "dependencies": [
            "aws_s3_bucket.mi_bucket"
          ]
        },
        {
          "index_key": ".git/objects/60/68bf8fcf996122ed1d750bc732d9c5924ccc8f",
          "schema_version": 0,
          "attributes": {
            "acl": null,
            "arn": "arn:aws:s3:::mi-carpeta-terraform/.git/objects/60/68bf8fcf996122ed1d750bc732d9c5924ccc8f",
            "bucket": "mi-carpeta-terraform",
            "bucket_key_enabled": false,
            "cache_control": "",
            "checksum_algorithm": null,
            "checksum_crc32": "",
            "checksum_crc32c": "",
            "checksum_sha1": "",
            "checksum_sha256": "",
            "content": null,
            "content_base64": null,
            "content_disposition": "",
            "content_encoding": "",
            "content_language": "",
            "content_type": "application/octet-stream",
            "etag": "16f67f5a1984b2db89a498511fa54b40",
            "force_destroy": false,
            "id": ".git/objects/60/68bf8fcf996122ed1d750bc732d9c5924ccc8f",
            "key": ".git/objects/60/68bf8fcf996122ed1d750bc732d9c5924ccc8f",
            "kms_key_id": null,
            "metadata": null,
            "object_lock_legal_hold_status": "",
            "object_lock_mode": "",
            "object_lock_retain_until_date": "",
            "override_provider": [],
            "server_side_encryption": "AES256",
            "source": "C:/Users/Usuario/Desktop/Varios/Estudios/Grado de informatica/2º Grado DAW/Proyecto Navidad/.git/objects/60/68bf8fcf996122ed1d750bc732d9c5924ccc8f",
            "source_hash": null,
            "storage_class": "STANDARD",
            "tags": null,
            "tags_all": {},
            "version_id": "",
            "website_redirect": ""
          },
          "sensitive_attributes": [],
          "private": "bnVsbA==",
          "dependencies": [
            "aws_s3_bucket.mi_bucket"
          ]
        },
        {
          "index_key": ".git/objects/60/fec0357e49e34b120a46e1daedc9e4ac5c82c0",
          "schema_version": 0,
          "attributes": {
            "acl": null,
            "arn": "arn:aws:s3:::mi-carpeta-terraform/.git/objects/60/fec0357e49e34b120a46e1daedc9e4ac5c82c0",
            "bucket": "mi-carpeta-terraform",
            "bucket_key_enabled": false,
            "cache_control": "",
            "checksum_algorithm": null,
            "checksum_crc32": "",
            "checksum_crc32c": "",
            "checksum_sha1": "",
            "checksum_sha256": "",
            "content": null,
            "content_base64": null,
            "content_disposition": "",
            "content_encoding": "",
            "content_language": "",
            "content_type": "application/octet-stream",
            "etag": "96ed36960d0e92704e4c5270bf8abee8",
            "force_destroy": false,
            "id": ".git/objects/60/fec0357e49e34b120a46e1daedc9e4ac5c82c0",
            "key": ".git/objects/60/fec0357e49e34b120a46e1daedc9e4ac5c82c0",
            "kms_key_id": null,
            "metadata": null,
            "object_lock_legal_hold_status": "",
            "object_lock_mode": "",
            "object_lock_retain_until_date": "",
            "override_provider": [],
            "server_side_encryption": "AES256",
            "source": "C:/Users/Usuario/Desktop/Varios/Estudios/Grado de informatica/2º Grado DAW/Proyecto Navidad/.git/objects/60/fec0357e49e34b120a46e1daedc9e4ac5c82c0",
            "source_hash": null,
            "storage_class": "STANDARD",
            "tags": null,
            "tags_all": {},
            "version_id": "",
            "website_redirect": ""
          },
          "sensitive_attributes": [],
          "private": "bnVsbA==",
          "dependencies": [
            "aws_s3_bucket.mi_bucket"
          ]
        },
        {
          "index_key": ".git/objects/61/b378aec5de4800ef78a8d403436c31bbd80216",
          "schema_version": 0,
          "attributes": {
            "acl": null,
            "arn": "arn:aws:s3:::mi-carpeta-terraform/.git/objects/61/b378aec5de4800ef78a8d403436c31bbd80216",
            "bucket": "mi-carpeta-terraform",
            "bucket_key_enabled": false,
            "cache_control": "",
            "checksum_algorithm": null,
            "checksum_crc32": "",
            "checksum_crc32c": "",
            "checksum_sha1": "",
            "checksum_sha256": "",
            "content": null,
            "content_base64": null,
            "content_disposition": "",
            "content_encoding": "",
            "content_language": "",
            "content_type": "application/octet-stream",
            "etag": "38b74332ce1462b9033b1781283608ed",
            "force_destroy": false,
            "id": ".git/objects/61/b378aec5de4800ef78a8d403436c31bbd80216",
            "key": ".git/objects/61/b378aec5de4800ef78a8d403436c31bbd80216",
            "kms_key_id": null,
            "metadata": null,
            "object_lock_legal_hold_status": "",
            "object_lock_mode": "",
            "object_lock_retain_until_date": "",
            "override_provider": [],
            "server_side_encryption": "AES256",
            "source": "C:/Users/Usuario/Desktop/Varios/Estudios/Grado de informatica/2º Grado DAW/Proyecto Navidad/.git/objects/61/b378aec5de4800ef78a8d403436c31bbd80216",
            "source_hash": null,
            "storage_class": "STANDARD",
            "tags": null,
            "tags_all": {},
            "version_id": "",
            "website_redirect": ""
          },
          "sensitive_attributes": [],
          "private": "bnVsbA==",
          "dependencies": [
            "aws_s3_bucket.mi_bucket"
          ]
        },
        {
          "index_key": ".git/objects/62/dabca5f6e18e81e3c7c4bea07f396ac23b21ff",
          "schema_version": 0,
          "attributes": {
            "acl": null,
            "arn": "arn:aws:s3:::mi-carpeta-terraform/.git/objects/62/dabca5f6e18e81e3c7c4bea07f396ac23b21ff",
            "bucket": "mi-carpeta-terraform",
            "bucket_key_enabled": false,
            "cache_control": "",
            "checksum_algorithm": null,
            "checksum_crc32": "",
            "checksum_crc32c": "",
            "checksum_sha1": "",
            "checksum_sha256": "",
            "content": null,
            "content_base64": null,
            "content_disposition": "",
            "content_encoding": "",
            "content_language": "",
            "content_type": "application/octet-stream",
            "etag": "cffe7bf85ab897cb95e1bce5b8044794",
            "force_destroy": false,
            "id": ".git/objects/62/dabca5f6e18e81e3c7c4bea07f396ac23b21ff",
            "key": ".git/objects/62/dabca5f6e18e81e3c7c4bea07f396ac23b21ff",
            "kms_key_id": null,
            "metadata": null,
            "object_lock_legal_hold_status": "",
            "object_lock_mode": "",
            "object_lock_retain_until_date": "",
            "override_provider": [],
            "server_side_encryption": "AES256",
            "source": "C:/Users/Usuario/Desktop/Varios/Estudios/Grado de informatica/2º Grado DAW/Proyecto Navidad/.git/objects/62/dabca5f6e18e81e3c7c4bea07f396ac23b21ff",
            "source_hash": null,
            "storage_class": "STANDARD",
            "tags": null,
            "tags_all": {},
            "version_id": "",
            "website_redirect": ""
          },
          "sensitive_attributes": [],
          "private": "bnVsbA==",
          "dependencies": [
            "aws_s3_bucket.mi_bucket"
          ]
        },
        {
          "index_key": ".git/objects/63/95210883636f99d0726eebc93d1411f2818773",
          "schema_version": 0,
          "attributes": {
            "acl": null,
            "arn": "arn:aws:s3:::mi-carpeta-terraform/.git/objects/63/95210883636f99d0726eebc93d1411f2818773",
            "bucket": "mi-carpeta-terraform",
            "bucket_key_enabled": false,
            "cache_control": "",
            "checksum_algorithm": null,
            "checksum_crc32": "",
            "checksum_crc32c": "",
            "checksum_sha1": "",
            "checksum_sha256": "",
            "content": null,
            "content_base64": null,
            "content_disposition": "",
            "content_encoding": "",
            "content_language": "",
            "content_type": "application/octet-stream",
            "etag": "d5cb0feae87d15971f534901bba81b97",
            "force_destroy": false,
            "id": ".git/objects/63/95210883636f99d0726eebc93d1411f2818773",
            "key": ".git/objects/63/95210883636f99d0726eebc93d1411f2818773",
            "kms_key_id": null,
            "metadata": null,
            "object_lock_legal_hold_status": "",
            "object_lock_mode": "",
            "object_lock_retain_until_date": "",
            "override_provider": [],
            "server_side_encryption": "AES256",
            "source": "C:/Users/Usuario/Desktop/Varios/Estudios/Grado de informatica/2º Grado DAW/Proyecto Navidad/.git/objects/63/95210883636f99d0726eebc93d1411f2818773",
            "source_hash": null,
            "storage_class": "STANDARD",
            "tags": null,
            "tags_all": {},
            "version_id": "",
            "website_redirect": ""
          },
          "sensitive_attributes": [],
          "private": "bnVsbA==",
          "dependencies": [
            "aws_s3_bucket.mi_bucket"
          ]
        },
        {
          "index_key": ".git/objects/65/3962cf3b52c1cf771bef708c3ac875680e4b98",
          "schema_version": 0,
          "attributes": {
            "acl": null,
            "arn": "arn:aws:s3:::mi-carpeta-terraform/.git/objects/65/3962cf3b52c1cf771bef708c3ac875680e4b98",
            "bucket": "mi-carpeta-terraform",
            "bucket_key_enabled": false,
            "cache_control": "",
            "checksum_algorithm": null,
            "checksum_crc32": "",
            "checksum_crc32c": "",
            "checksum_sha1": "",
            "checksum_sha256": "",
            "content": null,
            "content_base64": null,
            "content_disposition": "",
            "content_encoding": "",
            "content_language": "",
            "content_type": "application/octet-stream",
            "etag": "c053d46217ace36687f44d5102c3f85d",
            "force_destroy": false,
            "id": ".git/objects/65/3962cf3b52c1cf771bef708c3ac875680e4b98",
            "key": ".git/objects/65/3962cf3b52c1cf771bef708c3ac875680e4b98",
            "kms_key_id": null,
            "metadata": null,
            "object_lock_legal_hold_status": "",
            "object_lock_mode": "",
            "object_lock_retain_until_date": "",
            "override_provider": [],
            "server_side_encryption": "AES256",
            "source": "C:/Users/Usuario/Desktop/Varios/Estudios/Grado de informatica/2º Grado DAW/Proyecto Navidad/.git/objects/65/3962cf3b52c1cf771bef708c3ac875680e4b98",
            "source_hash": null,
            "storage_class": "STANDARD",
            "tags": null,
            "tags_all": {},
            "version_id": "",
            "website_redirect": ""
          },
          "sensitive_attributes": [],
          "private": "bnVsbA==",
          "dependencies": [
            "aws_s3_bucket.mi_bucket"
          ]
        },
        {
          "index_key": ".git/objects/65/5f93b4f9b70b4120f80d2221ab98e455de0ace",
          "schema_version": 0,
          "attributes": {
            "acl": null,
            "arn": "arn:aws:s3:::mi-carpeta-terraform/.git/objects/65/5f93b4f9b70b4120f80d2221ab98e455de0ace",
            "bucket": "mi-carpeta-terraform",
            "bucket_key_enabled": false,
            "cache_control": "",
            "checksum_algorithm": null,
            "checksum_crc32": "",
            "checksum_crc32c": "",
            "checksum_sha1": "",
            "checksum_sha256": "",
            "content": null,
            "content_base64": null,
            "content_disposition": "",
            "content_encoding": "",
            "content_language": "",
            "content_type": "application/octet-stream",
            "etag": "273b26857a9cdd44462e43c31989334e",
            "force_destroy": false,
            "id": ".git/objects/65/5f93b4f9b70b4120f80d2221ab98e455de0ace",
            "key": ".git/objects/65/5f93b4f9b70b4120f80d2221ab98e455de0ace",
            "kms_key_id": null,
            "metadata": null,
            "object_lock_legal_hold_status": "",
            "object_lock_mode": "",
            "object_lock_retain_until_date": "",
            "override_provider": [],
            "server_side_encryption": "AES256",
            "source": "C:/Users/Usuario/Desktop/Varios/Estudios/Grado de informatica/2º Grado DAW/Proyecto Navidad/.git/objects/65/5f93b4f9b70b4120f80d2221ab98e455de0ace",
            "source_hash": null,
            "storage_class": "STANDARD",
            "tags": null,
            "tags_all": {},
            "version_id": "",
            "website_redirect": ""
          },
          "sensitive_attributes": [],
          "private": "bnVsbA==",
          "dependencies": [
            "aws_s3_bucket.mi_bucket"
          ]
        },
        {
          "index_key": ".git/objects/65/96cf9e9e480fba749fdccc9d532ffe056d85b4",
          "schema_version": 0,
          "attributes": {
            "acl": null,
            "arn": "arn:aws:s3:::mi-carpeta-terraform/.git/objects/65/96cf9e9e480fba749fdccc9d532ffe056d85b4",
            "bucket": "mi-carpeta-terraform",
            "bucket_key_enabled": false,
            "cache_control": "",
            "checksum_algorithm": null,
            "checksum_crc32": "",
            "checksum_crc32c": "",
            "checksum_sha1": "",
            "checksum_sha256": "",
            "content": null,
            "content_base64": null,
            "content_disposition": "",
            "content_encoding": "",
            "content_language": "",
            "content_type": "application/octet-stream",
            "etag": "36f129e0bf08ef867e65eee745c36989",
            "force_destroy": false,
            "id": ".git/objects/65/96cf9e9e480fba749fdccc9d532ffe056d85b4",
            "key": ".git/objects/65/96cf9e9e480fba749fdccc9d532ffe056d85b4",
            "kms_key_id": null,
            "metadata": null,
            "object_lock_legal_hold_status": "",
            "object_lock_mode": "",
            "object_lock_retain_until_date": "",
            "override_provider": [],
            "server_side_encryption": "AES256",
            "source": "C:/Users/Usuario/Desktop/Varios/Estudios/Grado de informatica/2º Grado DAW/Proyecto Navidad/.git/objects/65/96cf9e9e480fba749fdccc9d532ffe056d85b4",
            "source_hash": null,
            "storage_class": "STANDARD",
            "tags": null,
            "tags_all": {},
            "version_id": "",
            "website_redirect": ""
          },
          "sensitive_attributes": [],
          "private": "bnVsbA==",
          "dependencies": [
            "aws_s3_bucket.mi_bucket"
          ]
        },
        {
          "index_key": ".git/objects/66/017224dab6cf5b69e6267913312007514981a5",
          "schema_version": 0,
          "attributes": {
            "acl": null,
            "arn": "arn:aws:s3:::mi-carpeta-terraform/.git/objects/66/017224dab6cf5b69e6267913312007514981a5",
            "bucket": "mi-carpeta-terraform",
            "bucket_key_enabled": false,
            "cache_control": "",
            "checksum_algorithm": null,
            "checksum_crc32": "",
            "checksum_crc32c": "",
            "checksum_sha1": "",
            "checksum_sha256": "",
            "content": null,
            "content_base64": null,
            "content_disposition": "",
            "content_encoding": "",
            "content_language": "",
            "content_type": "application/octet-stream",
            "etag": "23fb08e41c01b40f15129ce2bc09a80e",
            "force_destroy": false,
            "id": ".git/objects/66/017224dab6cf5b69e6267913312007514981a5",
            "key": ".git/objects/66/017224dab6cf5b69e6267913312007514981a5",
            "kms_key_id": null,
            "metadata": null,
            "object_lock_legal_hold_status": "",
            "object_lock_mode": "",
            "object_lock_retain_until_date": "",
            "override_provider": [],
            "server_side_encryption": "AES256",
            "source": "C:/Users/Usuario/Desktop/Varios/Estudios/Grado de informatica/2º Grado DAW/Proyecto Navidad/.git/objects/66/017224dab6cf5b69e6267913312007514981a5",
            "source_hash": null,
            "storage_class": "STANDARD",
            "tags": null,
            "tags_all": {},
            "version_id": "",
            "website_redirect": ""
          },
          "sensitive_attributes": [],
          "private": "bnVsbA==",
          "dependencies": [
            "aws_s3_bucket.mi_bucket"
          ]
        },
        {
          "index_key": ".git/objects/67/6bf21a34f36ce156b3810d0701100d6fb0e2cb",
          "schema_version": 0,
          "attributes": {
            "acl": null,
            "arn": "arn:aws:s3:::mi-carpeta-terraform/.git/objects/67/6bf21a34f36ce156b3810d0701100d6fb0e2cb",
            "bucket": "mi-carpeta-terraform",
            "bucket_key_enabled": false,
            "cache_control": "",
            "checksum_algorithm": null,
            "checksum_crc32": "",
            "checksum_crc32c": "",
            "checksum_sha1": "",
            "checksum_sha256": "",
            "content": null,
            "content_base64": null,
            "content_disposition": "",
            "content_encoding": "",
            "content_language": "",
            "content_type": "application/octet-stream",
            "etag": "21b73f57558d77e90496d8da34e77a74",
            "force_destroy": false,
            "id": ".git/objects/67/6bf21a34f36ce156b3810d0701100d6fb0e2cb",
            "key": ".git/objects/67/6bf21a34f36ce156b3810d0701100d6fb0e2cb",
            "kms_key_id": null,
            "metadata": null,
            "object_lock_legal_hold_status": "",
            "object_lock_mode": "",
            "object_lock_retain_until_date": "",
            "override_provider": [],
            "server_side_encryption": "AES256",
            "source": "C:/Users/Usuario/Desktop/Varios/Estudios/Grado de informatica/2º Grado DAW/Proyecto Navidad/.git/objects/67/6bf21a34f36ce156b3810d0701100d6fb0e2cb",
            "source_hash": null,
            "storage_class": "STANDARD",
            "tags": null,
            "tags_all": {},
            "version_id": "",
            "website_redirect": ""
          },
          "sensitive_attributes": [],
          "private": "bnVsbA==",
          "dependencies": [
            "aws_s3_bucket.mi_bucket"
          ]
        },
        {
          "index_key": ".git/objects/68/0652e32b95447cfdb87b0d64b821ae38ad4d3b",
          "schema_version": 0,
          "attributes": {
            "acl": null,
            "arn": "arn:aws:s3:::mi-carpeta-terraform/.git/objects/68/0652e32b95447cfdb87b0d64b821ae38ad4d3b",
            "bucket": "mi-carpeta-terraform",
            "bucket_key_enabled": false,
            "cache_control": "",
            "checksum_algorithm": null,
            "checksum_crc32": "",
            "checksum_crc32c": "",
            "checksum_sha1": "",
            "checksum_sha256": "",
            "content": null,
            "content_base64": null,
            "content_disposition": "",
            "content_encoding": "",
            "content_language": "",
            "content_type": "application/octet-stream",
            "etag": "35434ddccf96f630c05668239dfa99ab",
            "force_destroy": false,
            "id": ".git/objects/68/0652e32b95447cfdb87b0d64b821ae38ad4d3b",
            "key": ".git/objects/68/0652e32b95447cfdb87b0d64b821ae38ad4d3b",
            "kms_key_id": null,
            "metadata": null,
            "object_lock_legal_hold_status": "",
            "object_lock_mode": "",
            "object_lock_retain_until_date": "",
            "override_provider": [],
            "server_side_encryption": "AES256",
            "source": "C:/Users/Usuario/Desktop/Varios/Estudios/Grado de informatica/2º Grado DAW/Proyecto Navidad/.git/objects/68/0652e32b95447cfdb87b0d64b821ae38ad4d3b",
            "source_hash": null,
            "storage_class": "STANDARD",
            "tags": null,
            "tags_all": {},
            "version_id": "",
            "website_redirect": ""
          },
          "sensitive_attributes": [],
          "private": "bnVsbA==",
          "dependencies": [
            "aws_s3_bucket.mi_bucket"
          ]
        },
        {
          "index_key": ".git/objects/69/4fd4c680a93d6956f6301eb34ab28e6d05d93a",
          "schema_version": 0,
          "attributes": {
            "acl": null,
            "arn": "arn:aws:s3:::mi-carpeta-terraform/.git/objects/69/4fd4c680a93d6956f6301eb34ab28e6d05d93a",
            "bucket": "mi-carpeta-terraform",
            "bucket_key_enabled": false,
            "cache_control": "",
            "checksum_algorithm": null,
            "checksum_crc32": "",
            "checksum_crc32c": "",
            "checksum_sha1": "",
            "checksum_sha256": "",
            "content": null,
            "content_base64": null,
            "content_disposition": "",
            "content_encoding": "",
            "content_language": "",
            "content_type": "application/octet-stream",
            "etag": "670c1e50d93ee2cea9ba47094f5283b9",
            "force_destroy": false,
            "id": ".git/objects/69/4fd4c680a93d6956f6301eb34ab28e6d05d93a",
            "key": ".git/objects/69/4fd4c680a93d6956f6301eb34ab28e6d05d93a",
            "kms_key_id": null,
            "metadata": null,
            "object_lock_legal_hold_status": "",
            "object_lock_mode": "",
            "object_lock_retain_until_date": "",
            "override_provider": [],
            "server_side_encryption": "AES256",
            "source": "C:/Users/Usuario/Desktop/Varios/Estudios/Grado de informatica/2º Grado DAW/Proyecto Navidad/.git/objects/69/4fd4c680a93d6956f6301eb34ab28e6d05d93a",
            "source_hash": null,
            "storage_class": "STANDARD",
            "tags": null,
            "tags_all": {},
            "version_id": "",
            "website_redirect": ""
          },
          "sensitive_attributes": [],
          "private": "bnVsbA==",
          "dependencies": [
            "aws_s3_bucket.mi_bucket"
          ]
        },
        {
          "index_key": ".git/objects/6b/059cf1d96895de823dcaa07a2fec23c3c5c681",
          "schema_version": 0,
          "attributes": {
            "acl": null,
            "arn": "arn:aws:s3:::mi-carpeta-terraform/.git/objects/6b/059cf1d96895de823dcaa07a2fec23c3c5c681",
            "bucket": "mi-carpeta-terraform",
            "bucket_key_enabled": false,
            "cache_control": "",
            "checksum_algorithm": null,
            "checksum_crc32": "",
            "checksum_crc32c": "",
            "checksum_sha1": "",
            "checksum_sha256": "",
            "content": null,
            "content_base64": null,
            "content_disposition": "",
            "content_encoding": "",
            "content_language": "",
            "content_type": "application/octet-stream",
            "etag": "751fb10bae240307dab13cf007ce8428",
            "force_destroy": false,
            "id": ".git/objects/6b/059cf1d96895de823dcaa07a2fec23c3c5c681",
            "key": ".git/objects/6b/059cf1d96895de823dcaa07a2fec23c3c5c681",
            "kms_key_id": null,
            "metadata": null,
            "object_lock_legal_hold_status": "",
            "object_lock_mode": "",
            "object_lock_retain_until_date": "",
            "override_provider": [],
            "server_side_encryption": "AES256",
            "source": "C:/Users/Usuario/Desktop/Varios/Estudios/Grado de informatica/2º Grado DAW/Proyecto Navidad/.git/objects/6b/059cf1d96895de823dcaa07a2fec23c3c5c681",
            "source_hash": null,
            "storage_class": "STANDARD",
            "tags": null,
            "tags_all": {},
            "version_id": "",
            "website_redirect": ""
          },
          "sensitive_attributes": [],
          "private": "bnVsbA==",
          "dependencies": [
            "aws_s3_bucket.mi_bucket"
          ]
        },
        {
          "index_key": ".git/objects/6b/40c7bb246fdc5e525881091d5d7f230ed585e0",
          "schema_version": 0,
          "attributes": {
            "acl": null,
            "arn": "arn:aws:s3:::mi-carpeta-terraform/.git/objects/6b/40c7bb246fdc5e525881091d5d7f230ed585e0",
            "bucket": "mi-carpeta-terraform",
            "bucket_key_enabled": false,
            "cache_control": "",
            "checksum_algorithm": null,
            "checksum_crc32": "",
            "checksum_crc32c": "",
            "checksum_sha1": "",
            "checksum_sha256": "",
            "content": null,
            "content_base64": null,
            "content_disposition": "",
            "content_encoding": "",
            "content_language": "",
            "content_type": "application/octet-stream",
            "etag": "9648941394b5b9464d0db3e3b9857d5c",
            "force_destroy": false,
            "id": ".git/objects/6b/40c7bb246fdc5e525881091d5d7f230ed585e0",
            "key": ".git/objects/6b/40c7bb246fdc5e525881091d5d7f230ed585e0",
            "kms_key_id": null,
            "metadata": null,
            "object_lock_legal_hold_status": "",
            "object_lock_mode": "",
            "object_lock_retain_until_date": "",
            "override_provider": [],
            "server_side_encryption": "AES256",
            "source": "C:/Users/Usuario/Desktop/Varios/Estudios/Grado de informatica/2º Grado DAW/Proyecto Navidad/.git/objects/6b/40c7bb246fdc5e525881091d5d7f230ed585e0",
            "source_hash": null,
            "storage_class": "STANDARD",
            "tags": null,
            "tags_all": {},
            "version_id": "",
            "website_redirect": ""
          },
          "sensitive_attributes": [],
          "private": "bnVsbA==",
          "dependencies": [
            "aws_s3_bucket.mi_bucket"
          ]
        },
        {
          "index_key": ".git/objects/6b/74c3c071c23a2574d4d19d4e5d9b6a73a444e6",
          "schema_version": 0,
          "attributes": {
            "acl": null,
            "arn": "arn:aws:s3:::mi-carpeta-terraform/.git/objects/6b/74c3c071c23a2574d4d19d4e5d9b6a73a444e6",
            "bucket": "mi-carpeta-terraform",
            "bucket_key_enabled": false,
            "cache_control": "",
            "checksum_algorithm": null,
            "checksum_crc32": "",
            "checksum_crc32c": "",
            "checksum_sha1": "",
            "checksum_sha256": "",
            "content": null,
            "content_base64": null,
            "content_disposition": "",
            "content_encoding": "",
            "content_language": "",
            "content_type": "application/octet-stream",
            "etag": "5ea1c8f8e7207ffd1cc4b1bed8d842ca",
            "force_destroy": false,
            "id": ".git/objects/6b/74c3c071c23a2574d4d19d4e5d9b6a73a444e6",
            "key": ".git/objects/6b/74c3c071c23a2574d4d19d4e5d9b6a73a444e6",
            "kms_key_id": null,
            "metadata": null,
            "object_lock_legal_hold_status": "",
            "object_lock_mode": "",
            "object_lock_retain_until_date": "",
            "override_provider": [],
            "server_side_encryption": "AES256",
            "source": "C:/Users/Usuario/Desktop/Varios/Estudios/Grado de informatica/2º Grado DAW/Proyecto Navidad/.git/objects/6b/74c3c071c23a2574d4d19d4e5d9b6a73a444e6",
            "source_hash": null,
            "storage_class": "STANDARD",
            "tags": null,
            "tags_all": {},
            "version_id": "",
            "website_redirect": ""
          },
          "sensitive_attributes": [],
          "private": "bnVsbA==",
          "dependencies": [
            "aws_s3_bucket.mi_bucket"
          ]
        },
        {
          "index_key": ".git/objects/6b/9c989b1bbf78f2b065d90074285aea8c251d93",
          "schema_version": 0,
          "attributes": {
            "acl": null,
            "arn": "arn:aws:s3:::mi-carpeta-terraform/.git/objects/6b/9c989b1bbf78f2b065d90074285aea8c251d93",
            "bucket": "mi-carpeta-terraform",
            "bucket_key_enabled": false,
            "cache_control": "",
            "checksum_algorithm": null,
            "checksum_crc32": "",
            "checksum_crc32c": "",
            "checksum_sha1": "",
            "checksum_sha256": "",
            "content": null,
            "content_base64": null,
            "content_disposition": "",
            "content_encoding": "",
            "content_language": "",
            "content_type": "application/octet-stream",
            "etag": "e0f1e6bfeea5a56d3c849fad96d7f75c",
            "force_destroy": false,
            "id": ".git/objects/6b/9c989b1bbf78f2b065d90074285aea8c251d93",
            "key": ".git/objects/6b/9c989b1bbf78f2b065d90074285aea8c251d93",
            "kms_key_id": null,
            "metadata": null,
            "object_lock_legal_hold_status": "",
            "object_lock_mode": "",
            "object_lock_retain_until_date": "",
            "override_provider": [],
            "server_side_encryption": "AES256",
            "source": "C:/Users/Usuario/Desktop/Varios/Estudios/Grado de informatica/2º Grado DAW/Proyecto Navidad/.git/objects/6b/9c989b1bbf78f2b065d90074285aea8c251d93",
            "source_hash": null,
            "storage_class": "STANDARD",
            "tags": null,
            "tags_all": {},
            "version_id": "",
            "website_redirect": ""
          },
          "sensitive_attributes": [],
          "private": "bnVsbA==",
          "dependencies": [
            "aws_s3_bucket.mi_bucket"
          ]
        },
        {
          "index_key": ".git/objects/6c/944a4db189d0c3ffd08ce73fb846788b86bea9",
          "schema_version": 0,
          "attributes": {
            "acl": null,
            "arn": "arn:aws:s3:::mi-carpeta-terraform/.git/objects/6c/944a4db189d0c3ffd08ce73fb846788b86bea9",
            "bucket": "mi-carpeta-terraform",
            "bucket_key_enabled": false,
            "cache_control": "",
            "checksum_algorithm": null,
            "checksum_crc32": "",
            "checksum_crc32c": "",
            "checksum_sha1": "",
            "checksum_sha256": "",
            "content": null,
            "content_base64": null,
            "content_disposition": "",
            "content_encoding": "",
            "content_language": "",
            "content_type": "application/octet-stream",
            "etag": "4a8e3eb4595dcabebbc2f7db234a8d3d",
            "force_destroy": false,
            "id": ".git/objects/6c/944a4db189d0c3ffd08ce73fb846788b86bea9",
            "key": ".git/objects/6c/944a4db189d0c3ffd08ce73fb846788b86bea9",
            "kms_key_id": null,
            "metadata": null,
            "object_lock_legal_hold_status": "",
            "object_lock_mode": "",
            "object_lock_retain_until_date": "",
            "override_provider": [],
            "server_side_encryption": "AES256",
            "source": "C:/Users/Usuario/Desktop/Varios/Estudios/Grado de informatica/2º Grado DAW/Proyecto Navidad/.git/objects/6c/944a4db189d0c3ffd08ce73fb846788b86bea9",
            "source_hash": null,
            "storage_class": "STANDARD",
            "tags": null,
            "tags_all": {},
            "version_id": "",
            "website_redirect": ""
          },
          "sensitive_attributes": [],
          "private": "bnVsbA==",
          "dependencies": [
            "aws_s3_bucket.mi_bucket"
          ]
        },
        {
          "index_key": ".git/objects/6c/e350511bb5669ec2648688d51a8347fe1809b8",
          "schema_version": 0,
          "attributes": {
            "acl": null,
            "arn": "arn:aws:s3:::mi-carpeta-terraform/.git/objects/6c/e350511bb5669ec2648688d51a8347fe1809b8",
            "bucket": "mi-carpeta-terraform",
            "bucket_key_enabled": false,
            "cache_control": "",
            "checksum_algorithm": null,
            "checksum_crc32": "",
            "checksum_crc32c": "",
            "checksum_sha1": "",
            "checksum_sha256": "",
            "content": null,
            "content_base64": null,
            "content_disposition": "",
            "content_encoding": "",
            "content_language": "",
            "content_type": "application/octet-stream",
            "etag": "de733b4084665280ca23bed13b8ce117",
            "force_destroy": false,
            "id": ".git/objects/6c/e350511bb5669ec2648688d51a8347fe1809b8",
            "key": ".git/objects/6c/e350511bb5669ec2648688d51a8347fe1809b8",
            "kms_key_id": null,
            "metadata": null,
            "object_lock_legal_hold_status": "",
            "object_lock_mode": "",
            "object_lock_retain_until_date": "",
            "override_provider": [],
            "server_side_encryption": "AES256",
            "source": "C:/Users/Usuario/Desktop/Varios/Estudios/Grado de informatica/2º Grado DAW/Proyecto Navidad/.git/objects/6c/e350511bb5669ec2648688d51a8347fe1809b8",
            "source_hash": null,
            "storage_class": "STANDARD",
            "tags": null,
            "tags_all": {},
            "version_id": "",
            "website_redirect": ""
          },
          "sensitive_attributes": [],
          "private": "bnVsbA==",
          "dependencies": [
            "aws_s3_bucket.mi_bucket"
          ]
        },
        {
          "index_key": ".git/objects/6e/c0317b5a44ff7da2b64b07a479b0105a0fac13",
          "schema_version": 0,
          "attributes": {
            "acl": null,
            "arn": "arn:aws:s3:::mi-carpeta-terraform/.git/objects/6e/c0317b5a44ff7da2b64b07a479b0105a0fac13",
            "bucket": "mi-carpeta-terraform",
            "bucket_key_enabled": false,
            "cache_control": "",
            "checksum_algorithm": null,
            "checksum_crc32": "",
            "checksum_crc32c": "",
            "checksum_sha1": "",
            "checksum_sha256": "",
            "content": null,
            "content_base64": null,
            "content_disposition": "",
            "content_encoding": "",
            "content_language": "",
            "content_type": "application/octet-stream",
            "etag": "2ca0146e79840b2fe2b7899b8856fcdb",
            "force_destroy": false,
            "id": ".git/objects/6e/c0317b5a44ff7da2b64b07a479b0105a0fac13",
            "key": ".git/objects/6e/c0317b5a44ff7da2b64b07a479b0105a0fac13",
            "kms_key_id": null,
            "metadata": null,
            "object_lock_legal_hold_status": "",
            "object_lock_mode": "",
            "object_lock_retain_until_date": "",
            "override_provider": [],
            "server_side_encryption": "AES256",
            "source": "C:/Users/Usuario/Desktop/Varios/Estudios/Grado de informatica/2º Grado DAW/Proyecto Navidad/.git/objects/6e/c0317b5a44ff7da2b64b07a479b0105a0fac13",
            "source_hash": null,
            "storage_class": "STANDARD",
            "tags": null,
            "tags_all": {},
            "version_id": "",
            "website_redirect": ""
          },
          "sensitive_attributes": [],
          "private": "bnVsbA==",
          "dependencies": [
            "aws_s3_bucket.mi_bucket"
          ]
        },
        {
          "index_key": ".git/objects/70/86425b9283d7a47a3ea9b2e3b2b7e995ae2f01",
          "schema_version": 0,
          "attributes": {
            "acl": null,
            "arn": "arn:aws:s3:::mi-carpeta-terraform/.git/objects/70/86425b9283d7a47a3ea9b2e3b2b7e995ae2f01",
            "bucket": "mi-carpeta-terraform",
            "bucket_key_enabled": false,
            "cache_control": "",
            "checksum_algorithm": null,
            "checksum_crc32": "",
            "checksum_crc32c": "",
            "checksum_sha1": "",
            "checksum_sha256": "",
            "content": null,
            "content_base64": null,
            "content_disposition": "",
            "content_encoding": "",
            "content_language": "",
            "content_type": "application/octet-stream",
            "etag": "ca87e0abcf658bb822748e5a2c0b6de4",
            "force_destroy": false,
            "id": ".git/objects/70/86425b9283d7a47a3ea9b2e3b2b7e995ae2f01",
            "key": ".git/objects/70/86425b9283d7a47a3ea9b2e3b2b7e995ae2f01",
            "kms_key_id": null,
            "metadata": null,
            "object_lock_legal_hold_status": "",
            "object_lock_mode": "",
            "object_lock_retain_until_date": "",
            "override_provider": [],
            "server_side_encryption": "AES256",
            "source": "C:/Users/Usuario/Desktop/Varios/Estudios/Grado de informatica/2º Grado DAW/Proyecto Navidad/.git/objects/70/86425b9283d7a47a3ea9b2e3b2b7e995ae2f01",
            "source_hash": null,
            "storage_class": "STANDARD",
            "tags": null,
            "tags_all": {},
            "version_id": "",
            "website_redirect": ""
          },
          "sensitive_attributes": [],
          "private": "bnVsbA==",
          "dependencies": [
            "aws_s3_bucket.mi_bucket"
          ]
        },
        {
          "index_key": ".git/objects/72/16fe633ec4ed8117cc1b5118710c26d86277f0",
          "schema_version": 0,
          "attributes": {
            "acl": null,
            "arn": "arn:aws:s3:::mi-carpeta-terraform/.git/objects/72/16fe633ec4ed8117cc1b5118710c26d86277f0",
            "bucket": "mi-carpeta-terraform",
            "bucket_key_enabled": false,
            "cache_control": "",
            "checksum_algorithm": null,
            "checksum_crc32": "",
            "checksum_crc32c": "",
            "checksum_sha1": "",
            "checksum_sha256": "",
            "content": null,
            "content_base64": null,
            "content_disposition": "",
            "content_encoding": "",
            "content_language": "",
            "content_type": "application/octet-stream",
            "etag": "5a878e05ce556f5786938900a2d3ccc0",
            "force_destroy": false,
            "id": ".git/objects/72/16fe633ec4ed8117cc1b5118710c26d86277f0",
            "key": ".git/objects/72/16fe633ec4ed8117cc1b5118710c26d86277f0",
            "kms_key_id": null,
            "metadata": null,
            "object_lock_legal_hold_status": "",
            "object_lock_mode": "",
            "object_lock_retain_until_date": "",
            "override_provider": [],
            "server_side_encryption": "AES256",
            "source": "C:/Users/Usuario/Desktop/Varios/Estudios/Grado de informatica/2º Grado DAW/Proyecto Navidad/.git/objects/72/16fe633ec4ed8117cc1b5118710c26d86277f0",
            "source_hash": null,
            "storage_class": "STANDARD",
            "tags": null,
            "tags_all": {},
            "version_id": "",
            "website_redirect": ""
          },
          "sensitive_attributes": [],
          "private": "bnVsbA==",
          "dependencies": [
            "aws_s3_bucket.mi_bucket"
          ]
        },
        {
          "index_key": ".git/objects/74/1da5312af56148b5afca8c095263f23ce96d90",
          "schema_version": 0,
          "attributes": {
            "acl": null,
            "arn": "arn:aws:s3:::mi-carpeta-terraform/.git/objects/74/1da5312af56148b5afca8c095263f23ce96d90",
            "bucket": "mi-carpeta-terraform",
            "bucket_key_enabled": false,
            "cache_control": "",
            "checksum_algorithm": null,
            "checksum_crc32": "",
            "checksum_crc32c": "",
            "checksum_sha1": "",
            "checksum_sha256": "",
            "content": null,
            "content_base64": null,
            "content_disposition": "",
            "content_encoding": "",
            "content_language": "",
            "content_type": "application/octet-stream",
            "etag": "a6b5a9c658bf644829330cadce30b6b7",
            "force_destroy": false,
            "id": ".git/objects/74/1da5312af56148b5afca8c095263f23ce96d90",
            "key": ".git/objects/74/1da5312af56148b5afca8c095263f23ce96d90",
            "kms_key_id": null,
            "metadata": null,
            "object_lock_legal_hold_status": "",
            "object_lock_mode": "",
            "object_lock_retain_until_date": "",
            "override_provider": [],
            "server_side_encryption": "AES256",
            "source": "C:/Users/Usuario/Desktop/Varios/Estudios/Grado de informatica/2º Grado DAW/Proyecto Navidad/.git/objects/74/1da5312af56148b5afca8c095263f23ce96d90",
            "source_hash": null,
            "storage_class": "STANDARD",
            "tags": null,
            "tags_all": {},
            "version_id": "",
            "website_redirect": ""
          },
          "sensitive_attributes": [],
          "private": "bnVsbA==",
          "dependencies": [
            "aws_s3_bucket.mi_bucket"
          ]
        },
        {
          "index_key": ".git/objects/74/2ff1ff0abbe29796b529082bb63f92135c9706",
          "schema_version": 0,
          "attributes": {
            "acl": null,
            "arn": "arn:aws:s3:::mi-carpeta-terraform/.git/objects/74/2ff1ff0abbe29796b529082bb63f92135c9706",
            "bucket": "mi-carpeta-terraform",
            "bucket_key_enabled": false,
            "cache_control": "",
            "checksum_algorithm": null,
            "checksum_crc32": "",
            "checksum_crc32c": "",
            "checksum_sha1": "",
            "checksum_sha256": "",
            "content": null,
            "content_base64": null,
            "content_disposition": "",
            "content_encoding": "",
            "content_language": "",
            "content_type": "application/octet-stream",
            "etag": "1a0e4a2dd04ddd12c17b642baebe5299",
            "force_destroy": false,
            "id": ".git/objects/74/2ff1ff0abbe29796b529082bb63f92135c9706",
            "key": ".git/objects/74/2ff1ff0abbe29796b529082bb63f92135c9706",
            "kms_key_id": null,
            "metadata": null,
            "object_lock_legal_hold_status": "",
            "object_lock_mode": "",
            "object_lock_retain_until_date": "",
            "override_provider": [],
            "server_side_encryption": "AES256",
            "source": "C:/Users/Usuario/Desktop/Varios/Estudios/Grado de informatica/2º Grado DAW/Proyecto Navidad/.git/objects/74/2ff1ff0abbe29796b529082bb63f92135c9706",
            "source_hash": null,
            "storage_class": "STANDARD",
            "tags": null,
            "tags_all": {},
            "version_id": "",
            "website_redirect": ""
          },
          "sensitive_attributes": [],
          "private": "bnVsbA==",
          "dependencies": [
            "aws_s3_bucket.mi_bucket"
          ]
        },
        {
          "index_key": ".git/objects/75/0b090977d863904eb044fc76e26259cbe8bce4",
          "schema_version": 0,
          "attributes": {
            "acl": null,
            "arn": "arn:aws:s3:::mi-carpeta-terraform/.git/objects/75/0b090977d863904eb044fc76e26259cbe8bce4",
            "bucket": "mi-carpeta-terraform",
            "bucket_key_enabled": false,
            "cache_control": "",
            "checksum_algorithm": null,
            "checksum_crc32": "",
            "checksum_crc32c": "",
            "checksum_sha1": "",
            "checksum_sha256": "",
            "content": null,
            "content_base64": null,
            "content_disposition": "",
            "content_encoding": "",
            "content_language": "",
            "content_type": "application/octet-stream",
            "etag": "dd8553a6b06c4ae1febf3e7696b87a73",
            "force_destroy": false,
            "id": ".git/objects/75/0b090977d863904eb044fc76e26259cbe8bce4",
            "key": ".git/objects/75/0b090977d863904eb044fc76e26259cbe8bce4",
            "kms_key_id": null,
            "metadata": null,
            "object_lock_legal_hold_status": "",
            "object_lock_mode": "",
            "object_lock_retain_until_date": "",
            "override_provider": [],
            "server_side_encryption": "AES256",
            "source": "C:/Users/Usuario/Desktop/Varios/Estudios/Grado de informatica/2º Grado DAW/Proyecto Navidad/.git/objects/75/0b090977d863904eb044fc76e26259cbe8bce4",
            "source_hash": null,
            "storage_class": "STANDARD",
            "tags": null,
            "tags_all": {},
            "version_id": "",
            "website_redirect": ""
          },
          "sensitive_attributes": [],
          "private": "bnVsbA==",
          "dependencies": [
            "aws_s3_bucket.mi_bucket"
          ]
        },
        {
          "index_key": ".git/objects/75/31df3041846c5b5eb97303fba145a242d938d4",
          "schema_version": 0,
          "attributes": {
            "acl": null,
            "arn": "arn:aws:s3:::mi-carpeta-terraform/.git/objects/75/31df3041846c5b5eb97303fba145a242d938d4",
            "bucket": "mi-carpeta-terraform",
            "bucket_key_enabled": false,
            "cache_control": "",
            "checksum_algorithm": null,
            "checksum_crc32": "",
            "checksum_crc32c": "",
            "checksum_sha1": "",
            "checksum_sha256": "",
            "content": null,
            "content_base64": null,
            "content_disposition": "",
            "content_encoding": "",
            "content_language": "",
            "content_type": "application/octet-stream",
            "etag": "6bf9e0bcd3eb4722026ff1486583ca5e",
            "force_destroy": false,
            "id": ".git/objects/75/31df3041846c5b5eb97303fba145a242d938d4",
            "key": ".git/objects/75/31df3041846c5b5eb97303fba145a242d938d4",
            "kms_key_id": null,
            "metadata": null,
            "object_lock_legal_hold_status": "",
            "object_lock_mode": "",
            "object_lock_retain_until_date": "",
            "override_provider": [],
            "server_side_encryption": "AES256",
            "source": "C:/Users/Usuario/Desktop/Varios/Estudios/Grado de informatica/2º Grado DAW/Proyecto Navidad/.git/objects/75/31df3041846c5b5eb97303fba145a242d938d4",
            "source_hash": null,
            "storage_class": "STANDARD",
            "tags": null,
            "tags_all": {},
            "version_id": "",
            "website_redirect": ""
          },
          "sensitive_attributes": [],
          "private": "bnVsbA==",
          "dependencies": [
            "aws_s3_bucket.mi_bucket"
          ]
        },
        {
          "index_key": ".git/objects/76/949a3dd7131ce55f092e2d1a51420626492f08",
          "schema_version": 0,
          "attributes": {
            "acl": null,
            "arn": "arn:aws:s3:::mi-carpeta-terraform/.git/objects/76/949a3dd7131ce55f092e2d1a51420626492f08",
            "bucket": "mi-carpeta-terraform",
            "bucket_key_enabled": false,
            "cache_control": "",
            "checksum_algorithm": null,
            "checksum_crc32": "",
            "checksum_crc32c": "",
            "checksum_sha1": "",
            "checksum_sha256": "",
            "content": null,
            "content_base64": null,
            "content_disposition": "",
            "content_encoding": "",
            "content_language": "",
            "content_type": "application/octet-stream",
            "etag": "d5cf6da23252ccd228ed9f2d608b1b4d",
            "force_destroy": false,
            "id": ".git/objects/76/949a3dd7131ce55f092e2d1a51420626492f08",
            "key": ".git/objects/76/949a3dd7131ce55f092e2d1a51420626492f08",
            "kms_key_id": null,
            "metadata": null,
            "object_lock_legal_hold_status": "",
            "object_lock_mode": "",
            "object_lock_retain_until_date": "",
            "override_provider": [],
            "server_side_encryption": "AES256",
            "source": "C:/Users/Usuario/Desktop/Varios/Estudios/Grado de informatica/2º Grado DAW/Proyecto Navidad/.git/objects/76/949a3dd7131ce55f092e2d1a51420626492f08",
            "source_hash": null,
            "storage_class": "STANDARD",
            "tags": null,
            "tags_all": {},
            "version_id": "",
            "website_redirect": ""
          },
          "sensitive_attributes": [],
          "private": "bnVsbA==",
          "dependencies": [
            "aws_s3_bucket.mi_bucket"
          ]
        },
        {
          "index_key": ".git/objects/77/f58e3af46aac6a9941e3597a0cd89167e09b44",
          "schema_version": 0,
          "attributes": {
            "acl": null,
            "arn": "arn:aws:s3:::mi-carpeta-terraform/.git/objects/77/f58e3af46aac6a9941e3597a0cd89167e09b44",
            "bucket": "mi-carpeta-terraform",
            "bucket_key_enabled": false,
            "cache_control": "",
            "checksum_algorithm": null,
            "checksum_crc32": "",
            "checksum_crc32c": "",
            "checksum_sha1": "",
            "checksum_sha256": "",
            "content": null,
            "content_base64": null,
            "content_disposition": "",
            "content_encoding": "",
            "content_language": "",
            "content_type": "application/octet-stream",
            "etag": "6a872f897919c8e56dee3614831f9b79",
            "force_destroy": false,
            "id": ".git/objects/77/f58e3af46aac6a9941e3597a0cd89167e09b44",
            "key": ".git/objects/77/f58e3af46aac6a9941e3597a0cd89167e09b44",
            "kms_key_id": null,
            "metadata": null,
            "object_lock_legal_hold_status": "",
            "object_lock_mode": "",
            "object_lock_retain_until_date": "",
            "override_provider": [],
            "server_side_encryption": "AES256",
            "source": "C:/Users/Usuario/Desktop/Varios/Estudios/Grado de informatica/2º Grado DAW/Proyecto Navidad/.git/objects/77/f58e3af46aac6a9941e3597a0cd89167e09b44",
            "source_hash": null,
            "storage_class": "STANDARD",
            "tags": null,
            "tags_all": {},
            "version_id": "",
            "website_redirect": ""
          },
          "sensitive_attributes": [],
          "private": "bnVsbA==",
          "dependencies": [
            "aws_s3_bucket.mi_bucket"
          ]
        },
        {
          "index_key": ".git/objects/78/32cbbb414b035b813b691f671620c0a7c0aea1",
          "schema_version": 0,
          "attributes": {
            "acl": null,
            "arn": "arn:aws:s3:::mi-carpeta-terraform/.git/objects/78/32cbbb414b035b813b691f671620c0a7c0aea1",
            "bucket": "mi-carpeta-terraform",
            "bucket_key_enabled": false,
            "cache_control": "",
            "checksum_algorithm": null,
            "checksum_crc32": "",
            "checksum_crc32c": "",
            "checksum_sha1": "",
            "checksum_sha256": "",
            "content": null,
            "content_base64": null,
            "content_disposition": "",
            "content_encoding": "",
            "content_language": "",
            "content_type": "application/octet-stream",
            "etag": "5c793766b823f117581809c5ceb79f29",
            "force_destroy": false,
            "id": ".git/objects/78/32cbbb414b035b813b691f671620c0a7c0aea1",
            "key": ".git/objects/78/32cbbb414b035b813b691f671620c0a7c0aea1",
            "kms_key_id": null,
            "metadata": null,
            "object_lock_legal_hold_status": "",
            "object_lock_mode": "",
            "object_lock_retain_until_date": "",
            "override_provider": [],
            "server_side_encryption": "AES256",
            "source": "C:/Users/Usuario/Desktop/Varios/Estudios/Grado de informatica/2º Grado DAW/Proyecto Navidad/.git/objects/78/32cbbb414b035b813b691f671620c0a7c0aea1",
            "source_hash": null,
            "storage_class": "STANDARD",
            "tags": null,
            "tags_all": {},
            "version_id": "",
            "website_redirect": ""
          },
          "sensitive_attributes": [],
          "private": "bnVsbA==",
          "dependencies": [
            "aws_s3_bucket.mi_bucket"
          ]
        },
        {
          "index_key": ".git/objects/78/81648bb897e67a16f4d728ccfd8c5780f10dfc",
          "schema_version": 0,
          "attributes": {
            "acl": null,
            "arn": "arn:aws:s3:::mi-carpeta-terraform/.git/objects/78/81648bb897e67a16f4d728ccfd8c5780f10dfc",
            "bucket": "mi-carpeta-terraform",
            "bucket_key_enabled": false,
            "cache_control": "",
            "checksum_algorithm": null,
            "checksum_crc32": "",
            "checksum_crc32c": "",
            "checksum_sha1": "",
            "checksum_sha256": "",
            "content": null,
            "content_base64": null,
            "content_disposition": "",
            "content_encoding": "",
            "content_language": "",
            "content_type": "application/octet-stream",
            "etag": "da7e36a0c1f9aeaae2d27d23518b069a",
            "force_destroy": false,
            "id": ".git/objects/78/81648bb897e67a16f4d728ccfd8c5780f10dfc",
            "key": ".git/objects/78/81648bb897e67a16f4d728ccfd8c5780f10dfc",
            "kms_key_id": null,
            "metadata": null,
            "object_lock_legal_hold_status": "",
            "object_lock_mode": "",
            "object_lock_retain_until_date": "",
            "override_provider": [],
            "server_side_encryption": "AES256",
            "source": "C:/Users/Usuario/Desktop/Varios/Estudios/Grado de informatica/2º Grado DAW/Proyecto Navidad/.git/objects/78/81648bb897e67a16f4d728ccfd8c5780f10dfc",
            "source_hash": null,
            "storage_class": "STANDARD",
            "tags": null,
            "tags_all": {},
            "version_id": "",
            "website_redirect": ""
          },
          "sensitive_attributes": [],
          "private": "bnVsbA==",
          "dependencies": [
            "aws_s3_bucket.mi_bucket"
          ]
        },
        {
          "index_key": ".git/objects/79/14d177514d606c43fcfa579105e1142b45a5c7",
          "schema_version": 0,
          "attributes": {
            "acl": null,
            "arn": "arn:aws:s3:::mi-carpeta-terraform/.git/objects/79/14d177514d606c43fcfa579105e1142b45a5c7",
            "bucket": "mi-carpeta-terraform",
            "bucket_key_enabled": false,
            "cache_control": "",
            "checksum_algorithm": null,
            "checksum_crc32": "",
            "checksum_crc32c": "",
            "checksum_sha1": "",
            "checksum_sha256": "",
            "content": null,
            "content_base64": null,
            "content_disposition": "",
            "content_encoding": "",
            "content_language": "",
            "content_type": "application/octet-stream",
            "etag": "c0831b8db8f65b3937f9a3242e23fee1",
            "force_destroy": false,
            "id": ".git/objects/79/14d177514d606c43fcfa579105e1142b45a5c7",
            "key": ".git/objects/79/14d177514d606c43fcfa579105e1142b45a5c7",
            "kms_key_id": null,
            "metadata": null,
            "object_lock_legal_hold_status": "",
            "object_lock_mode": "",
            "object_lock_retain_until_date": "",
            "override_provider": [],
            "server_side_encryption": "AES256",
            "source": "C:/Users/Usuario/Desktop/Varios/Estudios/Grado de informatica/2º Grado DAW/Proyecto Navidad/.git/objects/79/14d177514d606c43fcfa579105e1142b45a5c7",
            "source_hash": null,
            "storage_class": "STANDARD",
            "tags": null,
            "tags_all": {},
            "version_id": "",
            "website_redirect": ""
          },
          "sensitive_attributes": [],
          "private": "bnVsbA==",
          "dependencies": [
            "aws_s3_bucket.mi_bucket"
          ]
        },
        {
          "index_key": ".git/objects/79/831eb0df2c72fd7d725757a84baef1be63d76e",
          "schema_version": 0,
          "attributes": {
            "acl": null,
            "arn": "arn:aws:s3:::mi-carpeta-terraform/.git/objects/79/831eb0df2c72fd7d725757a84baef1be63d76e",
            "bucket": "mi-carpeta-terraform",
            "bucket_key_enabled": false,
            "cache_control": "",
            "checksum_algorithm": null,
            "checksum_crc32": "",
            "checksum_crc32c": "",
            "checksum_sha1": "",
            "checksum_sha256": "",
            "content": null,
            "content_base64": null,
            "content_disposition": "",
            "content_encoding": "",
            "content_language": "",
            "content_type": "application/octet-stream",
            "etag": "842c26b2f9370f19072c7e2b7fb94e02",
            "force_destroy": false,
            "id": ".git/objects/79/831eb0df2c72fd7d725757a84baef1be63d76e",
            "key": ".git/objects/79/831eb0df2c72fd7d725757a84baef1be63d76e",
            "kms_key_id": null,
            "metadata": null,
            "object_lock_legal_hold_status": "",
            "object_lock_mode": "",
            "object_lock_retain_until_date": "",
            "override_provider": [],
            "server_side_encryption": "AES256",
            "source": "C:/Users/Usuario/Desktop/Varios/Estudios/Grado de informatica/2º Grado DAW/Proyecto Navidad/.git/objects/79/831eb0df2c72fd7d725757a84baef1be63d76e",
            "source_hash": null,
            "storage_class": "STANDARD",
            "tags": null,
            "tags_all": {},
            "version_id": "",
            "website_redirect": ""
          },
          "sensitive_attributes": [],
          "private": "bnVsbA==",
          "dependencies": [
            "aws_s3_bucket.mi_bucket"
          ]
        },
        {
          "index_key": ".git/objects/7a/babd4f282b5b07bea28861f528d360ab06eeed",
          "schema_version": 0,
          "attributes": {
            "acl": null,
            "arn": "arn:aws:s3:::mi-carpeta-terraform/.git/objects/7a/babd4f282b5b07bea28861f528d360ab06eeed",
            "bucket": "mi-carpeta-terraform",
            "bucket_key_enabled": false,
            "cache_control": "",
            "checksum_algorithm": null,
            "checksum_crc32": "",
            "checksum_crc32c": "",
            "checksum_sha1": "",
            "checksum_sha256": "",
            "content": null,
            "content_base64": null,
            "content_disposition": "",
            "content_encoding": "",
            "content_language": "",
            "content_type": "application/octet-stream",
            "etag": "01d23ab630d80518a1a669ab3bb2a53b",
            "force_destroy": false,
            "id": ".git/objects/7a/babd4f282b5b07bea28861f528d360ab06eeed",
            "key": ".git/objects/7a/babd4f282b5b07bea28861f528d360ab06eeed",
            "kms_key_id": null,
            "metadata": null,
            "object_lock_legal_hold_status": "",
            "object_lock_mode": "",
            "object_lock_retain_until_date": "",
            "override_provider": [],
            "server_side_encryption": "AES256",
            "source": "C:/Users/Usuario/Desktop/Varios/Estudios/Grado de informatica/2º Grado DAW/Proyecto Navidad/.git/objects/7a/babd4f282b5b07bea28861f528d360ab06eeed",
            "source_hash": null,
            "storage_class": "STANDARD",
            "tags": null,
            "tags_all": {},
            "version_id": "",
            "website_redirect": ""
          },
          "sensitive_attributes": [],
          "private": "bnVsbA==",
          "dependencies": [
            "aws_s3_bucket.mi_bucket"
          ]
        },
        {
          "index_key": ".git/objects/7b/46164c55748a3d08f9d13c2f81f17fdadceca2",
          "schema_version": 0,
          "attributes": {
            "acl": null,
            "arn": "arn:aws:s3:::mi-carpeta-terraform/.git/objects/7b/46164c55748a3d08f9d13c2f81f17fdadceca2",
            "bucket": "mi-carpeta-terraform",
            "bucket_key_enabled": false,
            "cache_control": "",
            "checksum_algorithm": null,
            "checksum_crc32": "",
            "checksum_crc32c": "",
            "checksum_sha1": "",
            "checksum_sha256": "",
            "content": null,
            "content_base64": null,
            "content_disposition": "",
            "content_encoding": "",
            "content_language": "",
            "content_type": "application/octet-stream",
            "etag": "d7b5a656704832a882fc7886c18d59e1",
            "force_destroy": false,
            "id": ".git/objects/7b/46164c55748a3d08f9d13c2f81f17fdadceca2",
            "key": ".git/objects/7b/46164c55748a3d08f9d13c2f81f17fdadceca2",
            "kms_key_id": null,
            "metadata": null,
            "object_lock_legal_hold_status": "",
            "object_lock_mode": "",
            "object_lock_retain_until_date": "",
            "override_provider": [],
            "server_side_encryption": "AES256",
            "source": "C:/Users/Usuario/Desktop/Varios/Estudios/Grado de informatica/2º Grado DAW/Proyecto Navidad/.git/objects/7b/46164c55748a3d08f9d13c2f81f17fdadceca2",
            "source_hash": null,
            "storage_class": "STANDARD",
            "tags": null,
            "tags_all": {},
            "version_id": "",
            "website_redirect": ""
          },
          "sensitive_attributes": [],
          "private": "bnVsbA==",
          "dependencies": [
            "aws_s3_bucket.mi_bucket"
          ]
        },
        {
          "index_key": ".git/objects/7b/f4d9458f77dd089c8e6d58a5c67c1a48aa5de6",
          "schema_version": 0,
          "attributes": {
            "acl": null,
            "arn": "arn:aws:s3:::mi-carpeta-terraform/.git/objects/7b/f4d9458f77dd089c8e6d58a5c67c1a48aa5de6",
            "bucket": "mi-carpeta-terraform",
            "bucket_key_enabled": false,
            "cache_control": "",
            "checksum_algorithm": null,
            "checksum_crc32": "",
            "checksum_crc32c": "",
            "checksum_sha1": "",
            "checksum_sha256": "",
            "content": null,
            "content_base64": null,
            "content_disposition": "",
            "content_encoding": "",
            "content_language": "",
            "content_type": "application/octet-stream",
            "etag": "3847dfa384560162284b30a4cad33826",
            "force_destroy": false,
            "id": ".git/objects/7b/f4d9458f77dd089c8e6d58a5c67c1a48aa5de6",
            "key": ".git/objects/7b/f4d9458f77dd089c8e6d58a5c67c1a48aa5de6",
            "kms_key_id": null,
            "metadata": null,
            "object_lock_legal_hold_status": "",
            "object_lock_mode": "",
            "object_lock_retain_until_date": "",
            "override_provider": [],
            "server_side_encryption": "AES256",
            "source": "C:/Users/Usuario/Desktop/Varios/Estudios/Grado de informatica/2º Grado DAW/Proyecto Navidad/.git/objects/7b/f4d9458f77dd089c8e6d58a5c67c1a48aa5de6",
            "source_hash": null,
            "storage_class": "STANDARD",
            "tags": null,
            "tags_all": {},
            "version_id": "",
            "website_redirect": ""
          },
          "sensitive_attributes": [],
          "private": "bnVsbA==",
          "dependencies": [
            "aws_s3_bucket.mi_bucket"
          ]
        },
        {
          "index_key": ".git/objects/7d/4f870d621d25d0687287e98a1d75b88b0223ed",
          "schema_version": 0,
          "attributes": {
            "acl": null,
            "arn": "arn:aws:s3:::mi-carpeta-terraform/.git/objects/7d/4f870d621d25d0687287e98a1d75b88b0223ed",
            "bucket": "mi-carpeta-terraform",
            "bucket_key_enabled": false,
            "cache_control": "",
            "checksum_algorithm": null,
            "checksum_crc32": "",
            "checksum_crc32c": "",
            "checksum_sha1": "",
            "checksum_sha256": "",
            "content": null,
            "content_base64": null,
            "content_disposition": "",
            "content_encoding": "",
            "content_language": "",
            "content_type": "application/octet-stream",
            "etag": "d040aaf9a8e882603974e3e7c1632d80",
            "force_destroy": false,
            "id": ".git/objects/7d/4f870d621d25d0687287e98a1d75b88b0223ed",
            "key": ".git/objects/7d/4f870d621d25d0687287e98a1d75b88b0223ed",
            "kms_key_id": null,
            "metadata": null,
            "object_lock_legal_hold_status": "",
            "object_lock_mode": "",
            "object_lock_retain_until_date": "",
            "override_provider": [],
            "server_side_encryption": "AES256",
            "source": "C:/Users/Usuario/Desktop/Varios/Estudios/Grado de informatica/2º Grado DAW/Proyecto Navidad/.git/objects/7d/4f870d621d25d0687287e98a1d75b88b0223ed",
            "source_hash": null,
            "storage_class": "STANDARD",
            "tags": null,
            "tags_all": {},
            "version_id": "",
            "website_redirect": ""
          },
          "sensitive_attributes": [],
          "private": "bnVsbA==",
          "dependencies": [
            "aws_s3_bucket.mi_bucket"
          ]
        },
        {
          "index_key": ".git/objects/7e/401ecf08b2f33865db5e60b3b93330a9ce3a2c",
          "schema_version": 0,
          "attributes": {
            "acl": null,
            "arn": "arn:aws:s3:::mi-carpeta-terraform/.git/objects/7e/401ecf08b2f33865db5e60b3b93330a9ce3a2c",
            "bucket": "mi-carpeta-terraform",
            "bucket_key_enabled": false,
            "cache_control": "",
            "checksum_algorithm": null,
            "checksum_crc32": "",
            "checksum_crc32c": "",
            "checksum_sha1": "",
            "checksum_sha256": "",
            "content": null,
            "content_base64": null,
            "content_disposition": "",
            "content_encoding": "",
            "content_language": "",
            "content_type": "application/octet-stream",
            "etag": "d8fc588993dc624a194652d14fcad4ff",
            "force_destroy": false,
            "id": ".git/objects/7e/401ecf08b2f33865db5e60b3b93330a9ce3a2c",
            "key": ".git/objects/7e/401ecf08b2f33865db5e60b3b93330a9ce3a2c",
            "kms_key_id": null,
            "metadata": null,
            "object_lock_legal_hold_status": "",
            "object_lock_mode": "",
            "object_lock_retain_until_date": "",
            "override_provider": [],
            "server_side_encryption": "AES256",
            "source": "C:/Users/Usuario/Desktop/Varios/Estudios/Grado de informatica/2º Grado DAW/Proyecto Navidad/.git/objects/7e/401ecf08b2f33865db5e60b3b93330a9ce3a2c",
            "source_hash": null,
            "storage_class": "STANDARD",
            "tags": null,
            "tags_all": {},
            "version_id": "",
            "website_redirect": ""
          },
          "sensitive_attributes": [],
          "private": "bnVsbA==",
          "dependencies": [
            "aws_s3_bucket.mi_bucket"
          ]
        },
        {
          "index_key": ".git/objects/80/68326c877a9b94ae8f0b12ddb4e5eb3f091530",
          "schema_version": 0,
          "attributes": {
            "acl": null,
            "arn": "arn:aws:s3:::mi-carpeta-terraform/.git/objects/80/68326c877a9b94ae8f0b12ddb4e5eb3f091530",
            "bucket": "mi-carpeta-terraform",
            "bucket_key_enabled": false,
            "cache_control": "",
            "checksum_algorithm": null,
            "checksum_crc32": "",
            "checksum_crc32c": "",
            "checksum_sha1": "",
            "checksum_sha256": "",
            "content": null,
            "content_base64": null,
            "content_disposition": "",
            "content_encoding": "",
            "content_language": "",
            "content_type": "application/octet-stream",
            "etag": "6d19317368bda33d6157a5331fb06733",
            "force_destroy": false,
            "id": ".git/objects/80/68326c877a9b94ae8f0b12ddb4e5eb3f091530",
            "key": ".git/objects/80/68326c877a9b94ae8f0b12ddb4e5eb3f091530",
            "kms_key_id": null,
            "metadata": null,
            "object_lock_legal_hold_status": "",
            "object_lock_mode": "",
            "object_lock_retain_until_date": "",
            "override_provider": [],
            "server_side_encryption": "AES256",
            "source": "C:/Users/Usuario/Desktop/Varios/Estudios/Grado de informatica/2º Grado DAW/Proyecto Navidad/.git/objects/80/68326c877a9b94ae8f0b12ddb4e5eb3f091530",
            "source_hash": null,
            "storage_class": "STANDARD",
            "tags": null,
            "tags_all": {},
            "version_id": "",
            "website_redirect": ""
          },
          "sensitive_attributes": [],
          "private": "bnVsbA==",
          "dependencies": [
            "aws_s3_bucket.mi_bucket"
          ]
        },
        {
          "index_key": ".git/objects/83/d42321d5891cb940c6060a41415954b864d595",
          "schema_version": 0,
          "attributes": {
            "acl": null,
            "arn": "arn:aws:s3:::mi-carpeta-terraform/.git/objects/83/d42321d5891cb940c6060a41415954b864d595",
            "bucket": "mi-carpeta-terraform",
            "bucket_key_enabled": false,
            "cache_control": "",
            "checksum_algorithm": null,
            "checksum_crc32": "",
            "checksum_crc32c": "",
            "checksum_sha1": "",
            "checksum_sha256": "",
            "content": null,
            "content_base64": null,
            "content_disposition": "",
            "content_encoding": "",
            "content_language": "",
            "content_type": "application/octet-stream",
            "etag": "4d0fb1f7748b865c44f9cfb8b8fd50c3",
            "force_destroy": false,
            "id": ".git/objects/83/d42321d5891cb940c6060a41415954b864d595",
            "key": ".git/objects/83/d42321d5891cb940c6060a41415954b864d595",
            "kms_key_id": null,
            "metadata": null,
            "object_lock_legal_hold_status": "",
            "object_lock_mode": "",
            "object_lock_retain_until_date": "",
            "override_provider": [],
            "server_side_encryption": "AES256",
            "source": "C:/Users/Usuario/Desktop/Varios/Estudios/Grado de informatica/2º Grado DAW/Proyecto Navidad/.git/objects/83/d42321d5891cb940c6060a41415954b864d595",
            "source_hash": null,
            "storage_class": "STANDARD",
            "tags": null,
            "tags_all": {},
            "version_id": "",
            "website_redirect": ""
          },
          "sensitive_attributes": [],
          "private": "bnVsbA==",
          "dependencies": [
            "aws_s3_bucket.mi_bucket"
          ]
        },
        {
          "index_key": ".git/objects/85/02eba83fbc62e934057e0bd36178a54a84001e",
          "schema_version": 0,
          "attributes": {
            "acl": null,
            "arn": "arn:aws:s3:::mi-carpeta-terraform/.git/objects/85/02eba83fbc62e934057e0bd36178a54a84001e",
            "bucket": "mi-carpeta-terraform",
            "bucket_key_enabled": false,
            "cache_control": "",
            "checksum_algorithm": null,
            "checksum_crc32": "",
            "checksum_crc32c": "",
            "checksum_sha1": "",
            "checksum_sha256": "",
            "content": null,
            "content_base64": null,
            "content_disposition": "",
            "content_encoding": "",
            "content_language": "",
            "content_type": "application/octet-stream",
            "etag": "2abe128baccd020c6e54f44a8f45c614",
            "force_destroy": false,
            "id": ".git/objects/85/02eba83fbc62e934057e0bd36178a54a84001e",
            "key": ".git/objects/85/02eba83fbc62e934057e0bd36178a54a84001e",
            "kms_key_id": null,
            "metadata": null,
            "object_lock_legal_hold_status": "",
            "object_lock_mode": "",
            "object_lock_retain_until_date": "",
            "override_provider": [],
            "server_side_encryption": "AES256",
            "source": "C:/Users/Usuario/Desktop/Varios/Estudios/Grado de informatica/2º Grado DAW/Proyecto Navidad/.git/objects/85/02eba83fbc62e934057e0bd36178a54a84001e",
            "source_hash": null,
            "storage_class": "STANDARD",
            "tags": null,
            "tags_all": {},
            "version_id": "",
            "website_redirect": ""
          },
          "sensitive_attributes": [],
          "private": "bnVsbA==",
          "dependencies": [
            "aws_s3_bucket.mi_bucket"
          ]
        },
        {
          "index_key": ".git/objects/85/7a2ba924845ba99e0b613615632296ae8aa32c",
          "schema_version": 0,
          "attributes": {
            "acl": null,
            "arn": "arn:aws:s3:::mi-carpeta-terraform/.git/objects/85/7a2ba924845ba99e0b613615632296ae8aa32c",
            "bucket": "mi-carpeta-terraform",
            "bucket_key_enabled": false,
            "cache_control": "",
            "checksum_algorithm": null,
            "checksum_crc32": "",
            "checksum_crc32c": "",
            "checksum_sha1": "",
            "checksum_sha256": "",
            "content": null,
            "content_base64": null,
            "content_disposition": "",
            "content_encoding": "",
            "content_language": "",
            "content_type": "application/octet-stream",
            "etag": "a16b77bae341562146684d4a39482fb6",
            "force_destroy": false,
            "id": ".git/objects/85/7a2ba924845ba99e0b613615632296ae8aa32c",
            "key": ".git/objects/85/7a2ba924845ba99e0b613615632296ae8aa32c",
            "kms_key_id": null,
            "metadata": null,
            "object_lock_legal_hold_status": "",
            "object_lock_mode": "",
            "object_lock_retain_until_date": "",
            "override_provider": [],
            "server_side_encryption": "AES256",
            "source": "C:/Users/Usuario/Desktop/Varios/Estudios/Grado de informatica/2º Grado DAW/Proyecto Navidad/.git/objects/85/7a2ba924845ba99e0b613615632296ae8aa32c",
            "source_hash": null,
            "storage_class": "STANDARD",
            "tags": null,
            "tags_all": {},
            "version_id": "",
            "website_redirect": ""
          },
          "sensitive_attributes": [],
          "private": "bnVsbA==",
          "dependencies": [
            "aws_s3_bucket.mi_bucket"
          ]
        },
        {
          "index_key": ".git/objects/86/d4d2627c65be832fcf9e3ef68c736af8c64e8a",
          "schema_version": 0,
          "attributes": {
            "acl": null,
            "arn": "arn:aws:s3:::mi-carpeta-terraform/.git/objects/86/d4d2627c65be832fcf9e3ef68c736af8c64e8a",
            "bucket": "mi-carpeta-terraform",
            "bucket_key_enabled": false,
            "cache_control": "",
            "checksum_algorithm": null,
            "checksum_crc32": "",
            "checksum_crc32c": "",
            "checksum_sha1": "",
            "checksum_sha256": "",
            "content": null,
            "content_base64": null,
            "content_disposition": "",
            "content_encoding": "",
            "content_language": "",
            "content_type": "application/octet-stream",
            "etag": "b5b69c150b9cbc64e392dc4c8b13129c",
            "force_destroy": false,
            "id": ".git/objects/86/d4d2627c65be832fcf9e3ef68c736af8c64e8a",
            "key": ".git/objects/86/d4d2627c65be832fcf9e3ef68c736af8c64e8a",
            "kms_key_id": null,
            "metadata": null,
            "object_lock_legal_hold_status": "",
            "object_lock_mode": "",
            "object_lock_retain_until_date": "",
            "override_provider": [],
            "server_side_encryption": "AES256",
            "source": "C:/Users/Usuario/Desktop/Varios/Estudios/Grado de informatica/2º Grado DAW/Proyecto Navidad/.git/objects/86/d4d2627c65be832fcf9e3ef68c736af8c64e8a",
            "source_hash": null,
            "storage_class": "STANDARD",
            "tags": null,
            "tags_all": {},
            "version_id": "",
            "website_redirect": ""
          },
          "sensitive_attributes": [],
          "private": "bnVsbA==",
          "dependencies": [
            "aws_s3_bucket.mi_bucket"
          ]
        },
        {
          "index_key": ".git/objects/87/3297ff49d27f60c2f224ca42da27a5f92269ad",
          "schema_version": 0,
          "attributes": {
            "acl": null,
            "arn": "arn:aws:s3:::mi-carpeta-terraform/.git/objects/87/3297ff49d27f60c2f224ca42da27a5f92269ad",
            "bucket": "mi-carpeta-terraform",
            "bucket_key_enabled": false,
            "cache_control": "",
            "checksum_algorithm": null,
            "checksum_crc32": "",
            "checksum_crc32c": "",
            "checksum_sha1": "",
            "checksum_sha256": "",
            "content": null,
            "content_base64": null,
            "content_disposition": "",
            "content_encoding": "",
            "content_language": "",
            "content_type": "application/octet-stream",
            "etag": "930cc3c30f822670732ac3f9a68fb8e2",
            "force_destroy": false,
            "id": ".git/objects/87/3297ff49d27f60c2f224ca42da27a5f92269ad",
            "key": ".git/objects/87/3297ff49d27f60c2f224ca42da27a5f92269ad",
            "kms_key_id": null,
            "metadata": null,
            "object_lock_legal_hold_status": "",
            "object_lock_mode": "",
            "object_lock_retain_until_date": "",
            "override_provider": [],
            "server_side_encryption": "AES256",
            "source": "C:/Users/Usuario/Desktop/Varios/Estudios/Grado de informatica/2º Grado DAW/Proyecto Navidad/.git/objects/87/3297ff49d27f60c2f224ca42da27a5f92269ad",
            "source_hash": null,
            "storage_class": "STANDARD",
            "tags": null,
            "tags_all": {},
            "version_id": "",
            "website_redirect": ""
          },
          "sensitive_attributes": [],
          "private": "bnVsbA==",
          "dependencies": [
            "aws_s3_bucket.mi_bucket"
          ]
        },
        {
          "index_key": ".git/objects/89/d9804cde262882bff11d0444a872f2e67cc0f5",
          "schema_version": 0,
          "attributes": {
            "acl": null,
            "arn": "arn:aws:s3:::mi-carpeta-terraform/.git/objects/89/d9804cde262882bff11d0444a872f2e67cc0f5",
            "bucket": "mi-carpeta-terraform",
            "bucket_key_enabled": false,
            "cache_control": "",
            "checksum_algorithm": null,
            "checksum_crc32": "",
            "checksum_crc32c": "",
            "checksum_sha1": "",
            "checksum_sha256": "",
            "content": null,
            "content_base64": null,
            "content_disposition": "",
            "content_encoding": "",
            "content_language": "",
            "content_type": "application/octet-stream",
            "etag": "6ae727fed27a06ada1d7246980a6a4a5",
            "force_destroy": false,
            "id": ".git/objects/89/d9804cde262882bff11d0444a872f2e67cc0f5",
            "key": ".git/objects/89/d9804cde262882bff11d0444a872f2e67cc0f5",
            "kms_key_id": null,
            "metadata": null,
            "object_lock_legal_hold_status": "",
            "object_lock_mode": "",
            "object_lock_retain_until_date": "",
            "override_provider": [],
            "server_side_encryption": "AES256",
            "source": "C:/Users/Usuario/Desktop/Varios/Estudios/Grado de informatica/2º Grado DAW/Proyecto Navidad/.git/objects/89/d9804cde262882bff11d0444a872f2e67cc0f5",
            "source_hash": null,
            "storage_class": "STANDARD",
            "tags": null,
            "tags_all": {},
            "version_id": "",
            "website_redirect": ""
          },
          "sensitive_attributes": [],
          "private": "bnVsbA==",
          "dependencies": [
            "aws_s3_bucket.mi_bucket"
          ]
        },
        {
          "index_key": ".git/objects/8a/764abb8ba0b8b7e329d3e7e891a873627cb474",
          "schema_version": 0,
          "attributes": {
            "acl": null,
            "arn": "arn:aws:s3:::mi-carpeta-terraform/.git/objects/8a/764abb8ba0b8b7e329d3e7e891a873627cb474",
            "bucket": "mi-carpeta-terraform",
            "bucket_key_enabled": false,
            "cache_control": "",
            "checksum_algorithm": null,
            "checksum_crc32": "",
            "checksum_crc32c": "",
            "checksum_sha1": "",
            "checksum_sha256": "",
            "content": null,
            "content_base64": null,
            "content_disposition": "",
            "content_encoding": "",
            "content_language": "",
            "content_type": "application/octet-stream",
            "etag": "5912fc481ed2ea96470800a06c7a45fe",
            "force_destroy": false,
            "id": ".git/objects/8a/764abb8ba0b8b7e329d3e7e891a873627cb474",
            "key": ".git/objects/8a/764abb8ba0b8b7e329d3e7e891a873627cb474",
            "kms_key_id": null,
            "metadata": null,
            "object_lock_legal_hold_status": "",
            "object_lock_mode": "",
            "object_lock_retain_until_date": "",
            "override_provider": [],
            "server_side_encryption": "AES256",
            "source": "C:/Users/Usuario/Desktop/Varios/Estudios/Grado de informatica/2º Grado DAW/Proyecto Navidad/.git/objects/8a/764abb8ba0b8b7e329d3e7e891a873627cb474",
            "source_hash": null,
            "storage_class": "STANDARD",
            "tags": null,
            "tags_all": {},
            "version_id": "",
            "website_redirect": ""
          },
          "sensitive_attributes": [],
          "private": "bnVsbA==",
          "dependencies": [
            "aws_s3_bucket.mi_bucket"
          ]
        },
        {
          "index_key": ".git/objects/8b/1a7baa3eb5f0d6f0724547644bfa8171665b0d",
          "schema_version": 0,
          "attributes": {
            "acl": null,
            "arn": "arn:aws:s3:::mi-carpeta-terraform/.git/objects/8b/1a7baa3eb5f0d6f0724547644bfa8171665b0d",
            "bucket": "mi-carpeta-terraform",
            "bucket_key_enabled": false,
            "cache_control": "",
            "checksum_algorithm": null,
            "checksum_crc32": "",
            "checksum_crc32c": "",
            "checksum_sha1": "",
            "checksum_sha256": "",
            "content": null,
            "content_base64": null,
            "content_disposition": "",
            "content_encoding": "",
            "content_language": "",
            "content_type": "application/octet-stream",
            "etag": "9fe0532b773160b179ff75e159f19fb7",
            "force_destroy": false,
            "id": ".git/objects/8b/1a7baa3eb5f0d6f0724547644bfa8171665b0d",
            "key": ".git/objects/8b/1a7baa3eb5f0d6f0724547644bfa8171665b0d",
            "kms_key_id": null,
            "metadata": null,
            "object_lock_legal_hold_status": "",
            "object_lock_mode": "",
            "object_lock_retain_until_date": "",
            "override_provider": [],
            "server_side_encryption": "AES256",
            "source": "C:/Users/Usuario/Desktop/Varios/Estudios/Grado de informatica/2º Grado DAW/Proyecto Navidad/.git/objects/8b/1a7baa3eb5f0d6f0724547644bfa8171665b0d",
            "source_hash": null,
            "storage_class": "STANDARD",
            "tags": null,
            "tags_all": {},
            "version_id": "",
            "website_redirect": ""
          },
          "sensitive_attributes": [],
          "private": "bnVsbA==",
          "dependencies": [
            "aws_s3_bucket.mi_bucket"
          ]
        },
        {
          "index_key": ".git/objects/8c/397a28c4dc8897d712b1896d81694c4b4303ac",
          "schema_version": 0,
          "attributes": {
            "acl": null,
            "arn": "arn:aws:s3:::mi-carpeta-terraform/.git/objects/8c/397a28c4dc8897d712b1896d81694c4b4303ac",
            "bucket": "mi-carpeta-terraform",
            "bucket_key_enabled": false,
            "cache_control": "",
            "checksum_algorithm": null,
            "checksum_crc32": "",
            "checksum_crc32c": "",
            "checksum_sha1": "",
            "checksum_sha256": "",
            "content": null,
            "content_base64": null,
            "content_disposition": "",
            "content_encoding": "",
            "content_language": "",
            "content_type": "application/octet-stream",
            "etag": "32757a1b91d9be5860f286711b134e36",
            "force_destroy": false,
            "id": ".git/objects/8c/397a28c4dc8897d712b1896d81694c4b4303ac",
            "key": ".git/objects/8c/397a28c4dc8897d712b1896d81694c4b4303ac",
            "kms_key_id": null,
            "metadata": null,
            "object_lock_legal_hold_status": "",
            "object_lock_mode": "",
            "object_lock_retain_until_date": "",
            "override_provider": [],
            "server_side_encryption": "AES256",
            "source": "C:/Users/Usuario/Desktop/Varios/Estudios/Grado de informatica/2º Grado DAW/Proyecto Navidad/.git/objects/8c/397a28c4dc8897d712b1896d81694c4b4303ac",
            "source_hash": null,
            "storage_class": "STANDARD",
            "tags": null,
            "tags_all": {},
            "version_id": "",
            "website_redirect": ""
          },
          "sensitive_attributes": [],
          "private": "bnVsbA==",
          "dependencies": [
            "aws_s3_bucket.mi_bucket"
          ]
        },
        {
          "index_key": ".git/objects/8c/f6a1b3b954822572b0e81ec9c83b46490b525c",
          "schema_version": 0,
          "attributes": {
            "acl": null,
            "arn": "arn:aws:s3:::mi-carpeta-terraform/.git/objects/8c/f6a1b3b954822572b0e81ec9c83b46490b525c",
            "bucket": "mi-carpeta-terraform",
            "bucket_key_enabled": false,
            "cache_control": "",
            "checksum_algorithm": null,
            "checksum_crc32": "",
            "checksum_crc32c": "",
            "checksum_sha1": "",
            "checksum_sha256": "",
            "content": null,
            "content_base64": null,
            "content_disposition": "",
            "content_encoding": "",
            "content_language": "",
            "content_type": "application/octet-stream",
            "etag": "e6f32664fe3362529a3ab7201bdc3c58",
            "force_destroy": false,
            "id": ".git/objects/8c/f6a1b3b954822572b0e81ec9c83b46490b525c",
            "key": ".git/objects/8c/f6a1b3b954822572b0e81ec9c83b46490b525c",
            "kms_key_id": null,
            "metadata": null,
            "object_lock_legal_hold_status": "",
            "object_lock_mode": "",
            "object_lock_retain_until_date": "",
            "override_provider": [],
            "server_side_encryption": "AES256",
            "source": "C:/Users/Usuario/Desktop/Varios/Estudios/Grado de informatica/2º Grado DAW/Proyecto Navidad/.git/objects/8c/f6a1b3b954822572b0e81ec9c83b46490b525c",
            "source_hash": null,
            "storage_class": "STANDARD",
            "tags": null,
            "tags_all": {},
            "version_id": "",
            "website_redirect": ""
          },
          "sensitive_attributes": [],
          "private": "bnVsbA==",
          "dependencies": [
            "aws_s3_bucket.mi_bucket"
          ]
        },
        {
          "index_key": ".git/objects/8c/fe243b285c27363cc9cc4ca2e0fdb7ad307403",
          "schema_version": 0,
          "attributes": {
            "acl": null,
            "arn": "arn:aws:s3:::mi-carpeta-terraform/.git/objects/8c/fe243b285c27363cc9cc4ca2e0fdb7ad307403",
            "bucket": "mi-carpeta-terraform",
            "bucket_key_enabled": false,
            "cache_control": "",
            "checksum_algorithm": null,
            "checksum_crc32": "",
            "checksum_crc32c": "",
            "checksum_sha1": "",
            "checksum_sha256": "",
            "content": null,
            "content_base64": null,
            "content_disposition": "",
            "content_encoding": "",
            "content_language": "",
            "content_type": "application/octet-stream",
            "etag": "4847c6ff3c846ca6e647c57b5f488491",
            "force_destroy": false,
            "id": ".git/objects/8c/fe243b285c27363cc9cc4ca2e0fdb7ad307403",
            "key": ".git/objects/8c/fe243b285c27363cc9cc4ca2e0fdb7ad307403",
            "kms_key_id": null,
            "metadata": null,
            "object_lock_legal_hold_status": "",
            "object_lock_mode": "",
            "object_lock_retain_until_date": "",
            "override_provider": [],
            "server_side_encryption": "AES256",
            "source": "C:/Users/Usuario/Desktop/Varios/Estudios/Grado de informatica/2º Grado DAW/Proyecto Navidad/.git/objects/8c/fe243b285c27363cc9cc4ca2e0fdb7ad307403",
            "source_hash": null,
            "storage_class": "STANDARD",
            "tags": null,
            "tags_all": {},
            "version_id": "",
            "website_redirect": ""
          },
          "sensitive_attributes": [],
          "private": "bnVsbA==",
          "dependencies": [
            "aws_s3_bucket.mi_bucket"
          ]
        },
        {
          "index_key": ".git/objects/8f/5f9f10523dc332ca87d17a27ede2cd49de214d",
          "schema_version": 0,
          "attributes": {
            "acl": null,
            "arn": "arn:aws:s3:::mi-carpeta-terraform/.git/objects/8f/5f9f10523dc332ca87d17a27ede2cd49de214d",
            "bucket": "mi-carpeta-terraform",
            "bucket_key_enabled": false,
            "cache_control": "",
            "checksum_algorithm": null,
            "checksum_crc32": "",
            "checksum_crc32c": "",
            "checksum_sha1": "",
            "checksum_sha256": "",
            "content": null,
            "content_base64": null,
            "content_disposition": "",
            "content_encoding": "",
            "content_language": "",
            "content_type": "application/octet-stream",
            "etag": "a66134fe31696493543b1a929e7109de",
            "force_destroy": false,
            "id": ".git/objects/8f/5f9f10523dc332ca87d17a27ede2cd49de214d",
            "key": ".git/objects/8f/5f9f10523dc332ca87d17a27ede2cd49de214d",
            "kms_key_id": null,
            "metadata": null,
            "object_lock_legal_hold_status": "",
            "object_lock_mode": "",
            "object_lock_retain_until_date": "",
            "override_provider": [],
            "server_side_encryption": "AES256",
            "source": "C:/Users/Usuario/Desktop/Varios/Estudios/Grado de informatica/2º Grado DAW/Proyecto Navidad/.git/objects/8f/5f9f10523dc332ca87d17a27ede2cd49de214d",
            "source_hash": null,
            "storage_class": "STANDARD",
            "tags": null,
            "tags_all": {},
            "version_id": "",
            "website_redirect": ""
          },
          "sensitive_attributes": [],
          "private": "bnVsbA==",
          "dependencies": [
            "aws_s3_bucket.mi_bucket"
          ]
        },
        {
          "index_key": ".git/objects/90/565e09a8a616cb26783a2cbf1ae96eeeb35c7d",
          "schema_version": 0,
          "attributes": {
            "acl": null,
            "arn": "arn:aws:s3:::mi-carpeta-terraform/.git/objects/90/565e09a8a616cb26783a2cbf1ae96eeeb35c7d",
            "bucket": "mi-carpeta-terraform",
            "bucket_key_enabled": false,
            "cache_control": "",
            "checksum_algorithm": null,
            "checksum_crc32": "",
            "checksum_crc32c": "",
            "checksum_sha1": "",
            "checksum_sha256": "",
            "content": null,
            "content_base64": null,
            "content_disposition": "",
            "content_encoding": "",
            "content_language": "",
            "content_type": "application/octet-stream",
            "etag": "fcf70c3c9fa724576fda6bbaa4f6b177",
            "force_destroy": false,
            "id": ".git/objects/90/565e09a8a616cb26783a2cbf1ae96eeeb35c7d",
            "key": ".git/objects/90/565e09a8a616cb26783a2cbf1ae96eeeb35c7d",
            "kms_key_id": null,
            "metadata": null,
            "object_lock_legal_hold_status": "",
            "object_lock_mode": "",
            "object_lock_retain_until_date": "",
            "override_provider": [],
            "server_side_encryption": "AES256",
            "source": "C:/Users/Usuario/Desktop/Varios/Estudios/Grado de informatica/2º Grado DAW/Proyecto Navidad/.git/objects/90/565e09a8a616cb26783a2cbf1ae96eeeb35c7d",
            "source_hash": null,
            "storage_class": "STANDARD",
            "tags": null,
            "tags_all": {},
            "version_id": "",
            "website_redirect": ""
          },
          "sensitive_attributes": [],
          "private": "bnVsbA==",
          "dependencies": [
            "aws_s3_bucket.mi_bucket"
          ]
        },
        {
          "index_key": ".git/objects/90/e0b502e6a7382c18ffea73ced0a679f6b7e60f",
          "schema_version": 0,
          "attributes": {
            "acl": null,
            "arn": "arn:aws:s3:::mi-carpeta-terraform/.git/objects/90/e0b502e6a7382c18ffea73ced0a679f6b7e60f",
            "bucket": "mi-carpeta-terraform",
            "bucket_key_enabled": false,
            "cache_control": "",
            "checksum_algorithm": null,
            "checksum_crc32": "",
            "checksum_crc32c": "",
            "checksum_sha1": "",
            "checksum_sha256": "",
            "content": null,
            "content_base64": null,
            "content_disposition": "",
            "content_encoding": "",
            "content_language": "",
            "content_type": "application/octet-stream",
            "etag": "edcfd58ee9e3721375429ab1c6c87e42",
            "force_destroy": false,
            "id": ".git/objects/90/e0b502e6a7382c18ffea73ced0a679f6b7e60f",
            "key": ".git/objects/90/e0b502e6a7382c18ffea73ced0a679f6b7e60f",
            "kms_key_id": null,
            "metadata": null,
            "object_lock_legal_hold_status": "",
            "object_lock_mode": "",
            "object_lock_retain_until_date": "",
            "override_provider": [],
            "server_side_encryption": "AES256",
            "source": "C:/Users/Usuario/Desktop/Varios/Estudios/Grado de informatica/2º Grado DAW/Proyecto Navidad/.git/objects/90/e0b502e6a7382c18ffea73ced0a679f6b7e60f",
            "source_hash": null,
            "storage_class": "STANDARD",
            "tags": null,
            "tags_all": {},
            "version_id": "",
            "website_redirect": ""
          },
          "sensitive_attributes": [],
          "private": "bnVsbA==",
          "dependencies": [
            "aws_s3_bucket.mi_bucket"
          ]
        },
        {
          "index_key": ".git/objects/91/813585acbc5d993f63897a523659085bd09208",
          "schema_version": 0,
          "attributes": {
            "acl": null,
            "arn": "arn:aws:s3:::mi-carpeta-terraform/.git/objects/91/813585acbc5d993f63897a523659085bd09208",
            "bucket": "mi-carpeta-terraform",
            "bucket_key_enabled": false,
            "cache_control": "",
            "checksum_algorithm": null,
            "checksum_crc32": "",
            "checksum_crc32c": "",
            "checksum_sha1": "",
            "checksum_sha256": "",
            "content": null,
            "content_base64": null,
            "content_disposition": "",
            "content_encoding": "",
            "content_language": "",
            "content_type": "application/octet-stream",
            "etag": "27df372f7b817cbb2695e55099c2915d",
            "force_destroy": false,
            "id": ".git/objects/91/813585acbc5d993f63897a523659085bd09208",
            "key": ".git/objects/91/813585acbc5d993f63897a523659085bd09208",
            "kms_key_id": null,
            "metadata": null,
            "object_lock_legal_hold_status": "",
            "object_lock_mode": "",
            "object_lock_retain_until_date": "",
            "override_provider": [],
            "server_side_encryption": "AES256",
            "source": "C:/Users/Usuario/Desktop/Varios/Estudios/Grado de informatica/2º Grado DAW/Proyecto Navidad/.git/objects/91/813585acbc5d993f63897a523659085bd09208",
            "source_hash": null,
            "storage_class": "STANDARD",
            "tags": null,
            "tags_all": {},
            "version_id": "",
            "website_redirect": ""
          },
          "sensitive_attributes": [],
          "private": "bnVsbA==",
          "dependencies": [
            "aws_s3_bucket.mi_bucket"
          ]
        },
        {
          "index_key": ".git/objects/92/b09d705598767aa4ec412a8780c1e7bcf4a960",
          "schema_version": 0,
          "attributes": {
            "acl": null,
            "arn": "arn:aws:s3:::mi-carpeta-terraform/.git/objects/92/b09d705598767aa4ec412a8780c1e7bcf4a960",
            "bucket": "mi-carpeta-terraform",
            "bucket_key_enabled": false,
            "cache_control": "",
            "checksum_algorithm": null,
            "checksum_crc32": "",
            "checksum_crc32c": "",
            "checksum_sha1": "",
            "checksum_sha256": "",
            "content": null,
            "content_base64": null,
            "content_disposition": "",
            "content_encoding": "",
            "content_language": "",
            "content_type": "application/octet-stream",
            "etag": "4d783e158f6c8e91666cb09fe9d5de3d",
            "force_destroy": false,
            "id": ".git/objects/92/b09d705598767aa4ec412a8780c1e7bcf4a960",
            "key": ".git/objects/92/b09d705598767aa4ec412a8780c1e7bcf4a960",
            "kms_key_id": null,
            "metadata": null,
            "object_lock_legal_hold_status": "",
            "object_lock_mode": "",
            "object_lock_retain_until_date": "",
            "override_provider": [],
            "server_side_encryption": "AES256",
            "source": "C:/Users/Usuario/Desktop/Varios/Estudios/Grado de informatica/2º Grado DAW/Proyecto Navidad/.git/objects/92/b09d705598767aa4ec412a8780c1e7bcf4a960",
            "source_hash": null,
            "storage_class": "STANDARD",
            "tags": null,
            "tags_all": {},
            "version_id": "",
            "website_redirect": ""
          },
          "sensitive_attributes": [],
          "private": "bnVsbA==",
          "dependencies": [
            "aws_s3_bucket.mi_bucket"
          ]
        },
        {
          "index_key": ".git/objects/93/7e7927974129be774f1bc6549e80171c5df13c",
          "schema_version": 0,
          "attributes": {
            "acl": null,
            "arn": "arn:aws:s3:::mi-carpeta-terraform/.git/objects/93/7e7927974129be774f1bc6549e80171c5df13c",
            "bucket": "mi-carpeta-terraform",
            "bucket_key_enabled": false,
            "cache_control": "",
            "checksum_algorithm": null,
            "checksum_crc32": "",
            "checksum_crc32c": "",
            "checksum_sha1": "",
            "checksum_sha256": "",
            "content": null,
            "content_base64": null,
            "content_disposition": "",
            "content_encoding": "",
            "content_language": "",
            "content_type": "application/octet-stream",
            "etag": "8884da2b9baaf8cc734c3ea49d8547cd",
            "force_destroy": false,
            "id": ".git/objects/93/7e7927974129be774f1bc6549e80171c5df13c",
            "key": ".git/objects/93/7e7927974129be774f1bc6549e80171c5df13c",
            "kms_key_id": null,
            "metadata": null,
            "object_lock_legal_hold_status": "",
            "object_lock_mode": "",
            "object_lock_retain_until_date": "",
            "override_provider": [],
            "server_side_encryption": "AES256",
            "source": "C:/Users/Usuario/Desktop/Varios/Estudios/Grado de informatica/2º Grado DAW/Proyecto Navidad/.git/objects/93/7e7927974129be774f1bc6549e80171c5df13c",
            "source_hash": null,
            "storage_class": "STANDARD",
            "tags": null,
            "tags_all": {},
            "version_id": "",
            "website_redirect": ""
          },
          "sensitive_attributes": [],
          "private": "bnVsbA==",
          "dependencies": [
            "aws_s3_bucket.mi_bucket"
          ]
        },
        {
          "index_key": ".git/objects/93/d1e76012d9418c22003fb59ba9a5d298a52b10",
          "schema_version": 0,
          "attributes": {
            "acl": null,
            "arn": "arn:aws:s3:::mi-carpeta-terraform/.git/objects/93/d1e76012d9418c22003fb59ba9a5d298a52b10",
            "bucket": "mi-carpeta-terraform",
            "bucket_key_enabled": false,
            "cache_control": "",
            "checksum_algorithm": null,
            "checksum_crc32": "",
            "checksum_crc32c": "",
            "checksum_sha1": "",
            "checksum_sha256": "",
            "content": null,
            "content_base64": null,
            "content_disposition": "",
            "content_encoding": "",
            "content_language": "",
            "content_type": "application/octet-stream",
            "etag": "fe74f6827152ce4690f0fe9d180a948b",
            "force_destroy": false,
            "id": ".git/objects/93/d1e76012d9418c22003fb59ba9a5d298a52b10",
            "key": ".git/objects/93/d1e76012d9418c22003fb59ba9a5d298a52b10",
            "kms_key_id": null,
            "metadata": null,
            "object_lock_legal_hold_status": "",
            "object_lock_mode": "",
            "object_lock_retain_until_date": "",
            "override_provider": [],
            "server_side_encryption": "AES256",
            "source": "C:/Users/Usuario/Desktop/Varios/Estudios/Grado de informatica/2º Grado DAW/Proyecto Navidad/.git/objects/93/d1e76012d9418c22003fb59ba9a5d298a52b10",
            "source_hash": null,
            "storage_class": "STANDARD",
            "tags": null,
            "tags_all": {},
            "version_id": "",
            "website_redirect": ""
          },
          "sensitive_attributes": [],
          "private": "bnVsbA==",
          "dependencies": [
            "aws_s3_bucket.mi_bucket"
          ]
        },
        {
          "index_key": ".git/objects/96/dfd95e4c7e6ac183317c7cf4a38d9c6a54f757",
          "schema_version": 0,
          "attributes": {
            "acl": null,
            "arn": "arn:aws:s3:::mi-carpeta-terraform/.git/objects/96/dfd95e4c7e6ac183317c7cf4a38d9c6a54f757",
            "bucket": "mi-carpeta-terraform",
            "bucket_key_enabled": false,
            "cache_control": "",
            "checksum_algorithm": null,
            "checksum_crc32": "",
            "checksum_crc32c": "",
            "checksum_sha1": "",
            "checksum_sha256": "",
            "content": null,
            "content_base64": null,
            "content_disposition": "",
            "content_encoding": "",
            "content_language": "",
            "content_type": "application/octet-stream",
            "etag": "f4ed3cf75e296dbe80037983e8294341",
            "force_destroy": false,
            "id": ".git/objects/96/dfd95e4c7e6ac183317c7cf4a38d9c6a54f757",
            "key": ".git/objects/96/dfd95e4c7e6ac183317c7cf4a38d9c6a54f757",
            "kms_key_id": null,
            "metadata": null,
            "object_lock_legal_hold_status": "",
            "object_lock_mode": "",
            "object_lock_retain_until_date": "",
            "override_provider": [],
            "server_side_encryption": "AES256",
            "source": "C:/Users/Usuario/Desktop/Varios/Estudios/Grado de informatica/2º Grado DAW/Proyecto Navidad/.git/objects/96/dfd95e4c7e6ac183317c7cf4a38d9c6a54f757",
            "source_hash": null,
            "storage_class": "STANDARD",
            "tags": null,
            "tags_all": {},
            "version_id": "",
            "website_redirect": ""
          },
          "sensitive_attributes": [],
          "private": "bnVsbA==",
          "dependencies": [
            "aws_s3_bucket.mi_bucket"
          ]
        },
        {
          "index_key": ".git/objects/98/d9698e60e192cfa5e01bbd83276704d3fb3d6c",
          "schema_version": 0,
          "attributes": {
            "acl": null,
            "arn": "arn:aws:s3:::mi-carpeta-terraform/.git/objects/98/d9698e60e192cfa5e01bbd83276704d3fb3d6c",
            "bucket": "mi-carpeta-terraform",
            "bucket_key_enabled": false,
            "cache_control": "",
            "checksum_algorithm": null,
            "checksum_crc32": "",
            "checksum_crc32c": "",
            "checksum_sha1": "",
            "checksum_sha256": "",
            "content": null,
            "content_base64": null,
            "content_disposition": "",
            "content_encoding": "",
            "content_language": "",
            "content_type": "application/octet-stream",
            "etag": "0059e49311d5e5c0bbb1b55594780d3f",
            "force_destroy": false,
            "id": ".git/objects/98/d9698e60e192cfa5e01bbd83276704d3fb3d6c",
            "key": ".git/objects/98/d9698e60e192cfa5e01bbd83276704d3fb3d6c",
            "kms_key_id": null,
            "metadata": null,
            "object_lock_legal_hold_status": "",
            "object_lock_mode": "",
            "object_lock_retain_until_date": "",
            "override_provider": [],
            "server_side_encryption": "AES256",
            "source": "C:/Users/Usuario/Desktop/Varios/Estudios/Grado de informatica/2º Grado DAW/Proyecto Navidad/.git/objects/98/d9698e60e192cfa5e01bbd83276704d3fb3d6c",
            "source_hash": null,
            "storage_class": "STANDARD",
            "tags": null,
            "tags_all": {},
            "version_id": "",
            "website_redirect": ""
          },
          "sensitive_attributes": [],
          "private": "bnVsbA==",
          "dependencies": [
            "aws_s3_bucket.mi_bucket"
          ]
        },
        {
          "index_key": ".git/objects/99/26232bcab6940783a710c035cf927159ae593c",
          "schema_version": 0,
          "attributes": {
            "acl": null,
            "arn": "arn:aws:s3:::mi-carpeta-terraform/.git/objects/99/26232bcab6940783a710c035cf927159ae593c",
            "bucket": "mi-carpeta-terraform",
            "bucket_key_enabled": false,
            "cache_control": "",
            "checksum_algorithm": null,
            "checksum_crc32": "",
            "checksum_crc32c": "",
            "checksum_sha1": "",
            "checksum_sha256": "",
            "content": null,
            "content_base64": null,
            "content_disposition": "",
            "content_encoding": "",
            "content_language": "",
            "content_type": "application/octet-stream",
            "etag": "3da58ca7214bb0f85fa578b20b6bc726",
            "force_destroy": false,
            "id": ".git/objects/99/26232bcab6940783a710c035cf927159ae593c",
            "key": ".git/objects/99/26232bcab6940783a710c035cf927159ae593c",
            "kms_key_id": null,
            "metadata": null,
            "object_lock_legal_hold_status": "",
            "object_lock_mode": "",
            "object_lock_retain_until_date": "",
            "override_provider": [],
            "server_side_encryption": "AES256",
            "source": "C:/Users/Usuario/Desktop/Varios/Estudios/Grado de informatica/2º Grado DAW/Proyecto Navidad/.git/objects/99/26232bcab6940783a710c035cf927159ae593c",
            "source_hash": null,
            "storage_class": "STANDARD",
            "tags": null,
            "tags_all": {},
            "version_id": "",
            "website_redirect": ""
          },
          "sensitive_attributes": [],
          "private": "bnVsbA==",
          "dependencies": [
            "aws_s3_bucket.mi_bucket"
          ]
        },
        {
          "index_key": ".git/objects/9a/7ce6e0700798a3539032a7943cf77fc3c6f956",
          "schema_version": 0,
          "attributes": {
            "acl": null,
            "arn": "arn:aws:s3:::mi-carpeta-terraform/.git/objects/9a/7ce6e0700798a3539032a7943cf77fc3c6f956",
            "bucket": "mi-carpeta-terraform",
            "bucket_key_enabled": false,
            "cache_control": "",
            "checksum_algorithm": null,
            "checksum_crc32": "",
            "checksum_crc32c": "",
            "checksum_sha1": "",
            "checksum_sha256": "",
            "content": null,
            "content_base64": null,
            "content_disposition": "",
            "content_encoding": "",
            "content_language": "",
            "content_type": "application/octet-stream",
            "etag": "7e056f00c3befc055cc24cf3843a9f3f",
            "force_destroy": false,
            "id": ".git/objects/9a/7ce6e0700798a3539032a7943cf77fc3c6f956",
            "key": ".git/objects/9a/7ce6e0700798a3539032a7943cf77fc3c6f956",
            "kms_key_id": null,
            "metadata": null,
            "object_lock_legal_hold_status": "",
            "object_lock_mode": "",
            "object_lock_retain_until_date": "",
            "override_provider": [],
            "server_side_encryption": "AES256",
            "source": "C:/Users/Usuario/Desktop/Varios/Estudios/Grado de informatica/2º Grado DAW/Proyecto Navidad/.git/objects/9a/7ce6e0700798a3539032a7943cf77fc3c6f956",
            "source_hash": null,
            "storage_class": "STANDARD",
            "tags": null,
            "tags_all": {},
            "version_id": "",
            "website_redirect": ""
          },
          "sensitive_attributes": [],
          "private": "bnVsbA==",
          "dependencies": [
            "aws_s3_bucket.mi_bucket"
          ]
        },
        {
          "index_key": ".git/objects/9b/bfafdcd2d1b7526c7f0f0323054c99d6ba4881",
          "schema_version": 0,
          "attributes": {
            "acl": null,
            "arn": "arn:aws:s3:::mi-carpeta-terraform/.git/objects/9b/bfafdcd2d1b7526c7f0f0323054c99d6ba4881",
            "bucket": "mi-carpeta-terraform",
            "bucket_key_enabled": false,
            "cache_control": "",
            "checksum_algorithm": null,
            "checksum_crc32": "",
            "checksum_crc32c": "",
            "checksum_sha1": "",
            "checksum_sha256": "",
            "content": null,
            "content_base64": null,
            "content_disposition": "",
            "content_encoding": "",
            "content_language": "",
            "content_type": "application/octet-stream",
            "etag": "da60be211272a7e31f3abb45fdd415b7",
            "force_destroy": false,
            "id": ".git/objects/9b/bfafdcd2d1b7526c7f0f0323054c99d6ba4881",
            "key": ".git/objects/9b/bfafdcd2d1b7526c7f0f0323054c99d6ba4881",
            "kms_key_id": null,
            "metadata": null,
            "object_lock_legal_hold_status": "",
            "object_lock_mode": "",
            "object_lock_retain_until_date": "",
            "override_provider": [],
            "server_side_encryption": "AES256",
            "source": "C:/Users/Usuario/Desktop/Varios/Estudios/Grado de informatica/2º Grado DAW/Proyecto Navidad/.git/objects/9b/bfafdcd2d1b7526c7f0f0323054c99d6ba4881",
            "source_hash": null,
            "storage_class": "STANDARD",
            "tags": null,
            "tags_all": {},
            "version_id": "",
            "website_redirect": ""
          },
          "sensitive_attributes": [],
          "private": "bnVsbA==",
          "dependencies": [
            "aws_s3_bucket.mi_bucket"
          ]
        },
        {
          "index_key": ".git/objects/9c/4e5f4d292d8caf9cadcfcb89eb7a9d9780684e",
          "schema_version": 0,
          "attributes": {
            "acl": null,
            "arn": "arn:aws:s3:::mi-carpeta-terraform/.git/objects/9c/4e5f4d292d8caf9cadcfcb89eb7a9d9780684e",
            "bucket": "mi-carpeta-terraform",
            "bucket_key_enabled": false,
            "cache_control": "",
            "checksum_algorithm": null,
            "checksum_crc32": "",
            "checksum_crc32c": "",
            "checksum_sha1": "",
            "checksum_sha256": "",
            "content": null,
            "content_base64": null,
            "content_disposition": "",
            "content_encoding": "",
            "content_language": "",
            "content_type": "application/octet-stream",
            "etag": "da2c53a5ca2747b4f164e331e9d6c64e",
            "force_destroy": false,
            "id": ".git/objects/9c/4e5f4d292d8caf9cadcfcb89eb7a9d9780684e",
            "key": ".git/objects/9c/4e5f4d292d8caf9cadcfcb89eb7a9d9780684e",
            "kms_key_id": null,
            "metadata": null,
            "object_lock_legal_hold_status": "",
            "object_lock_mode": "",
            "object_lock_retain_until_date": "",
            "override_provider": [],
            "server_side_encryption": "AES256",
            "source": "C:/Users/Usuario/Desktop/Varios/Estudios/Grado de informatica/2º Grado DAW/Proyecto Navidad/.git/objects/9c/4e5f4d292d8caf9cadcfcb89eb7a9d9780684e",
            "source_hash": null,
            "storage_class": "STANDARD",
            "tags": null,
            "tags_all": {},
            "version_id": "",
            "website_redirect": ""
          },
          "sensitive_attributes": [],
          "private": "bnVsbA==",
          "dependencies": [
            "aws_s3_bucket.mi_bucket"
          ]
        },
        {
          "index_key": ".git/objects/9c/9fcb19f1b4abc4ae0766f591a8551bc553c697",
          "schema_version": 0,
          "attributes": {
            "acl": null,
            "arn": "arn:aws:s3:::mi-carpeta-terraform/.git/objects/9c/9fcb19f1b4abc4ae0766f591a8551bc553c697",
            "bucket": "mi-carpeta-terraform",
            "bucket_key_enabled": false,
            "cache_control": "",
            "checksum_algorithm": null,
            "checksum_crc32": "",
            "checksum_crc32c": "",
            "checksum_sha1": "",
            "checksum_sha256": "",
            "content": null,
            "content_base64": null,
            "content_disposition": "",
            "content_encoding": "",
            "content_language": "",
            "content_type": "application/octet-stream",
            "etag": "fca6ccf0939b65a2145cebda92ace0f1",
            "force_destroy": false,
            "id": ".git/objects/9c/9fcb19f1b4abc4ae0766f591a8551bc553c697",
            "key": ".git/objects/9c/9fcb19f1b4abc4ae0766f591a8551bc553c697",
            "kms_key_id": null,
            "metadata": null,
            "object_lock_legal_hold_status": "",
            "object_lock_mode": "",
            "object_lock_retain_until_date": "",
            "override_provider": [],
            "server_side_encryption": "AES256",
            "source": "C:/Users/Usuario/Desktop/Varios/Estudios/Grado de informatica/2º Grado DAW/Proyecto Navidad/.git/objects/9c/9fcb19f1b4abc4ae0766f591a8551bc553c697",
            "source_hash": null,
            "storage_class": "STANDARD",
            "tags": null,
            "tags_all": {},
            "version_id": "",
            "website_redirect": ""
          },
          "sensitive_attributes": [],
          "private": "bnVsbA==",
          "dependencies": [
            "aws_s3_bucket.mi_bucket"
          ]
        },
        {
          "index_key": ".git/objects/9d/78c15966ea81f0d9d32814866e0f4eb0c760a3",
          "schema_version": 0,
          "attributes": {
            "acl": null,
            "arn": "arn:aws:s3:::mi-carpeta-terraform/.git/objects/9d/78c15966ea81f0d9d32814866e0f4eb0c760a3",
            "bucket": "mi-carpeta-terraform",
            "bucket_key_enabled": false,
            "cache_control": "",
            "checksum_algorithm": null,
            "checksum_crc32": "",
            "checksum_crc32c": "",
            "checksum_sha1": "",
            "checksum_sha256": "",
            "content": null,
            "content_base64": null,
            "content_disposition": "",
            "content_encoding": "",
            "content_language": "",
            "content_type": "application/octet-stream",
            "etag": "6ad07ba514313f9f39a5584e9c7f01ad",
            "force_destroy": false,
            "id": ".git/objects/9d/78c15966ea81f0d9d32814866e0f4eb0c760a3",
            "key": ".git/objects/9d/78c15966ea81f0d9d32814866e0f4eb0c760a3",
            "kms_key_id": null,
            "metadata": null,
            "object_lock_legal_hold_status": "",
            "object_lock_mode": "",
            "object_lock_retain_until_date": "",
            "override_provider": [],
            "server_side_encryption": "AES256",
            "source": "C:/Users/Usuario/Desktop/Varios/Estudios/Grado de informatica/2º Grado DAW/Proyecto Navidad/.git/objects/9d/78c15966ea81f0d9d32814866e0f4eb0c760a3",
            "source_hash": null,
            "storage_class": "STANDARD",
            "tags": null,
            "tags_all": {},
            "version_id": "",
            "website_redirect": ""
          },
          "sensitive_attributes": [],
          "private": "bnVsbA==",
          "dependencies": [
            "aws_s3_bucket.mi_bucket"
          ]
        },
        {
          "index_key": ".git/objects/9f/22097f0abcef8ce72a661802fb14e6cc53474a",
          "schema_version": 0,
          "attributes": {
            "acl": null,
            "arn": "arn:aws:s3:::mi-carpeta-terraform/.git/objects/9f/22097f0abcef8ce72a661802fb14e6cc53474a",
            "bucket": "mi-carpeta-terraform",
            "bucket_key_enabled": false,
            "cache_control": "",
            "checksum_algorithm": null,
            "checksum_crc32": "",
            "checksum_crc32c": "",
            "checksum_sha1": "",
            "checksum_sha256": "",
            "content": null,
            "content_base64": null,
            "content_disposition": "",
            "content_encoding": "",
            "content_language": "",
            "content_type": "application/octet-stream",
            "etag": "2e64e31dcfe6dfc48b5dace8c0b3daa4",
            "force_destroy": false,
            "id": ".git/objects/9f/22097f0abcef8ce72a661802fb14e6cc53474a",
            "key": ".git/objects/9f/22097f0abcef8ce72a661802fb14e6cc53474a",
            "kms_key_id": null,
            "metadata": null,
            "object_lock_legal_hold_status": "",
            "object_lock_mode": "",
            "object_lock_retain_until_date": "",
            "override_provider": [],
            "server_side_encryption": "AES256",
            "source": "C:/Users/Usuario/Desktop/Varios/Estudios/Grado de informatica/2º Grado DAW/Proyecto Navidad/.git/objects/9f/22097f0abcef8ce72a661802fb14e6cc53474a",
            "source_hash": null,
            "storage_class": "STANDARD",
            "tags": null,
            "tags_all": {},
            "version_id": "",
            "website_redirect": ""
          },
          "sensitive_attributes": [],
          "private": "bnVsbA==",
          "dependencies": [
            "aws_s3_bucket.mi_bucket"
          ]
        },
        {
          "index_key": ".git/objects/a0/33664723f0614a29a5badb76792866419afe22",
          "schema_version": 0,
          "attributes": {
            "acl": null,
            "arn": "arn:aws:s3:::mi-carpeta-terraform/.git/objects/a0/33664723f0614a29a5badb76792866419afe22",
            "bucket": "mi-carpeta-terraform",
            "bucket_key_enabled": false,
            "cache_control": "",
            "checksum_algorithm": null,
            "checksum_crc32": "",
            "checksum_crc32c": "",
            "checksum_sha1": "",
            "checksum_sha256": "",
            "content": null,
            "content_base64": null,
            "content_disposition": "",
            "content_encoding": "",
            "content_language": "",
            "content_type": "application/octet-stream",
            "etag": "bff022e78d7fce1b2b0d4e98709e31f0",
            "force_destroy": false,
            "id": ".git/objects/a0/33664723f0614a29a5badb76792866419afe22",
            "key": ".git/objects/a0/33664723f0614a29a5badb76792866419afe22",
            "kms_key_id": null,
            "metadata": null,
            "object_lock_legal_hold_status": "",
            "object_lock_mode": "",
            "object_lock_retain_until_date": "",
            "override_provider": [],
            "server_side_encryption": "AES256",
            "source": "C:/Users/Usuario/Desktop/Varios/Estudios/Grado de informatica/2º Grado DAW/Proyecto Navidad/.git/objects/a0/33664723f0614a29a5badb76792866419afe22",
            "source_hash": null,
            "storage_class": "STANDARD",
            "tags": null,
            "tags_all": {},
            "version_id": "",
            "website_redirect": ""
          },
          "sensitive_attributes": [],
          "private": "bnVsbA==",
          "dependencies": [
            "aws_s3_bucket.mi_bucket"
          ]
        },
        {
          "index_key": ".git/objects/a0/d7dbecf598c41fb11ae27d6d07d683e008c952",
          "schema_version": 0,
          "attributes": {
            "acl": null,
            "arn": "arn:aws:s3:::mi-carpeta-terraform/.git/objects/a0/d7dbecf598c41fb11ae27d6d07d683e008c952",
            "bucket": "mi-carpeta-terraform",
            "bucket_key_enabled": false,
            "cache_control": "",
            "checksum_algorithm": null,
            "checksum_crc32": "",
            "checksum_crc32c": "",
            "checksum_sha1": "",
            "checksum_sha256": "",
            "content": null,
            "content_base64": null,
            "content_disposition": "",
            "content_encoding": "",
            "content_language": "",
            "content_type": "application/octet-stream",
            "etag": "6ce8f2eaf699ec970a6ddd0c5c91e045",
            "force_destroy": false,
            "id": ".git/objects/a0/d7dbecf598c41fb11ae27d6d07d683e008c952",
            "key": ".git/objects/a0/d7dbecf598c41fb11ae27d6d07d683e008c952",
            "kms_key_id": null,
            "metadata": null,
            "object_lock_legal_hold_status": "",
            "object_lock_mode": "",
            "object_lock_retain_until_date": "",
            "override_provider": [],
            "server_side_encryption": "AES256",
            "source": "C:/Users/Usuario/Desktop/Varios/Estudios/Grado de informatica/2º Grado DAW/Proyecto Navidad/.git/objects/a0/d7dbecf598c41fb11ae27d6d07d683e008c952",
            "source_hash": null,
            "storage_class": "STANDARD",
            "tags": null,
            "tags_all": {},
            "version_id": "",
            "website_redirect": ""
          },
          "sensitive_attributes": [],
          "private": "bnVsbA==",
          "dependencies": [
            "aws_s3_bucket.mi_bucket"
          ]
        },
        {
          "index_key": ".git/objects/a3/8b58cdf4f7f46fab9d1641121c287d7383a8f2",
          "schema_version": 0,
          "attributes": {
            "acl": null,
            "arn": "arn:aws:s3:::mi-carpeta-terraform/.git/objects/a3/8b58cdf4f7f46fab9d1641121c287d7383a8f2",
            "bucket": "mi-carpeta-terraform",
            "bucket_key_enabled": false,
            "cache_control": "",
            "checksum_algorithm": null,
            "checksum_crc32": "",
            "checksum_crc32c": "",
            "checksum_sha1": "",
            "checksum_sha256": "",
            "content": null,
            "content_base64": null,
            "content_disposition": "",
            "content_encoding": "",
            "content_language": "",
            "content_type": "application/octet-stream",
            "etag": "eb132f8e1f64f0bcf5a29ae753d3d92f",
            "force_destroy": false,
            "id": ".git/objects/a3/8b58cdf4f7f46fab9d1641121c287d7383a8f2",
            "key": ".git/objects/a3/8b58cdf4f7f46fab9d1641121c287d7383a8f2",
            "kms_key_id": null,
            "metadata": null,
            "object_lock_legal_hold_status": "",
            "object_lock_mode": "",
            "object_lock_retain_until_date": "",
            "override_provider": [],
            "server_side_encryption": "AES256",
            "source": "C:/Users/Usuario/Desktop/Varios/Estudios/Grado de informatica/2º Grado DAW/Proyecto Navidad/.git/objects/a3/8b58cdf4f7f46fab9d1641121c287d7383a8f2",
            "source_hash": null,
            "storage_class": "STANDARD",
            "tags": null,
            "tags_all": {},
            "version_id": "",
            "website_redirect": ""
          },
          "sensitive_attributes": [],
          "private": "bnVsbA==",
          "dependencies": [
            "aws_s3_bucket.mi_bucket"
          ]
        },
        {
          "index_key": ".git/objects/a5/b394590b2371a84269a7a8c97e8be74c1c9978",
          "schema_version": 0,
          "attributes": {
            "acl": null,
            "arn": "arn:aws:s3:::mi-carpeta-terraform/.git/objects/a5/b394590b2371a84269a7a8c97e8be74c1c9978",
            "bucket": "mi-carpeta-terraform",
            "bucket_key_enabled": false,
            "cache_control": "",
            "checksum_algorithm": null,
            "checksum_crc32": "",
            "checksum_crc32c": "",
            "checksum_sha1": "",
            "checksum_sha256": "",
            "content": null,
            "content_base64": null,
            "content_disposition": "",
            "content_encoding": "",
            "content_language": "",
            "content_type": "application/octet-stream",
            "etag": "d018e1bd8fe65c3ba7c5bdf3ff33c247",
            "force_destroy": false,
            "id": ".git/objects/a5/b394590b2371a84269a7a8c97e8be74c1c9978",
            "key": ".git/objects/a5/b394590b2371a84269a7a8c97e8be74c1c9978",
            "kms_key_id": null,
            "metadata": null,
            "object_lock_legal_hold_status": "",
            "object_lock_mode": "",
            "object_lock_retain_until_date": "",
            "override_provider": [],
            "server_side_encryption": "AES256",
            "source": "C:/Users/Usuario/Desktop/Varios/Estudios/Grado de informatica/2º Grado DAW/Proyecto Navidad/.git/objects/a5/b394590b2371a84269a7a8c97e8be74c1c9978",
            "source_hash": null,
            "storage_class": "STANDARD",
            "tags": null,
            "tags_all": {},
            "version_id": "",
            "website_redirect": ""
          },
          "sensitive_attributes": [],
          "private": "bnVsbA==",
          "dependencies": [
            "aws_s3_bucket.mi_bucket"
          ]
        },
        {
          "index_key": ".git/objects/a6/fb067f86c152fab4cfaa6a4905797c1f5eafb1",
          "schema_version": 0,
          "attributes": {
            "acl": null,
            "arn": "arn:aws:s3:::mi-carpeta-terraform/.git/objects/a6/fb067f86c152fab4cfaa6a4905797c1f5eafb1",
            "bucket": "mi-carpeta-terraform",
            "bucket_key_enabled": false,
            "cache_control": "",
            "checksum_algorithm": null,
            "checksum_crc32": "",
            "checksum_crc32c": "",
            "checksum_sha1": "",
            "checksum_sha256": "",
            "content": null,
            "content_base64": null,
            "content_disposition": "",
            "content_encoding": "",
            "content_language": "",
            "content_type": "application/octet-stream",
            "etag": "cf103ed8eda6b5f1c30501a61571029b",
            "force_destroy": false,
            "id": ".git/objects/a6/fb067f86c152fab4cfaa6a4905797c1f5eafb1",
            "key": ".git/objects/a6/fb067f86c152fab4cfaa6a4905797c1f5eafb1",
            "kms_key_id": null,
            "metadata": null,
            "object_lock_legal_hold_status": "",
            "object_lock_mode": "",
            "object_lock_retain_until_date": "",
            "override_provider": [],
            "server_side_encryption": "AES256",
            "source": "C:/Users/Usuario/Desktop/Varios/Estudios/Grado de informatica/2º Grado DAW/Proyecto Navidad/.git/objects/a6/fb067f86c152fab4cfaa6a4905797c1f5eafb1",
            "source_hash": null,
            "storage_class": "STANDARD",
            "tags": null,
            "tags_all": {},
            "version_id": "",
            "website_redirect": ""
          },
          "sensitive_attributes": [],
          "private": "bnVsbA==",
          "dependencies": [
            "aws_s3_bucket.mi_bucket"
          ]
        },
        {
          "index_key": ".git/objects/a7/07876d3a5463568614a4b84f32175e9aa72893",
          "schema_version": 0,
          "attributes": {
            "acl": null,
            "arn": "arn:aws:s3:::mi-carpeta-terraform/.git/objects/a7/07876d3a5463568614a4b84f32175e9aa72893",
            "bucket": "mi-carpeta-terraform",
            "bucket_key_enabled": false,
            "cache_control": "",
            "checksum_algorithm": null,
            "checksum_crc32": "",
            "checksum_crc32c": "",
            "checksum_sha1": "",
            "checksum_sha256": "",
            "content": null,
            "content_base64": null,
            "content_disposition": "",
            "content_encoding": "",
            "content_language": "",
            "content_type": "application/octet-stream",
            "etag": "9a676820a2aedcaf71fdb483f964dfb2",
            "force_destroy": false,
            "id": ".git/objects/a7/07876d3a5463568614a4b84f32175e9aa72893",
            "key": ".git/objects/a7/07876d3a5463568614a4b84f32175e9aa72893",
            "kms_key_id": null,
            "metadata": null,
            "object_lock_legal_hold_status": "",
            "object_lock_mode": "",
            "object_lock_retain_until_date": "",
            "override_provider": [],
            "server_side_encryption": "AES256",
            "source": "C:/Users/Usuario/Desktop/Varios/Estudios/Grado de informatica/2º Grado DAW/Proyecto Navidad/.git/objects/a7/07876d3a5463568614a4b84f32175e9aa72893",
            "source_hash": null,
            "storage_class": "STANDARD",
            "tags": null,
            "tags_all": {},
            "version_id": "",
            "website_redirect": ""
          },
          "sensitive_attributes": [],
          "private": "bnVsbA==",
          "dependencies": [
            "aws_s3_bucket.mi_bucket"
          ]
        },
        {
          "index_key": ".git/objects/a9/8627a0c019ae83b6bd6e3c1c464b8004edef31",
          "schema_version": 0,
          "attributes": {
            "acl": null,
            "arn": "arn:aws:s3:::mi-carpeta-terraform/.git/objects/a9/8627a0c019ae83b6bd6e3c1c464b8004edef31",
            "bucket": "mi-carpeta-terraform",
            "bucket_key_enabled": false,
            "cache_control": "",
            "checksum_algorithm": null,
            "checksum_crc32": "",
            "checksum_crc32c": "",
            "checksum_sha1": "",
            "checksum_sha256": "",
            "content": null,
            "content_base64": null,
            "content_disposition": "",
            "content_encoding": "",
            "content_language": "",
            "content_type": "application/octet-stream",
            "etag": "13a071ac6be92d0d6246b57302a97947",
            "force_destroy": false,
            "id": ".git/objects/a9/8627a0c019ae83b6bd6e3c1c464b8004edef31",
            "key": ".git/objects/a9/8627a0c019ae83b6bd6e3c1c464b8004edef31",
            "kms_key_id": null,
            "metadata": null,
            "object_lock_legal_hold_status": "",
            "object_lock_mode": "",
            "object_lock_retain_until_date": "",
            "override_provider": [],
            "server_side_encryption": "AES256",
            "source": "C:/Users/Usuario/Desktop/Varios/Estudios/Grado de informatica/2º Grado DAW/Proyecto Navidad/.git/objects/a9/8627a0c019ae83b6bd6e3c1c464b8004edef31",
            "source_hash": null,
            "storage_class": "STANDARD",
            "tags": null,
            "tags_all": {},
            "version_id": "",
            "website_redirect": ""
          },
          "sensitive_attributes": [],
          "private": "bnVsbA==",
          "dependencies": [
            "aws_s3_bucket.mi_bucket"
          ]
        },
        {
          "index_key": ".git/objects/aa/68384f2efd1c9f6076a9185097ea6200a26749",
          "schema_version": 0,
          "attributes": {
            "acl": null,
            "arn": "arn:aws:s3:::mi-carpeta-terraform/.git/objects/aa/68384f2efd1c9f6076a9185097ea6200a26749",
            "bucket": "mi-carpeta-terraform",
            "bucket_key_enabled": false,
            "cache_control": "",
            "checksum_algorithm": null,
            "checksum_crc32": "",
            "checksum_crc32c": "",
            "checksum_sha1": "",
            "checksum_sha256": "",
            "content": null,
            "content_base64": null,
            "content_disposition": "",
            "content_encoding": "",
            "content_language": "",
            "content_type": "application/octet-stream",
            "etag": "b55dae0db6f25173e4f505bb8cbb505a",
            "force_destroy": false,
            "id": ".git/objects/aa/68384f2efd1c9f6076a9185097ea6200a26749",
            "key": ".git/objects/aa/68384f2efd1c9f6076a9185097ea6200a26749",
            "kms_key_id": null,
            "metadata": null,
            "object_lock_legal_hold_status": "",
            "object_lock_mode": "",
            "object_lock_retain_until_date": "",
            "override_provider": [],
            "server_side_encryption": "AES256",
            "source": "C:/Users/Usuario/Desktop/Varios/Estudios/Grado de informatica/2º Grado DAW/Proyecto Navidad/.git/objects/aa/68384f2efd1c9f6076a9185097ea6200a26749",
            "source_hash": null,
            "storage_class": "STANDARD",
            "tags": null,
            "tags_all": {},
            "version_id": "",
            "website_redirect": ""
          },
          "sensitive_attributes": [],
          "private": "bnVsbA==",
          "dependencies": [
            "aws_s3_bucket.mi_bucket"
          ]
        },
        {
          "index_key": ".git/objects/ab/ee8d9c8328631fefb4fdb3bd308d1493bdac42",
          "schema_version": 0,
          "attributes": {
            "acl": null,
            "arn": "arn:aws:s3:::mi-carpeta-terraform/.git/objects/ab/ee8d9c8328631fefb4fdb3bd308d1493bdac42",
            "bucket": "mi-carpeta-terraform",
            "bucket_key_enabled": false,
            "cache_control": "",
            "checksum_algorithm": null,
            "checksum_crc32": "",
            "checksum_crc32c": "",
            "checksum_sha1": "",
            "checksum_sha256": "",
            "content": null,
            "content_base64": null,
            "content_disposition": "",
            "content_encoding": "",
            "content_language": "",
            "content_type": "application/octet-stream",
            "etag": "6022077b1a3f2ef404b7975d2aeb1899",
            "force_destroy": false,
            "id": ".git/objects/ab/ee8d9c8328631fefb4fdb3bd308d1493bdac42",
            "key": ".git/objects/ab/ee8d9c8328631fefb4fdb3bd308d1493bdac42",
            "kms_key_id": null,
            "metadata": null,
            "object_lock_legal_hold_status": "",
            "object_lock_mode": "",
            "object_lock_retain_until_date": "",
            "override_provider": [],
            "server_side_encryption": "AES256",
            "source": "C:/Users/Usuario/Desktop/Varios/Estudios/Grado de informatica/2º Grado DAW/Proyecto Navidad/.git/objects/ab/ee8d9c8328631fefb4fdb3bd308d1493bdac42",
            "source_hash": null,
            "storage_class": "STANDARD",
            "tags": null,
            "tags_all": {},
            "version_id": "",
            "website_redirect": ""
          },
          "sensitive_attributes": [],
          "private": "bnVsbA==",
          "dependencies": [
            "aws_s3_bucket.mi_bucket"
          ]
        },
        {
          "index_key": ".git/objects/ae/533567e61a0e40dfa57402515fc16602115543",
          "schema_version": 0,
          "attributes": {
            "acl": null,
            "arn": "arn:aws:s3:::mi-carpeta-terraform/.git/objects/ae/533567e61a0e40dfa57402515fc16602115543",
            "bucket": "mi-carpeta-terraform",
            "bucket_key_enabled": false,
            "cache_control": "",
            "checksum_algorithm": null,
            "checksum_crc32": "",
            "checksum_crc32c": "",
            "checksum_sha1": "",
            "checksum_sha256": "",
            "content": null,
            "content_base64": null,
            "content_disposition": "",
            "content_encoding": "",
            "content_language": "",
            "content_type": "application/octet-stream",
            "etag": "2b4e3a57a2f64abd7d0996c573a4d190",
            "force_destroy": false,
            "id": ".git/objects/ae/533567e61a0e40dfa57402515fc16602115543",
            "key": ".git/objects/ae/533567e61a0e40dfa57402515fc16602115543",
            "kms_key_id": null,
            "metadata": null,
            "object_lock_legal_hold_status": "",
            "object_lock_mode": "",
            "object_lock_retain_until_date": "",
            "override_provider": [],
            "server_side_encryption": "AES256",
            "source": "C:/Users/Usuario/Desktop/Varios/Estudios/Grado de informatica/2º Grado DAW/Proyecto Navidad/.git/objects/ae/533567e61a0e40dfa57402515fc16602115543",
            "source_hash": null,
            "storage_class": "STANDARD",
            "tags": null,
            "tags_all": {},
            "version_id": "",
            "website_redirect": ""
          },
          "sensitive_attributes": [],
          "private": "bnVsbA==",
          "dependencies": [
            "aws_s3_bucket.mi_bucket"
          ]
        },
        {
          "index_key": ".git/objects/ae/a1d4d22efaa0e3d22003b96ea41e0cce1b2031",
          "schema_version": 0,
          "attributes": {
            "acl": null,
            "arn": "arn:aws:s3:::mi-carpeta-terraform/.git/objects/ae/a1d4d22efaa0e3d22003b96ea41e0cce1b2031",
            "bucket": "mi-carpeta-terraform",
            "bucket_key_enabled": false,
            "cache_control": "",
            "checksum_algorithm": null,
            "checksum_crc32": "",
            "checksum_crc32c": "",
            "checksum_sha1": "",
            "checksum_sha256": "",
            "content": null,
            "content_base64": null,
            "content_disposition": "",
            "content_encoding": "",
            "content_language": "",
            "content_type": "application/octet-stream",
            "etag": "f597ffdf0b0d338b1b865f597132a4c1",
            "force_destroy": false,
            "id": ".git/objects/ae/a1d4d22efaa0e3d22003b96ea41e0cce1b2031",
            "key": ".git/objects/ae/a1d4d22efaa0e3d22003b96ea41e0cce1b2031",
            "kms_key_id": null,
            "metadata": null,
            "object_lock_legal_hold_status": "",
            "object_lock_mode": "",
            "object_lock_retain_until_date": "",
            "override_provider": [],
            "server_side_encryption": "AES256",
            "source": "C:/Users/Usuario/Desktop/Varios/Estudios/Grado de informatica/2º Grado DAW/Proyecto Navidad/.git/objects/ae/a1d4d22efaa0e3d22003b96ea41e0cce1b2031",
            "source_hash": null,
            "storage_class": "STANDARD",
            "tags": null,
            "tags_all": {},
            "version_id": "",
            "website_redirect": ""
          },
          "sensitive_attributes": [],
          "private": "bnVsbA==",
          "dependencies": [
            "aws_s3_bucket.mi_bucket"
          ]
        },
        {
          "index_key": ".git/objects/ae/d9378129e81ee998dd1965c82ee7ffa03a9029",
          "schema_version": 0,
          "attributes": {
            "acl": null,
            "arn": "arn:aws:s3:::mi-carpeta-terraform/.git/objects/ae/d9378129e81ee998dd1965c82ee7ffa03a9029",
            "bucket": "mi-carpeta-terraform",
            "bucket_key_enabled": false,
            "cache_control": "",
            "checksum_algorithm": null,
            "checksum_crc32": "",
            "checksum_crc32c": "",
            "checksum_sha1": "",
            "checksum_sha256": "",
            "content": null,
            "content_base64": null,
            "content_disposition": "",
            "content_encoding": "",
            "content_language": "",
            "content_type": "application/octet-stream",
            "etag": "96f0b395fb448b35f29edb12344526b8",
            "force_destroy": false,
            "id": ".git/objects/ae/d9378129e81ee998dd1965c82ee7ffa03a9029",
            "key": ".git/objects/ae/d9378129e81ee998dd1965c82ee7ffa03a9029",
            "kms_key_id": null,
            "metadata": null,
            "object_lock_legal_hold_status": "",
            "object_lock_mode": "",
            "object_lock_retain_until_date": "",
            "override_provider": [],
            "server_side_encryption": "AES256",
            "source": "C:/Users/Usuario/Desktop/Varios/Estudios/Grado de informatica/2º Grado DAW/Proyecto Navidad/.git/objects/ae/d9378129e81ee998dd1965c82ee7ffa03a9029",
            "source_hash": null,
            "storage_class": "STANDARD",
            "tags": null,
            "tags_all": {},
            "version_id": "",
            "website_redirect": ""
          },
          "sensitive_attributes": [],
          "private": "bnVsbA==",
          "dependencies": [
            "aws_s3_bucket.mi_bucket"
          ]
        },
        {
          "index_key": ".git/objects/b1/59cdd71481b48b35cb07c2b8273b70f0098788",
          "schema_version": 0,
          "attributes": {
            "acl": null,
            "arn": "arn:aws:s3:::mi-carpeta-terraform/.git/objects/b1/59cdd71481b48b35cb07c2b8273b70f0098788",
            "bucket": "mi-carpeta-terraform",
            "bucket_key_enabled": false,
            "cache_control": "",
            "checksum_algorithm": null,
            "checksum_crc32": "",
            "checksum_crc32c": "",
            "checksum_sha1": "",
            "checksum_sha256": "",
            "content": null,
            "content_base64": null,
            "content_disposition": "",
            "content_encoding": "",
            "content_language": "",
            "content_type": "application/octet-stream",
            "etag": "d9faf51e1d343d080c5505da9d363b9b",
            "force_destroy": false,
            "id": ".git/objects/b1/59cdd71481b48b35cb07c2b8273b70f0098788",
            "key": ".git/objects/b1/59cdd71481b48b35cb07c2b8273b70f0098788",
            "kms_key_id": null,
            "metadata": null,
            "object_lock_legal_hold_status": "",
            "object_lock_mode": "",
            "object_lock_retain_until_date": "",
            "override_provider": [],
            "server_side_encryption": "AES256",
            "source": "C:/Users/Usuario/Desktop/Varios/Estudios/Grado de informatica/2º Grado DAW/Proyecto Navidad/.git/objects/b1/59cdd71481b48b35cb07c2b8273b70f0098788",
            "source_hash": null,
            "storage_class": "STANDARD",
            "tags": null,
            "tags_all": {},
            "version_id": "",
            "website_redirect": ""
          },
          "sensitive_attributes": [],
          "private": "bnVsbA==",
          "dependencies": [
            "aws_s3_bucket.mi_bucket"
          ]
        },
        {
          "index_key": ".git/objects/b1/6f46b82f408913d3a47b73ed20ce114fd5f2e6",
          "schema_version": 0,
          "attributes": {
            "acl": null,
            "arn": "arn:aws:s3:::mi-carpeta-terraform/.git/objects/b1/6f46b82f408913d3a47b73ed20ce114fd5f2e6",
            "bucket": "mi-carpeta-terraform",
            "bucket_key_enabled": false,
            "cache_control": "",
            "checksum_algorithm": null,
            "checksum_crc32": "",
            "checksum_crc32c": "",
            "checksum_sha1": "",
            "checksum_sha256": "",
            "content": null,
            "content_base64": null,
            "content_disposition": "",
            "content_encoding": "",
            "content_language": "",
            "content_type": "application/octet-stream",
            "etag": "af2e2f567c4cb6e10bfe97bd5fb3ad97",
            "force_destroy": false,
            "id": ".git/objects/b1/6f46b82f408913d3a47b73ed20ce114fd5f2e6",
            "key": ".git/objects/b1/6f46b82f408913d3a47b73ed20ce114fd5f2e6",
            "kms_key_id": null,
            "metadata": null,
            "object_lock_legal_hold_status": "",
            "object_lock_mode": "",
            "object_lock_retain_until_date": "",
            "override_provider": [],
            "server_side_encryption": "AES256",
            "source": "C:/Users/Usuario/Desktop/Varios/Estudios/Grado de informatica/2º Grado DAW/Proyecto Navidad/.git/objects/b1/6f46b82f408913d3a47b73ed20ce114fd5f2e6",
            "source_hash": null,
            "storage_class": "STANDARD",
            "tags": null,
            "tags_all": {},
            "version_id": "",
            "website_redirect": ""
          },
          "sensitive_attributes": [],
          "private": "bnVsbA==",
          "dependencies": [
            "aws_s3_bucket.mi_bucket"
          ]
        },
        {
          "index_key": ".git/objects/b1/87f3183ff7d35c40f9af9fa869730e0d682341",
          "schema_version": 0,
          "attributes": {
            "acl": null,
            "arn": "arn:aws:s3:::mi-carpeta-terraform/.git/objects/b1/87f3183ff7d35c40f9af9fa869730e0d682341",
            "bucket": "mi-carpeta-terraform",
            "bucket_key_enabled": false,
            "cache_control": "",
            "checksum_algorithm": null,
            "checksum_crc32": "",
            "checksum_crc32c": "",
            "checksum_sha1": "",
            "checksum_sha256": "",
            "content": null,
            "content_base64": null,
            "content_disposition": "",
            "content_encoding": "",
            "content_language": "",
            "content_type": "application/octet-stream",
            "etag": "b23ca0751081ff4b825c580ae1219041",
            "force_destroy": false,
            "id": ".git/objects/b1/87f3183ff7d35c40f9af9fa869730e0d682341",
            "key": ".git/objects/b1/87f3183ff7d35c40f9af9fa869730e0d682341",
            "kms_key_id": null,
            "metadata": null,
            "object_lock_legal_hold_status": "",
            "object_lock_mode": "",
            "object_lock_retain_until_date": "",
            "override_provider": [],
            "server_side_encryption": "AES256",
            "source": "C:/Users/Usuario/Desktop/Varios/Estudios/Grado de informatica/2º Grado DAW/Proyecto Navidad/.git/objects/b1/87f3183ff7d35c40f9af9fa869730e0d682341",
            "source_hash": null,
            "storage_class": "STANDARD",
            "tags": null,
            "tags_all": {},
            "version_id": "",
            "website_redirect": ""
          },
          "sensitive_attributes": [],
          "private": "bnVsbA==",
          "dependencies": [
            "aws_s3_bucket.mi_bucket"
          ]
        },
        {
          "index_key": ".git/objects/b1/adf1071aa78f168f767b27f5288d700adcf7c0",
          "schema_version": 0,
          "attributes": {
            "acl": null,
            "arn": "arn:aws:s3:::mi-carpeta-terraform/.git/objects/b1/adf1071aa78f168f767b27f5288d700adcf7c0",
            "bucket": "mi-carpeta-terraform",
            "bucket_key_enabled": false,
            "cache_control": "",
            "checksum_algorithm": null,
            "checksum_crc32": "",
            "checksum_crc32c": "",
            "checksum_sha1": "",
            "checksum_sha256": "",
            "content": null,
            "content_base64": null,
            "content_disposition": "",
            "content_encoding": "",
            "content_language": "",
            "content_type": "application/octet-stream",
            "etag": "3dfd4ee3b02805b543706b1b2cb6869c",
            "force_destroy": false,
            "id": ".git/objects/b1/adf1071aa78f168f767b27f5288d700adcf7c0",
            "key": ".git/objects/b1/adf1071aa78f168f767b27f5288d700adcf7c0",
            "kms_key_id": null,
            "metadata": null,
            "object_lock_legal_hold_status": "",
            "object_lock_mode": "",
            "object_lock_retain_until_date": "",
            "override_provider": [],
            "server_side_encryption": "AES256",
            "source": "C:/Users/Usuario/Desktop/Varios/Estudios/Grado de informatica/2º Grado DAW/Proyecto Navidad/.git/objects/b1/adf1071aa78f168f767b27f5288d700adcf7c0",
            "source_hash": null,
            "storage_class": "STANDARD",
            "tags": null,
            "tags_all": {},
            "version_id": "",
            "website_redirect": ""
          },
          "sensitive_attributes": [],
          "private": "bnVsbA==",
          "dependencies": [
            "aws_s3_bucket.mi_bucket"
          ]
        },
        {
          "index_key": ".git/objects/b2/9cbbc4cd7e5822bab8e658c767f5409b416383",
          "schema_version": 0,
          "attributes": {
            "acl": null,
            "arn": "arn:aws:s3:::mi-carpeta-terraform/.git/objects/b2/9cbbc4cd7e5822bab8e658c767f5409b416383",
            "bucket": "mi-carpeta-terraform",
            "bucket_key_enabled": false,
            "cache_control": "",
            "checksum_algorithm": null,
            "checksum_crc32": "",
            "checksum_crc32c": "",
            "checksum_sha1": "",
            "checksum_sha256": "",
            "content": null,
            "content_base64": null,
            "content_disposition": "",
            "content_encoding": "",
            "content_language": "",
            "content_type": "application/octet-stream",
            "etag": "f711221c69d9df95351a6df575cb197c",
            "force_destroy": false,
            "id": ".git/objects/b2/9cbbc4cd7e5822bab8e658c767f5409b416383",
            "key": ".git/objects/b2/9cbbc4cd7e5822bab8e658c767f5409b416383",
            "kms_key_id": null,
            "metadata": null,
            "object_lock_legal_hold_status": "",
            "object_lock_mode": "",
            "object_lock_retain_until_date": "",
            "override_provider": [],
            "server_side_encryption": "AES256",
            "source": "C:/Users/Usuario/Desktop/Varios/Estudios/Grado de informatica/2º Grado DAW/Proyecto Navidad/.git/objects/b2/9cbbc4cd7e5822bab8e658c767f5409b416383",
            "source_hash": null,
            "storage_class": "STANDARD",
            "tags": null,
            "tags_all": {},
            "version_id": "",
            "website_redirect": ""
          },
          "sensitive_attributes": [],
          "private": "bnVsbA==",
          "dependencies": [
            "aws_s3_bucket.mi_bucket"
          ]
        },
        {
          "index_key": ".git/objects/b3/1dcd5133469e0ad574e86102f01512317f1ce1",
          "schema_version": 0,
          "attributes": {
            "acl": null,
            "arn": "arn:aws:s3:::mi-carpeta-terraform/.git/objects/b3/1dcd5133469e0ad574e86102f01512317f1ce1",
            "bucket": "mi-carpeta-terraform",
            "bucket_key_enabled": false,
            "cache_control": "",
            "checksum_algorithm": null,
            "checksum_crc32": "",
            "checksum_crc32c": "",
            "checksum_sha1": "",
            "checksum_sha256": "",
            "content": null,
            "content_base64": null,
            "content_disposition": "",
            "content_encoding": "",
            "content_language": "",
            "content_type": "application/octet-stream",
            "etag": "3e14944433587e0ae255178b270e60e5",
            "force_destroy": false,
            "id": ".git/objects/b3/1dcd5133469e0ad574e86102f01512317f1ce1",
            "key": ".git/objects/b3/1dcd5133469e0ad574e86102f01512317f1ce1",
            "kms_key_id": null,
            "metadata": null,
            "object_lock_legal_hold_status": "",
            "object_lock_mode": "",
            "object_lock_retain_until_date": "",
            "override_provider": [],
            "server_side_encryption": "AES256",
            "source": "C:/Users/Usuario/Desktop/Varios/Estudios/Grado de informatica/2º Grado DAW/Proyecto Navidad/.git/objects/b3/1dcd5133469e0ad574e86102f01512317f1ce1",
            "source_hash": null,
            "storage_class": "STANDARD",
            "tags": null,
            "tags_all": {},
            "version_id": "",
            "website_redirect": ""
          },
          "sensitive_attributes": [],
          "private": "bnVsbA==",
          "dependencies": [
            "aws_s3_bucket.mi_bucket"
          ]
        },
        {
          "index_key": ".git/objects/b4/0e499039d1f2b019415cef43456e74bcdbd2e8",
          "schema_version": 0,
          "attributes": {
            "acl": null,
            "arn": "arn:aws:s3:::mi-carpeta-terraform/.git/objects/b4/0e499039d1f2b019415cef43456e74bcdbd2e8",
            "bucket": "mi-carpeta-terraform",
            "bucket_key_enabled": false,
            "cache_control": "",
            "checksum_algorithm": null,
            "checksum_crc32": "",
            "checksum_crc32c": "",
            "checksum_sha1": "",
            "checksum_sha256": "",
            "content": null,
            "content_base64": null,
            "content_disposition": "",
            "content_encoding": "",
            "content_language": "",
            "content_type": "application/octet-stream",
            "etag": "28401d3baa7a43db26636816aa9ab440",
            "force_destroy": false,
            "id": ".git/objects/b4/0e499039d1f2b019415cef43456e74bcdbd2e8",
            "key": ".git/objects/b4/0e499039d1f2b019415cef43456e74bcdbd2e8",
            "kms_key_id": null,
            "metadata": null,
            "object_lock_legal_hold_status": "",
            "object_lock_mode": "",
            "object_lock_retain_until_date": "",
            "override_provider": [],
            "server_side_encryption": "AES256",
            "source": "C:/Users/Usuario/Desktop/Varios/Estudios/Grado de informatica/2º Grado DAW/Proyecto Navidad/.git/objects/b4/0e499039d1f2b019415cef43456e74bcdbd2e8",
            "source_hash": null,
            "storage_class": "STANDARD",
            "tags": null,
            "tags_all": {},
            "version_id": "",
            "website_redirect": ""
          },
          "sensitive_attributes": [],
          "private": "bnVsbA==",
          "dependencies": [
            "aws_s3_bucket.mi_bucket"
          ]
        },
        {
          "index_key": ".git/objects/b7/1870b78266f99420c43103ff8fa8e0e3d83298",
          "schema_version": 0,
          "attributes": {
            "acl": null,
            "arn": "arn:aws:s3:::mi-carpeta-terraform/.git/objects/b7/1870b78266f99420c43103ff8fa8e0e3d83298",
            "bucket": "mi-carpeta-terraform",
            "bucket_key_enabled": false,
            "cache_control": "",
            "checksum_algorithm": null,
            "checksum_crc32": "",
            "checksum_crc32c": "",
            "checksum_sha1": "",
            "checksum_sha256": "",
            "content": null,
            "content_base64": null,
            "content_disposition": "",
            "content_encoding": "",
            "content_language": "",
            "content_type": "application/octet-stream",
            "etag": "f39d72852ec2c02d125ada175480c492",
            "force_destroy": false,
            "id": ".git/objects/b7/1870b78266f99420c43103ff8fa8e0e3d83298",
            "key": ".git/objects/b7/1870b78266f99420c43103ff8fa8e0e3d83298",
            "kms_key_id": null,
            "metadata": null,
            "object_lock_legal_hold_status": "",
            "object_lock_mode": "",
            "object_lock_retain_until_date": "",
            "override_provider": [],
            "server_side_encryption": "AES256",
            "source": "C:/Users/Usuario/Desktop/Varios/Estudios/Grado de informatica/2º Grado DAW/Proyecto Navidad/.git/objects/b7/1870b78266f99420c43103ff8fa8e0e3d83298",
            "source_hash": null,
            "storage_class": "STANDARD",
            "tags": null,
            "tags_all": {},
            "version_id": "",
            "website_redirect": ""
          },
          "sensitive_attributes": [],
          "private": "bnVsbA==",
          "dependencies": [
            "aws_s3_bucket.mi_bucket"
          ]
        },
        {
          "index_key": ".git/objects/b8/29080789ad2a27b879e17ace47e4d18e5da317",
          "schema_version": 0,
          "attributes": {
            "acl": null,
            "arn": "arn:aws:s3:::mi-carpeta-terraform/.git/objects/b8/29080789ad2a27b879e17ace47e4d18e5da317",
            "bucket": "mi-carpeta-terraform",
            "bucket_key_enabled": false,
            "cache_control": "",
            "checksum_algorithm": null,
            "checksum_crc32": "",
            "checksum_crc32c": "",
            "checksum_sha1": "",
            "checksum_sha256": "",
            "content": null,
            "content_base64": null,
            "content_disposition": "",
            "content_encoding": "",
            "content_language": "",
            "content_type": "application/octet-stream",
            "etag": "400210f4aa83d8cf66b60be63de0d87d",
            "force_destroy": false,
            "id": ".git/objects/b8/29080789ad2a27b879e17ace47e4d18e5da317",
            "key": ".git/objects/b8/29080789ad2a27b879e17ace47e4d18e5da317",
            "kms_key_id": null,
            "metadata": null,
            "object_lock_legal_hold_status": "",
            "object_lock_mode": "",
            "object_lock_retain_until_date": "",
            "override_provider": [],
            "server_side_encryption": "AES256",
            "source": "C:/Users/Usuario/Desktop/Varios/Estudios/Grado de informatica/2º Grado DAW/Proyecto Navidad/.git/objects/b8/29080789ad2a27b879e17ace47e4d18e5da317",
            "source_hash": null,
            "storage_class": "STANDARD",
            "tags": null,
            "tags_all": {},
            "version_id": "",
            "website_redirect": ""
          },
          "sensitive_attributes": [],
          "private": "bnVsbA==",
          "dependencies": [
            "aws_s3_bucket.mi_bucket"
          ]
        },
        {
          "index_key": ".git/objects/b8/8a743242782356cc955c6f732549fe2bc4ae39",
          "schema_version": 0,
          "attributes": {
            "acl": null,
            "arn": "arn:aws:s3:::mi-carpeta-terraform/.git/objects/b8/8a743242782356cc955c6f732549fe2bc4ae39",
            "bucket": "mi-carpeta-terraform",
            "bucket_key_enabled": false,
            "cache_control": "",
            "checksum_algorithm": null,
            "checksum_crc32": "",
            "checksum_crc32c": "",
            "checksum_sha1": "",
            "checksum_sha256": "",
            "content": null,
            "content_base64": null,
            "content_disposition": "",
            "content_encoding": "",
            "content_language": "",
            "content_type": "application/octet-stream",
            "etag": "a13da9b2629e7af3636d99c5fd6b65d1",
            "force_destroy": false,
            "id": ".git/objects/b8/8a743242782356cc955c6f732549fe2bc4ae39",
            "key": ".git/objects/b8/8a743242782356cc955c6f732549fe2bc4ae39",
            "kms_key_id": null,
            "metadata": null,
            "object_lock_legal_hold_status": "",
            "object_lock_mode": "",
            "object_lock_retain_until_date": "",
            "override_provider": [],
            "server_side_encryption": "AES256",
            "source": "C:/Users/Usuario/Desktop/Varios/Estudios/Grado de informatica/2º Grado DAW/Proyecto Navidad/.git/objects/b8/8a743242782356cc955c6f732549fe2bc4ae39",
            "source_hash": null,
            "storage_class": "STANDARD",
            "tags": null,
            "tags_all": {},
            "version_id": "",
            "website_redirect": ""
          },
          "sensitive_attributes": [],
          "private": "bnVsbA==",
          "dependencies": [
            "aws_s3_bucket.mi_bucket"
          ]
        },
        {
          "index_key": ".git/objects/ba/2f95b7d5e9fb182ad6318aee13c6f3a27fdce4",
          "schema_version": 0,
          "attributes": {
            "acl": null,
            "arn": "arn:aws:s3:::mi-carpeta-terraform/.git/objects/ba/2f95b7d5e9fb182ad6318aee13c6f3a27fdce4",
            "bucket": "mi-carpeta-terraform",
            "bucket_key_enabled": false,
            "cache_control": "",
            "checksum_algorithm": null,
            "checksum_crc32": "",
            "checksum_crc32c": "",
            "checksum_sha1": "",
            "checksum_sha256": "",
            "content": null,
            "content_base64": null,
            "content_disposition": "",
            "content_encoding": "",
            "content_language": "",
            "content_type": "application/octet-stream",
            "etag": "f9939c18817aa538b02ae50d9173810e",
            "force_destroy": false,
            "id": ".git/objects/ba/2f95b7d5e9fb182ad6318aee13c6f3a27fdce4",
            "key": ".git/objects/ba/2f95b7d5e9fb182ad6318aee13c6f3a27fdce4",
            "kms_key_id": null,
            "metadata": null,
            "object_lock_legal_hold_status": "",
            "object_lock_mode": "",
            "object_lock_retain_until_date": "",
            "override_provider": [],
            "server_side_encryption": "AES256",
            "source": "C:/Users/Usuario/Desktop/Varios/Estudios/Grado de informatica/2º Grado DAW/Proyecto Navidad/.git/objects/ba/2f95b7d5e9fb182ad6318aee13c6f3a27fdce4",
            "source_hash": null,
            "storage_class": "STANDARD",
            "tags": null,
            "tags_all": {},
            "version_id": "",
            "website_redirect": ""
          },
          "sensitive_attributes": [],
          "private": "bnVsbA==",
          "dependencies": [
            "aws_s3_bucket.mi_bucket"
          ]
        },
        {
          "index_key": ".git/objects/bc/db91f2172f9aa982af3fa1168f9a2a46b270ba",
          "schema_version": 0,
          "attributes": {
            "acl": null,
            "arn": "arn:aws:s3:::mi-carpeta-terraform/.git/objects/bc/db91f2172f9aa982af3fa1168f9a2a46b270ba",
            "bucket": "mi-carpeta-terraform",
            "bucket_key_enabled": false,
            "cache_control": "",
            "checksum_algorithm": null,
            "checksum_crc32": "",
            "checksum_crc32c": "",
            "checksum_sha1": "",
            "checksum_sha256": "",
            "content": null,
            "content_base64": null,
            "content_disposition": "",
            "content_encoding": "",
            "content_language": "",
            "content_type": "application/octet-stream",
            "etag": "09afeed8e951611541965c6bbb30de6c",
            "force_destroy": false,
            "id": ".git/objects/bc/db91f2172f9aa982af3fa1168f9a2a46b270ba",
            "key": ".git/objects/bc/db91f2172f9aa982af3fa1168f9a2a46b270ba",
            "kms_key_id": null,
            "metadata": null,
            "object_lock_legal_hold_status": "",
            "object_lock_mode": "",
            "object_lock_retain_until_date": "",
            "override_provider": [],
            "server_side_encryption": "AES256",
            "source": "C:/Users/Usuario/Desktop/Varios/Estudios/Grado de informatica/2º Grado DAW/Proyecto Navidad/.git/objects/bc/db91f2172f9aa982af3fa1168f9a2a46b270ba",
            "source_hash": null,
            "storage_class": "STANDARD",
            "tags": null,
            "tags_all": {},
            "version_id": "",
            "website_redirect": ""
          },
          "sensitive_attributes": [],
          "private": "bnVsbA==",
          "dependencies": [
            "aws_s3_bucket.mi_bucket"
          ]
        },
        {
          "index_key": ".git/objects/bd/87f5d3ff0b14ed1ae46feeb39075b06d4ad100",
          "schema_version": 0,
          "attributes": {
            "acl": null,
            "arn": "arn:aws:s3:::mi-carpeta-terraform/.git/objects/bd/87f5d3ff0b14ed1ae46feeb39075b06d4ad100",
            "bucket": "mi-carpeta-terraform",
            "bucket_key_enabled": false,
            "cache_control": "",
            "checksum_algorithm": null,
            "checksum_crc32": "",
            "checksum_crc32c": "",
            "checksum_sha1": "",
            "checksum_sha256": "",
            "content": null,
            "content_base64": null,
            "content_disposition": "",
            "content_encoding": "",
            "content_language": "",
            "content_type": "application/octet-stream",
            "etag": "1b290f65cdbf9aedd69aa4162e5c1be3",
            "force_destroy": false,
            "id": ".git/objects/bd/87f5d3ff0b14ed1ae46feeb39075b06d4ad100",
            "key": ".git/objects/bd/87f5d3ff0b14ed1ae46feeb39075b06d4ad100",
            "kms_key_id": null,
            "metadata": null,
            "object_lock_legal_hold_status": "",
            "object_lock_mode": "",
            "object_lock_retain_until_date": "",
            "override_provider": [],
            "server_side_encryption": "AES256",
            "source": "C:/Users/Usuario/Desktop/Varios/Estudios/Grado de informatica/2º Grado DAW/Proyecto Navidad/.git/objects/bd/87f5d3ff0b14ed1ae46feeb39075b06d4ad100",
            "source_hash": null,
            "storage_class": "STANDARD",
            "tags": null,
            "tags_all": {},
            "version_id": "",
            "website_redirect": ""
          },
          "sensitive_attributes": [],
          "private": "bnVsbA==",
          "dependencies": [
            "aws_s3_bucket.mi_bucket"
          ]
        },
        {
          "index_key": ".git/objects/bd/cb817d349b87789474ed520f50080b3f4019b3",
          "schema_version": 0,
          "attributes": {
            "acl": null,
            "arn": "arn:aws:s3:::mi-carpeta-terraform/.git/objects/bd/cb817d349b87789474ed520f50080b3f4019b3",
            "bucket": "mi-carpeta-terraform",
            "bucket_key_enabled": false,
            "cache_control": "",
            "checksum_algorithm": null,
            "checksum_crc32": "",
            "checksum_crc32c": "",
            "checksum_sha1": "",
            "checksum_sha256": "",
            "content": null,
            "content_base64": null,
            "content_disposition": "",
            "content_encoding": "",
            "content_language": "",
            "content_type": "application/octet-stream",
            "etag": "cc4751409600431694933d80fafe5d34",
            "force_destroy": false,
            "id": ".git/objects/bd/cb817d349b87789474ed520f50080b3f4019b3",
            "key": ".git/objects/bd/cb817d349b87789474ed520f50080b3f4019b3",
            "kms_key_id": null,
            "metadata": null,
            "object_lock_legal_hold_status": "",
            "object_lock_mode": "",
            "object_lock_retain_until_date": "",
            "override_provider": [],
            "server_side_encryption": "AES256",
            "source": "C:/Users/Usuario/Desktop/Varios/Estudios/Grado de informatica/2º Grado DAW/Proyecto Navidad/.git/objects/bd/cb817d349b87789474ed520f50080b3f4019b3",
            "source_hash": null,
            "storage_class": "STANDARD",
            "tags": null,
            "tags_all": {},
            "version_id": "",
            "website_redirect": ""
          },
          "sensitive_attributes": [],
          "private": "bnVsbA==",
          "dependencies": [
            "aws_s3_bucket.mi_bucket"
          ]
        },
        {
          "index_key": ".git/objects/be/98bc46d60ead9984459792d64b3597823a6c57",
          "schema_version": 0,
          "attributes": {
            "acl": null,
            "arn": "arn:aws:s3:::mi-carpeta-terraform/.git/objects/be/98bc46d60ead9984459792d64b3597823a6c57",
            "bucket": "mi-carpeta-terraform",
            "bucket_key_enabled": false,
            "cache_control": "",
            "checksum_algorithm": null,
            "checksum_crc32": "",
            "checksum_crc32c": "",
            "checksum_sha1": "",
            "checksum_sha256": "",
            "content": null,
            "content_base64": null,
            "content_disposition": "",
            "content_encoding": "",
            "content_language": "",
            "content_type": "application/octet-stream",
            "etag": "21e10df39ed324f0d97b5e08e31e03a8",
            "force_destroy": false,
            "id": ".git/objects/be/98bc46d60ead9984459792d64b3597823a6c57",
            "key": ".git/objects/be/98bc46d60ead9984459792d64b3597823a6c57",
            "kms_key_id": null,
            "metadata": null,
            "object_lock_legal_hold_status": "",
            "object_lock_mode": "",
            "object_lock_retain_until_date": "",
            "override_provider": [],
            "server_side_encryption": "AES256",
            "source": "C:/Users/Usuario/Desktop/Varios/Estudios/Grado de informatica/2º Grado DAW/Proyecto Navidad/.git/objects/be/98bc46d60ead9984459792d64b3597823a6c57",
            "source_hash": null,
            "storage_class": "STANDARD",
            "tags": null,
            "tags_all": {},
            "version_id": "",
            "website_redirect": ""
          },
          "sensitive_attributes": [],
          "private": "bnVsbA==",
          "dependencies": [
            "aws_s3_bucket.mi_bucket"
          ]
        },
        {
          "index_key": ".git/objects/c1/702383604de7f39afd7872e369642adb607a77",
          "schema_version": 0,
          "attributes": {
            "acl": null,
            "arn": "arn:aws:s3:::mi-carpeta-terraform/.git/objects/c1/702383604de7f39afd7872e369642adb607a77",
            "bucket": "mi-carpeta-terraform",
            "bucket_key_enabled": false,
            "cache_control": "",
            "checksum_algorithm": null,
            "checksum_crc32": "",
            "checksum_crc32c": "",
            "checksum_sha1": "",
            "checksum_sha256": "",
            "content": null,
            "content_base64": null,
            "content_disposition": "",
            "content_encoding": "",
            "content_language": "",
            "content_type": "application/octet-stream",
            "etag": "f38c0dc7c19c2d2888ae38c7b7808ff5",
            "force_destroy": false,
            "id": ".git/objects/c1/702383604de7f39afd7872e369642adb607a77",
            "key": ".git/objects/c1/702383604de7f39afd7872e369642adb607a77",
            "kms_key_id": null,
            "metadata": null,
            "object_lock_legal_hold_status": "",
            "object_lock_mode": "",
            "object_lock_retain_until_date": "",
            "override_provider": [],
            "server_side_encryption": "AES256",
            "source": "C:/Users/Usuario/Desktop/Varios/Estudios/Grado de informatica/2º Grado DAW/Proyecto Navidad/.git/objects/c1/702383604de7f39afd7872e369642adb607a77",
            "source_hash": null,
            "storage_class": "STANDARD",
            "tags": null,
            "tags_all": {},
            "version_id": "",
            "website_redirect": ""
          },
          "sensitive_attributes": [],
          "private": "bnVsbA==",
          "dependencies": [
            "aws_s3_bucket.mi_bucket"
          ]
        },
        {
          "index_key": ".git/objects/c3/9fb6054278c7a027ea8d56b8eb4e5a6cedc5ff",
          "schema_version": 0,
          "attributes": {
            "acl": null,
            "arn": "arn:aws:s3:::mi-carpeta-terraform/.git/objects/c3/9fb6054278c7a027ea8d56b8eb4e5a6cedc5ff",
            "bucket": "mi-carpeta-terraform",
            "bucket_key_enabled": false,
            "cache_control": "",
            "checksum_algorithm": null,
            "checksum_crc32": "",
            "checksum_crc32c": "",
            "checksum_sha1": "",
            "checksum_sha256": "",
            "content": null,
            "content_base64": null,
            "content_disposition": "",
            "content_encoding": "",
            "content_language": "",
            "content_type": "application/octet-stream",
            "etag": "91fcbd37642722d02459a2072b03ad4d",
            "force_destroy": false,
            "id": ".git/objects/c3/9fb6054278c7a027ea8d56b8eb4e5a6cedc5ff",
            "key": ".git/objects/c3/9fb6054278c7a027ea8d56b8eb4e5a6cedc5ff",
            "kms_key_id": null,
            "metadata": null,
            "object_lock_legal_hold_status": "",
            "object_lock_mode": "",
            "object_lock_retain_until_date": "",
            "override_provider": [],
            "server_side_encryption": "AES256",
            "source": "C:/Users/Usuario/Desktop/Varios/Estudios/Grado de informatica/2º Grado DAW/Proyecto Navidad/.git/objects/c3/9fb6054278c7a027ea8d56b8eb4e5a6cedc5ff",
            "source_hash": null,
            "storage_class": "STANDARD",
            "tags": null,
            "tags_all": {},
            "version_id": "",
            "website_redirect": ""
          },
          "sensitive_attributes": [],
          "private": "bnVsbA==",
          "dependencies": [
            "aws_s3_bucket.mi_bucket"
          ]
        },
        {
          "index_key": ".git/objects/c4/696baaff8a257252373d44be02ef28c64def45",
          "schema_version": 0,
          "attributes": {
            "acl": null,
            "arn": "arn:aws:s3:::mi-carpeta-terraform/.git/objects/c4/696baaff8a257252373d44be02ef28c64def45",
            "bucket": "mi-carpeta-terraform",
            "bucket_key_enabled": false,
            "cache_control": "",
            "checksum_algorithm": null,
            "checksum_crc32": "",
            "checksum_crc32c": "",
            "checksum_sha1": "",
            "checksum_sha256": "",
            "content": null,
            "content_base64": null,
            "content_disposition": "",
            "content_encoding": "",
            "content_language": "",
            "content_type": "application/octet-stream",
            "etag": "ffe138a6ab070239c477db18d25a7756",
            "force_destroy": false,
            "id": ".git/objects/c4/696baaff8a257252373d44be02ef28c64def45",
            "key": ".git/objects/c4/696baaff8a257252373d44be02ef28c64def45",
            "kms_key_id": null,
            "metadata": null,
            "object_lock_legal_hold_status": "",
            "object_lock_mode": "",
            "object_lock_retain_until_date": "",
            "override_provider": [],
            "server_side_encryption": "AES256",
            "source": "C:/Users/Usuario/Desktop/Varios/Estudios/Grado de informatica/2º Grado DAW/Proyecto Navidad/.git/objects/c4/696baaff8a257252373d44be02ef28c64def45",
            "source_hash": null,
            "storage_class": "STANDARD",
            "tags": null,
            "tags_all": {},
            "version_id": "",
            "website_redirect": ""
          },
          "sensitive_attributes": [],
          "private": "bnVsbA==",
          "dependencies": [
            "aws_s3_bucket.mi_bucket"
          ]
        },
        {
          "index_key": ".git/objects/c7/aa708c1df5788f664155019751dfecf6373fd2",
          "schema_version": 0,
          "attributes": {
            "acl": null,
            "arn": "arn:aws:s3:::mi-carpeta-terraform/.git/objects/c7/aa708c1df5788f664155019751dfecf6373fd2",
            "bucket": "mi-carpeta-terraform",
            "bucket_key_enabled": false,
            "cache_control": "",
            "checksum_algorithm": null,
            "checksum_crc32": "",
            "checksum_crc32c": "",
            "checksum_sha1": "",
            "checksum_sha256": "",
            "content": null,
            "content_base64": null,
            "content_disposition": "",
            "content_encoding": "",
            "content_language": "",
            "content_type": "application/octet-stream",
            "etag": "35fb537d16e46a93794f38451291e60b",
            "force_destroy": false,
            "id": ".git/objects/c7/aa708c1df5788f664155019751dfecf6373fd2",
            "key": ".git/objects/c7/aa708c1df5788f664155019751dfecf6373fd2",
            "kms_key_id": null,
            "metadata": null,
            "object_lock_legal_hold_status": "",
            "object_lock_mode": "",
            "object_lock_retain_until_date": "",
            "override_provider": [],
            "server_side_encryption": "AES256",
            "source": "C:/Users/Usuario/Desktop/Varios/Estudios/Grado de informatica/2º Grado DAW/Proyecto Navidad/.git/objects/c7/aa708c1df5788f664155019751dfecf6373fd2",
            "source_hash": null,
            "storage_class": "STANDARD",
            "tags": null,
            "tags_all": {},
            "version_id": "",
            "website_redirect": ""
          },
          "sensitive_attributes": [],
          "private": "bnVsbA==",
          "dependencies": [
            "aws_s3_bucket.mi_bucket"
          ]
        },
        {
          "index_key": ".git/objects/c7/b342b61d7b1ca6e5f47b7c0f58fc85227149ec",
          "schema_version": 0,
          "attributes": {
            "acl": null,
            "arn": "arn:aws:s3:::mi-carpeta-terraform/.git/objects/c7/b342b61d7b1ca6e5f47b7c0f58fc85227149ec",
            "bucket": "mi-carpeta-terraform",
            "bucket_key_enabled": false,
            "cache_control": "",
            "checksum_algorithm": null,
            "checksum_crc32": "",
            "checksum_crc32c": "",
            "checksum_sha1": "",
            "checksum_sha256": "",
            "content": null,
            "content_base64": null,
            "content_disposition": "",
            "content_encoding": "",
            "content_language": "",
            "content_type": "application/octet-stream",
            "etag": "592063c013881b122d89bdc37fdbfa63",
            "force_destroy": false,
            "id": ".git/objects/c7/b342b61d7b1ca6e5f47b7c0f58fc85227149ec",
            "key": ".git/objects/c7/b342b61d7b1ca6e5f47b7c0f58fc85227149ec",
            "kms_key_id": null,
            "metadata": null,
            "object_lock_legal_hold_status": "",
            "object_lock_mode": "",
            "object_lock_retain_until_date": "",
            "override_provider": [],
            "server_side_encryption": "AES256",
            "source": "C:/Users/Usuario/Desktop/Varios/Estudios/Grado de informatica/2º Grado DAW/Proyecto Navidad/.git/objects/c7/b342b61d7b1ca6e5f47b7c0f58fc85227149ec",
            "source_hash": null,
            "storage_class": "STANDARD",
            "tags": null,
            "tags_all": {},
            "version_id": "",
            "website_redirect": ""
          },
          "sensitive_attributes": [],
          "private": "bnVsbA==",
          "dependencies": [
            "aws_s3_bucket.mi_bucket"
          ]
        },
        {
          "index_key": ".git/objects/c8/ac96bdccd34343474e0dd8e356959bc5f6a116",
          "schema_version": 0,
          "attributes": {
            "acl": null,
            "arn": "arn:aws:s3:::mi-carpeta-terraform/.git/objects/c8/ac96bdccd34343474e0dd8e356959bc5f6a116",
            "bucket": "mi-carpeta-terraform",
            "bucket_key_enabled": false,
            "cache_control": "",
            "checksum_algorithm": null,
            "checksum_crc32": "",
            "checksum_crc32c": "",
            "checksum_sha1": "",
            "checksum_sha256": "",
            "content": null,
            "content_base64": null,
            "content_disposition": "",
            "content_encoding": "",
            "content_language": "",
            "content_type": "application/octet-stream",
            "etag": "ff93e0656c68310ea6630edbffc68d61",
            "force_destroy": false,
            "id": ".git/objects/c8/ac96bdccd34343474e0dd8e356959bc5f6a116",
            "key": ".git/objects/c8/ac96bdccd34343474e0dd8e356959bc5f6a116",
            "kms_key_id": null,
            "metadata": null,
            "object_lock_legal_hold_status": "",
            "object_lock_mode": "",
            "object_lock_retain_until_date": "",
            "override_provider": [],
            "server_side_encryption": "AES256",
            "source": "C:/Users/Usuario/Desktop/Varios/Estudios/Grado de informatica/2º Grado DAW/Proyecto Navidad/.git/objects/c8/ac96bdccd34343474e0dd8e356959bc5f6a116",
            "source_hash": null,
            "storage_class": "STANDARD",
            "tags": null,
            "tags_all": {},
            "version_id": "",
            "website_redirect": ""
          },
          "sensitive_attributes": [],
          "private": "bnVsbA==",
          "dependencies": [
            "aws_s3_bucket.mi_bucket"
          ]
        },
        {
          "index_key": ".git/objects/ca/27b204a6dba820eec20cc681a8ef8068c3d587",
          "schema_version": 0,
          "attributes": {
            "acl": null,
            "arn": "arn:aws:s3:::mi-carpeta-terraform/.git/objects/ca/27b204a6dba820eec20cc681a8ef8068c3d587",
            "bucket": "mi-carpeta-terraform",
            "bucket_key_enabled": false,
            "cache_control": "",
            "checksum_algorithm": null,
            "checksum_crc32": "",
            "checksum_crc32c": "",
            "checksum_sha1": "",
            "checksum_sha256": "",
            "content": null,
            "content_base64": null,
            "content_disposition": "",
            "content_encoding": "",
            "content_language": "",
            "content_type": "application/octet-stream",
            "etag": "87dfb41f10f7298d7e4eaa07b9936450",
            "force_destroy": false,
            "id": ".git/objects/ca/27b204a6dba820eec20cc681a8ef8068c3d587",
            "key": ".git/objects/ca/27b204a6dba820eec20cc681a8ef8068c3d587",
            "kms_key_id": null,
            "metadata": null,
            "object_lock_legal_hold_status": "",
            "object_lock_mode": "",
            "object_lock_retain_until_date": "",
            "override_provider": [],
            "server_side_encryption": "AES256",
            "source": "C:/Users/Usuario/Desktop/Varios/Estudios/Grado de informatica/2º Grado DAW/Proyecto Navidad/.git/objects/ca/27b204a6dba820eec20cc681a8ef8068c3d587",
            "source_hash": null,
            "storage_class": "STANDARD",
            "tags": null,
            "tags_all": {},
            "version_id": "",
            "website_redirect": ""
          },
          "sensitive_attributes": [],
          "private": "bnVsbA==",
          "dependencies": [
            "aws_s3_bucket.mi_bucket"
          ]
        },
        {
          "index_key": ".git/objects/ca/a872e85c78c7d01ce867ab6035a4cfdb4e1a59",
          "schema_version": 0,
          "attributes": {
            "acl": null,
            "arn": "arn:aws:s3:::mi-carpeta-terraform/.git/objects/ca/a872e85c78c7d01ce867ab6035a4cfdb4e1a59",
            "bucket": "mi-carpeta-terraform",
            "bucket_key_enabled": false,
            "cache_control": "",
            "checksum_algorithm": null,
            "checksum_crc32": "",
            "checksum_crc32c": "",
            "checksum_sha1": "",
            "checksum_sha256": "",
            "content": null,
            "content_base64": null,
            "content_disposition": "",
            "content_encoding": "",
            "content_language": "",
            "content_type": "application/octet-stream",
            "etag": "79f1139f86e6d2b4e7a92fbecbd583d5",
            "force_destroy": false,
            "id": ".git/objects/ca/a872e85c78c7d01ce867ab6035a4cfdb4e1a59",
            "key": ".git/objects/ca/a872e85c78c7d01ce867ab6035a4cfdb4e1a59",
            "kms_key_id": null,
            "metadata": null,
            "object_lock_legal_hold_status": "",
            "object_lock_mode": "",
            "object_lock_retain_until_date": "",
            "override_provider": [],
            "server_side_encryption": "AES256",
            "source": "C:/Users/Usuario/Desktop/Varios/Estudios/Grado de informatica/2º Grado DAW/Proyecto Navidad/.git/objects/ca/a872e85c78c7d01ce867ab6035a4cfdb4e1a59",
            "source_hash": null,
            "storage_class": "STANDARD",
            "tags": null,
            "tags_all": {},
            "version_id": "",
            "website_redirect": ""
          },
          "sensitive_attributes": [],
          "private": "bnVsbA==",
          "dependencies": [
            "aws_s3_bucket.mi_bucket"
          ]
        },
        {
          "index_key": ".git/objects/cb/188992ccc6a79520bfa81d14aedf3458118316",
          "schema_version": 0,
          "attributes": {
            "acl": null,
            "arn": "arn:aws:s3:::mi-carpeta-terraform/.git/objects/cb/188992ccc6a79520bfa81d14aedf3458118316",
            "bucket": "mi-carpeta-terraform",
            "bucket_key_enabled": false,
            "cache_control": "",
            "checksum_algorithm": null,
            "checksum_crc32": "",
            "checksum_crc32c": "",
            "checksum_sha1": "",
            "checksum_sha256": "",
            "content": null,
            "content_base64": null,
            "content_disposition": "",
            "content_encoding": "",
            "content_language": "",
            "content_type": "application/octet-stream",
            "etag": "b50ef6eba3bc5f957830f8bfab122695",
            "force_destroy": false,
            "id": ".git/objects/cb/188992ccc6a79520bfa81d14aedf3458118316",
            "key": ".git/objects/cb/188992ccc6a79520bfa81d14aedf3458118316",
            "kms_key_id": null,
            "metadata": null,
            "object_lock_legal_hold_status": "",
            "object_lock_mode": "",
            "object_lock_retain_until_date": "",
            "override_provider": [],
            "server_side_encryption": "AES256",
            "source": "C:/Users/Usuario/Desktop/Varios/Estudios/Grado de informatica/2º Grado DAW/Proyecto Navidad/.git/objects/cb/188992ccc6a79520bfa81d14aedf3458118316",
            "source_hash": null,
            "storage_class": "STANDARD",
            "tags": null,
            "tags_all": {},
            "version_id": "",
            "website_redirect": ""
          },
          "sensitive_attributes": [],
          "private": "bnVsbA==",
          "dependencies": [
            "aws_s3_bucket.mi_bucket"
          ]
        },
        {
          "index_key": ".git/objects/cb/6c7311907eb47c53e11bf4dcaeb74068bf6892",
          "schema_version": 0,
          "attributes": {
            "acl": null,
            "arn": "arn:aws:s3:::mi-carpeta-terraform/.git/objects/cb/6c7311907eb47c53e11bf4dcaeb74068bf6892",
            "bucket": "mi-carpeta-terraform",
            "bucket_key_enabled": false,
            "cache_control": "",
            "checksum_algorithm": null,
            "checksum_crc32": "",
            "checksum_crc32c": "",
            "checksum_sha1": "",
            "checksum_sha256": "",
            "content": null,
            "content_base64": null,
            "content_disposition": "",
            "content_encoding": "",
            "content_language": "",
            "content_type": "application/octet-stream",
            "etag": "b022144b7b3059e89ac43f33fa683875",
            "force_destroy": false,
            "id": ".git/objects/cb/6c7311907eb47c53e11bf4dcaeb74068bf6892",
            "key": ".git/objects/cb/6c7311907eb47c53e11bf4dcaeb74068bf6892",
            "kms_key_id": null,
            "metadata": null,
            "object_lock_legal_hold_status": "",
            "object_lock_mode": "",
            "object_lock_retain_until_date": "",
            "override_provider": [],
            "server_side_encryption": "AES256",
            "source": "C:/Users/Usuario/Desktop/Varios/Estudios/Grado de informatica/2º Grado DAW/Proyecto Navidad/.git/objects/cb/6c7311907eb47c53e11bf4dcaeb74068bf6892",
            "source_hash": null,
            "storage_class": "STANDARD",
            "tags": null,
            "tags_all": {},
            "version_id": "",
            "website_redirect": ""
          },
          "sensitive_attributes": [],
          "private": "bnVsbA==",
          "dependencies": [
            "aws_s3_bucket.mi_bucket"
          ]
        },
        {
          "index_key": ".git/objects/cb/a520eb2b9a44ef375991eb52a1fec1ae1083d6",
          "schema_version": 0,
          "attributes": {
            "acl": null,
            "arn": "arn:aws:s3:::mi-carpeta-terraform/.git/objects/cb/a520eb2b9a44ef375991eb52a1fec1ae1083d6",
            "bucket": "mi-carpeta-terraform",
            "bucket_key_enabled": false,
            "cache_control": "",
            "checksum_algorithm": null,
            "checksum_crc32": "",
            "checksum_crc32c": "",
            "checksum_sha1": "",
            "checksum_sha256": "",
            "content": null,
            "content_base64": null,
            "content_disposition": "",
            "content_encoding": "",
            "content_language": "",
            "content_type": "application/octet-stream",
            "etag": "21aa36414a40fb4d417bf20fe765e4a0",
            "force_destroy": false,
            "id": ".git/objects/cb/a520eb2b9a44ef375991eb52a1fec1ae1083d6",
            "key": ".git/objects/cb/a520eb2b9a44ef375991eb52a1fec1ae1083d6",
            "kms_key_id": null,
            "metadata": null,
            "object_lock_legal_hold_status": "",
            "object_lock_mode": "",
            "object_lock_retain_until_date": "",
            "override_provider": [],
            "server_side_encryption": "AES256",
            "source": "C:/Users/Usuario/Desktop/Varios/Estudios/Grado de informatica/2º Grado DAW/Proyecto Navidad/.git/objects/cb/a520eb2b9a44ef375991eb52a1fec1ae1083d6",
            "source_hash": null,
            "storage_class": "STANDARD",
            "tags": null,
            "tags_all": {},
            "version_id": "",
            "website_redirect": ""
          },
          "sensitive_attributes": [],
          "private": "bnVsbA==",
          "dependencies": [
            "aws_s3_bucket.mi_bucket"
          ]
        },
        {
          "index_key": ".git/objects/ce/a897fe53f8d9863e862da9fb61fea105ceb01e",
          "schema_version": 0,
          "attributes": {
            "acl": null,
            "arn": "arn:aws:s3:::mi-carpeta-terraform/.git/objects/ce/a897fe53f8d9863e862da9fb61fea105ceb01e",
            "bucket": "mi-carpeta-terraform",
            "bucket_key_enabled": false,
            "cache_control": "",
            "checksum_algorithm": null,
            "checksum_crc32": "",
            "checksum_crc32c": "",
            "checksum_sha1": "",
            "checksum_sha256": "",
            "content": null,
            "content_base64": null,
            "content_disposition": "",
            "content_encoding": "",
            "content_language": "",
            "content_type": "application/octet-stream",
            "etag": "d1df14446883324f399badbe9867eb15",
            "force_destroy": false,
            "id": ".git/objects/ce/a897fe53f8d9863e862da9fb61fea105ceb01e",
            "key": ".git/objects/ce/a897fe53f8d9863e862da9fb61fea105ceb01e",
            "kms_key_id": null,
            "metadata": null,
            "object_lock_legal_hold_status": "",
            "object_lock_mode": "",
            "object_lock_retain_until_date": "",
            "override_provider": [],
            "server_side_encryption": "AES256",
            "source": "C:/Users/Usuario/Desktop/Varios/Estudios/Grado de informatica/2º Grado DAW/Proyecto Navidad/.git/objects/ce/a897fe53f8d9863e862da9fb61fea105ceb01e",
            "source_hash": null,
            "storage_class": "STANDARD",
            "tags": null,
            "tags_all": {},
            "version_id": "",
            "website_redirect": ""
          },
          "sensitive_attributes": [],
          "private": "bnVsbA==",
          "dependencies": [
            "aws_s3_bucket.mi_bucket"
          ]
        },
        {
          "index_key": ".git/objects/ce/fdd3cee066a6e91c4d2afbb89c033cde6b3501",
          "schema_version": 0,
          "attributes": {
            "acl": null,
            "arn": "arn:aws:s3:::mi-carpeta-terraform/.git/objects/ce/fdd3cee066a6e91c4d2afbb89c033cde6b3501",
            "bucket": "mi-carpeta-terraform",
            "bucket_key_enabled": false,
            "cache_control": "",
            "checksum_algorithm": null,
            "checksum_crc32": "",
            "checksum_crc32c": "",
            "checksum_sha1": "",
            "checksum_sha256": "",
            "content": null,
            "content_base64": null,
            "content_disposition": "",
            "content_encoding": "",
            "content_language": "",
            "content_type": "application/octet-stream",
            "etag": "42754ee68a35f1459628c650ba1f2c25",
            "force_destroy": false,
            "id": ".git/objects/ce/fdd3cee066a6e91c4d2afbb89c033cde6b3501",
            "key": ".git/objects/ce/fdd3cee066a6e91c4d2afbb89c033cde6b3501",
            "kms_key_id": null,
            "metadata": null,
            "object_lock_legal_hold_status": "",
            "object_lock_mode": "",
            "object_lock_retain_until_date": "",
            "override_provider": [],
            "server_side_encryption": "AES256",
            "source": "C:/Users/Usuario/Desktop/Varios/Estudios/Grado de informatica/2º Grado DAW/Proyecto Navidad/.git/objects/ce/fdd3cee066a6e91c4d2afbb89c033cde6b3501",
            "source_hash": null,
            "storage_class": "STANDARD",
            "tags": null,
            "tags_all": {},
            "version_id": "",
            "website_redirect": ""
          },
          "sensitive_attributes": [],
          "private": "bnVsbA==",
          "dependencies": [
            "aws_s3_bucket.mi_bucket"
          ]
        },
        {
          "index_key": ".git/objects/cf/96367329a41e5150cb972b6474811cdd28c112",
          "schema_version": 0,
          "attributes": {
            "acl": null,
            "arn": "arn:aws:s3:::mi-carpeta-terraform/.git/objects/cf/96367329a41e5150cb972b6474811cdd28c112",
            "bucket": "mi-carpeta-terraform",
            "bucket_key_enabled": false,
            "cache_control": "",
            "checksum_algorithm": null,
            "checksum_crc32": "",
            "checksum_crc32c": "",
            "checksum_sha1": "",
            "checksum_sha256": "",
            "content": null,
            "content_base64": null,
            "content_disposition": "",
            "content_encoding": "",
            "content_language": "",
            "content_type": "application/octet-stream",
            "etag": "508bf17fb4edca67d533a35db15239ff",
            "force_destroy": false,
            "id": ".git/objects/cf/96367329a41e5150cb972b6474811cdd28c112",
            "key": ".git/objects/cf/96367329a41e5150cb972b6474811cdd28c112",
            "kms_key_id": null,
            "metadata": null,
            "object_lock_legal_hold_status": "",
            "object_lock_mode": "",
            "object_lock_retain_until_date": "",
            "override_provider": [],
            "server_side_encryption": "AES256",
            "source": "C:/Users/Usuario/Desktop/Varios/Estudios/Grado de informatica/2º Grado DAW/Proyecto Navidad/.git/objects/cf/96367329a41e5150cb972b6474811cdd28c112",
            "source_hash": null,
            "storage_class": "STANDARD",
            "tags": null,
            "tags_all": {},
            "version_id": "",
            "website_redirect": ""
          },
          "sensitive_attributes": [],
          "private": "bnVsbA==",
          "dependencies": [
            "aws_s3_bucket.mi_bucket"
          ]
        },
        {
          "index_key": ".git/objects/d0/1f779ffe857c350a556704ae244cec10844ce0",
          "schema_version": 0,
          "attributes": {
            "acl": null,
            "arn": "arn:aws:s3:::mi-carpeta-terraform/.git/objects/d0/1f779ffe857c350a556704ae244cec10844ce0",
            "bucket": "mi-carpeta-terraform",
            "bucket_key_enabled": false,
            "cache_control": "",
            "checksum_algorithm": null,
            "checksum_crc32": "",
            "checksum_crc32c": "",
            "checksum_sha1": "",
            "checksum_sha256": "",
            "content": null,
            "content_base64": null,
            "content_disposition": "",
            "content_encoding": "",
            "content_language": "",
            "content_type": "application/octet-stream",
            "etag": "0fe123123f2e5b85b30af7b653c6ece7",
            "force_destroy": false,
            "id": ".git/objects/d0/1f779ffe857c350a556704ae244cec10844ce0",
            "key": ".git/objects/d0/1f779ffe857c350a556704ae244cec10844ce0",
            "kms_key_id": null,
            "metadata": null,
            "object_lock_legal_hold_status": "",
            "object_lock_mode": "",
            "object_lock_retain_until_date": "",
            "override_provider": [],
            "server_side_encryption": "AES256",
            "source": "C:/Users/Usuario/Desktop/Varios/Estudios/Grado de informatica/2º Grado DAW/Proyecto Navidad/.git/objects/d0/1f779ffe857c350a556704ae244cec10844ce0",
            "source_hash": null,
            "storage_class": "STANDARD",
            "tags": null,
            "tags_all": {},
            "version_id": "",
            "website_redirect": ""
          },
          "sensitive_attributes": [],
          "private": "bnVsbA==",
          "dependencies": [
            "aws_s3_bucket.mi_bucket"
          ]
        },
        {
          "index_key": ".git/objects/d0/8577cbc1cbe6653bc90e47b8b6e6920fcc3e30",
          "schema_version": 0,
          "attributes": {
            "acl": null,
            "arn": "arn:aws:s3:::mi-carpeta-terraform/.git/objects/d0/8577cbc1cbe6653bc90e47b8b6e6920fcc3e30",
            "bucket": "mi-carpeta-terraform",
            "bucket_key_enabled": false,
            "cache_control": "",
            "checksum_algorithm": null,
            "checksum_crc32": "",
            "checksum_crc32c": "",
            "checksum_sha1": "",
            "checksum_sha256": "",
            "content": null,
            "content_base64": null,
            "content_disposition": "",
            "content_encoding": "",
            "content_language": "",
            "content_type": "application/octet-stream",
            "etag": "1a93d57312eef31fb9e380de5409778b",
            "force_destroy": false,
            "id": ".git/objects/d0/8577cbc1cbe6653bc90e47b8b6e6920fcc3e30",
            "key": ".git/objects/d0/8577cbc1cbe6653bc90e47b8b6e6920fcc3e30",
            "kms_key_id": null,
            "metadata": null,
            "object_lock_legal_hold_status": "",
            "object_lock_mode": "",
            "object_lock_retain_until_date": "",
            "override_provider": [],
            "server_side_encryption": "AES256",
            "source": "C:/Users/Usuario/Desktop/Varios/Estudios/Grado de informatica/2º Grado DAW/Proyecto Navidad/.git/objects/d0/8577cbc1cbe6653bc90e47b8b6e6920fcc3e30",
            "source_hash": null,
            "storage_class": "STANDARD",
            "tags": null,
            "tags_all": {},
            "version_id": "",
            "website_redirect": ""
          },
          "sensitive_attributes": [],
          "private": "bnVsbA==",
          "dependencies": [
            "aws_s3_bucket.mi_bucket"
          ]
        },
        {
          "index_key": ".git/objects/d5/73994c221877ee330b3ab1ec220223a0d8797e",
          "schema_version": 0,
          "attributes": {
            "acl": null,
            "arn": "arn:aws:s3:::mi-carpeta-terraform/.git/objects/d5/73994c221877ee330b3ab1ec220223a0d8797e",
            "bucket": "mi-carpeta-terraform",
            "bucket_key_enabled": false,
            "cache_control": "",
            "checksum_algorithm": null,
            "checksum_crc32": "",
            "checksum_crc32c": "",
            "checksum_sha1": "",
            "checksum_sha256": "",
            "content": null,
            "content_base64": null,
            "content_disposition": "",
            "content_encoding": "",
            "content_language": "",
            "content_type": "application/octet-stream",
            "etag": "11f392bbdbd0ad8df9aa3b765fa5f874",
            "force_destroy": false,
            "id": ".git/objects/d5/73994c221877ee330b3ab1ec220223a0d8797e",
            "key": ".git/objects/d5/73994c221877ee330b3ab1ec220223a0d8797e",
            "kms_key_id": null,
            "metadata": null,
            "object_lock_legal_hold_status": "",
            "object_lock_mode": "",
            "object_lock_retain_until_date": "",
            "override_provider": [],
            "server_side_encryption": "AES256",
            "source": "C:/Users/Usuario/Desktop/Varios/Estudios/Grado de informatica/2º Grado DAW/Proyecto Navidad/.git/objects/d5/73994c221877ee330b3ab1ec220223a0d8797e",
            "source_hash": null,
            "storage_class": "STANDARD",
            "tags": null,
            "tags_all": {},
            "version_id": "",
            "website_redirect": ""
          },
          "sensitive_attributes": [],
          "private": "bnVsbA==",
          "dependencies": [
            "aws_s3_bucket.mi_bucket"
          ]
        },
        {
          "index_key": ".git/objects/d5/f0b534e7dd00da2c61299089804e07d1cc3eff",
          "schema_version": 0,
          "attributes": {
            "acl": null,
            "arn": "arn:aws:s3:::mi-carpeta-terraform/.git/objects/d5/f0b534e7dd00da2c61299089804e07d1cc3eff",
            "bucket": "mi-carpeta-terraform",
            "bucket_key_enabled": false,
            "cache_control": "",
            "checksum_algorithm": null,
            "checksum_crc32": "",
            "checksum_crc32c": "",
            "checksum_sha1": "",
            "checksum_sha256": "",
            "content": null,
            "content_base64": null,
            "content_disposition": "",
            "content_encoding": "",
            "content_language": "",
            "content_type": "application/octet-stream",
            "etag": "9a6dc0a105decf3809a1e3ebce2677d0",
            "force_destroy": false,
            "id": ".git/objects/d5/f0b534e7dd00da2c61299089804e07d1cc3eff",
            "key": ".git/objects/d5/f0b534e7dd00da2c61299089804e07d1cc3eff",
            "kms_key_id": null,
            "metadata": null,
            "object_lock_legal_hold_status": "",
            "object_lock_mode": "",
            "object_lock_retain_until_date": "",
            "override_provider": [],
            "server_side_encryption": "AES256",
            "source": "C:/Users/Usuario/Desktop/Varios/Estudios/Grado de informatica/2º Grado DAW/Proyecto Navidad/.git/objects/d5/f0b534e7dd00da2c61299089804e07d1cc3eff",
            "source_hash": null,
            "storage_class": "STANDARD",
            "tags": null,
            "tags_all": {},
            "version_id": "",
            "website_redirect": ""
          },
          "sensitive_attributes": [],
          "private": "bnVsbA==",
          "dependencies": [
            "aws_s3_bucket.mi_bucket"
          ]
        },
        {
          "index_key": ".git/objects/d8/a20eb326bcd4e802997938733f0d652ad40d18",
          "schema_version": 0,
          "attributes": {
            "acl": null,
            "arn": "arn:aws:s3:::mi-carpeta-terraform/.git/objects/d8/a20eb326bcd4e802997938733f0d652ad40d18",
            "bucket": "mi-carpeta-terraform",
            "bucket_key_enabled": false,
            "cache_control": "",
            "checksum_algorithm": null,
            "checksum_crc32": "",
            "checksum_crc32c": "",
            "checksum_sha1": "",
            "checksum_sha256": "",
            "content": null,
            "content_base64": null,
            "content_disposition": "",
            "content_encoding": "",
            "content_language": "",
            "content_type": "application/octet-stream",
            "etag": "d453cebe9ee07445cda4467741f9417b",
            "force_destroy": false,
            "id": ".git/objects/d8/a20eb326bcd4e802997938733f0d652ad40d18",
            "key": ".git/objects/d8/a20eb326bcd4e802997938733f0d652ad40d18",
            "kms_key_id": null,
            "metadata": null,
            "object_lock_legal_hold_status": "",
            "object_lock_mode": "",
            "object_lock_retain_until_date": "",
            "override_provider": [],
            "server_side_encryption": "AES256",
            "source": "C:/Users/Usuario/Desktop/Varios/Estudios/Grado de informatica/2º Grado DAW/Proyecto Navidad/.git/objects/d8/a20eb326bcd4e802997938733f0d652ad40d18",
            "source_hash": null,
            "storage_class": "STANDARD",
            "tags": null,
            "tags_all": {},
            "version_id": "",
            "website_redirect": ""
          },
          "sensitive_attributes": [],
          "private": "bnVsbA==",
          "dependencies": [
            "aws_s3_bucket.mi_bucket"
          ]
        },
        {
          "index_key": ".git/objects/d9/37eb089eb7993d8833da93e7f6fd949c7ba796",
          "schema_version": 0,
          "attributes": {
            "acl": null,
            "arn": "arn:aws:s3:::mi-carpeta-terraform/.git/objects/d9/37eb089eb7993d8833da93e7f6fd949c7ba796",
            "bucket": "mi-carpeta-terraform",
            "bucket_key_enabled": false,
            "cache_control": "",
            "checksum_algorithm": null,
            "checksum_crc32": "",
            "checksum_crc32c": "",
            "checksum_sha1": "",
            "checksum_sha256": "",
            "content": null,
            "content_base64": null,
            "content_disposition": "",
            "content_encoding": "",
            "content_language": "",
            "content_type": "application/octet-stream",
            "etag": "f52a04c61a12b37fd6a2ec7a48fdfa95",
            "force_destroy": false,
            "id": ".git/objects/d9/37eb089eb7993d8833da93e7f6fd949c7ba796",
            "key": ".git/objects/d9/37eb089eb7993d8833da93e7f6fd949c7ba796",
            "kms_key_id": null,
            "metadata": null,
            "object_lock_legal_hold_status": "",
            "object_lock_mode": "",
            "object_lock_retain_until_date": "",
            "override_provider": [],
            "server_side_encryption": "AES256",
            "source": "C:/Users/Usuario/Desktop/Varios/Estudios/Grado de informatica/2º Grado DAW/Proyecto Navidad/.git/objects/d9/37eb089eb7993d8833da93e7f6fd949c7ba796",
            "source_hash": null,
            "storage_class": "STANDARD",
            "tags": null,
            "tags_all": {},
            "version_id": "",
            "website_redirect": ""
          },
          "sensitive_attributes": [],
          "private": "bnVsbA==",
          "dependencies": [
            "aws_s3_bucket.mi_bucket"
          ]
        },
        {
          "index_key": ".git/objects/d9/851af0bf93020a4c9a1ff598de92ec75ec8b0c",
          "schema_version": 0,
          "attributes": {
            "acl": null,
            "arn": "arn:aws:s3:::mi-carpeta-terraform/.git/objects/d9/851af0bf93020a4c9a1ff598de92ec75ec8b0c",
            "bucket": "mi-carpeta-terraform",
            "bucket_key_enabled": false,
            "cache_control": "",
            "checksum_algorithm": null,
            "checksum_crc32": "",
            "checksum_crc32c": "",
            "checksum_sha1": "",
            "checksum_sha256": "",
            "content": null,
            "content_base64": null,
            "content_disposition": "",
            "content_encoding": "",
            "content_language": "",
            "content_type": "application/octet-stream",
            "etag": "67f8d910879fd5c67e050bacf3259a35",
            "force_destroy": false,
            "id": ".git/objects/d9/851af0bf93020a4c9a1ff598de92ec75ec8b0c",
            "key": ".git/objects/d9/851af0bf93020a4c9a1ff598de92ec75ec8b0c",
            "kms_key_id": null,
            "metadata": null,
            "object_lock_legal_hold_status": "",
            "object_lock_mode": "",
            "object_lock_retain_until_date": "",
            "override_provider": [],
            "server_side_encryption": "AES256",
            "source": "C:/Users/Usuario/Desktop/Varios/Estudios/Grado de informatica/2º Grado DAW/Proyecto Navidad/.git/objects/d9/851af0bf93020a4c9a1ff598de92ec75ec8b0c",
            "source_hash": null,
            "storage_class": "STANDARD",
            "tags": null,
            "tags_all": {},
            "version_id": "",
            "website_redirect": ""
          },
          "sensitive_attributes": [],
          "private": "bnVsbA==",
          "dependencies": [
            "aws_s3_bucket.mi_bucket"
          ]
        },
        {
          "index_key": ".git/objects/da/649104bb6201f9c9a3c9167ed8fd826fd7e64a",
          "schema_version": 0,
          "attributes": {
            "acl": null,
            "arn": "arn:aws:s3:::mi-carpeta-terraform/.git/objects/da/649104bb6201f9c9a3c9167ed8fd826fd7e64a",
            "bucket": "mi-carpeta-terraform",
            "bucket_key_enabled": false,
            "cache_control": "",
            "checksum_algorithm": null,
            "checksum_crc32": "",
            "checksum_crc32c": "",
            "checksum_sha1": "",
            "checksum_sha256": "",
            "content": null,
            "content_base64": null,
            "content_disposition": "",
            "content_encoding": "",
            "content_language": "",
            "content_type": "application/octet-stream",
            "etag": "68c05f1a9ad05120ce28c9d2c0e6d971",
            "force_destroy": false,
            "id": ".git/objects/da/649104bb6201f9c9a3c9167ed8fd826fd7e64a",
            "key": ".git/objects/da/649104bb6201f9c9a3c9167ed8fd826fd7e64a",
            "kms_key_id": null,
            "metadata": null,
            "object_lock_legal_hold_status": "",
            "object_lock_mode": "",
            "object_lock_retain_until_date": "",
            "override_provider": [],
            "server_side_encryption": "AES256",
            "source": "C:/Users/Usuario/Desktop/Varios/Estudios/Grado de informatica/2º Grado DAW/Proyecto Navidad/.git/objects/da/649104bb6201f9c9a3c9167ed8fd826fd7e64a",
            "source_hash": null,
            "storage_class": "STANDARD",
            "tags": null,
            "tags_all": {},
            "version_id": "",
            "website_redirect": ""
          },
          "sensitive_attributes": [],
          "private": "bnVsbA==",
          "dependencies": [
            "aws_s3_bucket.mi_bucket"
          ]
        },
        {
          "index_key": ".git/objects/da/9d74d686f77df20bf11a557d47ff7f2ae1b6bf",
          "schema_version": 0,
          "attributes": {
            "acl": null,
            "arn": "arn:aws:s3:::mi-carpeta-terraform/.git/objects/da/9d74d686f77df20bf11a557d47ff7f2ae1b6bf",
            "bucket": "mi-carpeta-terraform",
            "bucket_key_enabled": false,
            "cache_control": "",
            "checksum_algorithm": null,
            "checksum_crc32": "",
            "checksum_crc32c": "",
            "checksum_sha1": "",
            "checksum_sha256": "",
            "content": null,
            "content_base64": null,
            "content_disposition": "",
            "content_encoding": "",
            "content_language": "",
            "content_type": "application/octet-stream",
            "etag": "8eab6cf7658057feae8917a00bf6b2ee",
            "force_destroy": false,
            "id": ".git/objects/da/9d74d686f77df20bf11a557d47ff7f2ae1b6bf",
            "key": ".git/objects/da/9d74d686f77df20bf11a557d47ff7f2ae1b6bf",
            "kms_key_id": null,
            "metadata": null,
            "object_lock_legal_hold_status": "",
            "object_lock_mode": "",
            "object_lock_retain_until_date": "",
            "override_provider": [],
            "server_side_encryption": "AES256",
            "source": "C:/Users/Usuario/Desktop/Varios/Estudios/Grado de informatica/2º Grado DAW/Proyecto Navidad/.git/objects/da/9d74d686f77df20bf11a557d47ff7f2ae1b6bf",
            "source_hash": null,
            "storage_class": "STANDARD",
            "tags": null,
            "tags_all": {},
            "version_id": "",
            "website_redirect": ""
          },
          "sensitive_attributes": [],
          "private": "bnVsbA==",
          "dependencies": [
            "aws_s3_bucket.mi_bucket"
          ]
        },
        {
          "index_key": ".git/objects/dd/61bbbd3b89319938048b463c39344e592177b0",
          "schema_version": 0,
          "attributes": {
            "acl": null,
            "arn": "arn:aws:s3:::mi-carpeta-terraform/.git/objects/dd/61bbbd3b89319938048b463c39344e592177b0",
            "bucket": "mi-carpeta-terraform",
            "bucket_key_enabled": false,
            "cache_control": "",
            "checksum_algorithm": null,
            "checksum_crc32": "",
            "checksum_crc32c": "",
            "checksum_sha1": "",
            "checksum_sha256": "",
            "content": null,
            "content_base64": null,
            "content_disposition": "",
            "content_encoding": "",
            "content_language": "",
            "content_type": "application/octet-stream",
            "etag": "2aad1f3cbe996e6de4c94fa5542531a4",
            "force_destroy": false,
            "id": ".git/objects/dd/61bbbd3b89319938048b463c39344e592177b0",
            "key": ".git/objects/dd/61bbbd3b89319938048b463c39344e592177b0",
            "kms_key_id": null,
            "metadata": null,
            "object_lock_legal_hold_status": "",
            "object_lock_mode": "",
            "object_lock_retain_until_date": "",
            "override_provider": [],
            "server_side_encryption": "AES256",
            "source": "C:/Users/Usuario/Desktop/Varios/Estudios/Grado de informatica/2º Grado DAW/Proyecto Navidad/.git/objects/dd/61bbbd3b89319938048b463c39344e592177b0",
            "source_hash": null,
            "storage_class": "STANDARD",
            "tags": null,
            "tags_all": {},
            "version_id": "",
            "website_redirect": ""
          },
          "sensitive_attributes": [],
          "private": "bnVsbA==",
          "dependencies": [
            "aws_s3_bucket.mi_bucket"
          ]
        },
        {
          "index_key": ".git/objects/dd/7965b580fff14c54dfa32d149e673ba44d5ea5",
          "schema_version": 0,
          "attributes": {
            "acl": null,
            "arn": "arn:aws:s3:::mi-carpeta-terraform/.git/objects/dd/7965b580fff14c54dfa32d149e673ba44d5ea5",
            "bucket": "mi-carpeta-terraform",
            "bucket_key_enabled": false,
            "cache_control": "",
            "checksum_algorithm": null,
            "checksum_crc32": "",
            "checksum_crc32c": "",
            "checksum_sha1": "",
            "checksum_sha256": "",
            "content": null,
            "content_base64": null,
            "content_disposition": "",
            "content_encoding": "",
            "content_language": "",
            "content_type": "application/octet-stream",
            "etag": "e78b0995db74a77951b619031da52a77",
            "force_destroy": false,
            "id": ".git/objects/dd/7965b580fff14c54dfa32d149e673ba44d5ea5",
            "key": ".git/objects/dd/7965b580fff14c54dfa32d149e673ba44d5ea5",
            "kms_key_id": null,
            "metadata": null,
            "object_lock_legal_hold_status": "",
            "object_lock_mode": "",
            "object_lock_retain_until_date": "",
            "override_provider": [],
            "server_side_encryption": "AES256",
            "source": "C:/Users/Usuario/Desktop/Varios/Estudios/Grado de informatica/2º Grado DAW/Proyecto Navidad/.git/objects/dd/7965b580fff14c54dfa32d149e673ba44d5ea5",
            "source_hash": null,
            "storage_class": "STANDARD",
            "tags": null,
            "tags_all": {},
            "version_id": "",
            "website_redirect": ""
          },
          "sensitive_attributes": [],
          "private": "bnVsbA==",
          "dependencies": [
            "aws_s3_bucket.mi_bucket"
          ]
        },
        {
          "index_key": ".git/objects/dd/842fa5d5366c12843db7872469f48ee57eba29",
          "schema_version": 0,
          "attributes": {
            "acl": null,
            "arn": "arn:aws:s3:::mi-carpeta-terraform/.git/objects/dd/842fa5d5366c12843db7872469f48ee57eba29",
            "bucket": "mi-carpeta-terraform",
            "bucket_key_enabled": false,
            "cache_control": "",
            "checksum_algorithm": null,
            "checksum_crc32": "",
            "checksum_crc32c": "",
            "checksum_sha1": "",
            "checksum_sha256": "",
            "content": null,
            "content_base64": null,
            "content_disposition": "",
            "content_encoding": "",
            "content_language": "",
            "content_type": "application/octet-stream",
            "etag": "90d47e8a3ae5412ac7b2cfb9ad22a4d6",
            "force_destroy": false,
            "id": ".git/objects/dd/842fa5d5366c12843db7872469f48ee57eba29",
            "key": ".git/objects/dd/842fa5d5366c12843db7872469f48ee57eba29",
            "kms_key_id": null,
            "metadata": null,
            "object_lock_legal_hold_status": "",
            "object_lock_mode": "",
            "object_lock_retain_until_date": "",
            "override_provider": [],
            "server_side_encryption": "AES256",
            "source": "C:/Users/Usuario/Desktop/Varios/Estudios/Grado de informatica/2º Grado DAW/Proyecto Navidad/.git/objects/dd/842fa5d5366c12843db7872469f48ee57eba29",
            "source_hash": null,
            "storage_class": "STANDARD",
            "tags": null,
            "tags_all": {},
            "version_id": "",
            "website_redirect": ""
          },
          "sensitive_attributes": [],
          "private": "bnVsbA==",
          "dependencies": [
            "aws_s3_bucket.mi_bucket"
          ]
        },
        {
          "index_key": ".git/objects/df/4edcee1a73517b5946cf3233aa39feb04b1ea5",
          "schema_version": 0,
          "attributes": {
            "acl": null,
            "arn": "arn:aws:s3:::mi-carpeta-terraform/.git/objects/df/4edcee1a73517b5946cf3233aa39feb04b1ea5",
            "bucket": "mi-carpeta-terraform",
            "bucket_key_enabled": false,
            "cache_control": "",
            "checksum_algorithm": null,
            "checksum_crc32": "",
            "checksum_crc32c": "",
            "checksum_sha1": "",
            "checksum_sha256": "",
            "content": null,
            "content_base64": null,
            "content_disposition": "",
            "content_encoding": "",
            "content_language": "",
            "content_type": "application/octet-stream",
            "etag": "d9126b74549d800b4393589a3900fecc",
            "force_destroy": false,
            "id": ".git/objects/df/4edcee1a73517b5946cf3233aa39feb04b1ea5",
            "key": ".git/objects/df/4edcee1a73517b5946cf3233aa39feb04b1ea5",
            "kms_key_id": null,
            "metadata": null,
            "object_lock_legal_hold_status": "",
            "object_lock_mode": "",
            "object_lock_retain_until_date": "",
            "override_provider": [],
            "server_side_encryption": "AES256",
            "source": "C:/Users/Usuario/Desktop/Varios/Estudios/Grado de informatica/2º Grado DAW/Proyecto Navidad/.git/objects/df/4edcee1a73517b5946cf3233aa39feb04b1ea5",
            "source_hash": null,
            "storage_class": "STANDARD",
            "tags": null,
            "tags_all": {},
            "version_id": "",
            "website_redirect": ""
          },
          "sensitive_attributes": [],
          "private": "bnVsbA==",
          "dependencies": [
            "aws_s3_bucket.mi_bucket"
          ]
        },
        {
          "index_key": ".git/objects/df/fb5438beda642817b9b1eb56f165a15bedec36",
          "schema_version": 0,
          "attributes": {
            "acl": null,
            "arn": "arn:aws:s3:::mi-carpeta-terraform/.git/objects/df/fb5438beda642817b9b1eb56f165a15bedec36",
            "bucket": "mi-carpeta-terraform",
            "bucket_key_enabled": false,
            "cache_control": "",
            "checksum_algorithm": null,
            "checksum_crc32": "",
            "checksum_crc32c": "",
            "checksum_sha1": "",
            "checksum_sha256": "",
            "content": null,
            "content_base64": null,
            "content_disposition": "",
            "content_encoding": "",
            "content_language": "",
            "content_type": "application/octet-stream",
            "etag": "b870ea87f458feb9f07353d2b8703438",
            "force_destroy": false,
            "id": ".git/objects/df/fb5438beda642817b9b1eb56f165a15bedec36",
            "key": ".git/objects/df/fb5438beda642817b9b1eb56f165a15bedec36",
            "kms_key_id": null,
            "metadata": null,
            "object_lock_legal_hold_status": "",
            "object_lock_mode": "",
            "object_lock_retain_until_date": "",
            "override_provider": [],
            "server_side_encryption": "AES256",
            "source": "C:/Users/Usuario/Desktop/Varios/Estudios/Grado de informatica/2º Grado DAW/Proyecto Navidad/.git/objects/df/fb5438beda642817b9b1eb56f165a15bedec36",
            "source_hash": null,
            "storage_class": "STANDARD",
            "tags": null,
            "tags_all": {},
            "version_id": "",
            "website_redirect": ""
          },
          "sensitive_attributes": [],
          "private": "bnVsbA==",
          "dependencies": [
            "aws_s3_bucket.mi_bucket"
          ]
        },
        {
          "index_key": ".git/objects/e0/140cb0ddfebc6a7dd66fd7fa05fe1fcdca8ce5",
          "schema_version": 0,
          "attributes": {
            "acl": null,
            "arn": "arn:aws:s3:::mi-carpeta-terraform/.git/objects/e0/140cb0ddfebc6a7dd66fd7fa05fe1fcdca8ce5",
            "bucket": "mi-carpeta-terraform",
            "bucket_key_enabled": false,
            "cache_control": "",
            "checksum_algorithm": null,
            "checksum_crc32": "",
            "checksum_crc32c": "",
            "checksum_sha1": "",
            "checksum_sha256": "",
            "content": null,
            "content_base64": null,
            "content_disposition": "",
            "content_encoding": "",
            "content_language": "",
            "content_type": "application/octet-stream",
            "etag": "179ba93f14abbccb2172ef9c3921528b",
            "force_destroy": false,
            "id": ".git/objects/e0/140cb0ddfebc6a7dd66fd7fa05fe1fcdca8ce5",
            "key": ".git/objects/e0/140cb0ddfebc6a7dd66fd7fa05fe1fcdca8ce5",
            "kms_key_id": null,
            "metadata": null,
            "object_lock_legal_hold_status": "",
            "object_lock_mode": "",
            "object_lock_retain_until_date": "",
            "override_provider": [],
            "server_side_encryption": "AES256",
            "source": "C:/Users/Usuario/Desktop/Varios/Estudios/Grado de informatica/2º Grado DAW/Proyecto Navidad/.git/objects/e0/140cb0ddfebc6a7dd66fd7fa05fe1fcdca8ce5",
            "source_hash": null,
            "storage_class": "STANDARD",
            "tags": null,
            "tags_all": {},
            "version_id": "",
            "website_redirect": ""
          },
          "sensitive_attributes": [],
          "private": "bnVsbA==",
          "dependencies": [
            "aws_s3_bucket.mi_bucket"
          ]
        },
        {
          "index_key": ".git/objects/e1/132e371f44f6b3442ea4b1623e77598c90fcd8",
          "schema_version": 0,
          "attributes": {
            "acl": null,
            "arn": "arn:aws:s3:::mi-carpeta-terraform/.git/objects/e1/132e371f44f6b3442ea4b1623e77598c90fcd8",
            "bucket": "mi-carpeta-terraform",
            "bucket_key_enabled": false,
            "cache_control": "",
            "checksum_algorithm": null,
            "checksum_crc32": "",
            "checksum_crc32c": "",
            "checksum_sha1": "",
            "checksum_sha256": "",
            "content": null,
            "content_base64": null,
            "content_disposition": "",
            "content_encoding": "",
            "content_language": "",
            "content_type": "application/octet-stream",
            "etag": "853213cb6b847daf4f3402597ee56005",
            "force_destroy": false,
            "id": ".git/objects/e1/132e371f44f6b3442ea4b1623e77598c90fcd8",
            "key": ".git/objects/e1/132e371f44f6b3442ea4b1623e77598c90fcd8",
            "kms_key_id": null,
            "metadata": null,
            "object_lock_legal_hold_status": "",
            "object_lock_mode": "",
            "object_lock_retain_until_date": "",
            "override_provider": [],
            "server_side_encryption": "AES256",
            "source": "C:/Users/Usuario/Desktop/Varios/Estudios/Grado de informatica/2º Grado DAW/Proyecto Navidad/.git/objects/e1/132e371f44f6b3442ea4b1623e77598c90fcd8",
            "source_hash": null,
            "storage_class": "STANDARD",
            "tags": null,
            "tags_all": {},
            "version_id": "",
            "website_redirect": ""
          },
          "sensitive_attributes": [],
          "private": "bnVsbA==",
          "dependencies": [
            "aws_s3_bucket.mi_bucket"
          ]
        },
        {
          "index_key": ".git/objects/e1/6ff720b84d6277156f6ccb45cfef2d1aa47cde",
          "schema_version": 0,
          "attributes": {
            "acl": null,
            "arn": "arn:aws:s3:::mi-carpeta-terraform/.git/objects/e1/6ff720b84d6277156f6ccb45cfef2d1aa47cde",
            "bucket": "mi-carpeta-terraform",
            "bucket_key_enabled": false,
            "cache_control": "",
            "checksum_algorithm": null,
            "checksum_crc32": "",
            "checksum_crc32c": "",
            "checksum_sha1": "",
            "checksum_sha256": "",
            "content": null,
            "content_base64": null,
            "content_disposition": "",
            "content_encoding": "",
            "content_language": "",
            "content_type": "application/octet-stream",
            "etag": "99b80a6c82836a491613d68ac52b3198",
            "force_destroy": false,
            "id": ".git/objects/e1/6ff720b84d6277156f6ccb45cfef2d1aa47cde",
            "key": ".git/objects/e1/6ff720b84d6277156f6ccb45cfef2d1aa47cde",
            "kms_key_id": null,
            "metadata": null,
            "object_lock_legal_hold_status": "",
            "object_lock_mode": "",
            "object_lock_retain_until_date": "",
            "override_provider": [],
            "server_side_encryption": "AES256",
            "source": "C:/Users/Usuario/Desktop/Varios/Estudios/Grado de informatica/2º Grado DAW/Proyecto Navidad/.git/objects/e1/6ff720b84d6277156f6ccb45cfef2d1aa47cde",
            "source_hash": null,
            "storage_class": "STANDARD",
            "tags": null,
            "tags_all": {},
            "version_id": "",
            "website_redirect": ""
          },
          "sensitive_attributes": [],
          "private": "bnVsbA==",
          "dependencies": [
            "aws_s3_bucket.mi_bucket"
          ]
        },
        {
          "index_key": ".git/objects/e4/d3b1faad1912c97aeadda7a65ac83336be9173",
          "schema_version": 0,
          "attributes": {
            "acl": null,
            "arn": "arn:aws:s3:::mi-carpeta-terraform/.git/objects/e4/d3b1faad1912c97aeadda7a65ac83336be9173",
            "bucket": "mi-carpeta-terraform",
            "bucket_key_enabled": false,
            "cache_control": "",
            "checksum_algorithm": null,
            "checksum_crc32": "",
            "checksum_crc32c": "",
            "checksum_sha1": "",
            "checksum_sha256": "",
            "content": null,
            "content_base64": null,
            "content_disposition": "",
            "content_encoding": "",
            "content_language": "",
            "content_type": "application/octet-stream",
            "etag": "bea3bc5c886e836150d03605df4b67e2",
            "force_destroy": false,
            "id": ".git/objects/e4/d3b1faad1912c97aeadda7a65ac83336be9173",
            "key": ".git/objects/e4/d3b1faad1912c97aeadda7a65ac83336be9173",
            "kms_key_id": null,
            "metadata": null,
            "object_lock_legal_hold_status": "",
            "object_lock_mode": "",
            "object_lock_retain_until_date": "",
            "override_provider": [],
            "server_side_encryption": "AES256",
            "source": "C:/Users/Usuario/Desktop/Varios/Estudios/Grado de informatica/2º Grado DAW/Proyecto Navidad/.git/objects/e4/d3b1faad1912c97aeadda7a65ac83336be9173",
            "source_hash": null,
            "storage_class": "STANDARD",
            "tags": null,
            "tags_all": {},
            "version_id": "",
            "website_redirect": ""
          },
          "sensitive_attributes": [],
          "private": "bnVsbA==",
          "dependencies": [
            "aws_s3_bucket.mi_bucket"
          ]
        },
        {
          "index_key": ".git/objects/e5/c9fc385ce84c8b70f6db65f94c2ccdbd3810bb",
          "schema_version": 0,
          "attributes": {
            "acl": null,
            "arn": "arn:aws:s3:::mi-carpeta-terraform/.git/objects/e5/c9fc385ce84c8b70f6db65f94c2ccdbd3810bb",
            "bucket": "mi-carpeta-terraform",
            "bucket_key_enabled": false,
            "cache_control": "",
            "checksum_algorithm": null,
            "checksum_crc32": "",
            "checksum_crc32c": "",
            "checksum_sha1": "",
            "checksum_sha256": "",
            "content": null,
            "content_base64": null,
            "content_disposition": "",
            "content_encoding": "",
            "content_language": "",
            "content_type": "application/octet-stream",
            "etag": "8d41a295f77eac4bc47fa759a3d784b8",
            "force_destroy": false,
            "id": ".git/objects/e5/c9fc385ce84c8b70f6db65f94c2ccdbd3810bb",
            "key": ".git/objects/e5/c9fc385ce84c8b70f6db65f94c2ccdbd3810bb",
            "kms_key_id": null,
            "metadata": null,
            "object_lock_legal_hold_status": "",
            "object_lock_mode": "",
            "object_lock_retain_until_date": "",
            "override_provider": [],
            "server_side_encryption": "AES256",
            "source": "C:/Users/Usuario/Desktop/Varios/Estudios/Grado de informatica/2º Grado DAW/Proyecto Navidad/.git/objects/e5/c9fc385ce84c8b70f6db65f94c2ccdbd3810bb",
            "source_hash": null,
            "storage_class": "STANDARD",
            "tags": null,
            "tags_all": {},
            "version_id": "",
            "website_redirect": ""
          },
          "sensitive_attributes": [],
          "private": "bnVsbA==",
          "dependencies": [
            "aws_s3_bucket.mi_bucket"
          ]
        },
        {
          "index_key": ".git/objects/e6/9de29bb2d1d6434b8b29ae775ad8c2e48c5391",
          "schema_version": 0,
          "attributes": {
            "acl": null,
            "arn": "arn:aws:s3:::mi-carpeta-terraform/.git/objects/e6/9de29bb2d1d6434b8b29ae775ad8c2e48c5391",
            "bucket": "mi-carpeta-terraform",
            "bucket_key_enabled": false,
            "cache_control": "",
            "checksum_algorithm": null,
            "checksum_crc32": "",
            "checksum_crc32c": "",
            "checksum_sha1": "",
            "checksum_sha256": "",
            "content": null,
            "content_base64": null,
            "content_disposition": "",
            "content_encoding": "",
            "content_language": "",
            "content_type": "application/octet-stream",
            "etag": "c70c34cbeefd40e7c0149b7a0c2c64c2",
            "force_destroy": false,
            "id": ".git/objects/e6/9de29bb2d1d6434b8b29ae775ad8c2e48c5391",
            "key": ".git/objects/e6/9de29bb2d1d6434b8b29ae775ad8c2e48c5391",
            "kms_key_id": null,
            "metadata": null,
            "object_lock_legal_hold_status": "",
            "object_lock_mode": "",
            "object_lock_retain_until_date": "",
            "override_provider": [],
            "server_side_encryption": "AES256",
            "source": "C:/Users/Usuario/Desktop/Varios/Estudios/Grado de informatica/2º Grado DAW/Proyecto Navidad/.git/objects/e6/9de29bb2d1d6434b8b29ae775ad8c2e48c5391",
            "source_hash": null,
            "storage_class": "STANDARD",
            "tags": null,
            "tags_all": {},
            "version_id": "",
            "website_redirect": ""
          },
          "sensitive_attributes": [],
          "private": "bnVsbA==",
          "dependencies": [
            "aws_s3_bucket.mi_bucket"
          ]
        },
        {
          "index_key": ".git/objects/e8/44e121b6ac73544ca691ac91b7f94d29d600aa",
          "schema_version": 0,
          "attributes": {
            "acl": null,
            "arn": "arn:aws:s3:::mi-carpeta-terraform/.git/objects/e8/44e121b6ac73544ca691ac91b7f94d29d600aa",
            "bucket": "mi-carpeta-terraform",
            "bucket_key_enabled": false,
            "cache_control": "",
            "checksum_algorithm": null,
            "checksum_crc32": "",
            "checksum_crc32c": "",
            "checksum_sha1": "",
            "checksum_sha256": "",
            "content": null,
            "content_base64": null,
            "content_disposition": "",
            "content_encoding": "",
            "content_language": "",
            "content_type": "application/octet-stream",
            "etag": "a357ab5156280858ed9c063a94c40b79",
            "force_destroy": false,
            "id": ".git/objects/e8/44e121b6ac73544ca691ac91b7f94d29d600aa",
            "key": ".git/objects/e8/44e121b6ac73544ca691ac91b7f94d29d600aa",
            "kms_key_id": null,
            "metadata": null,
            "object_lock_legal_hold_status": "",
            "object_lock_mode": "",
            "object_lock_retain_until_date": "",
            "override_provider": [],
            "server_side_encryption": "AES256",
            "source": "C:/Users/Usuario/Desktop/Varios/Estudios/Grado de informatica/2º Grado DAW/Proyecto Navidad/.git/objects/e8/44e121b6ac73544ca691ac91b7f94d29d600aa",
            "source_hash": null,
            "storage_class": "STANDARD",
            "tags": null,
            "tags_all": {},
            "version_id": "",
            "website_redirect": ""
          },
          "sensitive_attributes": [],
          "private": "bnVsbA==",
          "dependencies": [
            "aws_s3_bucket.mi_bucket"
          ]
        },
        {
          "index_key": ".git/objects/e9/7b46a29fb7e129e4f4004de2267f9e25c2e68b",
          "schema_version": 0,
          "attributes": {
            "acl": null,
            "arn": "arn:aws:s3:::mi-carpeta-terraform/.git/objects/e9/7b46a29fb7e129e4f4004de2267f9e25c2e68b",
            "bucket": "mi-carpeta-terraform",
            "bucket_key_enabled": false,
            "cache_control": "",
            "checksum_algorithm": null,
            "checksum_crc32": "",
            "checksum_crc32c": "",
            "checksum_sha1": "",
            "checksum_sha256": "",
            "content": null,
            "content_base64": null,
            "content_disposition": "",
            "content_encoding": "",
            "content_language": "",
            "content_type": "application/octet-stream",
            "etag": "3847b0ae5c2bf5311f54ae6bdf433791",
            "force_destroy": false,
            "id": ".git/objects/e9/7b46a29fb7e129e4f4004de2267f9e25c2e68b",
            "key": ".git/objects/e9/7b46a29fb7e129e4f4004de2267f9e25c2e68b",
            "kms_key_id": null,
            "metadata": null,
            "object_lock_legal_hold_status": "",
            "object_lock_mode": "",
            "object_lock_retain_until_date": "",
            "override_provider": [],
            "server_side_encryption": "AES256",
            "source": "C:/Users/Usuario/Desktop/Varios/Estudios/Grado de informatica/2º Grado DAW/Proyecto Navidad/.git/objects/e9/7b46a29fb7e129e4f4004de2267f9e25c2e68b",
            "source_hash": null,
            "storage_class": "STANDARD",
            "tags": null,
            "tags_all": {},
            "version_id": "",
            "website_redirect": ""
          },
          "sensitive_attributes": [],
          "private": "bnVsbA==",
          "dependencies": [
            "aws_s3_bucket.mi_bucket"
          ]
        },
        {
          "index_key": ".git/objects/e9/b695324e9c97e65d46f7c836c88c3e148597d3",
          "schema_version": 0,
          "attributes": {
            "acl": null,
            "arn": "arn:aws:s3:::mi-carpeta-terraform/.git/objects/e9/b695324e9c97e65d46f7c836c88c3e148597d3",
            "bucket": "mi-carpeta-terraform",
            "bucket_key_enabled": false,
            "cache_control": "",
            "checksum_algorithm": null,
            "checksum_crc32": "",
            "checksum_crc32c": "",
            "checksum_sha1": "",
            "checksum_sha256": "",
            "content": null,
            "content_base64": null,
            "content_disposition": "",
            "content_encoding": "",
            "content_language": "",
            "content_type": "application/octet-stream",
            "etag": "6c96138e30fc611f4a2396320ec1b533",
            "force_destroy": false,
            "id": ".git/objects/e9/b695324e9c97e65d46f7c836c88c3e148597d3",
            "key": ".git/objects/e9/b695324e9c97e65d46f7c836c88c3e148597d3",
            "kms_key_id": null,
            "metadata": null,
            "object_lock_legal_hold_status": "",
            "object_lock_mode": "",
            "object_lock_retain_until_date": "",
            "override_provider": [],
            "server_side_encryption": "AES256",
            "source": "C:/Users/Usuario/Desktop/Varios/Estudios/Grado de informatica/2º Grado DAW/Proyecto Navidad/.git/objects/e9/b695324e9c97e65d46f7c836c88c3e148597d3",
            "source_hash": null,
            "storage_class": "STANDARD",
            "tags": null,
            "tags_all": {},
            "version_id": "",
            "website_redirect": ""
          },
          "sensitive_attributes": [],
          "private": "bnVsbA==",
          "dependencies": [
            "aws_s3_bucket.mi_bucket"
          ]
        },
        {
          "index_key": ".git/objects/e9/f9c83d509b8f37cd04843b81b3e8cf87f9d923",
          "schema_version": 0,
          "attributes": {
            "acl": null,
            "arn": "arn:aws:s3:::mi-carpeta-terraform/.git/objects/e9/f9c83d509b8f37cd04843b81b3e8cf87f9d923",
            "bucket": "mi-carpeta-terraform",
            "bucket_key_enabled": false,
            "cache_control": "",
            "checksum_algorithm": null,
            "checksum_crc32": "",
            "checksum_crc32c": "",
            "checksum_sha1": "",
            "checksum_sha256": "",
            "content": null,
            "content_base64": null,
            "content_disposition": "",
            "content_encoding": "",
            "content_language": "",
            "content_type": "application/octet-stream",
            "etag": "510816d72c4762584cc8e2ada2f10eef",
            "force_destroy": false,
            "id": ".git/objects/e9/f9c83d509b8f37cd04843b81b3e8cf87f9d923",
            "key": ".git/objects/e9/f9c83d509b8f37cd04843b81b3e8cf87f9d923",
            "kms_key_id": null,
            "metadata": null,
            "object_lock_legal_hold_status": "",
            "object_lock_mode": "",
            "object_lock_retain_until_date": "",
            "override_provider": [],
            "server_side_encryption": "AES256",
            "source": "C:/Users/Usuario/Desktop/Varios/Estudios/Grado de informatica/2º Grado DAW/Proyecto Navidad/.git/objects/e9/f9c83d509b8f37cd04843b81b3e8cf87f9d923",
            "source_hash": null,
            "storage_class": "STANDARD",
            "tags": null,
            "tags_all": {},
            "version_id": "",
            "website_redirect": ""
          },
          "sensitive_attributes": [],
          "private": "bnVsbA==",
          "dependencies": [
            "aws_s3_bucket.mi_bucket"
          ]
        },
        {
          "index_key": ".git/objects/ea/71ea8d31e0d4dd7abea84f0256e18a49c7c7ca",
          "schema_version": 0,
          "attributes": {
            "acl": null,
            "arn": "arn:aws:s3:::mi-carpeta-terraform/.git/objects/ea/71ea8d31e0d4dd7abea84f0256e18a49c7c7ca",
            "bucket": "mi-carpeta-terraform",
            "bucket_key_enabled": false,
            "cache_control": "",
            "checksum_algorithm": null,
            "checksum_crc32": "",
            "checksum_crc32c": "",
            "checksum_sha1": "",
            "checksum_sha256": "",
            "content": null,
            "content_base64": null,
            "content_disposition": "",
            "content_encoding": "",
            "content_language": "",
            "content_type": "application/octet-stream",
            "etag": "3b7908d41f48551d2c2f09bd3df5c021",
            "force_destroy": false,
            "id": ".git/objects/ea/71ea8d31e0d4dd7abea84f0256e18a49c7c7ca",
            "key": ".git/objects/ea/71ea8d31e0d4dd7abea84f0256e18a49c7c7ca",
            "kms_key_id": null,
            "metadata": null,
            "object_lock_legal_hold_status": "",
            "object_lock_mode": "",
            "object_lock_retain_until_date": "",
            "override_provider": [],
            "server_side_encryption": "AES256",
            "source": "C:/Users/Usuario/Desktop/Varios/Estudios/Grado de informatica/2º Grado DAW/Proyecto Navidad/.git/objects/ea/71ea8d31e0d4dd7abea84f0256e18a49c7c7ca",
            "source_hash": null,
            "storage_class": "STANDARD",
            "tags": null,
            "tags_all": {},
            "version_id": "",
            "website_redirect": ""
          },
          "sensitive_attributes": [],
          "private": "bnVsbA==",
          "dependencies": [
            "aws_s3_bucket.mi_bucket"
          ]
        },
        {
          "index_key": ".git/objects/ec/0036a0af646f3c630139a0226b8f4de035e3ae",
          "schema_version": 0,
          "attributes": {
            "acl": null,
            "arn": "arn:aws:s3:::mi-carpeta-terraform/.git/objects/ec/0036a0af646f3c630139a0226b8f4de035e3ae",
            "bucket": "mi-carpeta-terraform",
            "bucket_key_enabled": false,
            "cache_control": "",
            "checksum_algorithm": null,
            "checksum_crc32": "",
            "checksum_crc32c": "",
            "checksum_sha1": "",
            "checksum_sha256": "",
            "content": null,
            "content_base64": null,
            "content_disposition": "",
            "content_encoding": "",
            "content_language": "",
            "content_type": "application/octet-stream",
            "etag": "b551e588a1c1532341e60004438f8562",
            "force_destroy": false,
            "id": ".git/objects/ec/0036a0af646f3c630139a0226b8f4de035e3ae",
            "key": ".git/objects/ec/0036a0af646f3c630139a0226b8f4de035e3ae",
            "kms_key_id": null,
            "metadata": null,
            "object_lock_legal_hold_status": "",
            "object_lock_mode": "",
            "object_lock_retain_until_date": "",
            "override_provider": [],
            "server_side_encryption": "AES256",
            "source": "C:/Users/Usuario/Desktop/Varios/Estudios/Grado de informatica/2º Grado DAW/Proyecto Navidad/.git/objects/ec/0036a0af646f3c630139a0226b8f4de035e3ae",
            "source_hash": null,
            "storage_class": "STANDARD",
            "tags": null,
            "tags_all": {},
            "version_id": "",
            "website_redirect": ""
          },
          "sensitive_attributes": [],
          "private": "bnVsbA==",
          "dependencies": [
            "aws_s3_bucket.mi_bucket"
          ]
        },
        {
          "index_key": ".git/objects/ec/aceb57ac7e9104c0530c015aa1e564a8d080e4",
          "schema_version": 0,
          "attributes": {
            "acl": null,
            "arn": "arn:aws:s3:::mi-carpeta-terraform/.git/objects/ec/aceb57ac7e9104c0530c015aa1e564a8d080e4",
            "bucket": "mi-carpeta-terraform",
            "bucket_key_enabled": false,
            "cache_control": "",
            "checksum_algorithm": null,
            "checksum_crc32": "",
            "checksum_crc32c": "",
            "checksum_sha1": "",
            "checksum_sha256": "",
            "content": null,
            "content_base64": null,
            "content_disposition": "",
            "content_encoding": "",
            "content_language": "",
            "content_type": "application/octet-stream",
            "etag": "8bbe220e359eb0aec46e233efb1802bf",
            "force_destroy": false,
            "id": ".git/objects/ec/aceb57ac7e9104c0530c015aa1e564a8d080e4",
            "key": ".git/objects/ec/aceb57ac7e9104c0530c015aa1e564a8d080e4",
            "kms_key_id": null,
            "metadata": null,
            "object_lock_legal_hold_status": "",
            "object_lock_mode": "",
            "object_lock_retain_until_date": "",
            "override_provider": [],
            "server_side_encryption": "AES256",
            "source": "C:/Users/Usuario/Desktop/Varios/Estudios/Grado de informatica/2º Grado DAW/Proyecto Navidad/.git/objects/ec/aceb57ac7e9104c0530c015aa1e564a8d080e4",
            "source_hash": null,
            "storage_class": "STANDARD",
            "tags": null,
            "tags_all": {},
            "version_id": "",
            "website_redirect": ""
          },
          "sensitive_attributes": [],
          "private": "bnVsbA==",
          "dependencies": [
            "aws_s3_bucket.mi_bucket"
          ]
        },
        {
          "index_key": ".git/objects/ef/1660e8ed3c85b49a1348759cc5f09ba178d546",
          "schema_version": 0,
          "attributes": {
            "acl": null,
            "arn": "arn:aws:s3:::mi-carpeta-terraform/.git/objects/ef/1660e8ed3c85b49a1348759cc5f09ba178d546",
            "bucket": "mi-carpeta-terraform",
            "bucket_key_enabled": false,
            "cache_control": "",
            "checksum_algorithm": null,
            "checksum_crc32": "",
            "checksum_crc32c": "",
            "checksum_sha1": "",
            "checksum_sha256": "",
            "content": null,
            "content_base64": null,
            "content_disposition": "",
            "content_encoding": "",
            "content_language": "",
            "content_type": "application/octet-stream",
            "etag": "b1a9b1627df0ce540646f875d8370549",
            "force_destroy": false,
            "id": ".git/objects/ef/1660e8ed3c85b49a1348759cc5f09ba178d546",
            "key": ".git/objects/ef/1660e8ed3c85b49a1348759cc5f09ba178d546",
            "kms_key_id": null,
            "metadata": null,
            "object_lock_legal_hold_status": "",
            "object_lock_mode": "",
            "object_lock_retain_until_date": "",
            "override_provider": [],
            "server_side_encryption": "AES256",
            "source": "C:/Users/Usuario/Desktop/Varios/Estudios/Grado de informatica/2º Grado DAW/Proyecto Navidad/.git/objects/ef/1660e8ed3c85b49a1348759cc5f09ba178d546",
            "source_hash": null,
            "storage_class": "STANDARD",
            "tags": null,
            "tags_all": {},
            "version_id": "",
            "website_redirect": ""
          },
          "sensitive_attributes": [],
          "private": "bnVsbA==",
          "dependencies": [
            "aws_s3_bucket.mi_bucket"
          ]
        },
        {
          "index_key": ".git/objects/ef/6d0afe51ba67bf5caf0fad6cab7b05b6252351",
          "schema_version": 0,
          "attributes": {
            "acl": null,
            "arn": "arn:aws:s3:::mi-carpeta-terraform/.git/objects/ef/6d0afe51ba67bf5caf0fad6cab7b05b6252351",
            "bucket": "mi-carpeta-terraform",
            "bucket_key_enabled": false,
            "cache_control": "",
            "checksum_algorithm": null,
            "checksum_crc32": "",
            "checksum_crc32c": "",
            "checksum_sha1": "",
            "checksum_sha256": "",
            "content": null,
            "content_base64": null,
            "content_disposition": "",
            "content_encoding": "",
            "content_language": "",
            "content_type": "application/octet-stream",
            "etag": "ec9c0cb8e6b9decc67113fa5ba275caf",
            "force_destroy": false,
            "id": ".git/objects/ef/6d0afe51ba67bf5caf0fad6cab7b05b6252351",
            "key": ".git/objects/ef/6d0afe51ba67bf5caf0fad6cab7b05b6252351",
            "kms_key_id": null,
            "metadata": null,
            "object_lock_legal_hold_status": "",
            "object_lock_mode": "",
            "object_lock_retain_until_date": "",
            "override_provider": [],
            "server_side_encryption": "AES256",
            "source": "C:/Users/Usuario/Desktop/Varios/Estudios/Grado de informatica/2º Grado DAW/Proyecto Navidad/.git/objects/ef/6d0afe51ba67bf5caf0fad6cab7b05b6252351",
            "source_hash": null,
            "storage_class": "STANDARD",
            "tags": null,
            "tags_all": {},
            "version_id": "",
            "website_redirect": ""
          },
          "sensitive_attributes": [],
          "private": "bnVsbA==",
          "dependencies": [
            "aws_s3_bucket.mi_bucket"
          ]
        },
        {
          "index_key": ".git/objects/ef/9d17552450d23705a8c1741e7dd0aad1a30f94",
          "schema_version": 0,
          "attributes": {
            "acl": null,
            "arn": "arn:aws:s3:::mi-carpeta-terraform/.git/objects/ef/9d17552450d23705a8c1741e7dd0aad1a30f94",
            "bucket": "mi-carpeta-terraform",
            "bucket_key_enabled": false,
            "cache_control": "",
            "checksum_algorithm": null,
            "checksum_crc32": "",
            "checksum_crc32c": "",
            "checksum_sha1": "",
            "checksum_sha256": "",
            "content": null,
            "content_base64": null,
            "content_disposition": "",
            "content_encoding": "",
            "content_language": "",
            "content_type": "application/octet-stream",
            "etag": "95e852b9983c38ec2c362305051c4986",
            "force_destroy": false,
            "id": ".git/objects/ef/9d17552450d23705a8c1741e7dd0aad1a30f94",
            "key": ".git/objects/ef/9d17552450d23705a8c1741e7dd0aad1a30f94",
            "kms_key_id": null,
            "metadata": null,
            "object_lock_legal_hold_status": "",
            "object_lock_mode": "",
            "object_lock_retain_until_date": "",
            "override_provider": [],
            "server_side_encryption": "AES256",
            "source": "C:/Users/Usuario/Desktop/Varios/Estudios/Grado de informatica/2º Grado DAW/Proyecto Navidad/.git/objects/ef/9d17552450d23705a8c1741e7dd0aad1a30f94",
            "source_hash": null,
            "storage_class": "STANDARD",
            "tags": null,
            "tags_all": {},
            "version_id": "",
            "website_redirect": ""
          },
          "sensitive_attributes": [],
          "private": "bnVsbA==",
          "dependencies": [
            "aws_s3_bucket.mi_bucket"
          ]
        },
        {
          "index_key": ".git/objects/ef/a1941e2c29a72eddcd4fe61bf8aca814a765e9",
          "schema_version": 0,
          "attributes": {
            "acl": null,
            "arn": "arn:aws:s3:::mi-carpeta-terraform/.git/objects/ef/a1941e2c29a72eddcd4fe61bf8aca814a765e9",
            "bucket": "mi-carpeta-terraform",
            "bucket_key_enabled": false,
            "cache_control": "",
            "checksum_algorithm": null,
            "checksum_crc32": "",
            "checksum_crc32c": "",
            "checksum_sha1": "",
            "checksum_sha256": "",
            "content": null,
            "content_base64": null,
            "content_disposition": "",
            "content_encoding": "",
            "content_language": "",
            "content_type": "application/octet-stream",
            "etag": "30410f538acb79628e71c5b5e35ca743",
            "force_destroy": false,
            "id": ".git/objects/ef/a1941e2c29a72eddcd4fe61bf8aca814a765e9",
            "key": ".git/objects/ef/a1941e2c29a72eddcd4fe61bf8aca814a765e9",
            "kms_key_id": null,
            "metadata": null,
            "object_lock_legal_hold_status": "",
            "object_lock_mode": "",
            "object_lock_retain_until_date": "",
            "override_provider": [],
            "server_side_encryption": "AES256",
            "source": "C:/Users/Usuario/Desktop/Varios/Estudios/Grado de informatica/2º Grado DAW/Proyecto Navidad/.git/objects/ef/a1941e2c29a72eddcd4fe61bf8aca814a765e9",
            "source_hash": null,
            "storage_class": "STANDARD",
            "tags": null,
            "tags_all": {},
            "version_id": "",
            "website_redirect": ""
          },
          "sensitive_attributes": [],
          "private": "bnVsbA==",
          "dependencies": [
            "aws_s3_bucket.mi_bucket"
          ]
        },
        {
          "index_key": ".git/objects/f1/5a02bfaddbb13334ad66915fe3180556f4510e",
          "schema_version": 0,
          "attributes": {
            "acl": null,
            "arn": "arn:aws:s3:::mi-carpeta-terraform/.git/objects/f1/5a02bfaddbb13334ad66915fe3180556f4510e",
            "bucket": "mi-carpeta-terraform",
            "bucket_key_enabled": false,
            "cache_control": "",
            "checksum_algorithm": null,
            "checksum_crc32": "",
            "checksum_crc32c": "",
            "checksum_sha1": "",
            "checksum_sha256": "",
            "content": null,
            "content_base64": null,
            "content_disposition": "",
            "content_encoding": "",
            "content_language": "",
            "content_type": "application/octet-stream",
            "etag": "a4eedf587f6c03002ef7c4128c3fd6e8",
            "force_destroy": false,
            "id": ".git/objects/f1/5a02bfaddbb13334ad66915fe3180556f4510e",
            "key": ".git/objects/f1/5a02bfaddbb13334ad66915fe3180556f4510e",
            "kms_key_id": null,
            "metadata": null,
            "object_lock_legal_hold_status": "",
            "object_lock_mode": "",
            "object_lock_retain_until_date": "",
            "override_provider": [],
            "server_side_encryption": "AES256",
            "source": "C:/Users/Usuario/Desktop/Varios/Estudios/Grado de informatica/2º Grado DAW/Proyecto Navidad/.git/objects/f1/5a02bfaddbb13334ad66915fe3180556f4510e",
            "source_hash": null,
            "storage_class": "STANDARD",
            "tags": null,
            "tags_all": {},
            "version_id": "",
            "website_redirect": ""
          },
          "sensitive_attributes": [],
          "private": "bnVsbA==",
          "dependencies": [
            "aws_s3_bucket.mi_bucket"
          ]
        },
        {
          "index_key": ".git/objects/f1/bd3fad0798b7dc7c254d0b2f000df9463ad90f",
          "schema_version": 0,
          "attributes": {
            "acl": null,
            "arn": "arn:aws:s3:::mi-carpeta-terraform/.git/objects/f1/bd3fad0798b7dc7c254d0b2f000df9463ad90f",
            "bucket": "mi-carpeta-terraform",
            "bucket_key_enabled": false,
            "cache_control": "",
            "checksum_algorithm": null,
            "checksum_crc32": "",
            "checksum_crc32c": "",
            "checksum_sha1": "",
            "checksum_sha256": "",
            "content": null,
            "content_base64": null,
            "content_disposition": "",
            "content_encoding": "",
            "content_language": "",
            "content_type": "application/octet-stream",
            "etag": "f70d47a110ae5f69ccfdb8af4107f5d5",
            "force_destroy": false,
            "id": ".git/objects/f1/bd3fad0798b7dc7c254d0b2f000df9463ad90f",
            "key": ".git/objects/f1/bd3fad0798b7dc7c254d0b2f000df9463ad90f",
            "kms_key_id": null,
            "metadata": null,
            "object_lock_legal_hold_status": "",
            "object_lock_mode": "",
            "object_lock_retain_until_date": "",
            "override_provider": [],
            "server_side_encryption": "AES256",
            "source": "C:/Users/Usuario/Desktop/Varios/Estudios/Grado de informatica/2º Grado DAW/Proyecto Navidad/.git/objects/f1/bd3fad0798b7dc7c254d0b2f000df9463ad90f",
            "source_hash": null,
            "storage_class": "STANDARD",
            "tags": null,
            "tags_all": {},
            "version_id": "",
            "website_redirect": ""
          },
          "sensitive_attributes": [],
          "private": "bnVsbA==",
          "dependencies": [
            "aws_s3_bucket.mi_bucket"
          ]
        },
        {
          "index_key": ".git/objects/f1/e468b1c2da128f3a04c9838b2f64800d3a0060",
          "schema_version": 0,
          "attributes": {
            "acl": null,
            "arn": "arn:aws:s3:::mi-carpeta-terraform/.git/objects/f1/e468b1c2da128f3a04c9838b2f64800d3a0060",
            "bucket": "mi-carpeta-terraform",
            "bucket_key_enabled": false,
            "cache_control": "",
            "checksum_algorithm": null,
            "checksum_crc32": "",
            "checksum_crc32c": "",
            "checksum_sha1": "",
            "checksum_sha256": "",
            "content": null,
            "content_base64": null,
            "content_disposition": "",
            "content_encoding": "",
            "content_language": "",
            "content_type": "application/octet-stream",
            "etag": "ebd872c06ac28d91e98e8ec1bf072cbb",
            "force_destroy": false,
            "id": ".git/objects/f1/e468b1c2da128f3a04c9838b2f64800d3a0060",
            "key": ".git/objects/f1/e468b1c2da128f3a04c9838b2f64800d3a0060",
            "kms_key_id": null,
            "metadata": null,
            "object_lock_legal_hold_status": "",
            "object_lock_mode": "",
            "object_lock_retain_until_date": "",
            "override_provider": [],
            "server_side_encryption": "AES256",
            "source": "C:/Users/Usuario/Desktop/Varios/Estudios/Grado de informatica/2º Grado DAW/Proyecto Navidad/.git/objects/f1/e468b1c2da128f3a04c9838b2f64800d3a0060",
            "source_hash": null,
            "storage_class": "STANDARD",
            "tags": null,
            "tags_all": {},
            "version_id": "",
            "website_redirect": ""
          },
          "sensitive_attributes": [],
          "private": "bnVsbA==",
          "dependencies": [
            "aws_s3_bucket.mi_bucket"
          ]
        },
        {
          "index_key": ".git/objects/f2/48a2687b1895879edd0bc0f82f4b3b4c59b087",
          "schema_version": 0,
          "attributes": {
            "acl": null,
            "arn": "arn:aws:s3:::mi-carpeta-terraform/.git/objects/f2/48a2687b1895879edd0bc0f82f4b3b4c59b087",
            "bucket": "mi-carpeta-terraform",
            "bucket_key_enabled": false,
            "cache_control": "",
            "checksum_algorithm": null,
            "checksum_crc32": "",
            "checksum_crc32c": "",
            "checksum_sha1": "",
            "checksum_sha256": "",
            "content": null,
            "content_base64": null,
            "content_disposition": "",
            "content_encoding": "",
            "content_language": "",
            "content_type": "application/octet-stream",
            "etag": "71de562de542dc50ff027767211408c2",
            "force_destroy": false,
            "id": ".git/objects/f2/48a2687b1895879edd0bc0f82f4b3b4c59b087",
            "key": ".git/objects/f2/48a2687b1895879edd0bc0f82f4b3b4c59b087",
            "kms_key_id": null,
            "metadata": null,
            "object_lock_legal_hold_status": "",
            "object_lock_mode": "",
            "object_lock_retain_until_date": "",
            "override_provider": [],
            "server_side_encryption": "AES256",
            "source": "C:/Users/Usuario/Desktop/Varios/Estudios/Grado de informatica/2º Grado DAW/Proyecto Navidad/.git/objects/f2/48a2687b1895879edd0bc0f82f4b3b4c59b087",
            "source_hash": null,
            "storage_class": "STANDARD",
            "tags": null,
            "tags_all": {},
            "version_id": "",
            "website_redirect": ""
          },
          "sensitive_attributes": [],
          "private": "bnVsbA==",
          "dependencies": [
            "aws_s3_bucket.mi_bucket"
          ]
        },
        {
          "index_key": ".git/objects/f2/69df3218901f878d85c5d503ea4e0b775af0cb",
          "schema_version": 0,
          "attributes": {
            "acl": null,
            "arn": "arn:aws:s3:::mi-carpeta-terraform/.git/objects/f2/69df3218901f878d85c5d503ea4e0b775af0cb",
            "bucket": "mi-carpeta-terraform",
            "bucket_key_enabled": false,
            "cache_control": "",
            "checksum_algorithm": null,
            "checksum_crc32": "",
            "checksum_crc32c": "",
            "checksum_sha1": "",
            "checksum_sha256": "",
            "content": null,
            "content_base64": null,
            "content_disposition": "",
            "content_encoding": "",
            "content_language": "",
            "content_type": "application/octet-stream",
            "etag": "5209c37f6303ad53a60fcf3c7b450f8a",
            "force_destroy": false,
            "id": ".git/objects/f2/69df3218901f878d85c5d503ea4e0b775af0cb",
            "key": ".git/objects/f2/69df3218901f878d85c5d503ea4e0b775af0cb",
            "kms_key_id": null,
            "metadata": null,
            "object_lock_legal_hold_status": "",
            "object_lock_mode": "",
            "object_lock_retain_until_date": "",
            "override_provider": [],
            "server_side_encryption": "AES256",
            "source": "C:/Users/Usuario/Desktop/Varios/Estudios/Grado de informatica/2º Grado DAW/Proyecto Navidad/.git/objects/f2/69df3218901f878d85c5d503ea4e0b775af0cb",
            "source_hash": null,
            "storage_class": "STANDARD",
            "tags": null,
            "tags_all": {},
            "version_id": "",
            "website_redirect": ""
          },
          "sensitive_attributes": [],
          "private": "bnVsbA==",
          "dependencies": [
            "aws_s3_bucket.mi_bucket"
          ]
        },
        {
          "index_key": ".git/objects/f4/acade6f6b23473244291bc910b640a647acf9e",
          "schema_version": 0,
          "attributes": {
            "acl": null,
            "arn": "arn:aws:s3:::mi-carpeta-terraform/.git/objects/f4/acade6f6b23473244291bc910b640a647acf9e",
            "bucket": "mi-carpeta-terraform",
            "bucket_key_enabled": false,
            "cache_control": "",
            "checksum_algorithm": null,
            "checksum_crc32": "",
            "checksum_crc32c": "",
            "checksum_sha1": "",
            "checksum_sha256": "",
            "content": null,
            "content_base64": null,
            "content_disposition": "",
            "content_encoding": "",
            "content_language": "",
            "content_type": "application/octet-stream",
            "etag": "599122a7732195097bc52b4d55382f74",
            "force_destroy": false,
            "id": ".git/objects/f4/acade6f6b23473244291bc910b640a647acf9e",
            "key": ".git/objects/f4/acade6f6b23473244291bc910b640a647acf9e",
            "kms_key_id": null,
            "metadata": null,
            "object_lock_legal_hold_status": "",
            "object_lock_mode": "",
            "object_lock_retain_until_date": "",
            "override_provider": [],
            "server_side_encryption": "AES256",
            "source": "C:/Users/Usuario/Desktop/Varios/Estudios/Grado de informatica/2º Grado DAW/Proyecto Navidad/.git/objects/f4/acade6f6b23473244291bc910b640a647acf9e",
            "source_hash": null,
            "storage_class": "STANDARD",
            "tags": null,
            "tags_all": {},
            "version_id": "",
            "website_redirect": ""
          },
          "sensitive_attributes": [],
          "private": "bnVsbA==",
          "dependencies": [
            "aws_s3_bucket.mi_bucket"
          ]
        },
        {
          "index_key": ".git/objects/f5/30b28ff67a8d5e1f7210b68922ac33315c9f02",
          "schema_version": 0,
          "attributes": {
            "acl": null,
            "arn": "arn:aws:s3:::mi-carpeta-terraform/.git/objects/f5/30b28ff67a8d5e1f7210b68922ac33315c9f02",
            "bucket": "mi-carpeta-terraform",
            "bucket_key_enabled": false,
            "cache_control": "",
            "checksum_algorithm": null,
            "checksum_crc32": "",
            "checksum_crc32c": "",
            "checksum_sha1": "",
            "checksum_sha256": "",
            "content": null,
            "content_base64": null,
            "content_disposition": "",
            "content_encoding": "",
            "content_language": "",
            "content_type": "application/octet-stream",
            "etag": "1a765d0d93ddb6fb456d74bd0707aaa3",
            "force_destroy": false,
            "id": ".git/objects/f5/30b28ff67a8d5e1f7210b68922ac33315c9f02",
            "key": ".git/objects/f5/30b28ff67a8d5e1f7210b68922ac33315c9f02",
            "kms_key_id": null,
            "metadata": null,
            "object_lock_legal_hold_status": "",
            "object_lock_mode": "",
            "object_lock_retain_until_date": "",
            "override_provider": [],
            "server_side_encryption": "AES256",
            "source": "C:/Users/Usuario/Desktop/Varios/Estudios/Grado de informatica/2º Grado DAW/Proyecto Navidad/.git/objects/f5/30b28ff67a8d5e1f7210b68922ac33315c9f02",
            "source_hash": null,
            "storage_class": "STANDARD",
            "tags": null,
            "tags_all": {},
            "version_id": "",
            "website_redirect": ""
          },
          "sensitive_attributes": [],
          "private": "bnVsbA==",
          "dependencies": [
            "aws_s3_bucket.mi_bucket"
          ]
        },
        {
          "index_key": ".git/objects/f7/0d73093c31e02be2717b988115d04c7bcb2461",
          "schema_version": 0,
          "attributes": {
            "acl": null,
            "arn": "arn:aws:s3:::mi-carpeta-terraform/.git/objects/f7/0d73093c31e02be2717b988115d04c7bcb2461",
            "bucket": "mi-carpeta-terraform",
            "bucket_key_enabled": false,
            "cache_control": "",
            "checksum_algorithm": null,
            "checksum_crc32": "",
            "checksum_crc32c": "",
            "checksum_sha1": "",
            "checksum_sha256": "",
            "content": null,
            "content_base64": null,
            "content_disposition": "",
            "content_encoding": "",
            "content_language": "",
            "content_type": "application/octet-stream",
            "etag": "48b56b3c42b7fd85617fc6faccabed17",
            "force_destroy": false,
            "id": ".git/objects/f7/0d73093c31e02be2717b988115d04c7bcb2461",
            "key": ".git/objects/f7/0d73093c31e02be2717b988115d04c7bcb2461",
            "kms_key_id": null,
            "metadata": null,
            "object_lock_legal_hold_status": "",
            "object_lock_mode": "",
            "object_lock_retain_until_date": "",
            "override_provider": [],
            "server_side_encryption": "AES256",
            "source": "C:/Users/Usuario/Desktop/Varios/Estudios/Grado de informatica/2º Grado DAW/Proyecto Navidad/.git/objects/f7/0d73093c31e02be2717b988115d04c7bcb2461",
            "source_hash": null,
            "storage_class": "STANDARD",
            "tags": null,
            "tags_all": {},
            "version_id": "",
            "website_redirect": ""
          },
          "sensitive_attributes": [],
          "private": "bnVsbA==",
          "dependencies": [
            "aws_s3_bucket.mi_bucket"
          ]
        },
        {
          "index_key": ".git/objects/fa/2aca1fbaf2199b51fdd309390540551baa186e",
          "schema_version": 0,
          "attributes": {
            "acl": null,
            "arn": "arn:aws:s3:::mi-carpeta-terraform/.git/objects/fa/2aca1fbaf2199b51fdd309390540551baa186e",
            "bucket": "mi-carpeta-terraform",
            "bucket_key_enabled": false,
            "cache_control": "",
            "checksum_algorithm": null,
            "checksum_crc32": "",
            "checksum_crc32c": "",
            "checksum_sha1": "",
            "checksum_sha256": "",
            "content": null,
            "content_base64": null,
            "content_disposition": "",
            "content_encoding": "",
            "content_language": "",
            "content_type": "application/octet-stream",
            "etag": "ee48947e4c787960eae62a12fc913f72",
            "force_destroy": false,
            "id": ".git/objects/fa/2aca1fbaf2199b51fdd309390540551baa186e",
            "key": ".git/objects/fa/2aca1fbaf2199b51fdd309390540551baa186e",
            "kms_key_id": null,
            "metadata": null,
            "object_lock_legal_hold_status": "",
            "object_lock_mode": "",
            "object_lock_retain_until_date": "",
            "override_provider": [],
            "server_side_encryption": "AES256",
            "source": "C:/Users/Usuario/Desktop/Varios/Estudios/Grado de informatica/2º Grado DAW/Proyecto Navidad/.git/objects/fa/2aca1fbaf2199b51fdd309390540551baa186e",
            "source_hash": null,
            "storage_class": "STANDARD",
            "tags": null,
            "tags_all": {},
            "version_id": "",
            "website_redirect": ""
          },
          "sensitive_attributes": [],
          "private": "bnVsbA==",
          "dependencies": [
            "aws_s3_bucket.mi_bucket"
          ]
        },
        {
          "index_key": ".git/objects/fa/469f21c309ce12f94439eb71ba18ae5826353c",
          "schema_version": 0,
          "attributes": {
            "acl": null,
            "arn": "arn:aws:s3:::mi-carpeta-terraform/.git/objects/fa/469f21c309ce12f94439eb71ba18ae5826353c",
            "bucket": "mi-carpeta-terraform",
            "bucket_key_enabled": false,
            "cache_control": "",
            "checksum_algorithm": null,
            "checksum_crc32": "",
            "checksum_crc32c": "",
            "checksum_sha1": "",
            "checksum_sha256": "",
            "content": null,
            "content_base64": null,
            "content_disposition": "",
            "content_encoding": "",
            "content_language": "",
            "content_type": "application/octet-stream",
            "etag": "25ce3df27b00ae1105f8c366e09299c0",
            "force_destroy": false,
            "id": ".git/objects/fa/469f21c309ce12f94439eb71ba18ae5826353c",
            "key": ".git/objects/fa/469f21c309ce12f94439eb71ba18ae5826353c",
            "kms_key_id": null,
            "metadata": null,
            "object_lock_legal_hold_status": "",
            "object_lock_mode": "",
            "object_lock_retain_until_date": "",
            "override_provider": [],
            "server_side_encryption": "AES256",
            "source": "C:/Users/Usuario/Desktop/Varios/Estudios/Grado de informatica/2º Grado DAW/Proyecto Navidad/.git/objects/fa/469f21c309ce12f94439eb71ba18ae5826353c",
            "source_hash": null,
            "storage_class": "STANDARD",
            "tags": null,
            "tags_all": {},
            "version_id": "",
            "website_redirect": ""
          },
          "sensitive_attributes": [],
          "private": "bnVsbA==",
          "dependencies": [
            "aws_s3_bucket.mi_bucket"
          ]
        },
        {
          "index_key": ".git/objects/fb/e3ddbd421f86469717b0870388e45a96009d94",
          "schema_version": 0,
          "attributes": {
            "acl": null,
            "arn": "arn:aws:s3:::mi-carpeta-terraform/.git/objects/fb/e3ddbd421f86469717b0870388e45a96009d94",
            "bucket": "mi-carpeta-terraform",
            "bucket_key_enabled": false,
            "cache_control": "",
            "checksum_algorithm": null,
            "checksum_crc32": "",
            "checksum_crc32c": "",
            "checksum_sha1": "",
            "checksum_sha256": "",
            "content": null,
            "content_base64": null,
            "content_disposition": "",
            "content_encoding": "",
            "content_language": "",
            "content_type": "application/octet-stream",
            "etag": "b1a95dc69d795f959b84740f0b7e4005",
            "force_destroy": false,
            "id": ".git/objects/fb/e3ddbd421f86469717b0870388e45a96009d94",
            "key": ".git/objects/fb/e3ddbd421f86469717b0870388e45a96009d94",
            "kms_key_id": null,
            "metadata": null,
            "object_lock_legal_hold_status": "",
            "object_lock_mode": "",
            "object_lock_retain_until_date": "",
            "override_provider": [],
            "server_side_encryption": "AES256",
            "source": "C:/Users/Usuario/Desktop/Varios/Estudios/Grado de informatica/2º Grado DAW/Proyecto Navidad/.git/objects/fb/e3ddbd421f86469717b0870388e45a96009d94",
            "source_hash": null,
            "storage_class": "STANDARD",
            "tags": null,
            "tags_all": {},
            "version_id": "",
            "website_redirect": ""
          },
          "sensitive_attributes": [],
          "private": "bnVsbA==",
          "dependencies": [
            "aws_s3_bucket.mi_bucket"
          ]
        },
        {
          "index_key": ".git/objects/fd/573ddc8a27da6c9cd4926ffedeccca54e754c3",
          "schema_version": 0,
          "attributes": {
            "acl": null,
            "arn": "arn:aws:s3:::mi-carpeta-terraform/.git/objects/fd/573ddc8a27da6c9cd4926ffedeccca54e754c3",
            "bucket": "mi-carpeta-terraform",
            "bucket_key_enabled": false,
            "cache_control": "",
            "checksum_algorithm": null,
            "checksum_crc32": "",
            "checksum_crc32c": "",
            "checksum_sha1": "",
            "checksum_sha256": "",
            "content": null,
            "content_base64": null,
            "content_disposition": "",
            "content_encoding": "",
            "content_language": "",
            "content_type": "application/octet-stream",
            "etag": "50f084d332429386d677bba9e8d9d565",
            "force_destroy": false,
            "id": ".git/objects/fd/573ddc8a27da6c9cd4926ffedeccca54e754c3",
            "key": ".git/objects/fd/573ddc8a27da6c9cd4926ffedeccca54e754c3",
            "kms_key_id": null,
            "metadata": null,
            "object_lock_legal_hold_status": "",
            "object_lock_mode": "",
            "object_lock_retain_until_date": "",
            "override_provider": [],
            "server_side_encryption": "AES256",
            "source": "C:/Users/Usuario/Desktop/Varios/Estudios/Grado de informatica/2º Grado DAW/Proyecto Navidad/.git/objects/fd/573ddc8a27da6c9cd4926ffedeccca54e754c3",
            "source_hash": null,
            "storage_class": "STANDARD",
            "tags": null,
            "tags_all": {},
            "version_id": "",
            "website_redirect": ""
          },
          "sensitive_attributes": [],
          "private": "bnVsbA==",
          "dependencies": [
            "aws_s3_bucket.mi_bucket"
          ]
        },
        {
          "index_key": ".git/objects/ff/8a9e8e3d812f9d89ec5c980f5d2b31df95c499",
          "schema_version": 0,
          "attributes": {
            "acl": null,
            "arn": "arn:aws:s3:::mi-carpeta-terraform/.git/objects/ff/8a9e8e3d812f9d89ec5c980f5d2b31df95c499",
            "bucket": "mi-carpeta-terraform",
            "bucket_key_enabled": false,
            "cache_control": "",
            "checksum_algorithm": null,
            "checksum_crc32": "",
            "checksum_crc32c": "",
            "checksum_sha1": "",
            "checksum_sha256": "",
            "content": null,
            "content_base64": null,
            "content_disposition": "",
            "content_encoding": "",
            "content_language": "",
            "content_type": "application/octet-stream",
            "etag": "3dd0ee9062147ce4778f641df0fc2718",
            "force_destroy": false,
            "id": ".git/objects/ff/8a9e8e3d812f9d89ec5c980f5d2b31df95c499",
            "key": ".git/objects/ff/8a9e8e3d812f9d89ec5c980f5d2b31df95c499",
            "kms_key_id": null,
            "metadata": null,
            "object_lock_legal_hold_status": "",
            "object_lock_mode": "",
            "object_lock_retain_until_date": "",
            "override_provider": [],
            "server_side_encryption": "AES256",
            "source": "C:/Users/Usuario/Desktop/Varios/Estudios/Grado de informatica/2º Grado DAW/Proyecto Navidad/.git/objects/ff/8a9e8e3d812f9d89ec5c980f5d2b31df95c499",
            "source_hash": null,
            "storage_class": "STANDARD",
            "tags": null,
            "tags_all": {},
            "version_id": "",
            "website_redirect": ""
          },
          "sensitive_attributes": [],
          "private": "bnVsbA==",
          "dependencies": [
            "aws_s3_bucket.mi_bucket"
          ]
        },
        {
          "index_key": ".git/refs/heads/main",
          "schema_version": 0,
          "attributes": {
            "acl": null,
            "arn": "arn:aws:s3:::mi-carpeta-terraform/.git/refs/heads/main",
            "bucket": "mi-carpeta-terraform",
            "bucket_key_enabled": false,
            "cache_control": "",
            "checksum_algorithm": null,
            "checksum_crc32": "",
            "checksum_crc32c": "",
            "checksum_sha1": "",
            "checksum_sha256": "",
            "content": null,
            "content_base64": null,
            "content_disposition": "",
            "content_encoding": "",
            "content_language": "",
            "content_type": "application/octet-stream",
            "etag": "200c48150529a4e6bd597d33963a68a5",
            "force_destroy": false,
            "id": ".git/refs/heads/main",
            "key": ".git/refs/heads/main",
            "kms_key_id": null,
            "metadata": null,
            "object_lock_legal_hold_status": "",
            "object_lock_mode": "",
            "object_lock_retain_until_date": "",
            "override_provider": [],
            "server_side_encryption": "AES256",
            "source": "C:/Users/Usuario/Desktop/Varios/Estudios/Grado de informatica/2º Grado DAW/Proyecto Navidad/.git/refs/heads/main",
            "source_hash": null,
            "storage_class": "STANDARD",
            "tags": null,
            "tags_all": {},
            "version_id": "",
            "website_redirect": ""
          },
          "sensitive_attributes": [],
          "private": "bnVsbA==",
          "dependencies": [
            "aws_s3_bucket.mi_bucket"
          ]
        },
        {
          "index_key": ".git/refs/remotes/origin/main",
          "schema_version": 0,
          "attributes": {
            "acl": null,
            "arn": "arn:aws:s3:::mi-carpeta-terraform/.git/refs/remotes/origin/main",
            "bucket": "mi-carpeta-terraform",
            "bucket_key_enabled": false,
            "cache_control": "",
            "checksum_algorithm": null,
            "checksum_crc32": "",
            "checksum_crc32c": "",
            "checksum_sha1": "",
            "checksum_sha256": "",
            "content": null,
            "content_base64": null,
            "content_disposition": "",
            "content_encoding": "",
            "content_language": "",
            "content_type": "application/octet-stream",
            "etag": "200c48150529a4e6bd597d33963a68a5",
            "force_destroy": false,
            "id": ".git/refs/remotes/origin/main",
            "key": ".git/refs/remotes/origin/main",
            "kms_key_id": null,
            "metadata": null,
            "object_lock_legal_hold_status": "",
            "object_lock_mode": "",
            "object_lock_retain_until_date": "",
            "override_provider": [],
            "server_side_encryption": "AES256",
            "source": "C:/Users/Usuario/Desktop/Varios/Estudios/Grado de informatica/2º Grado DAW/Proyecto Navidad/.git/refs/remotes/origin/main",
            "source_hash": null,
            "storage_class": "STANDARD",
            "tags": null,
            "tags_all": {},
            "version_id": "",
            "website_redirect": ""
          },
          "sensitive_attributes": [],
          "private": "bnVsbA==",
          "dependencies": [
            "aws_s3_bucket.mi_bucket"
          ]
        },
        {
          "index_key": ".github/workflows/deploy.yml",
          "schema_version": 0,
          "attributes": {
            "acl": null,
            "arn": "arn:aws:s3:::mi-carpeta-terraform/.github/workflows/deploy.yml",
            "bucket": "mi-carpeta-terraform",
            "bucket_key_enabled": false,
            "cache_control": "",
            "checksum_algorithm": null,
            "checksum_crc32": "",
            "checksum_crc32c": "",
            "checksum_sha1": "",
            "checksum_sha256": "",
            "content": null,
            "content_base64": null,
            "content_disposition": "",
            "content_encoding": "",
            "content_language": "",
            "content_type": "application/octet-stream",
            "etag": "da9b38aacb756fdbd220dba7419e74bb",
            "force_destroy": false,
            "id": ".github/workflows/deploy.yml",
            "key": ".github/workflows/deploy.yml",
            "kms_key_id": null,
            "metadata": null,
            "object_lock_legal_hold_status": "",
            "object_lock_mode": "",
            "object_lock_retain_until_date": "",
            "override_provider": [],
            "server_side_encryption": "AES256",
            "source": "C:/Users/Usuario/Desktop/Varios/Estudios/Grado de informatica/2º Grado DAW/Proyecto Navidad/.github/workflows/deploy.yml",
            "source_hash": null,
            "storage_class": "STANDARD",
            "tags": null,
            "tags_all": {},
            "version_id": "",
            "website_redirect": ""
          },
          "sensitive_attributes": [],
          "private": "bnVsbA==",
          "dependencies": [
            "aws_s3_bucket.mi_bucket"
          ]
        },
        {
          "index_key": ".gitignore",
          "schema_version": 0,
          "attributes": {
            "acl": null,
            "arn": "arn:aws:s3:::mi-carpeta-terraform/.gitignore",
            "bucket": "mi-carpeta-terraform",
            "bucket_key_enabled": false,
            "cache_control": "",
            "checksum_algorithm": null,
            "checksum_crc32": "",
            "checksum_crc32c": "",
            "checksum_sha1": "",
            "checksum_sha256": "",
            "content": null,
            "content_base64": null,
            "content_disposition": "",
            "content_encoding": "",
            "content_language": "",
            "content_type": "application/octet-stream",
            "etag": "703183d970eacfc330e8b81e6d225df3",
            "force_destroy": false,
            "id": ".gitignore",
            "key": ".gitignore",
            "kms_key_id": null,
            "metadata": null,
            "object_lock_legal_hold_status": "",
            "object_lock_mode": "",
            "object_lock_retain_until_date": "",
            "override_provider": [],
            "server_side_encryption": "AES256",
            "source": "C:/Users/Usuario/Desktop/Varios/Estudios/Grado de informatica/2º Grado DAW/Proyecto Navidad/.gitignore",
            "source_hash": null,
            "storage_class": "STANDARD",
            "tags": null,
            "tags_all": {},
            "version_id": "",
            "website_redirect": ""
          },
          "sensitive_attributes": [],
          "private": "bnVsbA==",
          "dependencies": [
            "aws_s3_bucket.mi_bucket"
          ]
        },
        {
          "index_key": "css/assets/Magic_card_back.webp",
          "schema_version": 0,
          "attributes": {
            "acl": null,
            "arn": "arn:aws:s3:::mi-carpeta-terraform/css/assets/Magic_card_back.webp",
            "bucket": "mi-carpeta-terraform",
            "bucket_key_enabled": false,
            "cache_control": "",
            "checksum_algorithm": null,
            "checksum_crc32": "",
            "checksum_crc32c": "",
            "checksum_sha1": "",
            "checksum_sha256": "",
            "content": null,
            "content_base64": null,
            "content_disposition": "",
            "content_encoding": "",
            "content_language": "",
            "content_type": "application/octet-stream",
            "etag": "3965ae5bf0ead1fd65e7d1c1dce01d75",
            "force_destroy": false,
            "id": "css/assets/Magic_card_back.webp",
            "key": "css/assets/Magic_card_back.webp",
            "kms_key_id": null,
            "metadata": null,
            "object_lock_legal_hold_status": "",
            "object_lock_mode": "",
            "object_lock_retain_until_date": "",
            "override_provider": [],
            "server_side_encryption": "AES256",
            "source": "C:/Users/Usuario/Desktop/Varios/Estudios/Grado de informatica/2º Grado DAW/Proyecto Navidad/css/assets/Magic_card_back.webp",
            "source_hash": null,
            "storage_class": "STANDARD",
            "tags": null,
            "tags_all": {},
            "version_id": "",
            "website_redirect": ""
          },
          "sensitive_attributes": [],
          "private": "bnVsbA==",
          "dependencies": [
            "aws_s3_bucket.mi_bucket"
          ]
        },
        {
          "index_key": "css/assets/imagen1.jpg",
          "schema_version": 0,
          "attributes": {
            "acl": null,
            "arn": "arn:aws:s3:::mi-carpeta-terraform/css/assets/imagen1.jpg",
            "bucket": "mi-carpeta-terraform",
            "bucket_key_enabled": false,
            "cache_control": "",
            "checksum_algorithm": null,
            "checksum_crc32": "",
            "checksum_crc32c": "",
            "checksum_sha1": "",
            "checksum_sha256": "",
            "content": null,
            "content_base64": null,
            "content_disposition": "",
            "content_encoding": "",
            "content_language": "",
            "content_type": "application/octet-stream",
            "etag": "ddb1cbb05d553d88c3d2af3fd24ecc22",
            "force_destroy": false,
            "id": "css/assets/imagen1.jpg",
            "key": "css/assets/imagen1.jpg",
            "kms_key_id": null,
            "metadata": null,
            "object_lock_legal_hold_status": "",
            "object_lock_mode": "",
            "object_lock_retain_until_date": "",
            "override_provider": [],
            "server_side_encryption": "AES256",
            "source": "C:/Users/Usuario/Desktop/Varios/Estudios/Grado de informatica/2º Grado DAW/Proyecto Navidad/css/assets/imagen1.jpg",
            "source_hash": null,
            "storage_class": "STANDARD",
            "tags": null,
            "tags_all": {},
            "version_id": "",
            "website_redirect": ""
          },
          "sensitive_attributes": [],
          "private": "bnVsbA==",
          "dependencies": [
            "aws_s3_bucket.mi_bucket"
          ]
        },
        {
          "index_key": "css/assets/imagen2.jpg",
          "schema_version": 0,
          "attributes": {
            "acl": null,
            "arn": "arn:aws:s3:::mi-carpeta-terraform/css/assets/imagen2.jpg",
            "bucket": "mi-carpeta-terraform",
            "bucket_key_enabled": false,
            "cache_control": "",
            "checksum_algorithm": null,
            "checksum_crc32": "",
            "checksum_crc32c": "",
            "checksum_sha1": "",
            "checksum_sha256": "",
            "content": null,
            "content_base64": null,
            "content_disposition": "",
            "content_encoding": "",
            "content_language": "",
            "content_type": "application/octet-stream",
            "etag": "1b6af996c9f4f002b4c077c4b1f4339c",
            "force_destroy": false,
            "id": "css/assets/imagen2.jpg",
            "key": "css/assets/imagen2.jpg",
            "kms_key_id": null,
            "metadata": null,
            "object_lock_legal_hold_status": "",
            "object_lock_mode": "",
            "object_lock_retain_until_date": "",
            "override_provider": [],
            "server_side_encryption": "AES256",
            "source": "C:/Users/Usuario/Desktop/Varios/Estudios/Grado de informatica/2º Grado DAW/Proyecto Navidad/css/assets/imagen2.jpg",
            "source_hash": null,
            "storage_class": "STANDARD",
            "tags": null,
            "tags_all": {},
            "version_id": "",
            "website_redirect": ""
          },
          "sensitive_attributes": [],
          "private": "bnVsbA==",
          "dependencies": [
            "aws_s3_bucket.mi_bucket"
          ]
        },
        {
          "index_key": "css/assets/imagen3.jpg",
          "schema_version": 0,
          "attributes": {
            "acl": null,
            "arn": "arn:aws:s3:::mi-carpeta-terraform/css/assets/imagen3.jpg",
            "bucket": "mi-carpeta-terraform",
            "bucket_key_enabled": false,
            "cache_control": "",
            "checksum_algorithm": null,
            "checksum_crc32": "",
            "checksum_crc32c": "",
            "checksum_sha1": "",
            "checksum_sha256": "",
            "content": null,
            "content_base64": null,
            "content_disposition": "",
            "content_encoding": "",
            "content_language": "",
            "content_type": "application/octet-stream",
            "etag": "6175ea571fce795d2d4e2abcfbac7415",
            "force_destroy": false,
            "id": "css/assets/imagen3.jpg",
            "key": "css/assets/imagen3.jpg",
            "kms_key_id": null,
            "metadata": null,
            "object_lock_legal_hold_status": "",
            "object_lock_mode": "",
            "object_lock_retain_until_date": "",
            "override_provider": [],
            "server_side_encryption": "AES256",
            "source": "C:/Users/Usuario/Desktop/Varios/Estudios/Grado de informatica/2º Grado DAW/Proyecto Navidad/css/assets/imagen3.jpg",
            "source_hash": null,
            "storage_class": "STANDARD",
            "tags": null,
            "tags_all": {},
            "version_id": "",
            "website_redirect": ""
          },
          "sensitive_attributes": [],
          "private": "bnVsbA==",
          "dependencies": [
            "aws_s3_bucket.mi_bucket"
          ]
        },
        {
          "index_key": "css/assets/imagen4.jpg",
          "schema_version": 0,
          "attributes": {
            "acl": null,
            "arn": "arn:aws:s3:::mi-carpeta-terraform/css/assets/imagen4.jpg",
            "bucket": "mi-carpeta-terraform",
            "bucket_key_enabled": false,
            "cache_control": "",
            "checksum_algorithm": null,
            "checksum_crc32": "",
            "checksum_crc32c": "",
            "checksum_sha1": "",
            "checksum_sha256": "",
            "content": null,
            "content_base64": null,
            "content_disposition": "",
            "content_encoding": "",
            "content_language": "",
            "content_type": "application/octet-stream",
            "etag": "e664c6d2b8d15ce0c69e92d53ea3c803",
            "force_destroy": false,
            "id": "css/assets/imagen4.jpg",
            "key": "css/assets/imagen4.jpg",
            "kms_key_id": null,
            "metadata": null,
            "object_lock_legal_hold_status": "",
            "object_lock_mode": "",
            "object_lock_retain_until_date": "",
            "override_provider": [],
            "server_side_encryption": "AES256",
            "source": "C:/Users/Usuario/Desktop/Varios/Estudios/Grado de informatica/2º Grado DAW/Proyecto Navidad/css/assets/imagen4.jpg",
            "source_hash": null,
            "storage_class": "STANDARD",
            "tags": null,
            "tags_all": {},
            "version_id": "",
            "website_redirect": ""
          },
          "sensitive_attributes": [],
          "private": "bnVsbA==",
          "dependencies": [
            "aws_s3_bucket.mi_bucket"
          ]
        },
        {
          "index_key": "css/assets/imagen5.jpg",
          "schema_version": 0,
          "attributes": {
            "acl": null,
            "arn": "arn:aws:s3:::mi-carpeta-terraform/css/assets/imagen5.jpg",
            "bucket": "mi-carpeta-terraform",
            "bucket_key_enabled": false,
            "cache_control": "",
            "checksum_algorithm": null,
            "checksum_crc32": "",
            "checksum_crc32c": "",
            "checksum_sha1": "",
            "checksum_sha256": "",
            "content": null,
            "content_base64": null,
            "content_disposition": "",
            "content_encoding": "",
            "content_language": "",
            "content_type": "application/octet-stream",
            "etag": "fb9afbf067ff2fa13d4137f86760233b",
            "force_destroy": false,
            "id": "css/assets/imagen5.jpg",
            "key": "css/assets/imagen5.jpg",
            "kms_key_id": null,
            "metadata": null,
            "object_lock_legal_hold_status": "",
            "object_lock_mode": "",
            "object_lock_retain_until_date": "",
            "override_provider": [],
            "server_side_encryption": "AES256",
            "source": "C:/Users/Usuario/Desktop/Varios/Estudios/Grado de informatica/2º Grado DAW/Proyecto Navidad/css/assets/imagen5.jpg",
            "source_hash": null,
            "storage_class": "STANDARD",
            "tags": null,
            "tags_all": {},
            "version_id": "",
            "website_redirect": ""
          },
          "sensitive_attributes": [],
          "private": "bnVsbA==",
          "dependencies": [
            "aws_s3_bucket.mi_bucket"
          ]
        },
        {
          "index_key": "css/assets/imagen6.jpg",
          "schema_version": 0,
          "attributes": {
            "acl": null,
            "arn": "arn:aws:s3:::mi-carpeta-terraform/css/assets/imagen6.jpg",
            "bucket": "mi-carpeta-terraform",
            "bucket_key_enabled": false,
            "cache_control": "",
            "checksum_algorithm": null,
            "checksum_crc32": "",
            "checksum_crc32c": "",
            "checksum_sha1": "",
            "checksum_sha256": "",
            "content": null,
            "content_base64": null,
            "content_disposition": "",
            "content_encoding": "",
            "content_language": "",
            "content_type": "application/octet-stream",
            "etag": "1b76280ac63bd1facd471e64a6d5e4c4",
            "force_destroy": false,
            "id": "css/assets/imagen6.jpg",
            "key": "css/assets/imagen6.jpg",
            "kms_key_id": null,
            "metadata": null,
            "object_lock_legal_hold_status": "",
            "object_lock_mode": "",
            "object_lock_retain_until_date": "",
            "override_provider": [],
            "server_side_encryption": "AES256",
            "source": "C:/Users/Usuario/Desktop/Varios/Estudios/Grado de informatica/2º Grado DAW/Proyecto Navidad/css/assets/imagen6.jpg",
            "source_hash": null,
            "storage_class": "STANDARD",
            "tags": null,
            "tags_all": {},
            "version_id": "",
            "website_redirect": ""
          },
          "sensitive_attributes": [],
          "private": "bnVsbA==",
          "dependencies": [
            "aws_s3_bucket.mi_bucket"
          ]
        },
        {
          "index_key": "css/assets/imagen7.jpg",
          "schema_version": 0,
          "attributes": {
            "acl": null,
            "arn": "arn:aws:s3:::mi-carpeta-terraform/css/assets/imagen7.jpg",
            "bucket": "mi-carpeta-terraform",
            "bucket_key_enabled": false,
            "cache_control": "",
            "checksum_algorithm": null,
            "checksum_crc32": "",
            "checksum_crc32c": "",
            "checksum_sha1": "",
            "checksum_sha256": "",
            "content": null,
            "content_base64": null,
            "content_disposition": "",
            "content_encoding": "",
            "content_language": "",
            "content_type": "application/octet-stream",
            "etag": "f530fe9d400a8c3662c775d006bbbe14",
            "force_destroy": false,
            "id": "css/assets/imagen7.jpg",
            "key": "css/assets/imagen7.jpg",
            "kms_key_id": null,
            "metadata": null,
            "object_lock_legal_hold_status": "",
            "object_lock_mode": "",
            "object_lock_retain_until_date": "",
            "override_provider": [],
            "server_side_encryption": "AES256",
            "source": "C:/Users/Usuario/Desktop/Varios/Estudios/Grado de informatica/2º Grado DAW/Proyecto Navidad/css/assets/imagen7.jpg",
            "source_hash": null,
            "storage_class": "STANDARD",
            "tags": null,
            "tags_all": {},
            "version_id": "",
            "website_redirect": ""
          },
          "sensitive_attributes": [],
          "private": "bnVsbA==",
          "dependencies": [
            "aws_s3_bucket.mi_bucket"
          ]
        },
        {
          "index_key": "css/assets/imagen8.jpg",
          "schema_version": 0,
          "attributes": {
            "acl": null,
            "arn": "arn:aws:s3:::mi-carpeta-terraform/css/assets/imagen8.jpg",
            "bucket": "mi-carpeta-terraform",
            "bucket_key_enabled": false,
            "cache_control": "",
            "checksum_algorithm": null,
            "checksum_crc32": "",
            "checksum_crc32c": "",
            "checksum_sha1": "",
            "checksum_sha256": "",
            "content": null,
            "content_base64": null,
            "content_disposition": "",
            "content_encoding": "",
            "content_language": "",
            "content_type": "application/octet-stream",
            "etag": "fb91c5e769f42331c4bed73b13ff13a1",
            "force_destroy": false,
            "id": "css/assets/imagen8.jpg",
            "key": "css/assets/imagen8.jpg",
            "kms_key_id": null,
            "metadata": null,
            "object_lock_legal_hold_status": "",
            "object_lock_mode": "",
            "object_lock_retain_until_date": "",
            "override_provider": [],
            "server_side_encryption": "AES256",
            "source": "C:/Users/Usuario/Desktop/Varios/Estudios/Grado de informatica/2º Grado DAW/Proyecto Navidad/css/assets/imagen8.jpg",
            "source_hash": null,
            "storage_class": "STANDARD",
            "tags": null,
            "tags_all": {},
            "version_id": "",
            "website_redirect": ""
          },
          "sensitive_attributes": [],
          "private": "bnVsbA==",
          "dependencies": [
            "aws_s3_bucket.mi_bucket"
          ]
        },
        {
          "index_key": "css/assets/imagen9.webp",
          "schema_version": 0,
          "attributes": {
            "acl": null,
            "arn": "arn:aws:s3:::mi-carpeta-terraform/css/assets/imagen9.webp",
            "bucket": "mi-carpeta-terraform",
            "bucket_key_enabled": false,
            "cache_control": "",
            "checksum_algorithm": null,
            "checksum_crc32": "",
            "checksum_crc32c": "",
            "checksum_sha1": "",
            "checksum_sha256": "",
            "content": null,
            "content_base64": null,
            "content_disposition": "",
            "content_encoding": "",
            "content_language": "",
            "content_type": "application/octet-stream",
            "etag": "b1640ee0e2588aaeecdcfe3cd13a7009",
            "force_destroy": false,
            "id": "css/assets/imagen9.webp",
            "key": "css/assets/imagen9.webp",
            "kms_key_id": null,
            "metadata": null,
            "object_lock_legal_hold_status": "",
            "object_lock_mode": "",
            "object_lock_retain_until_date": "",
            "override_provider": [],
            "server_side_encryption": "AES256",
            "source": "C:/Users/Usuario/Desktop/Varios/Estudios/Grado de informatica/2º Grado DAW/Proyecto Navidad/css/assets/imagen9.webp",
            "source_hash": null,
            "storage_class": "STANDARD",
            "tags": null,
            "tags_all": {},
            "version_id": "",
            "website_redirect": ""
          },
          "sensitive_attributes": [],
          "private": "bnVsbA==",
          "dependencies": [
            "aws_s3_bucket.mi_bucket"
          ]
        },
        {
          "index_key": "css/assets/logo.webp",
          "schema_version": 0,
          "attributes": {
            "acl": null,
            "arn": "arn:aws:s3:::mi-carpeta-terraform/css/assets/logo.webp",
            "bucket": "mi-carpeta-terraform",
            "bucket_key_enabled": false,
            "cache_control": "",
            "checksum_algorithm": null,
            "checksum_crc32": "",
            "checksum_crc32c": "",
            "checksum_sha1": "",
            "checksum_sha256": "",
            "content": null,
            "content_base64": null,
            "content_disposition": "",
            "content_encoding": "",
            "content_language": "",
            "content_type": "application/octet-stream",
            "etag": "a6a58a02ac19413ede6e90d7a61e972b",
            "force_destroy": false,
            "id": "css/assets/logo.webp",
            "key": "css/assets/logo.webp",
            "kms_key_id": null,
            "metadata": null,
            "object_lock_legal_hold_status": "",
            "object_lock_mode": "",
            "object_lock_retain_until_date": "",
            "override_provider": [],
            "server_side_encryption": "AES256",
            "source": "C:/Users/Usuario/Desktop/Varios/Estudios/Grado de informatica/2º Grado DAW/Proyecto Navidad/css/assets/logo.webp",
            "source_hash": null,
            "storage_class": "STANDARD",
            "tags": null,
            "tags_all": {},
            "version_id": "",
            "website_redirect": ""
          },
          "sensitive_attributes": [],
          "private": "bnVsbA==",
          "dependencies": [
            "aws_s3_bucket.mi_bucket"
          ]
        },
        {
          "index_key": "css/assets/modernpics.otf",
          "schema_version": 0,
          "attributes": {
            "acl": null,
            "arn": "arn:aws:s3:::mi-carpeta-terraform/css/assets/modernpics.otf",
            "bucket": "mi-carpeta-terraform",
            "bucket_key_enabled": false,
            "cache_control": "",
            "checksum_algorithm": null,
            "checksum_crc32": "",
            "checksum_crc32c": "",
            "checksum_sha1": "",
            "checksum_sha256": "",
            "content": null,
            "content_base64": null,
            "content_disposition": "",
            "content_encoding": "",
            "content_language": "",
            "content_type": "application/octet-stream",
            "etag": "4d4e68955167f6994537b5b9024b6172",
            "force_destroy": false,
            "id": "css/assets/modernpics.otf",
            "key": "css/assets/modernpics.otf",
            "kms_key_id": null,
            "metadata": null,
            "object_lock_legal_hold_status": "",
            "object_lock_mode": "",
            "object_lock_retain_until_date": "",
            "override_provider": [],
            "server_side_encryption": "AES256",
            "source": "C:/Users/Usuario/Desktop/Varios/Estudios/Grado de informatica/2º Grado DAW/Proyecto Navidad/css/assets/modernpics.otf",
            "source_hash": null,
            "storage_class": "STANDARD",
            "tags": null,
            "tags_all": {},
            "version_id": "",
            "website_redirect": ""
          },
          "sensitive_attributes": [],
          "private": "bnVsbA==",
          "dependencies": [
            "aws_s3_bucket.mi_bucket"
          ]
        },
        {
          "index_key": "css/carrito.css",
          "schema_version": 0,
          "attributes": {
            "acl": null,
            "arn": "arn:aws:s3:::mi-carpeta-terraform/css/carrito.css",
            "bucket": "mi-carpeta-terraform",
            "bucket_key_enabled": false,
            "cache_control": "",
            "checksum_algorithm": null,
            "checksum_crc32": "",
            "checksum_crc32c": "",
            "checksum_sha1": "",
            "checksum_sha256": "",
            "content": null,
            "content_base64": null,
            "content_disposition": "",
            "content_encoding": "",
            "content_language": "",
            "content_type": "application/octet-stream",
            "etag": "79f39371889d5b44b85a6b6dc85940e8",
            "force_destroy": false,
            "id": "css/carrito.css",
            "key": "css/carrito.css",
            "kms_key_id": null,
            "metadata": null,
            "object_lock_legal_hold_status": "",
            "object_lock_mode": "",
            "object_lock_retain_until_date": "",
            "override_provider": [],
            "server_side_encryption": "AES256",
            "source": "C:/Users/Usuario/Desktop/Varios/Estudios/Grado de informatica/2º Grado DAW/Proyecto Navidad/css/carrito.css",
            "source_hash": null,
            "storage_class": "STANDARD",
            "tags": null,
            "tags_all": {},
            "version_id": "",
            "website_redirect": ""
          },
          "sensitive_attributes": [],
          "private": "bnVsbA==",
          "dependencies": [
            "aws_s3_bucket.mi_bucket"
          ]
        },
        {
          "index_key": "css/login.css",
          "schema_version": 0,
          "attributes": {
            "acl": null,
            "arn": "arn:aws:s3:::mi-carpeta-terraform/css/login.css",
            "bucket": "mi-carpeta-terraform",
            "bucket_key_enabled": false,
            "cache_control": "",
            "checksum_algorithm": null,
            "checksum_crc32": "",
            "checksum_crc32c": "",
            "checksum_sha1": "",
            "checksum_sha256": "",
            "content": null,
            "content_base64": null,
            "content_disposition": "",
            "content_encoding": "",
            "content_language": "",
            "content_type": "application/octet-stream",
            "etag": "c2653aa827e748bf273cc8d9d68b9d97",
            "force_destroy": false,
            "id": "css/login.css",
            "key": "css/login.css",
            "kms_key_id": null,
            "metadata": null,
            "object_lock_legal_hold_status": "",
            "object_lock_mode": "",
            "object_lock_retain_until_date": "",
            "override_provider": [],
            "server_side_encryption": "AES256",
            "source": "C:/Users/Usuario/Desktop/Varios/Estudios/Grado de informatica/2º Grado DAW/Proyecto Navidad/css/login.css",
            "source_hash": null,
            "storage_class": "STANDARD",
            "tags": null,
            "tags_all": {},
            "version_id": "",
            "website_redirect": ""
          },
          "sensitive_attributes": [],
          "private": "bnVsbA==",
          "dependencies": [
            "aws_s3_bucket.mi_bucket"
          ]
        },
        {
          "index_key": "css/paginaPrincipal.css",
          "schema_version": 0,
          "attributes": {
            "acl": null,
            "arn": "arn:aws:s3:::mi-carpeta-terraform/css/paginaPrincipal.css",
            "bucket": "mi-carpeta-terraform",
            "bucket_key_enabled": false,
            "cache_control": "",
            "checksum_algorithm": null,
            "checksum_crc32": "",
            "checksum_crc32c": "",
            "checksum_sha1": "",
            "checksum_sha256": "",
            "content": null,
            "content_base64": null,
            "content_disposition": "",
            "content_encoding": "",
            "content_language": "",
            "content_type": "application/octet-stream",
            "etag": "a8588ac8d85dafaa772d74e224f7e7d0",
            "force_destroy": false,
            "id": "css/paginaPrincipal.css",
            "key": "css/paginaPrincipal.css",
            "kms_key_id": null,
            "metadata": null,
            "object_lock_legal_hold_status": "",
            "object_lock_mode": "",
            "object_lock_retain_until_date": "",
            "override_provider": [],
            "server_side_encryption": "AES256",
            "source": "C:/Users/Usuario/Desktop/Varios/Estudios/Grado de informatica/2º Grado DAW/Proyecto Navidad/css/paginaPrincipal.css",
            "source_hash": null,
            "storage_class": "STANDARD",
            "tags": null,
            "tags_all": {},
            "version_id": "",
            "website_redirect": ""
          },
          "sensitive_attributes": [],
          "private": "bnVsbA==",
          "dependencies": [
            "aws_s3_bucket.mi_bucket"
          ]
        },
        {
          "index_key": "html/cesta.html",
          "schema_version": 0,
          "attributes": {
            "acl": null,
            "arn": "arn:aws:s3:::mi-carpeta-terraform/html/cesta.html",
            "bucket": "mi-carpeta-terraform",
            "bucket_key_enabled": false,
            "cache_control": "",
            "checksum_algorithm": null,
            "checksum_crc32": "",
            "checksum_crc32c": "",
            "checksum_sha1": "",
            "checksum_sha256": "",
            "content": null,
            "content_base64": null,
            "content_disposition": "",
            "content_encoding": "",
            "content_language": "",
            "content_type": "application/octet-stream",
            "etag": "f4a629e50b501c07c330f254f48c8b5b",
            "force_destroy": false,
            "id": "html/cesta.html",
            "key": "html/cesta.html",
            "kms_key_id": null,
            "metadata": null,
            "object_lock_legal_hold_status": "",
            "object_lock_mode": "",
            "object_lock_retain_until_date": "",
            "override_provider": [],
            "server_side_encryption": "AES256",
            "source": "C:/Users/Usuario/Desktop/Varios/Estudios/Grado de informatica/2º Grado DAW/Proyecto Navidad/html/cesta.html",
            "source_hash": null,
            "storage_class": "STANDARD",
            "tags": null,
            "tags_all": {},
            "version_id": "",
            "website_redirect": ""
          },
          "sensitive_attributes": [],
          "private": "bnVsbA==",
          "dependencies": [
            "aws_s3_bucket.mi_bucket"
          ]
        },
        {
          "index_key": "html/login.html",
          "schema_version": 0,
          "attributes": {
            "acl": null,
            "arn": "arn:aws:s3:::mi-carpeta-terraform/html/login.html",
            "bucket": "mi-carpeta-terraform",
            "bucket_key_enabled": false,
            "cache_control": "",
            "checksum_algorithm": null,
            "checksum_crc32": "",
            "checksum_crc32c": "",
            "checksum_sha1": "",
            "checksum_sha256": "",
            "content": null,
            "content_base64": null,
            "content_disposition": "",
            "content_encoding": "",
            "content_language": "",
            "content_type": "application/octet-stream",
            "etag": "dc239fed7063cb86cd0df46823d2dce2",
            "force_destroy": false,
            "id": "html/login.html",
            "key": "html/login.html",
            "kms_key_id": null,
            "metadata": null,
            "object_lock_legal_hold_status": "",
            "object_lock_mode": "",
            "object_lock_retain_until_date": "",
            "override_provider": [],
            "server_side_encryption": "AES256",
            "source": "C:/Users/Usuario/Desktop/Varios/Estudios/Grado de informatica/2º Grado DAW/Proyecto Navidad/html/login.html",
            "source_hash": null,
            "storage_class": "STANDARD",
            "tags": null,
            "tags_all": {},
            "version_id": "",
            "website_redirect": ""
          },
          "sensitive_attributes": [],
          "private": "bnVsbA==",
          "dependencies": [
            "aws_s3_bucket.mi_bucket"
          ]
        },
        {
          "index_key": "html/paginaPrincipal.html",
          "schema_version": 0,
          "attributes": {
            "acl": null,
            "arn": "arn:aws:s3:::mi-carpeta-terraform/html/paginaPrincipal.html",
            "bucket": "mi-carpeta-terraform",
            "bucket_key_enabled": false,
            "cache_control": "",
            "checksum_algorithm": null,
            "checksum_crc32": "",
            "checksum_crc32c": "",
            "checksum_sha1": "",
            "checksum_sha256": "",
            "content": null,
            "content_base64": null,
            "content_disposition": "",
            "content_encoding": "",
            "content_language": "",
            "content_type": "application/octet-stream",
            "etag": "4230ca972d69536a52c6c9254f4a920e",
            "force_destroy": false,
            "id": "html/paginaPrincipal.html",
            "key": "html/paginaPrincipal.html",
            "kms_key_id": null,
            "metadata": null,
            "object_lock_legal_hold_status": "",
            "object_lock_mode": "",
            "object_lock_retain_until_date": "",
            "override_provider": [],
            "server_side_encryption": "AES256",
            "source": "C:/Users/Usuario/Desktop/Varios/Estudios/Grado de informatica/2º Grado DAW/Proyecto Navidad/html/paginaPrincipal.html",
            "source_hash": null,
            "storage_class": "STANDARD",
            "tags": null,
            "tags_all": {},
            "version_id": "",
            "website_redirect": ""
          },
          "sensitive_attributes": [],
          "private": "bnVsbA==",
          "dependencies": [
            "aws_s3_bucket.mi_bucket"
          ]
        },
        {
          "index_key": "html/registro.html",
          "schema_version": 0,
          "attributes": {
            "acl": null,
            "arn": "arn:aws:s3:::mi-carpeta-terraform/html/registro.html",
            "bucket": "mi-carpeta-terraform",
            "bucket_key_enabled": false,
            "cache_control": "",
            "checksum_algorithm": null,
            "checksum_crc32": "",
            "checksum_crc32c": "",
            "checksum_sha1": "",
            "checksum_sha256": "",
            "content": null,
            "content_base64": null,
            "content_disposition": "",
            "content_encoding": "",
            "content_language": "",
            "content_type": "application/octet-stream",
            "etag": "13bc9b9d0649a981f344821c47368c65",
            "force_destroy": false,
            "id": "html/registro.html",
            "key": "html/registro.html",
            "kms_key_id": null,
            "metadata": null,
            "object_lock_legal_hold_status": "",
            "object_lock_mode": "",
            "object_lock_retain_until_date": "",
            "override_provider": [],
            "server_side_encryption": "AES256",
            "source": "C:/Users/Usuario/Desktop/Varios/Estudios/Grado de informatica/2º Grado DAW/Proyecto Navidad/html/registro.html",
            "source_hash": null,
            "storage_class": "STANDARD",
            "tags": null,
            "tags_all": {},
            "version_id": "",
            "website_redirect": ""
          },
          "sensitive_attributes": [],
          "private": "bnVsbA==",
          "dependencies": [
            "aws_s3_bucket.mi_bucket"
          ]
        },
        {
          "index_key": "js/carrito.js",
          "schema_version": 0,
          "attributes": {
            "acl": null,
            "arn": "arn:aws:s3:::mi-carpeta-terraform/js/carrito.js",
            "bucket": "mi-carpeta-terraform",
            "bucket_key_enabled": false,
            "cache_control": "",
            "checksum_algorithm": null,
            "checksum_crc32": "",
            "checksum_crc32c": "",
            "checksum_sha1": "",
            "checksum_sha256": "",
            "content": null,
            "content_base64": null,
            "content_disposition": "",
            "content_encoding": "",
            "content_language": "",
            "content_type": "application/octet-stream",
            "etag": "06e41943720dd83a83ea162dcf427daf",
            "force_destroy": false,
            "id": "js/carrito.js",
            "key": "js/carrito.js",
            "kms_key_id": null,
            "metadata": null,
            "object_lock_legal_hold_status": "",
            "object_lock_mode": "",
            "object_lock_retain_until_date": "",
            "override_provider": [],
            "server_side_encryption": "AES256",
            "source": "C:/Users/Usuario/Desktop/Varios/Estudios/Grado de informatica/2º Grado DAW/Proyecto Navidad/js/carrito.js",
            "source_hash": null,
            "storage_class": "STANDARD",
            "tags": null,
            "tags_all": {},
            "version_id": "",
            "website_redirect": ""
          },
          "sensitive_attributes": [],
          "private": "bnVsbA==",
          "dependencies": [
            "aws_s3_bucket.mi_bucket"
          ]
        },
        {
          "index_key": "js/login.js",
          "schema_version": 0,
          "attributes": {
            "acl": null,
            "arn": "arn:aws:s3:::mi-carpeta-terraform/js/login.js",
            "bucket": "mi-carpeta-terraform",
            "bucket_key_enabled": false,
            "cache_control": "",
            "checksum_algorithm": null,
            "checksum_crc32": "",
            "checksum_crc32c": "",
            "checksum_sha1": "",
            "checksum_sha256": "",
            "content": null,
            "content_base64": null,
            "content_disposition": "",
            "content_encoding": "",
            "content_language": "",
            "content_type": "application/octet-stream",
            "etag": "549664158d262d4bde3603bbd8cde001",
            "force_destroy": false,
            "id": "js/login.js",
            "key": "js/login.js",
            "kms_key_id": null,
            "metadata": null,
            "object_lock_legal_hold_status": "",
            "object_lock_mode": "",
            "object_lock_retain_until_date": "",
            "override_provider": [],
            "server_side_encryption": "AES256",
            "source": "C:/Users/Usuario/Desktop/Varios/Estudios/Grado de informatica/2º Grado DAW/Proyecto Navidad/js/login.js",
            "source_hash": null,
            "storage_class": "STANDARD",
            "tags": null,
            "tags_all": {},
            "version_id": "",
            "website_redirect": ""
          },
          "sensitive_attributes": [],
          "private": "bnVsbA==",
          "dependencies": [
            "aws_s3_bucket.mi_bucket"
          ]
        },
        {
          "index_key": "js/solicitudCartas.js",
          "schema_version": 0,
          "attributes": {
            "acl": null,
            "arn": "arn:aws:s3:::mi-carpeta-terraform/js/solicitudCartas.js",
            "bucket": "mi-carpeta-terraform",
            "bucket_key_enabled": false,
            "cache_control": "",
            "checksum_algorithm": null,
            "checksum_crc32": "",
            "checksum_crc32c": "",
            "checksum_sha1": "",
            "checksum_sha256": "",
            "content": null,
            "content_base64": null,
            "content_disposition": "",
            "content_encoding": "",
            "content_language": "",
            "content_type": "application/octet-stream",
            "etag": "cd468226c0a14109e409b78a4fd86e30",
            "force_destroy": false,
            "id": "js/solicitudCartas.js",
            "key": "js/solicitudCartas.js",
            "kms_key_id": null,
            "metadata": null,
            "object_lock_legal_hold_status": "",
            "object_lock_mode": "",
            "object_lock_retain_until_date": "",
            "override_provider": [],
            "server_side_encryption": "AES256",
            "source": "C:/Users/Usuario/Desktop/Varios/Estudios/Grado de informatica/2º Grado DAW/Proyecto Navidad/js/solicitudCartas.js",
            "source_hash": null,
            "storage_class": "STANDARD",
            "tags": null,
            "tags_all": {},
            "version_id": "",
            "website_redirect": ""
          },
          "sensitive_attributes": [],
          "private": "bnVsbA==",
          "dependencies": [
            "aws_s3_bucket.mi_bucket"
          ]
        },
        {
          "index_key": "json/userDb.json",
          "schema_version": 0,
          "attributes": {
            "acl": null,
            "arn": "arn:aws:s3:::mi-carpeta-terraform/json/userDb.json",
            "bucket": "mi-carpeta-terraform",
            "bucket_key_enabled": false,
            "cache_control": "",
            "checksum_algorithm": null,
            "checksum_crc32": "",
            "checksum_crc32c": "",
            "checksum_sha1": "",
            "checksum_sha256": "",
            "content": null,
            "content_base64": null,
            "content_disposition": "",
            "content_encoding": "",
            "content_language": "",
            "content_type": "application/octet-stream",
            "etag": "2a64ca005ae2918c68f15b5d662b15e5",
            "force_destroy": false,
            "id": "json/userDb.json",
            "key": "json/userDb.json",
            "kms_key_id": null,
            "metadata": null,
            "object_lock_legal_hold_status": "",
            "object_lock_mode": "",
            "object_lock_retain_until_date": "",
            "override_provider": [],
            "server_side_encryption": "AES256",
            "source": "C:/Users/Usuario/Desktop/Varios/Estudios/Grado de informatica/2º Grado DAW/Proyecto Navidad/json/userDb.json",
            "source_hash": null,
            "storage_class": "STANDARD",
            "tags": null,
            "tags_all": {},
            "version_id": "",
            "website_redirect": ""
          },
          "sensitive_attributes": [],
          "private": "bnVsbA==",
          "dependencies": [
            "aws_s3_bucket.mi_bucket"
          ]
        }
      ]
    },
    {
      "mode": "managed",
      "type": "aws_security_group",
      "name": "allow_ssh_http",
      "provider": "provider[\"registry.terraform.io/hashicorp/aws\"]",
      "instances": [
        {
          "schema_version": 1,
          "attributes": {
            "arn": "arn:aws:ec2:us-east-1:366940344801:security-group/sg-075ac9499143a69b5",
            "description": "Managed by Terraform",
            "egress": [
              {
                "cidr_blocks": [
                  "0.0.0.0/0"
                ],
                "description": "",
                "from_port": 0,
                "ipv6_cidr_blocks": [],
                "prefix_list_ids": [],
                "protocol": "-1",
                "security_groups": [],
                "self": false,
                "to_port": 0
              }
            ],
            "id": "sg-075ac9499143a69b5",
            "ingress": [
              {
                "cidr_blocks": [
                  "0.0.0.0/0"
                ],
                "description": "",
                "from_port": 22,
                "ipv6_cidr_blocks": [],
                "prefix_list_ids": [],
                "protocol": "tcp",
                "security_groups": [],
                "self": false,
                "to_port": 22
              },
              {
                "cidr_blocks": [
                  "0.0.0.0/0"
                ],
                "description": "",
                "from_port": 80,
                "ipv6_cidr_blocks": [],
                "prefix_list_ids": [],
                "protocol": "tcp",
                "security_groups": [],
                "self": false,
                "to_port": 80
              }
            ],
            "name": "terraform-20250127183422800600000001",
            "name_prefix": "terraform-",
            "owner_id": "366940344801",
            "revoke_rules_on_delete": false,
            "tags": null,
            "tags_all": {},
            "timeouts": null,
            "vpc_id": "vpc-03e99820a6788d48d"
          },
          "sensitive_attributes": [],
          "private": "eyJlMmJmYjczMC1lY2FhLTExZTYtOGY4OC0zNDM2M2JjN2M0YzAiOnsiY3JlYXRlIjo2MDAwMDAwMDAwMDAsImRlbGV0ZSI6OTAwMDAwMDAwMDAwfSwic2NoZW1hX3ZlcnNpb24iOiIxIn0=",
          "dependencies": [
            "aws_vpc.main"
          ]
        }
      ]
    },
    {
      "mode": "managed",
      "type": "aws_subnet",
      "name": "public",
      "provider": "provider[\"registry.terraform.io/hashicorp/aws\"]",
      "instances": [
        {
          "schema_version": 1,
          "attributes": {
            "arn": "arn:aws:ec2:us-east-1:366940344801:subnet/subnet-04212ca1637b099b4",
            "assign_ipv6_address_on_creation": false,
            "availability_zone": "us-east-1f",
            "availability_zone_id": "use1-az5",
            "cidr_block": "10.0.1.0/24",
            "customer_owned_ipv4_pool": "",
            "enable_dns64": false,
            "enable_lni_at_device_index": 0,
            "enable_resource_name_dns_a_record_on_launch": false,
            "enable_resource_name_dns_aaaa_record_on_launch": false,
            "id": "subnet-04212ca1637b099b4",
            "ipv6_cidr_block": "",
            "ipv6_cidr_block_association_id": "",
            "ipv6_native": false,
            "map_customer_owned_ip_on_launch": false,
            "map_public_ip_on_launch": false,
            "outpost_arn": "",
            "owner_id": "366940344801",
            "private_dns_hostname_type_on_launch": "ip-name",
            "tags": null,
            "tags_all": {},
            "timeouts": null,
            "vpc_id": "vpc-03e99820a6788d48d"
          },
          "sensitive_attributes": [],
          "private": "eyJlMmJmYjczMC1lY2FhLTExZTYtOGY4OC0zNDM2M2JjN2M0YzAiOnsiY3JlYXRlIjo2MDAwMDAwMDAwMDAsImRlbGV0ZSI6MTIwMDAwMDAwMDAwMH0sInNjaGVtYV92ZXJzaW9uIjoiMSJ9",
          "dependencies": [
            "aws_vpc.main"
          ]
        }
      ]
    },
    {
      "mode": "managed",
      "type": "aws_vpc",
      "name": "main",
      "provider": "provider[\"registry.terraform.io/hashicorp/aws\"]",
      "instances": [
        {
          "schema_version": 1,
          "attributes": {
            "arn": "arn:aws:ec2:us-east-1:366940344801:vpc/vpc-03e99820a6788d48d",
            "assign_generated_ipv6_cidr_block": false,
            "cidr_block": "10.0.0.0/16",
            "default_network_acl_id": "acl-0d2a52065f0f3e3e1",
            "default_route_table_id": "rtb-07528db07400c72f5",
            "default_security_group_id": "sg-0633bcc3cc8b87f47",
            "dhcp_options_id": "dopt-0aef39b818112e32b",
            "enable_dns_hostnames": false,
            "enable_dns_support": true,
            "enable_network_address_usage_metrics": false,
            "id": "vpc-03e99820a6788d48d",
            "instance_tenancy": "default",
            "ipv4_ipam_pool_id": null,
            "ipv4_netmask_length": null,
            "ipv6_association_id": "",
            "ipv6_cidr_block": "",
            "ipv6_cidr_block_network_border_group": "",
            "ipv6_ipam_pool_id": "",
            "ipv6_netmask_length": 0,
            "main_route_table_id": "rtb-07528db07400c72f5",
            "owner_id": "366940344801",
            "tags": null,
            "tags_all": {}
          },
          "sensitive_attributes": [],
          "private": "eyJzY2hlbWFfdmVyc2lvbiI6IjEifQ=="
        }
      ]
    },
    {
      "mode": "managed",
      "type": "tls_private_key",
      "name": "example",
      "provider": "provider[\"registry.terraform.io/hashicorp/tls\"]",
      "instances": [
        {
          "schema_version": 1,
          "attributes": {
            "algorithm": "RSA",
            "ecdsa_curve": "P224",
            "id": "a4c62d61505b2974f016c69483f101f41a386a1a",
            "private_key_openssh": "-----BEGIN OPENSSH PRIVATE KEY-----\nb3BlbnNzaC1rZXktdjEAAAAABG5vbmUAAAAEbm9uZQAAAAAAAAABAAACFwAAAAdz\nc2gtcnNhAAAAAwEAAQAAAgEAzUtqCcgCbjfvQkuxArxLUfoqtUFmXbIipppcg0LI\nvD9Hq8svHHJNraK2GUhagPU/tTy1OQUNHUNXs/nHy1+h55Q3O7I/Jjj0Muv4pDvI\nivUCqXLoO0zDRAm6xJaRA1rd8feZ+OFF9y69ULiFvuTNBGBVeAeGA4sydCdqGcyE\n8Uz6nKAVagplxXyMvtjEWIEgFhtqeAE1PyhNBoWWj+IUHsA+Cf/KOQINklePWsqC\nDx/tJ/CCz26djDVgpGIP7ETJpjmseuh620K/xoO8n3YCUpD4nyP9tGk8DQbNHdvD\nD9PtvmryIg3sYW2tD2dhsPzHDSdkoOHOPMhWC+LZtkQdz57RRRHejPZBPDLcLoaw\nZEHwzgOiDtpoBOJK4VocAo2wy+omcUdUhWJ9Q19NcnlrYwl2Y3s+PU+IlGvpfk1Q\n97jxaZPKmIGFdNp6kM/Ha4RYhbc2ZYtfs12lJxm7qG4ExK8F4eI/Re00/deyPXR/\ndoPDn6h/tGcFMCvGUAn2BuS9PLmtO8FFjQDeq/hqJKHJZvJgWJwNQQRTCrMeleEe\n3o5CYRfzNzpqs8Pv+eWZ6mu/O3Qwu329yF9/mt1vBRtkEUPe0R1v3aHVsYYmYH7s\nOoUgzIkM7zslps4OY6z/d3J7NGhvD5IZka02bCE0ThJUeyGPPTaFyGoBA/FqU9tX\n2ysAAAc4lVIM95VSDPcAAAAHc3NoLXJzYQAAAgEAzUtqCcgCbjfvQkuxArxLUfoq\ntUFmXbIipppcg0LIvD9Hq8svHHJNraK2GUhagPU/tTy1OQUNHUNXs/nHy1+h55Q3\nO7I/Jjj0Muv4pDvIivUCqXLoO0zDRAm6xJaRA1rd8feZ+OFF9y69ULiFvuTNBGBV\neAeGA4sydCdqGcyE8Uz6nKAVagplxXyMvtjEWIEgFhtqeAE1PyhNBoWWj+IUHsA+\nCf/KOQINklePWsqCDx/tJ/CCz26djDVgpGIP7ETJpjmseuh620K/xoO8n3YCUpD4\nnyP9tGk8DQbNHdvDD9PtvmryIg3sYW2tD2dhsPzHDSdkoOHOPMhWC+LZtkQdz57R\nRRHejPZBPDLcLoawZEHwzgOiDtpoBOJK4VocAo2wy+omcUdUhWJ9Q19NcnlrYwl2\nY3s+PU+IlGvpfk1Q97jxaZPKmIGFdNp6kM/Ha4RYhbc2ZYtfs12lJxm7qG4ExK8F\n4eI/Re00/deyPXR/doPDn6h/tGcFMCvGUAn2BuS9PLmtO8FFjQDeq/hqJKHJZvJg\nWJwNQQRTCrMeleEe3o5CYRfzNzpqs8Pv+eWZ6mu/O3Qwu329yF9/mt1vBRtkEUPe\n0R1v3aHVsYYmYH7sOoUgzIkM7zslps4OY6z/d3J7NGhvD5IZka02bCE0ThJUeyGP\nPTaFyGoBA/FqU9tX2ysAAAADAQABAAACAQCUR6xHdFeNFImT8Ofhee9NPswqLxqp\nAklU3JmFlW83yN0TkKZufYDtsWCl0kTMcFebqEWc8bEPOdzW+cr9cg2XHs7mJ1DF\nYs2/GgF1XljzRRSvH3ftnPxM4FouNDJ5oeA9LQHhaZUHfJLxAtZXkxsh1hLlp0l8\ntcWzb+SKzdYYE+nPxzCwbuIjSlq+XgMzidCLJzI3i2fSPmGkHEkrk7fEnkYxIrgF\nhR4YXXYFtc9K7Vx2RJm3CcZxxvwOv2WQ2f5sOawC+ngCdqvdzrkm1C3JRTzOdUiC\nTqA5KHhu4JR7ki9eIhDR2AysMnOVdK5zD6EWNyXPrkkwTeMYorltlLWSPZBhFX2w\nRwZBWVWmL1GZ8hb98d33ejaLELvClJ/D/V0/F53EJ8rnN609v2yYy5WEfLF4ENSW\nuvOtfH+4hpAd3aMFNhv/pDjgmev2eLebROHe2XtJbLWBgz1CY7K14XELGfacd/zv\niAUufx99L+Gu7FP5RXu91We68fGkUMjhAuua/Hu9elZmxcaFsc7gTgnWvBnus/eK\nLDTW+fMKeeZXZscfhHQnHbGvoyi5YaHkqVKFzQuW1YKO/pa8lrKGFbMFIHHA8Edw\nVV2WWQABgJnEXEkCqGQ57i68SKKq7qmBhaPQN7/cj4fbV9AVpWYeh2tgP19K2yue\nyMCmvmS8yktVgQAAAQEAzvbjz37/ZFVF+3octurGcSMX1+r+/P7vpGpARJiWBmXE\nVVeKuLMEFQH5eO18xMvrjR++Fk1bdODqBmIjUexTHBCTx9pC3b4BkNE9kjr9akkM\n54MBUObedQOlE2WD6aR/K1h23zCzcqdss/1M2eGQbwBkGFIIbvQNd51fpxlRLtvL\nw2GZtEr527ZfHydQbIPMxyzD2u88zBoskyd1IjH7Qp4DaxWodR6m6rfl5dMalGlF\nZss0a+owM9YbryzXOEErhGjyC5rcI1QAhpScQMR1MraLyWSUkNI+j47bNJHqa8d2\nRDjwSTmxLu6KY6yzWOZ79tghQ++6q28ZpvqIrCk6OwAAAQEA5J2TWDQPDPs3lHSk\n+fM9uYU4g6CIaCXTUSIVRkIqBnY5p1qbv+ygc3TFF0CM81zVUE0og3GaDrDv/+8q\nWfTIYAtscYZmf7k0YGA14vBzWLXD2qVOHdtXERWwMKQ8Kv1N8yfQwPgsLfinWrzL\nM5xz9w2IHR/I8FXt3P4IVRBq0fWwndg35oNg8BZwbbTeFvTL8iYq9yMQRvgBxqOL\nLPY2yxzrAieA+6VPr0eJoa8wDuJ90fbcAW4RNN7do5vXhJAsR38MxMYWOqA9vMAh\nupWqVoeVaQS2vIzbstseLcDsAlujOFdbNEJmo/9gnBgIetNpR30ce7a54yb1OIzg\n5QoBOQAAAQEA5eK1i0rYOTE0miBpdqGrmLnkzOkHopiyBnUkbEWz2tqKtNw2ERSo\nTiYv5yq/lEHHeGd2ky7D9tiMaJ5Gl0nRCpVp5Xjni+XAkerZD6Kj6K1AIm2vVPK9\nVrv/RvMHQitvlC8cbgXF1DyxJgzJQ1vmOMLeQONietnqpLm1izRXsZ/MRT5l/YXP\nq/0rnlNl+DF4UDiP9Dq3iJ7mk+fqkwNloBwJ5yLUIaY2EElGHL6FLCZtE4evoNzo\nnMYPUFPduHBTd2INdBddxFOhnLcjNCkxybflY7+Fy91mCs72qSTuQp9tY2eXjiTQ\nRHhCZNBzNOR+sTAOJ9hkNh89wawcDDITgwAAAAAB\n-----END OPENSSH PRIVATE KEY-----\n",
            "private_key_pem": "-----BEGIN RSA PRIVATE KEY-----\nMIIJKgIBAAKCAgEAzUtqCcgCbjfvQkuxArxLUfoqtUFmXbIipppcg0LIvD9Hq8sv\nHHJNraK2GUhagPU/tTy1OQUNHUNXs/nHy1+h55Q3O7I/Jjj0Muv4pDvIivUCqXLo\nO0zDRAm6xJaRA1rd8feZ+OFF9y69ULiFvuTNBGBVeAeGA4sydCdqGcyE8Uz6nKAV\nagplxXyMvtjEWIEgFhtqeAE1PyhNBoWWj+IUHsA+Cf/KOQINklePWsqCDx/tJ/CC\nz26djDVgpGIP7ETJpjmseuh620K/xoO8n3YCUpD4nyP9tGk8DQbNHdvDD9Ptvmry\nIg3sYW2tD2dhsPzHDSdkoOHOPMhWC+LZtkQdz57RRRHejPZBPDLcLoawZEHwzgOi\nDtpoBOJK4VocAo2wy+omcUdUhWJ9Q19NcnlrYwl2Y3s+PU+IlGvpfk1Q97jxaZPK\nmIGFdNp6kM/Ha4RYhbc2ZYtfs12lJxm7qG4ExK8F4eI/Re00/deyPXR/doPDn6h/\ntGcFMCvGUAn2BuS9PLmtO8FFjQDeq/hqJKHJZvJgWJwNQQRTCrMeleEe3o5CYRfz\nNzpqs8Pv+eWZ6mu/O3Qwu329yF9/mt1vBRtkEUPe0R1v3aHVsYYmYH7sOoUgzIkM\n7zslps4OY6z/d3J7NGhvD5IZka02bCE0ThJUeyGPPTaFyGoBA/FqU9tX2ysCAwEA\nAQKCAgEAlEesR3RXjRSJk/Dn4XnvTT7MKi8aqQJJVNyZhZVvN8jdE5Cmbn2A7bFg\npdJEzHBXm6hFnPGxDznc1vnK/XINlx7O5idQxWLNvxoBdV5Y80UUrx937Zz8TOBa\nLjQyeaHgPS0B4WmVB3yS8QLWV5MbIdYS5adJfLXFs2/kis3WGBPpz8cwsG7iI0pa\nvl4DM4nQiycyN4tn0j5hpBxJK5O3xJ5GMSK4BYUeGF12BbXPSu1cdkSZtwnGccb8\nDr9lkNn+bDmsAvp4Anar3c65JtQtyUU8znVIgk6gOSh4buCUe5IvXiIQ0dgMrDJz\nlXSucw+hFjclz65JME3jGKK5bZS1kj2QYRV9sEcGQVlVpi9RmfIW/fHd93o2ixC7\nwpSfw/1dPxedxCfK5zetPb9smMuVhHyxeBDUlrrzrXx/uIaQHd2jBTYb/6Q44Jnr\n9ni3m0Th3tl7SWy1gYM9QmOyteFxCxn2nHf874gFLn8ffS/hruxT+UV7vdVnuvHx\npFDI4QLrmvx7vXpWZsXGhbHO4E4J1rwZ7rP3iiw01vnzCnnmV2bHH4R0Jx2xr6Mo\nuWGh5KlShc0LltWCjv6WvJayhhWzBSBxwPBHcFVdllkAAYCZxFxJAqhkOe4uvEii\nqu6pgYWj0De/3I+H21fQFaVmHodrYD9fStsrnsjApr5kvMpLVYECggEBAOSdk1g0\nDwz7N5R0pPnzPbmFOIOgiGgl01EiFUZCKgZ2Oadam7/soHN0xRdAjPNc1VBNKINx\nmg6w7//vKln0yGALbHGGZn+5NGBgNeLwc1i1w9qlTh3bVxEVsDCkPCr9TfMn0MD4\nLC34p1q8yzOcc/cNiB0fyPBV7dz+CFUQatH1sJ3YN+aDYPAWcG203hb0y/ImKvcj\nEEb4Acajiyz2Nssc6wIngPulT69HiaGvMA7ifdH23AFuETTe3aOb14SQLEd/DMTG\nFjqgPbzAIbqVqlaHlWkEtryM27LbHi3A7AJbozhXWzRCZqP/YJwYCHrTaUd9HHu2\nueMm9TiM4OUKATkCggEBAOXitYtK2DkxNJogaXahq5i55MzpB6KYsgZ1JGxFs9ra\nirTcNhEUqE4mL+cqv5RBx3hndpMuw/bYjGieRpdJ0QqVaeV454vlwJHq2Q+io+it\nQCJtr1TyvVa7/0bzB0Irb5QvHG4FxdQ8sSYMyUNb5jjC3kDjYnrZ6qS5tYs0V7Gf\nzEU+Zf2Fz6v9K55TZfgxeFA4j/Q6t4ie5pPn6pMDZaAcCeci1CGmNhBJRhy+hSwm\nbROHr6Dc6JzGD1BT3bhwU3diDXQXXcRToZy3IzQpMcm35WO/hcvdZgrO9qkk7kKf\nbWNnl44k0ER4QmTQczTkfrEwDifYZDYfPcGsHAwyE4MCggEALUZzrs0oieaanED5\nhzK/76TNi2vYd9+92NyKIA7sabkyM82C+OBw6kye17sF7xBcgnm1Y0q1OuGZtjL0\nTTpoEHVStazrUbIpCEklgtshzNi6f+uq68jLlmuYKBnufIkLzfL9qam8fiI3aoXn\nLEJ4yN2aLkJkNgyefdylY8tLjGc+4hO3BmTQZtvayi8+qIc0eLFMYwNDrvpgx6kN\n4Aqm0VTZyeRu6+dSP6FIRYf/WYNLbbCY44Obzr+wXz120h8HVeV4buPX9SZU87ON\nOnl3cYmKcnDni7HNtL8mW+NQGitxyK+sNU5NK39g76jmzQRfXjQN1wZaC/1kJR3p\nUBLKKQKCAQEA5FBqX+JAp2SwSpcAR3s/0tplXAHgvGMNBI7ZUtNTUnwUoJXI+OPc\nWGli0CNLzHIcKwAO6xTaOdJOeSUhFOaSQAGu/+I5jV7tB78IP5gXVGKlPMxVA3hm\nBbuHSK7cOaKsGa9EfB0toqF4i0LNrSGboCoh1K5Aw6Skf1+V56BfrCD6HpdfchCw\n9a7m4EMSFhMD3CChED40w/KVLLZ76fDIwOC4ESAtMRJDxZ8QjEHIP9YWJPxwuMJO\nIE4xLWVt4t1keEAg/niqfu9UpjHZO9fiA+apY4z21EeaLgfpQIpWPELcwIpFIj57\nvlT2E+xXT2PUVCRXGsm2lW4nxq8p2A7wAwKCAQEAzvbjz37/ZFVF+3octurGcSMX\n1+r+/P7vpGpARJiWBmXEVVeKuLMEFQH5eO18xMvrjR++Fk1bdODqBmIjUexTHBCT\nx9pC3b4BkNE9kjr9akkM54MBUObedQOlE2WD6aR/K1h23zCzcqdss/1M2eGQbwBk\nGFIIbvQNd51fpxlRLtvLw2GZtEr527ZfHydQbIPMxyzD2u88zBoskyd1IjH7Qp4D\naxWodR6m6rfl5dMalGlFZss0a+owM9YbryzXOEErhGjyC5rcI1QAhpScQMR1MraL\nyWSUkNI+j47bNJHqa8d2RDjwSTmxLu6KY6yzWOZ79tghQ++6q28ZpvqIrCk6Ow==\n-----END RSA PRIVATE KEY-----\n",
            "private_key_pem_pkcs8": "-----BEGIN PRIVATE KEY-----\nMIIJRAIBADANBgkqhkiG9w0BAQEFAASCCS4wggkqAgEAAoICAQDNS2oJyAJuN+9C\nS7ECvEtR+iq1QWZdsiKmmlyDQsi8P0eryy8cck2torYZSFqA9T+1PLU5BQ0dQ1ez\n+cfLX6HnlDc7sj8mOPQy6/ikO8iK9QKpcug7TMNECbrElpEDWt3x95n44UX3Lr1Q\nuIW+5M0EYFV4B4YDizJ0J2oZzITxTPqcoBVqCmXFfIy+2MRYgSAWG2p4ATU/KE0G\nhZaP4hQewD4J/8o5Ag2SV49ayoIPH+0n8ILPbp2MNWCkYg/sRMmmOax66HrbQr/G\ng7yfdgJSkPifI/20aTwNBs0d28MP0+2+avIiDexhba0PZ2Gw/McNJ2Sg4c48yFYL\n4tm2RB3PntFFEd6M9kE8MtwuhrBkQfDOA6IO2mgE4krhWhwCjbDL6iZxR1SFYn1D\nX01yeWtjCXZjez49T4iUa+l+TVD3uPFpk8qYgYV02nqQz8drhFiFtzZli1+zXaUn\nGbuobgTErwXh4j9F7TT917I9dH92g8OfqH+0ZwUwK8ZQCfYG5L08ua07wUWNAN6r\n+Gokoclm8mBYnA1BBFMKsx6V4R7ejkJhF/M3Omqzw+/55Znqa787dDC7fb3IX3+a\n3W8FG2QRQ97RHW/dodWxhiZgfuw6hSDMiQzvOyWmzg5jrP93cns0aG8PkhmRrTZs\nITROElR7IY89NoXIagED8WpT21fbKwIDAQABAoICAQCUR6xHdFeNFImT8Ofhee9N\nPswqLxqpAklU3JmFlW83yN0TkKZufYDtsWCl0kTMcFebqEWc8bEPOdzW+cr9cg2X\nHs7mJ1DFYs2/GgF1XljzRRSvH3ftnPxM4FouNDJ5oeA9LQHhaZUHfJLxAtZXkxsh\n1hLlp0l8tcWzb+SKzdYYE+nPxzCwbuIjSlq+XgMzidCLJzI3i2fSPmGkHEkrk7fE\nnkYxIrgFhR4YXXYFtc9K7Vx2RJm3CcZxxvwOv2WQ2f5sOawC+ngCdqvdzrkm1C3J\nRTzOdUiCTqA5KHhu4JR7ki9eIhDR2AysMnOVdK5zD6EWNyXPrkkwTeMYorltlLWS\nPZBhFX2wRwZBWVWmL1GZ8hb98d33ejaLELvClJ/D/V0/F53EJ8rnN609v2yYy5WE\nfLF4ENSWuvOtfH+4hpAd3aMFNhv/pDjgmev2eLebROHe2XtJbLWBgz1CY7K14XEL\nGfacd/zviAUufx99L+Gu7FP5RXu91We68fGkUMjhAuua/Hu9elZmxcaFsc7gTgnW\nvBnus/eKLDTW+fMKeeZXZscfhHQnHbGvoyi5YaHkqVKFzQuW1YKO/pa8lrKGFbMF\nIHHA8EdwVV2WWQABgJnEXEkCqGQ57i68SKKq7qmBhaPQN7/cj4fbV9AVpWYeh2tg\nP19K2yueyMCmvmS8yktVgQKCAQEA5J2TWDQPDPs3lHSk+fM9uYU4g6CIaCXTUSIV\nRkIqBnY5p1qbv+ygc3TFF0CM81zVUE0og3GaDrDv/+8qWfTIYAtscYZmf7k0YGA1\n4vBzWLXD2qVOHdtXERWwMKQ8Kv1N8yfQwPgsLfinWrzLM5xz9w2IHR/I8FXt3P4I\nVRBq0fWwndg35oNg8BZwbbTeFvTL8iYq9yMQRvgBxqOLLPY2yxzrAieA+6VPr0eJ\noa8wDuJ90fbcAW4RNN7do5vXhJAsR38MxMYWOqA9vMAhupWqVoeVaQS2vIzbstse\nLcDsAlujOFdbNEJmo/9gnBgIetNpR30ce7a54yb1OIzg5QoBOQKCAQEA5eK1i0rY\nOTE0miBpdqGrmLnkzOkHopiyBnUkbEWz2tqKtNw2ERSoTiYv5yq/lEHHeGd2ky7D\n9tiMaJ5Gl0nRCpVp5Xjni+XAkerZD6Kj6K1AIm2vVPK9Vrv/RvMHQitvlC8cbgXF\n1DyxJgzJQ1vmOMLeQONietnqpLm1izRXsZ/MRT5l/YXPq/0rnlNl+DF4UDiP9Dq3\niJ7mk+fqkwNloBwJ5yLUIaY2EElGHL6FLCZtE4evoNzonMYPUFPduHBTd2INdBdd\nxFOhnLcjNCkxybflY7+Fy91mCs72qSTuQp9tY2eXjiTQRHhCZNBzNOR+sTAOJ9hk\nNh89wawcDDITgwKCAQAtRnOuzSiJ5pqcQPmHMr/vpM2La9h3373Y3IogDuxpuTIz\nzYL44HDqTJ7XuwXvEFyCebVjSrU64Zm2MvRNOmgQdVK1rOtRsikISSWC2yHM2Lp/\n66rryMuWa5goGe58iQvN8v2pqbx+IjdqhecsQnjI3ZouQmQ2DJ593KVjy0uMZz7i\nE7cGZNBm29rKLz6ohzR4sUxjA0Ou+mDHqQ3gCqbRVNnJ5G7r51I/oUhFh/9Zg0tt\nsJjjg5vOv7BfPXbSHwdV5Xhu49f1JlTzs406eXdxiYpycOeLsc20vyZb41AaK3HI\nr6w1Tk0rf2DvqObNBF9eNA3XBloL/WQlHelQEsopAoIBAQDkUGpf4kCnZLBKlwBH\nez/S2mVcAeC8Yw0EjtlS01NSfBSglcj449xYaWLQI0vMchwrAA7rFNo50k55JSEU\n5pJAAa7/4jmNXu0Hvwg/mBdUYqU8zFUDeGYFu4dIrtw5oqwZr0R8HS2ioXiLQs2t\nIZugKiHUrkDDpKR/X5XnoF+sIPoel19yELD1rubgQxIWEwPcIKEQPjTD8pUstnvp\n8MjA4LgRIC0xEkPFnxCMQcg/1hYk/HC4wk4gTjEtZW3i3WR4QCD+eKp+71SmMdk7\n1+ID5qljjPbUR5ouB+lAilY8QtzAikUiPnu+VPYT7FdPY9RUJFcaybaVbifGrynY\nDvADAoIBAQDO9uPPfv9kVUX7ehy26sZxIxfX6v78/u+kakBEmJYGZcRVV4q4swQV\nAfl47XzEy+uNH74WTVt04OoGYiNR7FMcEJPH2kLdvgGQ0T2SOv1qSQzngwFQ5t51\nA6UTZYPppH8rWHbfMLNyp2yz/UzZ4ZBvAGQYUghu9A13nV+nGVEu28vDYZm0Svnb\ntl8fJ1Bsg8zHLMPa7zzMGiyTJ3UiMftCngNrFah1Hqbqt+Xl0xqUaUVmyzRr6jAz\n1huvLNc4QSuEaPILmtwjVACGlJxAxHUytovJZJSQ0j6Pjts0keprx3ZEOPBJObEu\n7opjrLNY5nv22CFD77qrbxmm+oisKTo7\n-----END PRIVATE KEY-----\n",
            "public_key_fingerprint_md5": "6d:9a:85:a3:e9:5a:aa:4d:c9:d4:fc:b1:ba:b4:96:a9",
            "public_key_fingerprint_sha256": "SHA256:gQo8P7HN19RJA10R4yZnFx8v5Abm6ul8lHB63ySV4Fc",
            "public_key_openssh": "ssh-rsa AAAAB3NzaC1yc2EAAAADAQABAAACAQDNS2oJyAJuN+9CS7ECvEtR+iq1QWZdsiKmmlyDQsi8P0eryy8cck2torYZSFqA9T+1PLU5BQ0dQ1ez+cfLX6HnlDc7sj8mOPQy6/ikO8iK9QKpcug7TMNECbrElpEDWt3x95n44UX3Lr1QuIW+5M0EYFV4B4YDizJ0J2oZzITxTPqcoBVqCmXFfIy+2MRYgSAWG2p4ATU/KE0GhZaP4hQewD4J/8o5Ag2SV49ayoIPH+0n8ILPbp2MNWCkYg/sRMmmOax66HrbQr/Gg7yfdgJSkPifI/20aTwNBs0d28MP0+2+avIiDexhba0PZ2Gw/McNJ2Sg4c48yFYL4tm2RB3PntFFEd6M9kE8MtwuhrBkQfDOA6IO2mgE4krhWhwCjbDL6iZxR1SFYn1DX01yeWtjCXZjez49T4iUa+l+TVD3uPFpk8qYgYV02nqQz8drhFiFtzZli1+zXaUnGbuobgTErwXh4j9F7TT917I9dH92g8OfqH+0ZwUwK8ZQCfYG5L08ua07wUWNAN6r+Gokoclm8mBYnA1BBFMKsx6V4R7ejkJhF/M3Omqzw+/55Znqa787dDC7fb3IX3+a3W8FG2QRQ97RHW/dodWxhiZgfuw6hSDMiQzvOyWmzg5jrP93cns0aG8PkhmRrTZsITROElR7IY89NoXIagED8WpT21fbKw==\n",
            "public_key_pem": "-----BEGIN PUBLIC KEY-----\nMIICIjANBgkqhkiG9w0BAQEFAAOCAg8AMIICCgKCAgEAzUtqCcgCbjfvQkuxArxL\nUfoqtUFmXbIipppcg0LIvD9Hq8svHHJNraK2GUhagPU/tTy1OQUNHUNXs/nHy1+h\n55Q3O7I/Jjj0Muv4pDvIivUCqXLoO0zDRAm6xJaRA1rd8feZ+OFF9y69ULiFvuTN\nBGBVeAeGA4sydCdqGcyE8Uz6nKAVagplxXyMvtjEWIEgFhtqeAE1PyhNBoWWj+IU\nHsA+Cf/KOQINklePWsqCDx/tJ/CCz26djDVgpGIP7ETJpjmseuh620K/xoO8n3YC\nUpD4nyP9tGk8DQbNHdvDD9PtvmryIg3sYW2tD2dhsPzHDSdkoOHOPMhWC+LZtkQd\nz57RRRHejPZBPDLcLoawZEHwzgOiDtpoBOJK4VocAo2wy+omcUdUhWJ9Q19Ncnlr\nYwl2Y3s+PU+IlGvpfk1Q97jxaZPKmIGFdNp6kM/Ha4RYhbc2ZYtfs12lJxm7qG4E\nxK8F4eI/Re00/deyPXR/doPDn6h/tGcFMCvGUAn2BuS9PLmtO8FFjQDeq/hqJKHJ\nZvJgWJwNQQRTCrMeleEe3o5CYRfzNzpqs8Pv+eWZ6mu/O3Qwu329yF9/mt1vBRtk\nEUPe0R1v3aHVsYYmYH7sOoUgzIkM7zslps4OY6z/d3J7NGhvD5IZka02bCE0ThJU\neyGPPTaFyGoBA/FqU9tX2ysCAwEAAQ==\n-----END PUBLIC KEY-----\n",
            "rsa_bits": 4096
          },
          "sensitive_attributes": [
            [
              {
                "type": "get_attr",
                "value": "private_key_openssh"
              }
            ],
            [
              {
                "type": "get_attr",
                "value": "private_key_pem_pkcs8"
              }
            ],
            [
              {
                "type": "get_attr",
                "value": "private_key_pem"
              }
            ]
          ]
        }
      ]
    }
  ],
  "check_results": null
}
